{
  "version": 4,
  "terraform_version": "0.14.9",
  "serial": 224,
  "lineage": "a497348d-1ebe-d68a-cf60-b9b5e594976b",
  "outputs": {},
  "resources": [
    {
      "mode": "managed",
      "type": "aws_s3_bucket",
      "name": "ui_bucket",
      "provider": "provider[\"registry.terraform.io/hashicorp/aws\"]",
      "instances": [
        {
          "schema_version": 0,
          "attributes": {
            "acceleration_status": "",
            "acl": "public-read",
            "arn": "arn:aws:s3:::moggiez-web-ui",
            "bucket": "moggiez-web-ui",
            "bucket_domain_name": "moggiez-web-ui.s3.amazonaws.com",
            "bucket_prefix": null,
            "bucket_regional_domain_name": "moggiez-web-ui.s3.eu-west-1.amazonaws.com",
            "cors_rule": [
              {
                "allowed_headers": [
                  "*"
                ],
                "allowed_methods": [
                  "PUT",
                  "POST"
                ],
                "allowed_origins": [
                  "*"
                ],
                "expose_headers": [
                  "ETag"
                ],
                "max_age_seconds": 3000
              }
            ],
            "force_destroy": false,
            "grant": [],
            "hosted_zone_id": "Z1BKCTXD74EZPE",
            "id": "moggiez-web-ui",
            "lifecycle_rule": [],
            "logging": [],
            "object_lock_configuration": [],
            "policy": "{\"Statement\":[{\"Action\":\"s3:GetObject\",\"Effect\":\"Allow\",\"Principal\":{\"AWS\":\"*\"},\"Resource\":\"arn:aws:s3:::moggiez-web-ui/*\",\"Sid\":\"PublicReadForGetBucketObjects\"}],\"Version\":\"2008-10-17\"}",
            "region": "eu-west-1",
            "replication_configuration": [],
            "request_payer": "BucketOwner",
            "server_side_encryption_configuration": [],
            "tags": {
              "Environment": "production",
              "Name": "Website",
              "Project": "MoggiezWebUI"
            },
            "versioning": [
              {
                "enabled": false,
                "mfa_delete": false
              }
            ],
            "website": [
              {
                "error_document": "404.html",
                "index_document": "index.html",
                "redirect_all_requests_to": "",
                "routing_rules": ""
              }
            ],
            "website_domain": "s3-website-eu-west-1.amazonaws.com",
            "website_endpoint": "moggiez-web-ui.s3-website-eu-west-1.amazonaws.com"
          },
          "sensitive_attributes": [],
          "private": "bnVsbA=="
        }
      ]
    },
    {
      "mode": "managed",
      "type": "aws_s3_bucket_object",
      "name": "static_files",
      "provider": "provider[\"registry.terraform.io/hashicorp/aws\"]",
      "instances": [
        {
          "index_key": "404.html",
          "schema_version": 0,
          "attributes": {
            "acl": "public-read",
            "bucket": "moggiez-web-ui",
            "cache_control": "",
            "content": null,
            "content_base64": null,
            "content_disposition": "",
            "content_encoding": "",
            "content_language": "",
            "content_type": "text/html",
            "etag": "20e3d30563603dd67d6a6479cbd301d3",
            "force_destroy": false,
            "id": "404.html",
            "key": "404.html",
            "kms_key_id": null,
            "metadata": {},
            "object_lock_legal_hold_status": "",
            "object_lock_mode": "",
            "object_lock_retain_until_date": "",
            "server_side_encryption": "",
            "source": "../out/404.html",
            "storage_class": "STANDARD",
            "tags": {},
            "version_id": "",
            "website_redirect": ""
          },
          "sensitive_attributes": [],
          "private": "bnVsbA==",
          "dependencies": [
            "aws_s3_bucket.ui_bucket"
          ]
        },
        {
          "index_key": "_next/data/DAUB3l2_CG898T-4TdQGu/auth/changepass.json",
          "schema_version": 0,
          "attributes": {
            "acl": "public-read",
            "bucket": "moggiez-web-ui",
            "cache_control": "",
            "content": null,
            "content_base64": null,
            "content_disposition": "",
            "content_encoding": "",
            "content_language": "",
            "content_type": "text/html",
            "etag": "6fe9c378ce3349ebff138a2d078df107",
            "force_destroy": false,
            "id": "_next/data/DAUB3l2_CG898T-4TdQGu/auth/changepass.json",
            "key": "_next/data/DAUB3l2_CG898T-4TdQGu/auth/changepass.json",
            "kms_key_id": null,
            "metadata": null,
            "object_lock_legal_hold_status": "",
            "object_lock_mode": "",
            "object_lock_retain_until_date": "",
            "server_side_encryption": "",
            "source": "../out/_next/data/DAUB3l2_CG898T-4TdQGu/auth/changepass.json",
            "storage_class": "STANDARD",
            "tags": null,
            "version_id": "",
            "website_redirect": ""
          },
          "sensitive_attributes": [],
          "private": "bnVsbA==",
          "dependencies": [
            "aws_s3_bucket.ui_bucket"
          ]
        },
        {
          "index_key": "_next/data/DAUB3l2_CG898T-4TdQGu/auth/forgotpass.json",
          "schema_version": 0,
          "attributes": {
            "acl": "public-read",
            "bucket": "moggiez-web-ui",
            "cache_control": "",
            "content": null,
            "content_base64": null,
            "content_disposition": "",
            "content_encoding": "",
            "content_language": "",
            "content_type": "text/html",
            "etag": "6fe9c378ce3349ebff138a2d078df107",
            "force_destroy": false,
            "id": "_next/data/DAUB3l2_CG898T-4TdQGu/auth/forgotpass.json",
            "key": "_next/data/DAUB3l2_CG898T-4TdQGu/auth/forgotpass.json",
            "kms_key_id": null,
            "metadata": null,
            "object_lock_legal_hold_status": "",
            "object_lock_mode": "",
            "object_lock_retain_until_date": "",
            "server_side_encryption": "",
            "source": "../out/_next/data/DAUB3l2_CG898T-4TdQGu/auth/forgotpass.json",
            "storage_class": "STANDARD",
            "tags": null,
            "version_id": "",
            "website_redirect": ""
          },
          "sensitive_attributes": [],
          "private": "bnVsbA==",
          "dependencies": [
            "aws_s3_bucket.ui_bucket"
          ]
        },
        {
          "index_key": "_next/data/DAUB3l2_CG898T-4TdQGu/auth/signin.json",
          "schema_version": 0,
          "attributes": {
            "acl": "public-read",
            "bucket": "moggiez-web-ui",
            "cache_control": "",
            "content": null,
            "content_base64": null,
            "content_disposition": "",
            "content_encoding": "",
            "content_language": "",
            "content_type": "text/html",
            "etag": "6fe9c378ce3349ebff138a2d078df107",
            "force_destroy": false,
            "id": "_next/data/DAUB3l2_CG898T-4TdQGu/auth/signin.json",
            "key": "_next/data/DAUB3l2_CG898T-4TdQGu/auth/signin.json",
            "kms_key_id": null,
            "metadata": null,
            "object_lock_legal_hold_status": "",
            "object_lock_mode": "",
            "object_lock_retain_until_date": "",
            "server_side_encryption": "",
            "source": "../out/_next/data/DAUB3l2_CG898T-4TdQGu/auth/signin.json",
            "storage_class": "STANDARD",
            "tags": null,
            "version_id": "",
            "website_redirect": ""
          },
          "sensitive_attributes": [],
          "private": "bnVsbA==",
          "dependencies": [
            "aws_s3_bucket.ui_bucket"
          ]
        },
        {
          "index_key": "_next/data/DAUB3l2_CG898T-4TdQGu/auth/signup.json",
          "schema_version": 0,
          "attributes": {
            "acl": "public-read",
            "bucket": "moggiez-web-ui",
            "cache_control": "",
            "content": null,
            "content_base64": null,
            "content_disposition": "",
            "content_encoding": "",
            "content_language": "",
            "content_type": "text/html",
            "etag": "6fe9c378ce3349ebff138a2d078df107",
            "force_destroy": false,
            "id": "_next/data/DAUB3l2_CG898T-4TdQGu/auth/signup.json",
            "key": "_next/data/DAUB3l2_CG898T-4TdQGu/auth/signup.json",
            "kms_key_id": null,
            "metadata": null,
            "object_lock_legal_hold_status": "",
            "object_lock_mode": "",
            "object_lock_retain_until_date": "",
            "server_side_encryption": "",
            "source": "../out/_next/data/DAUB3l2_CG898T-4TdQGu/auth/signup.json",
            "storage_class": "STANDARD",
            "tags": null,
            "version_id": "",
            "website_redirect": ""
          },
          "sensitive_attributes": [],
          "private": "bnVsbA==",
          "dependencies": [
            "aws_s3_bucket.ui_bucket"
          ]
        },
        {
          "index_key": "_next/data/DAUB3l2_CG898T-4TdQGu/settings/billing.json",
          "schema_version": 0,
          "attributes": {
            "acl": "public-read",
            "bucket": "moggiez-web-ui",
            "cache_control": "",
            "content": null,
            "content_base64": null,
            "content_disposition": "",
            "content_encoding": "",
            "content_language": "",
            "content_type": "text/html",
            "etag": "6fe9c378ce3349ebff138a2d078df107",
            "force_destroy": false,
            "id": "_next/data/DAUB3l2_CG898T-4TdQGu/settings/billing.json",
            "key": "_next/data/DAUB3l2_CG898T-4TdQGu/settings/billing.json",
            "kms_key_id": null,
            "metadata": null,
            "object_lock_legal_hold_status": "",
            "object_lock_mode": "",
            "object_lock_retain_until_date": "",
            "server_side_encryption": "",
            "source": "../out/_next/data/DAUB3l2_CG898T-4TdQGu/settings/billing.json",
            "storage_class": "STANDARD",
            "tags": null,
            "version_id": "",
            "website_redirect": ""
          },
          "sensitive_attributes": [],
          "private": "bnVsbA==",
          "dependencies": [
            "aws_s3_bucket.ui_bucket"
          ]
        },
        {
          "index_key": "_next/data/DAUB3l2_CG898T-4TdQGu/settings/general.json",
          "schema_version": 0,
          "attributes": {
            "acl": "public-read",
            "bucket": "moggiez-web-ui",
            "cache_control": "",
            "content": null,
            "content_base64": null,
            "content_disposition": "",
            "content_encoding": "",
            "content_language": "",
            "content_type": "text/html",
            "etag": "6fe9c378ce3349ebff138a2d078df107",
            "force_destroy": false,
            "id": "_next/data/DAUB3l2_CG898T-4TdQGu/settings/general.json",
            "key": "_next/data/DAUB3l2_CG898T-4TdQGu/settings/general.json",
            "kms_key_id": null,
            "metadata": null,
            "object_lock_legal_hold_status": "",
            "object_lock_mode": "",
            "object_lock_retain_until_date": "",
            "server_side_encryption": "",
            "source": "../out/_next/data/DAUB3l2_CG898T-4TdQGu/settings/general.json",
            "storage_class": "STANDARD",
            "tags": null,
            "version_id": "",
            "website_redirect": ""
          },
          "sensitive_attributes": [],
          "private": "bnVsbA==",
          "dependencies": [
            "aws_s3_bucket.ui_bucket"
          ]
        },
        {
          "index_key": "_next/data/DAUB3l2_CG898T-4TdQGu/settings/password.json",
          "schema_version": 0,
          "attributes": {
            "acl": "public-read",
            "bucket": "moggiez-web-ui",
            "cache_control": "",
            "content": null,
            "content_base64": null,
            "content_disposition": "",
            "content_encoding": "",
            "content_language": "",
            "content_type": "text/html",
            "etag": "6fe9c378ce3349ebff138a2d078df107",
            "force_destroy": false,
            "id": "_next/data/DAUB3l2_CG898T-4TdQGu/settings/password.json",
            "key": "_next/data/DAUB3l2_CG898T-4TdQGu/settings/password.json",
            "kms_key_id": null,
            "metadata": null,
            "object_lock_legal_hold_status": "",
            "object_lock_mode": "",
            "object_lock_retain_until_date": "",
            "server_side_encryption": "",
            "source": "../out/_next/data/DAUB3l2_CG898T-4TdQGu/settings/password.json",
            "storage_class": "STANDARD",
            "tags": null,
            "version_id": "",
            "website_redirect": ""
          },
          "sensitive_attributes": [],
          "private": "bnVsbA==",
          "dependencies": [
            "aws_s3_bucket.ui_bucket"
          ]
        },
        {
          "index_key": "_next/static/DAUB3l2_CG898T-4TdQGu/_buildManifest.js",
          "schema_version": 0,
          "attributes": {
            "acl": "public-read",
            "bucket": "moggiez-web-ui",
            "cache_control": "",
            "content": null,
            "content_base64": null,
            "content_disposition": "",
            "content_encoding": "",
            "content_language": "",
            "content_type": "application/javascript",
            "etag": "caa0fd04839e6401930e41265b60cb9a",
            "force_destroy": false,
            "id": "_next/static/DAUB3l2_CG898T-4TdQGu/_buildManifest.js",
            "key": "_next/static/DAUB3l2_CG898T-4TdQGu/_buildManifest.js",
            "kms_key_id": null,
            "metadata": null,
            "object_lock_legal_hold_status": "",
            "object_lock_mode": "",
            "object_lock_retain_until_date": "",
            "server_side_encryption": "",
            "source": "../out/_next/static/DAUB3l2_CG898T-4TdQGu/_buildManifest.js",
            "storage_class": "STANDARD",
            "tags": null,
            "version_id": "",
            "website_redirect": ""
          },
          "sensitive_attributes": [],
          "private": "bnVsbA==",
          "dependencies": [
            "aws_s3_bucket.ui_bucket"
          ]
        },
        {
          "index_key": "_next/static/DAUB3l2_CG898T-4TdQGu/_ssgManifest.js",
          "schema_version": 0,
          "attributes": {
            "acl": "public-read",
            "bucket": "moggiez-web-ui",
            "cache_control": "",
            "content": null,
            "content_base64": null,
            "content_disposition": "",
            "content_encoding": "",
            "content_language": "",
            "content_type": "application/javascript",
            "etag": "5b505e53d2d6094644f1c43ad7196128",
            "force_destroy": false,
            "id": "_next/static/DAUB3l2_CG898T-4TdQGu/_ssgManifest.js",
            "key": "_next/static/DAUB3l2_CG898T-4TdQGu/_ssgManifest.js",
            "kms_key_id": null,
            "metadata": null,
            "object_lock_legal_hold_status": "",
            "object_lock_mode": "",
            "object_lock_retain_until_date": "",
            "server_side_encryption": "",
            "source": "../out/_next/static/DAUB3l2_CG898T-4TdQGu/_ssgManifest.js",
            "storage_class": "STANDARD",
            "tags": null,
            "version_id": "",
            "website_redirect": ""
          },
          "sensitive_attributes": [],
          "private": "bnVsbA==",
          "dependencies": [
            "aws_s3_bucket.ui_bucket"
          ]
        },
        {
          "index_key": "_next/static/DOA8kKMk8x1jC3phalwdO/_buildManifest.js",
          "schema_version": 0,
          "attributes": {
            "acl": "public-read",
            "bucket": "moggiez-web-ui",
            "cache_control": "",
            "content": null,
            "content_base64": null,
            "content_disposition": "",
            "content_encoding": "",
            "content_language": "",
            "content_type": "application/javascript",
            "etag": "caa0fd04839e6401930e41265b60cb9a",
            "force_destroy": false,
            "id": "_next/static/DOA8kKMk8x1jC3phalwdO/_buildManifest.js",
            "key": "_next/static/DOA8kKMk8x1jC3phalwdO/_buildManifest.js",
            "kms_key_id": null,
            "metadata": {},
            "object_lock_legal_hold_status": "",
            "object_lock_mode": "",
            "object_lock_retain_until_date": "",
            "server_side_encryption": "",
            "source": "../out/_next/static/DOA8kKMk8x1jC3phalwdO/_buildManifest.js",
            "storage_class": "STANDARD",
            "tags": {},
            "version_id": "",
            "website_redirect": ""
          },
          "sensitive_attributes": [],
          "private": "bnVsbA==",
          "dependencies": [
            "aws_s3_bucket.ui_bucket"
          ]
        },
        {
          "index_key": "_next/static/DOA8kKMk8x1jC3phalwdO/_ssgManifest.js",
          "schema_version": 0,
          "attributes": {
            "acl": "public-read",
            "bucket": "moggiez-web-ui",
            "cache_control": "",
            "content": null,
            "content_base64": null,
            "content_disposition": "",
            "content_encoding": "",
            "content_language": "",
            "content_type": "application/javascript",
            "etag": "de3391980e238e65893b6806d04f4297",
            "force_destroy": false,
            "id": "_next/static/DOA8kKMk8x1jC3phalwdO/_ssgManifest.js",
            "key": "_next/static/DOA8kKMk8x1jC3phalwdO/_ssgManifest.js",
            "kms_key_id": null,
            "metadata": {},
            "object_lock_legal_hold_status": "",
            "object_lock_mode": "",
            "object_lock_retain_until_date": "",
            "server_side_encryption": "",
            "source": "../out/_next/static/DOA8kKMk8x1jC3phalwdO/_ssgManifest.js",
            "storage_class": "STANDARD",
            "tags": {},
            "version_id": "",
            "website_redirect": ""
          },
          "sensitive_attributes": [],
          "private": "bnVsbA==",
          "dependencies": [
            "aws_s3_bucket.ui_bucket"
          ]
        },
        {
          "index_key": "_next/static/FQW1lC1mSJFjR9f0xRf7b/_buildManifest.js",
          "schema_version": 0,
          "attributes": {
            "acl": "public-read",
            "bucket": "moggiez-web-ui",
            "cache_control": "",
            "content": null,
            "content_base64": null,
            "content_disposition": "",
            "content_encoding": "",
            "content_language": "",
            "content_type": "application/javascript",
            "etag": "caa0fd04839e6401930e41265b60cb9a",
            "force_destroy": false,
            "id": "_next/static/FQW1lC1mSJFjR9f0xRf7b/_buildManifest.js",
            "key": "_next/static/FQW1lC1mSJFjR9f0xRf7b/_buildManifest.js",
            "kms_key_id": null,
            "metadata": {},
            "object_lock_legal_hold_status": "",
            "object_lock_mode": "",
            "object_lock_retain_until_date": "",
            "server_side_encryption": "",
            "source": "../out/_next/static/FQW1lC1mSJFjR9f0xRf7b/_buildManifest.js",
            "storage_class": "STANDARD",
            "tags": {},
            "version_id": "",
            "website_redirect": ""
          },
          "sensitive_attributes": [],
          "private": "bnVsbA==",
          "dependencies": [
            "aws_s3_bucket.ui_bucket"
          ]
        },
        {
          "index_key": "_next/static/FQW1lC1mSJFjR9f0xRf7b/_ssgManifest.js",
          "schema_version": 0,
          "attributes": {
            "acl": "public-read",
            "bucket": "moggiez-web-ui",
            "cache_control": "",
            "content": null,
            "content_base64": null,
            "content_disposition": "",
            "content_encoding": "",
            "content_language": "",
            "content_type": "application/javascript",
            "etag": "5b505e53d2d6094644f1c43ad7196128",
            "force_destroy": false,
            "id": "_next/static/FQW1lC1mSJFjR9f0xRf7b/_ssgManifest.js",
            "key": "_next/static/FQW1lC1mSJFjR9f0xRf7b/_ssgManifest.js",
            "kms_key_id": null,
            "metadata": {},
            "object_lock_legal_hold_status": "",
            "object_lock_mode": "",
            "object_lock_retain_until_date": "",
            "server_side_encryption": "",
            "source": "../out/_next/static/FQW1lC1mSJFjR9f0xRf7b/_ssgManifest.js",
            "storage_class": "STANDARD",
            "tags": {},
            "version_id": "",
            "website_redirect": ""
          },
          "sensitive_attributes": [],
          "private": "bnVsbA==",
          "dependencies": [
            "aws_s3_bucket.ui_bucket"
          ]
        },
        {
          "index_key": "_next/static/Fh3GO3JCZK-sGx_6Cw3ZT/_buildManifest.js",
          "schema_version": 0,
          "attributes": {
            "acl": "public-read",
            "bucket": "moggiez-web-ui",
            "cache_control": "",
            "content": null,
            "content_base64": null,
            "content_disposition": "",
            "content_encoding": "",
            "content_language": "",
            "content_type": "application/javascript",
            "etag": "caa0fd04839e6401930e41265b60cb9a",
            "force_destroy": false,
            "id": "_next/static/Fh3GO3JCZK-sGx_6Cw3ZT/_buildManifest.js",
            "key": "_next/static/Fh3GO3JCZK-sGx_6Cw3ZT/_buildManifest.js",
            "kms_key_id": null,
            "metadata": {},
            "object_lock_legal_hold_status": "",
            "object_lock_mode": "",
            "object_lock_retain_until_date": "",
            "server_side_encryption": "",
            "source": "../out/_next/static/Fh3GO3JCZK-sGx_6Cw3ZT/_buildManifest.js",
            "storage_class": "STANDARD",
            "tags": {},
            "version_id": "",
            "website_redirect": ""
          },
          "sensitive_attributes": [],
          "private": "bnVsbA==",
          "dependencies": [
            "aws_s3_bucket.ui_bucket"
          ]
        },
        {
          "index_key": "_next/static/Fh3GO3JCZK-sGx_6Cw3ZT/_ssgManifest.js",
          "schema_version": 0,
          "attributes": {
            "acl": "public-read",
            "bucket": "moggiez-web-ui",
            "cache_control": "",
            "content": null,
            "content_base64": null,
            "content_disposition": "",
            "content_encoding": "",
            "content_language": "",
            "content_type": "application/javascript",
            "etag": "5b505e53d2d6094644f1c43ad7196128",
            "force_destroy": false,
            "id": "_next/static/Fh3GO3JCZK-sGx_6Cw3ZT/_ssgManifest.js",
            "key": "_next/static/Fh3GO3JCZK-sGx_6Cw3ZT/_ssgManifest.js",
            "kms_key_id": null,
            "metadata": {},
            "object_lock_legal_hold_status": "",
            "object_lock_mode": "",
            "object_lock_retain_until_date": "",
            "server_side_encryption": "",
            "source": "../out/_next/static/Fh3GO3JCZK-sGx_6Cw3ZT/_ssgManifest.js",
            "storage_class": "STANDARD",
            "tags": {},
            "version_id": "",
            "website_redirect": ""
          },
          "sensitive_attributes": [],
          "private": "bnVsbA==",
          "dependencies": [
            "aws_s3_bucket.ui_bucket"
          ]
        },
        {
          "index_key": "_next/static/HHA3-Osus4fEN1jYWk1W1/_buildManifest.js",
          "schema_version": 0,
          "attributes": {
            "acl": "public-read",
            "bucket": "moggiez-web-ui",
            "cache_control": "",
            "content": null,
            "content_base64": null,
            "content_disposition": "",
            "content_encoding": "",
            "content_language": "",
            "content_type": "application/javascript",
            "etag": "caa0fd04839e6401930e41265b60cb9a",
            "force_destroy": false,
            "id": "_next/static/HHA3-Osus4fEN1jYWk1W1/_buildManifest.js",
            "key": "_next/static/HHA3-Osus4fEN1jYWk1W1/_buildManifest.js",
            "kms_key_id": null,
            "metadata": {},
            "object_lock_legal_hold_status": "",
            "object_lock_mode": "",
            "object_lock_retain_until_date": "",
            "server_side_encryption": "",
            "source": "../out/_next/static/HHA3-Osus4fEN1jYWk1W1/_buildManifest.js",
            "storage_class": "STANDARD",
            "tags": {},
            "version_id": "",
            "website_redirect": ""
          },
          "sensitive_attributes": [],
          "private": "bnVsbA==",
          "dependencies": [
            "aws_s3_bucket.ui_bucket"
          ]
        },
        {
          "index_key": "_next/static/HHA3-Osus4fEN1jYWk1W1/_ssgManifest.js",
          "schema_version": 0,
          "attributes": {
            "acl": "public-read",
            "bucket": "moggiez-web-ui",
            "cache_control": "",
            "content": null,
            "content_base64": null,
            "content_disposition": "",
            "content_encoding": "",
            "content_language": "",
            "content_type": "application/javascript",
            "etag": "5b505e53d2d6094644f1c43ad7196128",
            "force_destroy": false,
            "id": "_next/static/HHA3-Osus4fEN1jYWk1W1/_ssgManifest.js",
            "key": "_next/static/HHA3-Osus4fEN1jYWk1W1/_ssgManifest.js",
            "kms_key_id": null,
            "metadata": {},
            "object_lock_legal_hold_status": "",
            "object_lock_mode": "",
            "object_lock_retain_until_date": "",
            "server_side_encryption": "",
            "source": "../out/_next/static/HHA3-Osus4fEN1jYWk1W1/_ssgManifest.js",
            "storage_class": "STANDARD",
            "tags": {},
            "version_id": "",
            "website_redirect": ""
          },
          "sensitive_attributes": [],
          "private": "bnVsbA==",
          "dependencies": [
            "aws_s3_bucket.ui_bucket"
          ]
        },
        {
          "index_key": "_next/static/J6aiTvEtHubsXi3GiKgzI/_buildManifest.js",
          "schema_version": 0,
          "attributes": {
            "acl": "public-read",
            "bucket": "moggiez-web-ui",
            "cache_control": "",
            "content": null,
            "content_base64": null,
            "content_disposition": "",
            "content_encoding": "",
            "content_language": "",
            "content_type": "application/javascript",
            "etag": "caa0fd04839e6401930e41265b60cb9a",
            "force_destroy": false,
            "id": "_next/static/J6aiTvEtHubsXi3GiKgzI/_buildManifest.js",
            "key": "_next/static/J6aiTvEtHubsXi3GiKgzI/_buildManifest.js",
            "kms_key_id": null,
            "metadata": {},
            "object_lock_legal_hold_status": "",
            "object_lock_mode": "",
            "object_lock_retain_until_date": "",
            "server_side_encryption": "",
            "source": "../out/_next/static/J6aiTvEtHubsXi3GiKgzI/_buildManifest.js",
            "storage_class": "STANDARD",
            "tags": {},
            "version_id": "",
            "website_redirect": ""
          },
          "sensitive_attributes": [],
          "private": "bnVsbA==",
          "dependencies": [
            "aws_s3_bucket.ui_bucket"
          ]
        },
        {
          "index_key": "_next/static/J6aiTvEtHubsXi3GiKgzI/_ssgManifest.js",
          "schema_version": 0,
          "attributes": {
            "acl": "public-read",
            "bucket": "moggiez-web-ui",
            "cache_control": "",
            "content": null,
            "content_base64": null,
            "content_disposition": "",
            "content_encoding": "",
            "content_language": "",
            "content_type": "application/javascript",
            "etag": "abee47769bf307639ace4945f9cfd4ff",
            "force_destroy": false,
            "id": "_next/static/J6aiTvEtHubsXi3GiKgzI/_ssgManifest.js",
            "key": "_next/static/J6aiTvEtHubsXi3GiKgzI/_ssgManifest.js",
            "kms_key_id": null,
            "metadata": {},
            "object_lock_legal_hold_status": "",
            "object_lock_mode": "",
            "object_lock_retain_until_date": "",
            "server_side_encryption": "",
            "source": "../out/_next/static/J6aiTvEtHubsXi3GiKgzI/_ssgManifest.js",
            "storage_class": "STANDARD",
            "tags": {},
            "version_id": "",
            "website_redirect": ""
          },
          "sensitive_attributes": [],
          "private": "bnVsbA==",
          "dependencies": [
            "aws_s3_bucket.ui_bucket"
          ]
        },
        {
          "index_key": "_next/static/NkPwsOp_fCoMSH5OJmQDQ/_buildManifest.js",
          "schema_version": 0,
          "attributes": {
            "acl": "public-read",
            "bucket": "moggiez-web-ui",
            "cache_control": "",
            "content": null,
            "content_base64": null,
            "content_disposition": "",
            "content_encoding": "",
            "content_language": "",
            "content_type": "application/javascript",
            "etag": "caa0fd04839e6401930e41265b60cb9a",
            "force_destroy": false,
            "id": "_next/static/NkPwsOp_fCoMSH5OJmQDQ/_buildManifest.js",
            "key": "_next/static/NkPwsOp_fCoMSH5OJmQDQ/_buildManifest.js",
            "kms_key_id": null,
            "metadata": {},
            "object_lock_legal_hold_status": "",
            "object_lock_mode": "",
            "object_lock_retain_until_date": "",
            "server_side_encryption": "",
            "source": "../out/_next/static/NkPwsOp_fCoMSH5OJmQDQ/_buildManifest.js",
            "storage_class": "STANDARD",
            "tags": {},
            "version_id": "",
            "website_redirect": ""
          },
          "sensitive_attributes": [],
          "private": "bnVsbA==",
          "dependencies": [
            "aws_s3_bucket.ui_bucket"
          ]
        },
        {
          "index_key": "_next/static/NkPwsOp_fCoMSH5OJmQDQ/_ssgManifest.js",
          "schema_version": 0,
          "attributes": {
            "acl": "public-read",
            "bucket": "moggiez-web-ui",
            "cache_control": "",
            "content": null,
            "content_base64": null,
            "content_disposition": "",
            "content_encoding": "",
            "content_language": "",
            "content_type": "application/javascript",
            "etag": "de3391980e238e65893b6806d04f4297",
            "force_destroy": false,
            "id": "_next/static/NkPwsOp_fCoMSH5OJmQDQ/_ssgManifest.js",
            "key": "_next/static/NkPwsOp_fCoMSH5OJmQDQ/_ssgManifest.js",
            "kms_key_id": null,
            "metadata": {},
            "object_lock_legal_hold_status": "",
            "object_lock_mode": "",
            "object_lock_retain_until_date": "",
            "server_side_encryption": "",
            "source": "../out/_next/static/NkPwsOp_fCoMSH5OJmQDQ/_ssgManifest.js",
            "storage_class": "STANDARD",
            "tags": {},
            "version_id": "",
            "website_redirect": ""
          },
          "sensitive_attributes": [],
          "private": "bnVsbA==",
          "dependencies": [
            "aws_s3_bucket.ui_bucket"
          ]
        },
        {
          "index_key": "_next/static/VJ7i68IXzBmoJ7Cg_2Fyc/_buildManifest.js",
          "schema_version": 0,
          "attributes": {
            "acl": "public-read",
            "bucket": "moggiez-web-ui",
            "cache_control": "",
            "content": null,
            "content_base64": null,
            "content_disposition": "",
            "content_encoding": "",
            "content_language": "",
            "content_type": "application/javascript",
            "etag": "caa0fd04839e6401930e41265b60cb9a",
            "force_destroy": false,
            "id": "_next/static/VJ7i68IXzBmoJ7Cg_2Fyc/_buildManifest.js",
            "key": "_next/static/VJ7i68IXzBmoJ7Cg_2Fyc/_buildManifest.js",
            "kms_key_id": null,
            "metadata": {},
            "object_lock_legal_hold_status": "",
            "object_lock_mode": "",
            "object_lock_retain_until_date": "",
            "server_side_encryption": "",
            "source": "../out/_next/static/VJ7i68IXzBmoJ7Cg_2Fyc/_buildManifest.js",
            "storage_class": "STANDARD",
            "tags": {},
            "version_id": "",
            "website_redirect": ""
          },
          "sensitive_attributes": [],
          "private": "bnVsbA==",
          "dependencies": [
            "aws_s3_bucket.ui_bucket"
          ]
        },
        {
          "index_key": "_next/static/VJ7i68IXzBmoJ7Cg_2Fyc/_ssgManifest.js",
          "schema_version": 0,
          "attributes": {
            "acl": "public-read",
            "bucket": "moggiez-web-ui",
            "cache_control": "",
            "content": null,
            "content_base64": null,
            "content_disposition": "",
            "content_encoding": "",
            "content_language": "",
            "content_type": "application/javascript",
            "etag": "5b505e53d2d6094644f1c43ad7196128",
            "force_destroy": false,
            "id": "_next/static/VJ7i68IXzBmoJ7Cg_2Fyc/_ssgManifest.js",
            "key": "_next/static/VJ7i68IXzBmoJ7Cg_2Fyc/_ssgManifest.js",
            "kms_key_id": null,
            "metadata": {},
            "object_lock_legal_hold_status": "",
            "object_lock_mode": "",
            "object_lock_retain_until_date": "",
            "server_side_encryption": "",
            "source": "../out/_next/static/VJ7i68IXzBmoJ7Cg_2Fyc/_ssgManifest.js",
            "storage_class": "STANDARD",
            "tags": {},
            "version_id": "",
            "website_redirect": ""
          },
          "sensitive_attributes": [],
          "private": "bnVsbA==",
          "dependencies": [
            "aws_s3_bucket.ui_bucket"
          ]
        },
        {
          "index_key": "_next/static/XzyIucf5divamucEbcvql/_buildManifest.js",
          "schema_version": 0,
          "attributes": {
            "acl": "public-read",
            "bucket": "moggiez-web-ui",
            "cache_control": "",
            "content": null,
            "content_base64": null,
            "content_disposition": "",
            "content_encoding": "",
            "content_language": "",
            "content_type": "application/javascript",
            "etag": "caa0fd04839e6401930e41265b60cb9a",
            "force_destroy": false,
            "id": "_next/static/XzyIucf5divamucEbcvql/_buildManifest.js",
            "key": "_next/static/XzyIucf5divamucEbcvql/_buildManifest.js",
            "kms_key_id": null,
            "metadata": {},
            "object_lock_legal_hold_status": "",
            "object_lock_mode": "",
            "object_lock_retain_until_date": "",
            "server_side_encryption": "",
            "source": "../out/_next/static/XzyIucf5divamucEbcvql/_buildManifest.js",
            "storage_class": "STANDARD",
            "tags": {},
            "version_id": "",
            "website_redirect": ""
          },
          "sensitive_attributes": [],
          "private": "bnVsbA==",
          "dependencies": [
            "aws_s3_bucket.ui_bucket"
          ]
        },
        {
          "index_key": "_next/static/XzyIucf5divamucEbcvql/_ssgManifest.js",
          "schema_version": 0,
          "attributes": {
            "acl": "public-read",
            "bucket": "moggiez-web-ui",
            "cache_control": "",
            "content": null,
            "content_base64": null,
            "content_disposition": "",
            "content_encoding": "",
            "content_language": "",
            "content_type": "application/javascript",
            "etag": "de3391980e238e65893b6806d04f4297",
            "force_destroy": false,
            "id": "_next/static/XzyIucf5divamucEbcvql/_ssgManifest.js",
            "key": "_next/static/XzyIucf5divamucEbcvql/_ssgManifest.js",
            "kms_key_id": null,
            "metadata": {},
            "object_lock_legal_hold_status": "",
            "object_lock_mode": "",
            "object_lock_retain_until_date": "",
            "server_side_encryption": "",
            "source": "../out/_next/static/XzyIucf5divamucEbcvql/_ssgManifest.js",
            "storage_class": "STANDARD",
            "tags": {},
            "version_id": "",
            "website_redirect": ""
          },
          "sensitive_attributes": [],
          "private": "bnVsbA==",
          "dependencies": [
            "aws_s3_bucket.ui_bucket"
          ]
        },
        {
          "index_key": "_next/static/ZAUxzJ8VHaRW-z7AnR3Nc/_buildManifest.js",
          "schema_version": 0,
          "attributes": {
            "acl": "public-read",
            "bucket": "moggiez-web-ui",
            "cache_control": "",
            "content": null,
            "content_base64": null,
            "content_disposition": "",
            "content_encoding": "",
            "content_language": "",
            "content_type": "application/javascript",
            "etag": "caa0fd04839e6401930e41265b60cb9a",
            "force_destroy": false,
            "id": "_next/static/ZAUxzJ8VHaRW-z7AnR3Nc/_buildManifest.js",
            "key": "_next/static/ZAUxzJ8VHaRW-z7AnR3Nc/_buildManifest.js",
            "kms_key_id": null,
            "metadata": {},
            "object_lock_legal_hold_status": "",
            "object_lock_mode": "",
            "object_lock_retain_until_date": "",
            "server_side_encryption": "",
            "source": "../out/_next/static/ZAUxzJ8VHaRW-z7AnR3Nc/_buildManifest.js",
            "storage_class": "STANDARD",
            "tags": {},
            "version_id": "",
            "website_redirect": ""
          },
          "sensitive_attributes": [],
          "private": "bnVsbA==",
          "dependencies": [
            "aws_s3_bucket.ui_bucket"
          ]
        },
        {
          "index_key": "_next/static/ZAUxzJ8VHaRW-z7AnR3Nc/_ssgManifest.js",
          "schema_version": 0,
          "attributes": {
            "acl": "public-read",
            "bucket": "moggiez-web-ui",
            "cache_control": "",
            "content": null,
            "content_base64": null,
            "content_disposition": "",
            "content_encoding": "",
            "content_language": "",
            "content_type": "application/javascript",
            "etag": "5b505e53d2d6094644f1c43ad7196128",
            "force_destroy": false,
            "id": "_next/static/ZAUxzJ8VHaRW-z7AnR3Nc/_ssgManifest.js",
            "key": "_next/static/ZAUxzJ8VHaRW-z7AnR3Nc/_ssgManifest.js",
            "kms_key_id": null,
            "metadata": {},
            "object_lock_legal_hold_status": "",
            "object_lock_mode": "",
            "object_lock_retain_until_date": "",
            "server_side_encryption": "",
            "source": "../out/_next/static/ZAUxzJ8VHaRW-z7AnR3Nc/_ssgManifest.js",
            "storage_class": "STANDARD",
            "tags": {},
            "version_id": "",
            "website_redirect": ""
          },
          "sensitive_attributes": [],
          "private": "bnVsbA==",
          "dependencies": [
            "aws_s3_bucket.ui_bucket"
          ]
        },
        {
          "index_key": "_next/static/_2P_Udzhm7AjNHTLGM5wV/_buildManifest.js",
          "schema_version": 0,
          "attributes": {
            "acl": "public-read",
            "bucket": "moggiez-web-ui",
            "cache_control": "",
            "content": null,
            "content_base64": null,
            "content_disposition": "",
            "content_encoding": "",
            "content_language": "",
            "content_type": "application/javascript",
            "etag": "caa0fd04839e6401930e41265b60cb9a",
            "force_destroy": false,
            "id": "_next/static/_2P_Udzhm7AjNHTLGM5wV/_buildManifest.js",
            "key": "_next/static/_2P_Udzhm7AjNHTLGM5wV/_buildManifest.js",
            "kms_key_id": null,
            "metadata": {},
            "object_lock_legal_hold_status": "",
            "object_lock_mode": "",
            "object_lock_retain_until_date": "",
            "server_side_encryption": "",
            "source": "../out/_next/static/_2P_Udzhm7AjNHTLGM5wV/_buildManifest.js",
            "storage_class": "STANDARD",
            "tags": {},
            "version_id": "",
            "website_redirect": ""
          },
          "sensitive_attributes": [],
          "private": "bnVsbA==",
          "dependencies": [
            "aws_s3_bucket.ui_bucket"
          ]
        },
        {
          "index_key": "_next/static/_2P_Udzhm7AjNHTLGM5wV/_ssgManifest.js",
          "schema_version": 0,
          "attributes": {
            "acl": "public-read",
            "bucket": "moggiez-web-ui",
            "cache_control": "",
            "content": null,
            "content_base64": null,
            "content_disposition": "",
            "content_encoding": "",
            "content_language": "",
            "content_type": "application/javascript",
            "etag": "de3391980e238e65893b6806d04f4297",
            "force_destroy": false,
            "id": "_next/static/_2P_Udzhm7AjNHTLGM5wV/_ssgManifest.js",
            "key": "_next/static/_2P_Udzhm7AjNHTLGM5wV/_ssgManifest.js",
            "kms_key_id": null,
            "metadata": {},
            "object_lock_legal_hold_status": "",
            "object_lock_mode": "",
            "object_lock_retain_until_date": "",
            "server_side_encryption": "",
            "source": "../out/_next/static/_2P_Udzhm7AjNHTLGM5wV/_ssgManifest.js",
            "storage_class": "STANDARD",
            "tags": {},
            "version_id": "",
            "website_redirect": ""
          },
          "sensitive_attributes": [],
          "private": "bnVsbA==",
          "dependencies": [
            "aws_s3_bucket.ui_bucket"
          ]
        },
        {
          "index_key": "_next/static/chunks/0.js",
          "schema_version": 0,
          "attributes": {
            "acl": "public-read",
            "bucket": "moggiez-web-ui",
            "cache_control": "",
            "content": null,
            "content_base64": null,
            "content_disposition": "",
            "content_encoding": "",
            "content_language": "",
            "content_type": "application/javascript",
            "etag": "46d8b88d976e1facf05da61a9c53db01",
            "force_destroy": false,
            "id": "_next/static/chunks/0.js",
            "key": "_next/static/chunks/0.js",
            "kms_key_id": null,
            "metadata": {},
            "object_lock_legal_hold_status": "",
            "object_lock_mode": "",
            "object_lock_retain_until_date": "",
            "server_side_encryption": "",
            "source": "../out/_next/static/chunks/0.js",
            "storage_class": "STANDARD",
            "tags": {},
            "version_id": "",
            "website_redirect": ""
          },
          "sensitive_attributes": [],
          "private": "bnVsbA==",
          "dependencies": [
            "aws_s3_bucket.ui_bucket"
          ]
        },
        {
          "index_key": "_next/static/chunks/2022603593d09ef591160bd9a88b4c2ca86c8d76.8d0a0926a7ac7c3f315a.js",
          "schema_version": 0,
          "attributes": {
            "acl": "public-read",
            "bucket": "moggiez-web-ui",
            "cache_control": "",
            "content": null,
            "content_base64": null,
            "content_disposition": "",
            "content_encoding": "",
            "content_language": "",
            "content_type": "application/javascript",
            "etag": "1c82d96c88bc5b075007c6904613035c",
            "force_destroy": false,
            "id": "_next/static/chunks/2022603593d09ef591160bd9a88b4c2ca86c8d76.8d0a0926a7ac7c3f315a.js",
            "key": "_next/static/chunks/2022603593d09ef591160bd9a88b4c2ca86c8d76.8d0a0926a7ac7c3f315a.js",
            "kms_key_id": null,
            "metadata": {},
            "object_lock_legal_hold_status": "",
            "object_lock_mode": "",
            "object_lock_retain_until_date": "",
            "server_side_encryption": "",
            "source": "../out/_next/static/chunks/2022603593d09ef591160bd9a88b4c2ca86c8d76.8d0a0926a7ac7c3f315a.js",
            "storage_class": "STANDARD",
            "tags": {},
            "version_id": "",
            "website_redirect": ""
          },
          "sensitive_attributes": [],
          "private": "bnVsbA==",
          "dependencies": [
            "aws_s3_bucket.ui_bucket"
          ]
        },
        {
          "index_key": "_next/static/chunks/21c3a7fb4ce921425da95eb1acbfe57a294bd836.6dd3bfa4afb83ad151de.js",
          "schema_version": 0,
          "attributes": {
            "acl": "public-read",
            "bucket": "moggiez-web-ui",
            "cache_control": "",
            "content": null,
            "content_base64": null,
            "content_disposition": "",
            "content_encoding": "",
            "content_language": "",
            "content_type": "application/javascript",
            "etag": "fdc94f67dc56efe716a4d1f3995d826c",
            "force_destroy": false,
            "id": "_next/static/chunks/21c3a7fb4ce921425da95eb1acbfe57a294bd836.6dd3bfa4afb83ad151de.js",
            "key": "_next/static/chunks/21c3a7fb4ce921425da95eb1acbfe57a294bd836.6dd3bfa4afb83ad151de.js",
            "kms_key_id": null,
            "metadata": {},
            "object_lock_legal_hold_status": "",
            "object_lock_mode": "",
            "object_lock_retain_until_date": "",
            "server_side_encryption": "",
            "source": "../out/_next/static/chunks/21c3a7fb4ce921425da95eb1acbfe57a294bd836.6dd3bfa4afb83ad151de.js",
            "storage_class": "STANDARD",
            "tags": {},
            "version_id": "",
            "website_redirect": ""
          },
          "sensitive_attributes": [],
          "private": "bnVsbA==",
          "dependencies": [
            "aws_s3_bucket.ui_bucket"
          ]
        },
        {
          "index_key": "_next/static/chunks/267254ec517d68a47b1445bdc2f83786d479e492.4aeae37161ea065a7f31.js",
          "schema_version": 0,
          "attributes": {
            "acl": "public-read",
            "bucket": "moggiez-web-ui",
            "cache_control": "",
            "content": null,
            "content_base64": null,
            "content_disposition": "",
            "content_encoding": "",
            "content_language": "",
            "content_type": "application/javascript",
            "etag": "1d7c35362822f66a97fa886cb34149f3",
            "force_destroy": false,
            "id": "_next/static/chunks/267254ec517d68a47b1445bdc2f83786d479e492.4aeae37161ea065a7f31.js",
            "key": "_next/static/chunks/267254ec517d68a47b1445bdc2f83786d479e492.4aeae37161ea065a7f31.js",
            "kms_key_id": null,
            "metadata": {},
            "object_lock_legal_hold_status": "",
            "object_lock_mode": "",
            "object_lock_retain_until_date": "",
            "server_side_encryption": "",
            "source": "../out/_next/static/chunks/267254ec517d68a47b1445bdc2f83786d479e492.4aeae37161ea065a7f31.js",
            "storage_class": "STANDARD",
            "tags": {},
            "version_id": "",
            "website_redirect": ""
          },
          "sensitive_attributes": [],
          "private": "bnVsbA==",
          "dependencies": [
            "aws_s3_bucket.ui_bucket"
          ]
        },
        {
          "index_key": "_next/static/chunks/267254ec517d68a47b1445bdc2f83786d479e492.82dc466f15efc8df22b1.js",
          "schema_version": 0,
          "attributes": {
            "acl": "public-read",
            "bucket": "moggiez-web-ui",
            "cache_control": "",
            "content": null,
            "content_base64": null,
            "content_disposition": "",
            "content_encoding": "",
            "content_language": "",
            "content_type": "application/javascript",
            "etag": "189aa828665dcad0283dc063410fa9f4",
            "force_destroy": false,
            "id": "_next/static/chunks/267254ec517d68a47b1445bdc2f83786d479e492.82dc466f15efc8df22b1.js",
            "key": "_next/static/chunks/267254ec517d68a47b1445bdc2f83786d479e492.82dc466f15efc8df22b1.js",
            "kms_key_id": null,
            "metadata": {},
            "object_lock_legal_hold_status": "",
            "object_lock_mode": "",
            "object_lock_retain_until_date": "",
            "server_side_encryption": "",
            "source": "../out/_next/static/chunks/267254ec517d68a47b1445bdc2f83786d479e492.82dc466f15efc8df22b1.js",
            "storage_class": "STANDARD",
            "tags": {},
            "version_id": "",
            "website_redirect": ""
          },
          "sensitive_attributes": [],
          "private": "bnVsbA==",
          "dependencies": [
            "aws_s3_bucket.ui_bucket"
          ]
        },
        {
          "index_key": "_next/static/chunks/4f4a8d64254082d4f25c8b40892dc8d380cb80d6.b334693b346da3659a09.js",
          "schema_version": 0,
          "attributes": {
            "acl": "public-read",
            "bucket": "moggiez-web-ui",
            "cache_control": "",
            "content": null,
            "content_base64": null,
            "content_disposition": "",
            "content_encoding": "",
            "content_language": "",
            "content_type": "application/javascript",
            "etag": "0973b3c9febc7861d571100c78501471",
            "force_destroy": false,
            "id": "_next/static/chunks/4f4a8d64254082d4f25c8b40892dc8d380cb80d6.b334693b346da3659a09.js",
            "key": "_next/static/chunks/4f4a8d64254082d4f25c8b40892dc8d380cb80d6.b334693b346da3659a09.js",
            "kms_key_id": null,
            "metadata": {},
            "object_lock_legal_hold_status": "",
            "object_lock_mode": "",
            "object_lock_retain_until_date": "",
            "server_side_encryption": "",
            "source": "../out/_next/static/chunks/4f4a8d64254082d4f25c8b40892dc8d380cb80d6.b334693b346da3659a09.js",
            "storage_class": "STANDARD",
            "tags": {},
            "version_id": "",
            "website_redirect": ""
          },
          "sensitive_attributes": [],
          "private": "bnVsbA==",
          "dependencies": [
            "aws_s3_bucket.ui_bucket"
          ]
        },
        {
          "index_key": "_next/static/chunks/amp.js",
          "schema_version": 0,
          "attributes": {
            "acl": "public-read",
            "bucket": "moggiez-web-ui",
            "cache_control": "",
            "content": null,
            "content_base64": null,
            "content_disposition": "",
            "content_encoding": "",
            "content_language": "",
            "content_type": "application/javascript",
            "etag": "b3b50fb94657197ec4ce129bc856abb4",
            "force_destroy": false,
            "id": "_next/static/chunks/amp.js",
            "key": "_next/static/chunks/amp.js",
            "kms_key_id": null,
            "metadata": {},
            "object_lock_legal_hold_status": "",
            "object_lock_mode": "",
            "object_lock_retain_until_date": "",
            "server_side_encryption": "",
            "source": "../out/_next/static/chunks/amp.js",
            "storage_class": "STANDARD",
            "tags": {},
            "version_id": "",
            "website_redirect": ""
          },
          "sensitive_attributes": [],
          "private": "bnVsbA==",
          "dependencies": [
            "aws_s3_bucket.ui_bucket"
          ]
        },
        {
          "index_key": "_next/static/chunks/bf817c75.3bbe0c84743f3f8d6181.js",
          "schema_version": 0,
          "attributes": {
            "acl": "public-read",
            "bucket": "moggiez-web-ui",
            "cache_control": "",
            "content": null,
            "content_base64": null,
            "content_disposition": "",
            "content_encoding": "",
            "content_language": "",
            "content_type": "application/javascript",
            "etag": "ca038f0e7502c4ad05d211d53b4b8eb4",
            "force_destroy": false,
            "id": "_next/static/chunks/bf817c75.3bbe0c84743f3f8d6181.js",
            "key": "_next/static/chunks/bf817c75.3bbe0c84743f3f8d6181.js",
            "kms_key_id": null,
            "metadata": {},
            "object_lock_legal_hold_status": "",
            "object_lock_mode": "",
            "object_lock_retain_until_date": "",
            "server_side_encryption": "",
            "source": "../out/_next/static/chunks/bf817c75.3bbe0c84743f3f8d6181.js",
            "storage_class": "STANDARD",
            "tags": {},
            "version_id": "",
            "website_redirect": ""
          },
          "sensitive_attributes": [],
          "private": "bnVsbA==",
          "dependencies": [
            "aws_s3_bucket.ui_bucket"
          ]
        },
        {
          "index_key": "_next/static/chunks/bf817c75.6af32a34.chunk.css",
          "schema_version": 0,
          "attributes": {
            "acl": "public-read",
            "bucket": "moggiez-web-ui",
            "cache_control": "",
            "content": null,
            "content_base64": null,
            "content_disposition": "",
            "content_encoding": "",
            "content_language": "",
            "content_type": "text/css",
            "etag": "cf1147e60daa203697f86e45436e2591",
            "force_destroy": false,
            "id": "_next/static/chunks/bf817c75.6af32a34.chunk.css",
            "key": "_next/static/chunks/bf817c75.6af32a34.chunk.css",
            "kms_key_id": null,
            "metadata": {},
            "object_lock_legal_hold_status": "",
            "object_lock_mode": "",
            "object_lock_retain_until_date": "",
            "server_side_encryption": "",
            "source": "../out/_next/static/chunks/bf817c75.6af32a34.chunk.css",
            "storage_class": "STANDARD",
            "tags": {},
            "version_id": "",
            "website_redirect": ""
          },
          "sensitive_attributes": [],
          "private": "bnVsbA==",
          "dependencies": [
            "aws_s3_bucket.ui_bucket"
          ]
        },
        {
          "index_key": "_next/static/chunks/d70b7a6c80f7e0e374ba40d34f5012ba368e3afa.3f68ce10e1fa1b37292c.js",
          "schema_version": 0,
          "attributes": {
            "acl": "public-read",
            "bucket": "moggiez-web-ui",
            "cache_control": "",
            "content": null,
            "content_base64": null,
            "content_disposition": "",
            "content_encoding": "",
            "content_language": "",
            "content_type": "application/javascript",
            "etag": "5c88fe93df518f68e2618408d68f864a",
            "force_destroy": false,
            "id": "_next/static/chunks/d70b7a6c80f7e0e374ba40d34f5012ba368e3afa.3f68ce10e1fa1b37292c.js",
            "key": "_next/static/chunks/d70b7a6c80f7e0e374ba40d34f5012ba368e3afa.3f68ce10e1fa1b37292c.js",
            "kms_key_id": null,
            "metadata": {},
            "object_lock_legal_hold_status": "",
            "object_lock_mode": "",
            "object_lock_retain_until_date": "",
            "server_side_encryption": "",
            "source": "../out/_next/static/chunks/d70b7a6c80f7e0e374ba40d34f5012ba368e3afa.3f68ce10e1fa1b37292c.js",
            "storage_class": "STANDARD",
            "tags": {},
            "version_id": "",
            "website_redirect": ""
          },
          "sensitive_attributes": [],
          "private": "bnVsbA==",
          "dependencies": [
            "aws_s3_bucket.ui_bucket"
          ]
        },
        {
          "index_key": "_next/static/chunks/da47732bed2b037a96b04d43bfc029e7cb4b6001.0cb222b3ddef6d78a99f.js",
          "schema_version": 0,
          "attributes": {
            "acl": "public-read",
            "bucket": "moggiez-web-ui",
            "cache_control": "",
            "content": null,
            "content_base64": null,
            "content_disposition": "",
            "content_encoding": "",
            "content_language": "",
            "content_type": "application/javascript",
            "etag": "cd812aedca5018933ecd119ea5a49967",
            "force_destroy": false,
            "id": "_next/static/chunks/da47732bed2b037a96b04d43bfc029e7cb4b6001.0cb222b3ddef6d78a99f.js",
            "key": "_next/static/chunks/da47732bed2b037a96b04d43bfc029e7cb4b6001.0cb222b3ddef6d78a99f.js",
            "kms_key_id": null,
            "metadata": {},
            "object_lock_legal_hold_status": "",
            "object_lock_mode": "",
            "object_lock_retain_until_date": "",
            "server_side_encryption": "",
            "source": "../out/_next/static/chunks/da47732bed2b037a96b04d43bfc029e7cb4b6001.0cb222b3ddef6d78a99f.js",
            "storage_class": "STANDARD",
            "tags": {},
            "version_id": "",
            "website_redirect": ""
          },
          "sensitive_attributes": [],
          "private": "bnVsbA==",
          "dependencies": [
            "aws_s3_bucket.ui_bucket"
          ]
        },
        {
          "index_key": "_next/static/chunks/framework.9fcc7403552dcbcd8460.js",
          "schema_version": 0,
          "attributes": {
            "acl": "public-read",
            "bucket": "moggiez-web-ui",
            "cache_control": "",
            "content": null,
            "content_base64": null,
            "content_disposition": "",
            "content_encoding": "",
            "content_language": "",
            "content_type": "application/javascript",
            "etag": "66d52f38131373c71ef5ef1e175f7a3c",
            "force_destroy": false,
            "id": "_next/static/chunks/framework.9fcc7403552dcbcd8460.js",
            "key": "_next/static/chunks/framework.9fcc7403552dcbcd8460.js",
            "kms_key_id": null,
            "metadata": {},
            "object_lock_legal_hold_status": "",
            "object_lock_mode": "",
            "object_lock_retain_until_date": "",
            "server_side_encryption": "",
            "source": "../out/_next/static/chunks/framework.9fcc7403552dcbcd8460.js",
            "storage_class": "STANDARD",
            "tags": {},
            "version_id": "",
            "website_redirect": ""
          },
          "sensitive_attributes": [],
          "private": "bnVsbA==",
          "dependencies": [
            "aws_s3_bucket.ui_bucket"
          ]
        },
        {
          "index_key": "_next/static/chunks/main-5bba79ed3fa723b4e1f5.js",
          "schema_version": 0,
          "attributes": {
            "acl": "public-read",
            "bucket": "moggiez-web-ui",
            "cache_control": "",
            "content": null,
            "content_base64": null,
            "content_disposition": "",
            "content_encoding": "",
            "content_language": "",
            "content_type": "application/javascript",
            "etag": "0af4a6e3355b79ea0f0bd3300ae9e53f",
            "force_destroy": false,
            "id": "_next/static/chunks/main-5bba79ed3fa723b4e1f5.js",
            "key": "_next/static/chunks/main-5bba79ed3fa723b4e1f5.js",
            "kms_key_id": null,
            "metadata": {},
            "object_lock_legal_hold_status": "",
            "object_lock_mode": "",
            "object_lock_retain_until_date": "",
            "server_side_encryption": "",
            "source": "../out/_next/static/chunks/main-5bba79ed3fa723b4e1f5.js",
            "storage_class": "STANDARD",
            "tags": {},
            "version_id": "",
            "website_redirect": ""
          },
          "sensitive_attributes": [],
          "private": "bnVsbA==",
          "dependencies": [
            "aws_s3_bucket.ui_bucket"
          ]
        },
        {
          "index_key": "_next/static/chunks/main.js",
          "schema_version": 0,
          "attributes": {
            "acl": "public-read",
            "bucket": "moggiez-web-ui",
            "cache_control": "",
            "content": null,
            "content_base64": null,
            "content_disposition": "",
            "content_encoding": "",
            "content_language": "",
            "content_type": "application/javascript",
            "etag": "3c2a9b75f7fa1be0df6549d3b0f659e4",
            "force_destroy": false,
            "id": "_next/static/chunks/main.js",
            "key": "_next/static/chunks/main.js",
            "kms_key_id": null,
            "metadata": {},
            "object_lock_legal_hold_status": "",
            "object_lock_mode": "",
            "object_lock_retain_until_date": "",
            "server_side_encryption": "",
            "source": "../out/_next/static/chunks/main.js",
            "storage_class": "STANDARD",
            "tags": {},
            "version_id": "",
            "website_redirect": ""
          },
          "sensitive_attributes": [],
          "private": "bnVsbA==",
          "dependencies": [
            "aws_s3_bucket.ui_bucket"
          ]
        },
        {
          "index_key": "_next/static/chunks/pages/_app-e21bcd08459b8f0bf2f5.js",
          "schema_version": 0,
          "attributes": {
            "acl": "public-read",
            "bucket": "moggiez-web-ui",
            "cache_control": "",
            "content": null,
            "content_base64": null,
            "content_disposition": "",
            "content_encoding": "",
            "content_language": "",
            "content_type": "application/javascript",
            "etag": "c07829c2ba85058dbff35414e5c0db31",
            "force_destroy": false,
            "id": "_next/static/chunks/pages/_app-e21bcd08459b8f0bf2f5.js",
            "key": "_next/static/chunks/pages/_app-e21bcd08459b8f0bf2f5.js",
            "kms_key_id": null,
            "metadata": {},
            "object_lock_legal_hold_status": "",
            "object_lock_mode": "",
            "object_lock_retain_until_date": "",
            "server_side_encryption": "",
            "source": "../out/_next/static/chunks/pages/_app-e21bcd08459b8f0bf2f5.js",
            "storage_class": "STANDARD",
            "tags": {},
            "version_id": "",
            "website_redirect": ""
          },
          "sensitive_attributes": [],
          "private": "bnVsbA==",
          "dependencies": [
            "aws_s3_bucket.ui_bucket"
          ]
        },
        {
          "index_key": "_next/static/chunks/pages/_app.js",
          "schema_version": 0,
          "attributes": {
            "acl": "public-read",
            "bucket": "moggiez-web-ui",
            "cache_control": "",
            "content": null,
            "content_base64": null,
            "content_disposition": "",
            "content_encoding": "",
            "content_language": "",
            "content_type": "application/javascript",
            "etag": "07a19fed492c20b8b51c5d02c46cc911",
            "force_destroy": false,
            "id": "_next/static/chunks/pages/_app.js",
            "key": "_next/static/chunks/pages/_app.js",
            "kms_key_id": null,
            "metadata": {},
            "object_lock_legal_hold_status": "",
            "object_lock_mode": "",
            "object_lock_retain_until_date": "",
            "server_side_encryption": "",
            "source": "../out/_next/static/chunks/pages/_app.js",
            "storage_class": "STANDARD",
            "tags": {},
            "version_id": "",
            "website_redirect": ""
          },
          "sensitive_attributes": [],
          "private": "bnVsbA==",
          "dependencies": [
            "aws_s3_bucket.ui_bucket"
          ]
        },
        {
          "index_key": "_next/static/chunks/pages/_error-fec967d16463cadec666.js",
          "schema_version": 0,
          "attributes": {
            "acl": "public-read",
            "bucket": "moggiez-web-ui",
            "cache_control": "",
            "content": null,
            "content_base64": null,
            "content_disposition": "",
            "content_encoding": "",
            "content_language": "",
            "content_type": "application/javascript",
            "etag": "f77c02d64c2320bad397a8622c1dc744",
            "force_destroy": false,
            "id": "_next/static/chunks/pages/_error-fec967d16463cadec666.js",
            "key": "_next/static/chunks/pages/_error-fec967d16463cadec666.js",
            "kms_key_id": null,
            "metadata": {},
            "object_lock_legal_hold_status": "",
            "object_lock_mode": "",
            "object_lock_retain_until_date": "",
            "server_side_encryption": "",
            "source": "../out/_next/static/chunks/pages/_error-fec967d16463cadec666.js",
            "storage_class": "STANDARD",
            "tags": {},
            "version_id": "",
            "website_redirect": ""
          },
          "sensitive_attributes": [],
          "private": "bnVsbA==",
          "dependencies": [
            "aws_s3_bucket.ui_bucket"
          ]
        },
        {
          "index_key": "_next/static/chunks/pages/_error.js",
          "schema_version": 0,
          "attributes": {
            "acl": "public-read",
            "bucket": "moggiez-web-ui",
            "cache_control": "",
            "content": null,
            "content_base64": null,
            "content_disposition": "",
            "content_encoding": "",
            "content_language": "",
            "content_type": "application/javascript",
            "etag": "3145672435b76faa8b86f4ccd3637bdb",
            "force_destroy": false,
            "id": "_next/static/chunks/pages/_error.js",
            "key": "_next/static/chunks/pages/_error.js",
            "kms_key_id": null,
            "metadata": {},
            "object_lock_legal_hold_status": "",
            "object_lock_mode": "",
            "object_lock_retain_until_date": "",
            "server_side_encryption": "",
            "source": "../out/_next/static/chunks/pages/_error.js",
            "storage_class": "STANDARD",
            "tags": {},
            "version_id": "",
            "website_redirect": ""
          },
          "sensitive_attributes": [],
          "private": "bnVsbA==",
          "dependencies": [
            "aws_s3_bucket.ui_bucket"
          ]
        },
        {
          "index_key": "_next/static/chunks/pages/about-70f528dae6314d962800.js",
          "schema_version": 0,
          "attributes": {
            "acl": "public-read",
            "bucket": "moggiez-web-ui",
            "cache_control": "",
            "content": null,
            "content_base64": null,
            "content_disposition": "",
            "content_encoding": "",
            "content_language": "",
            "content_type": "application/javascript",
            "etag": "5e352af3a0da5e403652cf75e8c09da3",
            "force_destroy": false,
            "id": "_next/static/chunks/pages/about-70f528dae6314d962800.js",
            "key": "_next/static/chunks/pages/about-70f528dae6314d962800.js",
            "kms_key_id": null,
            "metadata": {},
            "object_lock_legal_hold_status": "",
            "object_lock_mode": "",
            "object_lock_retain_until_date": "",
            "server_side_encryption": "",
            "source": "../out/_next/static/chunks/pages/about-70f528dae6314d962800.js",
            "storage_class": "STANDARD",
            "tags": {},
            "version_id": "",
            "website_redirect": ""
          },
          "sensitive_attributes": [],
          "private": "bnVsbA==",
          "dependencies": [
            "aws_s3_bucket.ui_bucket"
          ]
        },
        {
          "index_key": "_next/static/chunks/pages/auth/[type]-dec8c7a5ab19ab263e9c.js",
          "schema_version": 0,
          "attributes": {
            "acl": "public-read",
            "bucket": "moggiez-web-ui",
            "cache_control": "",
            "content": null,
            "content_base64": null,
            "content_disposition": "",
            "content_encoding": "",
            "content_language": "",
            "content_type": "application/javascript",
            "etag": "842b1b60cd1237d1560e2ebb18982804",
            "force_destroy": false,
            "id": "_next/static/chunks/pages/auth/[type]-dec8c7a5ab19ab263e9c.js",
            "key": "_next/static/chunks/pages/auth/[type]-dec8c7a5ab19ab263e9c.js",
            "kms_key_id": null,
            "metadata": {},
            "object_lock_legal_hold_status": "",
            "object_lock_mode": "",
            "object_lock_retain_until_date": "",
            "server_side_encryption": "",
            "source": "../out/_next/static/chunks/pages/auth/[type]-dec8c7a5ab19ab263e9c.js",
            "storage_class": "STANDARD",
            "tags": {},
            "version_id": "",
            "website_redirect": ""
          },
          "sensitive_attributes": [],
          "private": "bnVsbA==",
          "dependencies": [
            "aws_s3_bucket.ui_bucket"
          ]
        },
        {
          "index_key": "_next/static/chunks/pages/contact-fd406245de43011cc084.js",
          "schema_version": 0,
          "attributes": {
            "acl": "public-read",
            "bucket": "moggiez-web-ui",
            "cache_control": "",
            "content": null,
            "content_base64": null,
            "content_disposition": "",
            "content_encoding": "",
            "content_language": "",
            "content_type": "application/javascript",
            "etag": "671edf3a3c9dfaa361e63d765e48d65a",
            "force_destroy": false,
            "id": "_next/static/chunks/pages/contact-fd406245de43011cc084.js",
            "key": "_next/static/chunks/pages/contact-fd406245de43011cc084.js",
            "kms_key_id": null,
            "metadata": {},
            "object_lock_legal_hold_status": "",
            "object_lock_mode": "",
            "object_lock_retain_until_date": "",
            "server_side_encryption": "",
            "source": "../out/_next/static/chunks/pages/contact-fd406245de43011cc084.js",
            "storage_class": "STANDARD",
            "tags": {},
            "version_id": "",
            "website_redirect": ""
          },
          "sensitive_attributes": [],
          "private": "bnVsbA==",
          "dependencies": [
            "aws_s3_bucket.ui_bucket"
          ]
        },
        {
          "index_key": "_next/static/chunks/pages/dashboard-fc424aba1f35a4f91296.js",
          "schema_version": 0,
          "attributes": {
            "acl": "public-read",
            "bucket": "moggiez-web-ui",
            "cache_control": "",
            "content": null,
            "content_base64": null,
            "content_disposition": "",
            "content_encoding": "",
            "content_language": "",
            "content_type": "application/javascript",
            "etag": "c304316d9342338fd295335164da3890",
            "force_destroy": false,
            "id": "_next/static/chunks/pages/dashboard-fc424aba1f35a4f91296.js",
            "key": "_next/static/chunks/pages/dashboard-fc424aba1f35a4f91296.js",
            "kms_key_id": null,
            "metadata": {},
            "object_lock_legal_hold_status": "",
            "object_lock_mode": "",
            "object_lock_retain_until_date": "",
            "server_side_encryption": "",
            "source": "../out/_next/static/chunks/pages/dashboard-fc424aba1f35a4f91296.js",
            "storage_class": "STANDARD",
            "tags": {},
            "version_id": "",
            "website_redirect": ""
          },
          "sensitive_attributes": [],
          "private": "bnVsbA==",
          "dependencies": [
            "aws_s3_bucket.ui_bucket"
          ]
        },
        {
          "index_key": "_next/static/chunks/pages/faq-581ec280e710e484cf50.js",
          "schema_version": 0,
          "attributes": {
            "acl": "public-read",
            "bucket": "moggiez-web-ui",
            "cache_control": "",
            "content": null,
            "content_base64": null,
            "content_disposition": "",
            "content_encoding": "",
            "content_language": "",
            "content_type": "application/javascript",
            "etag": "ddfa38ef8ced32541f3afcf8476f46b0",
            "force_destroy": false,
            "id": "_next/static/chunks/pages/faq-581ec280e710e484cf50.js",
            "key": "_next/static/chunks/pages/faq-581ec280e710e484cf50.js",
            "kms_key_id": null,
            "metadata": {},
            "object_lock_legal_hold_status": "",
            "object_lock_mode": "",
            "object_lock_retain_until_date": "",
            "server_side_encryption": "",
            "source": "../out/_next/static/chunks/pages/faq-581ec280e710e484cf50.js",
            "storage_class": "STANDARD",
            "tags": {},
            "version_id": "",
            "website_redirect": ""
          },
          "sensitive_attributes": [],
          "private": "bnVsbA==",
          "dependencies": [
            "aws_s3_bucket.ui_bucket"
          ]
        },
        {
          "index_key": "_next/static/chunks/pages/index-61dc9015a1955f58b8e5.js",
          "schema_version": 0,
          "attributes": {
            "acl": "public-read",
            "bucket": "moggiez-web-ui",
            "cache_control": "",
            "content": null,
            "content_base64": null,
            "content_disposition": "",
            "content_encoding": "",
            "content_language": "",
            "content_type": "application/javascript",
            "etag": "232a95eb56e6a496984ae40a8a58ef05",
            "force_destroy": false,
            "id": "_next/static/chunks/pages/index-61dc9015a1955f58b8e5.js",
            "key": "_next/static/chunks/pages/index-61dc9015a1955f58b8e5.js",
            "kms_key_id": null,
            "metadata": {},
            "object_lock_legal_hold_status": "",
            "object_lock_mode": "",
            "object_lock_retain_until_date": "",
            "server_side_encryption": "",
            "source": "../out/_next/static/chunks/pages/index-61dc9015a1955f58b8e5.js",
            "storage_class": "STANDARD",
            "tags": {},
            "version_id": "",
            "website_redirect": ""
          },
          "sensitive_attributes": [],
          "private": "bnVsbA==",
          "dependencies": [
            "aws_s3_bucket.ui_bucket"
          ]
        },
        {
          "index_key": "_next/static/chunks/pages/index.js",
          "schema_version": 0,
          "attributes": {
            "acl": "public-read",
            "bucket": "moggiez-web-ui",
            "cache_control": "",
            "content": null,
            "content_base64": null,
            "content_disposition": "",
            "content_encoding": "",
            "content_language": "",
            "content_type": "application/javascript",
            "etag": "7eac272a60d4ec69d5543d40ab4f8a36",
            "force_destroy": false,
            "id": "_next/static/chunks/pages/index.js",
            "key": "_next/static/chunks/pages/index.js",
            "kms_key_id": null,
            "metadata": {},
            "object_lock_legal_hold_status": "",
            "object_lock_mode": "",
            "object_lock_retain_until_date": "",
            "server_side_encryption": "",
            "source": "../out/_next/static/chunks/pages/index.js",
            "storage_class": "STANDARD",
            "tags": {},
            "version_id": "",
            "website_redirect": ""
          },
          "sensitive_attributes": [],
          "private": "bnVsbA==",
          "dependencies": [
            "aws_s3_bucket.ui_bucket"
          ]
        },
        {
          "index_key": "_next/static/chunks/pages/pricing-e2dec770e292709162ca.js",
          "schema_version": 0,
          "attributes": {
            "acl": "public-read",
            "bucket": "moggiez-web-ui",
            "cache_control": "",
            "content": null,
            "content_base64": null,
            "content_disposition": "",
            "content_encoding": "",
            "content_language": "",
            "content_type": "application/javascript",
            "etag": "1bcff897ba5b11c6b6693f32339e8b57",
            "force_destroy": false,
            "id": "_next/static/chunks/pages/pricing-e2dec770e292709162ca.js",
            "key": "_next/static/chunks/pages/pricing-e2dec770e292709162ca.js",
            "kms_key_id": null,
            "metadata": {},
            "object_lock_legal_hold_status": "",
            "object_lock_mode": "",
            "object_lock_retain_until_date": "",
            "server_side_encryption": "",
            "source": "../out/_next/static/chunks/pages/pricing-e2dec770e292709162ca.js",
            "storage_class": "STANDARD",
            "tags": {},
            "version_id": "",
            "website_redirect": ""
          },
          "sensitive_attributes": [],
          "private": "bnVsbA==",
          "dependencies": [
            "aws_s3_bucket.ui_bucket"
          ]
        },
        {
          "index_key": "_next/static/chunks/pages/purchase/[plan]-fe0d8fec63fedd26fe54.js",
          "schema_version": 0,
          "attributes": {
            "acl": "public-read",
            "bucket": "moggiez-web-ui",
            "cache_control": "",
            "content": null,
            "content_base64": null,
            "content_disposition": "",
            "content_encoding": "",
            "content_language": "",
            "content_type": "application/javascript",
            "etag": "700588e9f0c1e297ee3e98b89c34b115",
            "force_destroy": false,
            "id": "_next/static/chunks/pages/purchase/[plan]-fe0d8fec63fedd26fe54.js",
            "key": "_next/static/chunks/pages/purchase/[plan]-fe0d8fec63fedd26fe54.js",
            "kms_key_id": null,
            "metadata": {},
            "object_lock_legal_hold_status": "",
            "object_lock_mode": "",
            "object_lock_retain_until_date": "",
            "server_side_encryption": "",
            "source": "../out/_next/static/chunks/pages/purchase/[plan]-fe0d8fec63fedd26fe54.js",
            "storage_class": "STANDARD",
            "tags": {},
            "version_id": "",
            "website_redirect": ""
          },
          "sensitive_attributes": [],
          "private": "bnVsbA==",
          "dependencies": [
            "aws_s3_bucket.ui_bucket"
          ]
        },
        {
          "index_key": "_next/static/chunks/pages/settings/[section]-8fb4374c2406722a0105.js",
          "schema_version": 0,
          "attributes": {
            "acl": "public-read",
            "bucket": "moggiez-web-ui",
            "cache_control": "",
            "content": null,
            "content_base64": null,
            "content_disposition": "",
            "content_encoding": "",
            "content_language": "",
            "content_type": "application/javascript",
            "etag": "fec9526402377c9724dcf45f0e94cfb6",
            "force_destroy": false,
            "id": "_next/static/chunks/pages/settings/[section]-8fb4374c2406722a0105.js",
            "key": "_next/static/chunks/pages/settings/[section]-8fb4374c2406722a0105.js",
            "kms_key_id": null,
            "metadata": {},
            "object_lock_legal_hold_status": "",
            "object_lock_mode": "",
            "object_lock_retain_until_date": "",
            "server_side_encryption": "",
            "source": "../out/_next/static/chunks/pages/settings/[section]-8fb4374c2406722a0105.js",
            "storage_class": "STANDARD",
            "tags": {},
            "version_id": "",
            "website_redirect": ""
          },
          "sensitive_attributes": [],
          "private": "bnVsbA==",
          "dependencies": [
            "aws_s3_bucket.ui_bucket"
          ]
        },
        {
          "index_key": "_next/static/chunks/polyfills-38d53cce78587ba1d76e.js",
          "schema_version": 0,
          "attributes": {
            "acl": "public-read",
            "bucket": "moggiez-web-ui",
            "cache_control": "",
            "content": null,
            "content_base64": null,
            "content_disposition": "",
            "content_encoding": "",
            "content_language": "",
            "content_type": "application/javascript",
            "etag": "7889892d4b679536d558e478572b2768",
            "force_destroy": false,
            "id": "_next/static/chunks/polyfills-38d53cce78587ba1d76e.js",
            "key": "_next/static/chunks/polyfills-38d53cce78587ba1d76e.js",
            "kms_key_id": null,
            "metadata": {},
            "object_lock_legal_hold_status": "",
            "object_lock_mode": "",
            "object_lock_retain_until_date": "",
            "server_side_encryption": "",
            "source": "../out/_next/static/chunks/polyfills-38d53cce78587ba1d76e.js",
            "storage_class": "STANDARD",
            "tags": {},
            "version_id": "",
            "website_redirect": ""
          },
          "sensitive_attributes": [],
          "private": "bnVsbA==",
          "dependencies": [
            "aws_s3_bucket.ui_bucket"
          ]
        },
        {
          "index_key": "_next/static/chunks/polyfills.js",
          "schema_version": 0,
          "attributes": {
            "acl": "public-read",
            "bucket": "moggiez-web-ui",
            "cache_control": "",
            "content": null,
            "content_base64": null,
            "content_disposition": "",
            "content_encoding": "",
            "content_language": "",
            "content_type": "application/javascript",
            "etag": "57ce246b88d20330432065ad24b894fe",
            "force_destroy": false,
            "id": "_next/static/chunks/polyfills.js",
            "key": "_next/static/chunks/polyfills.js",
            "kms_key_id": null,
            "metadata": {},
            "object_lock_legal_hold_status": "",
            "object_lock_mode": "",
            "object_lock_retain_until_date": "",
            "server_side_encryption": "",
            "source": "../out/_next/static/chunks/polyfills.js",
            "storage_class": "STANDARD",
            "tags": {},
            "version_id": "",
            "website_redirect": ""
          },
          "sensitive_attributes": [],
          "private": "bnVsbA==",
          "dependencies": [
            "aws_s3_bucket.ui_bucket"
          ]
        },
        {
          "index_key": "_next/static/chunks/react-refresh.js",
          "schema_version": 0,
          "attributes": {
            "acl": "public-read",
            "bucket": "moggiez-web-ui",
            "cache_control": "",
            "content": null,
            "content_base64": null,
            "content_disposition": "",
            "content_encoding": "",
            "content_language": "",
            "content_type": "application/javascript",
            "etag": "b579ea82dc4f58e1c3c63f2bb7108893",
            "force_destroy": false,
            "id": "_next/static/chunks/react-refresh.js",
            "key": "_next/static/chunks/react-refresh.js",
            "kms_key_id": null,
            "metadata": {},
            "object_lock_legal_hold_status": "",
            "object_lock_mode": "",
            "object_lock_retain_until_date": "",
            "server_side_encryption": "",
            "source": "../out/_next/static/chunks/react-refresh.js",
            "storage_class": "STANDARD",
            "tags": {},
            "version_id": "",
            "website_redirect": ""
          },
          "sensitive_attributes": [],
          "private": "bnVsbA==",
          "dependencies": [
            "aws_s3_bucket.ui_bucket"
          ]
        },
        {
          "index_key": "_next/static/chunks/styles.75fa67229d3820e09503.js",
          "schema_version": 0,
          "attributes": {
            "acl": "public-read",
            "bucket": "moggiez-web-ui",
            "cache_control": "",
            "content": null,
            "content_base64": null,
            "content_disposition": "",
            "content_encoding": "",
            "content_language": "",
            "content_type": "application/javascript",
            "etag": "88af14943111050c1c88a87a0e467292",
            "force_destroy": false,
            "id": "_next/static/chunks/styles.75fa67229d3820e09503.js",
            "key": "_next/static/chunks/styles.75fa67229d3820e09503.js",
            "kms_key_id": null,
            "metadata": {},
            "object_lock_legal_hold_status": "",
            "object_lock_mode": "",
            "object_lock_retain_until_date": "",
            "server_side_encryption": "",
            "source": "../out/_next/static/chunks/styles.75fa67229d3820e09503.js",
            "storage_class": "STANDARD",
            "tags": {},
            "version_id": "",
            "website_redirect": ""
          },
          "sensitive_attributes": [],
          "private": "bnVsbA==",
          "dependencies": [
            "aws_s3_bucket.ui_bucket"
          ]
        },
        {
          "index_key": "_next/static/chunks/styles.a151a4df.chunk.css",
          "schema_version": 0,
          "attributes": {
            "acl": "public-read",
            "bucket": "moggiez-web-ui",
            "cache_control": "",
            "content": null,
            "content_base64": null,
            "content_disposition": "",
            "content_encoding": "",
            "content_language": "",
            "content_type": "text/css",
            "etag": "41efa65512c53dfd8981ca15e2dcadbf",
            "force_destroy": false,
            "id": "_next/static/chunks/styles.a151a4df.chunk.css",
            "key": "_next/static/chunks/styles.a151a4df.chunk.css",
            "kms_key_id": null,
            "metadata": {},
            "object_lock_legal_hold_status": "",
            "object_lock_mode": "",
            "object_lock_retain_until_date": "",
            "server_side_encryption": "",
            "source": "../out/_next/static/chunks/styles.a151a4df.chunk.css",
            "storage_class": "STANDARD",
            "tags": {},
            "version_id": "",
            "website_redirect": ""
          },
          "sensitive_attributes": [],
          "private": "bnVsbA==",
          "dependencies": [
            "aws_s3_bucket.ui_bucket"
          ]
        },
        {
          "index_key": "_next/static/chunks/styles.chunk.css",
          "schema_version": 0,
          "attributes": {
            "acl": "public-read",
            "bucket": "moggiez-web-ui",
            "cache_control": "",
            "content": null,
            "content_base64": null,
            "content_disposition": "",
            "content_encoding": "",
            "content_language": "",
            "content_type": "text/css",
            "etag": "2351c135325b3d1d5adbb78325e8f940",
            "force_destroy": false,
            "id": "_next/static/chunks/styles.chunk.css",
            "key": "_next/static/chunks/styles.chunk.css",
            "kms_key_id": null,
            "metadata": {},
            "object_lock_legal_hold_status": "",
            "object_lock_mode": "",
            "object_lock_retain_until_date": "",
            "server_side_encryption": "",
            "source": "../out/_next/static/chunks/styles.chunk.css",
            "storage_class": "STANDARD",
            "tags": {},
            "version_id": "",
            "website_redirect": ""
          },
          "sensitive_attributes": [],
          "private": "bnVsbA==",
          "dependencies": [
            "aws_s3_bucket.ui_bucket"
          ]
        },
        {
          "index_key": "_next/static/chunks/styles.js",
          "schema_version": 0,
          "attributes": {
            "acl": "public-read",
            "bucket": "moggiez-web-ui",
            "cache_control": "",
            "content": null,
            "content_base64": null,
            "content_disposition": "",
            "content_encoding": "",
            "content_language": "",
            "content_type": "application/javascript",
            "etag": "b6dee9bd049410e26f263f46bf63136a",
            "force_destroy": false,
            "id": "_next/static/chunks/styles.js",
            "key": "_next/static/chunks/styles.js",
            "kms_key_id": null,
            "metadata": {},
            "object_lock_legal_hold_status": "",
            "object_lock_mode": "",
            "object_lock_retain_until_date": "",
            "server_side_encryption": "",
            "source": "../out/_next/static/chunks/styles.js",
            "storage_class": "STANDARD",
            "tags": {},
            "version_id": "",
            "website_redirect": ""
          },
          "sensitive_attributes": [],
          "private": "bnVsbA==",
          "dependencies": [
            "aws_s3_bucket.ui_bucket"
          ]
        },
        {
          "index_key": "_next/static/chunks/webpack-147ea3ada7109f6dc0bb.js",
          "schema_version": 0,
          "attributes": {
            "acl": "public-read",
            "bucket": "moggiez-web-ui",
            "cache_control": "",
            "content": null,
            "content_base64": null,
            "content_disposition": "",
            "content_encoding": "",
            "content_language": "",
            "content_type": "application/javascript",
            "etag": "8c19f623e8389f11131a054a7e17ff95",
            "force_destroy": false,
            "id": "_next/static/chunks/webpack-147ea3ada7109f6dc0bb.js",
            "key": "_next/static/chunks/webpack-147ea3ada7109f6dc0bb.js",
            "kms_key_id": null,
            "metadata": {},
            "object_lock_legal_hold_status": "",
            "object_lock_mode": "",
            "object_lock_retain_until_date": "",
            "server_side_encryption": "",
            "source": "../out/_next/static/chunks/webpack-147ea3ada7109f6dc0bb.js",
            "storage_class": "STANDARD",
            "tags": {},
            "version_id": "",
            "website_redirect": ""
          },
          "sensitive_attributes": [],
          "private": "bnVsbA==",
          "dependencies": [
            "aws_s3_bucket.ui_bucket"
          ]
        },
        {
          "index_key": "_next/static/chunks/webpack.js",
          "schema_version": 0,
          "attributes": {
            "acl": "public-read",
            "bucket": "moggiez-web-ui",
            "cache_control": "",
            "content": null,
            "content_base64": null,
            "content_disposition": "",
            "content_encoding": "",
            "content_language": "",
            "content_type": "application/javascript",
            "etag": "c68bae303f3341a897e43908da842a34",
            "force_destroy": false,
            "id": "_next/static/chunks/webpack.js",
            "key": "_next/static/chunks/webpack.js",
            "kms_key_id": null,
            "metadata": {},
            "object_lock_legal_hold_status": "",
            "object_lock_mode": "",
            "object_lock_retain_until_date": "",
            "server_side_encryption": "",
            "source": "../out/_next/static/chunks/webpack.js",
            "storage_class": "STANDARD",
            "tags": {},
            "version_id": "",
            "website_redirect": ""
          },
          "sensitive_attributes": [],
          "private": "bnVsbA==",
          "dependencies": [
            "aws_s3_bucket.ui_bucket"
          ]
        },
        {
          "index_key": "_next/static/development/_buildManifest.js",
          "schema_version": 0,
          "attributes": {
            "acl": "public-read",
            "bucket": "moggiez-web-ui",
            "cache_control": "",
            "content": null,
            "content_base64": null,
            "content_disposition": "",
            "content_encoding": "",
            "content_language": "",
            "content_type": "application/javascript",
            "etag": "1562d482cfcb28e6f9e7ee6ce57cba31",
            "force_destroy": false,
            "id": "_next/static/development/_buildManifest.js",
            "key": "_next/static/development/_buildManifest.js",
            "kms_key_id": null,
            "metadata": {},
            "object_lock_legal_hold_status": "",
            "object_lock_mode": "",
            "object_lock_retain_until_date": "",
            "server_side_encryption": "",
            "source": "../out/_next/static/development/_buildManifest.js",
            "storage_class": "STANDARD",
            "tags": {},
            "version_id": "",
            "website_redirect": ""
          },
          "sensitive_attributes": [],
          "private": "bnVsbA==",
          "dependencies": [
            "aws_s3_bucket.ui_bucket"
          ]
        },
        {
          "index_key": "_next/static/development/_ssgManifest.js",
          "schema_version": 0,
          "attributes": {
            "acl": "public-read",
            "bucket": "moggiez-web-ui",
            "cache_control": "",
            "content": null,
            "content_base64": null,
            "content_disposition": "",
            "content_encoding": "",
            "content_language": "",
            "content_type": "application/javascript",
            "etag": "abee47769bf307639ace4945f9cfd4ff",
            "force_destroy": false,
            "id": "_next/static/development/_ssgManifest.js",
            "key": "_next/static/development/_ssgManifest.js",
            "kms_key_id": null,
            "metadata": {},
            "object_lock_legal_hold_status": "",
            "object_lock_mode": "",
            "object_lock_retain_until_date": "",
            "server_side_encryption": "",
            "source": "../out/_next/static/development/_ssgManifest.js",
            "storage_class": "STANDARD",
            "tags": {},
            "version_id": "",
            "website_redirect": ""
          },
          "sensitive_attributes": [],
          "private": "bnVsbA==",
          "dependencies": [
            "aws_s3_bucket.ui_bucket"
          ]
        },
        {
          "index_key": "_next/static/gkjNuQIg7o1ZOiH4gpEQd/_buildManifest.js",
          "schema_version": 0,
          "attributes": {
            "acl": "public-read",
            "bucket": "moggiez-web-ui",
            "cache_control": "",
            "content": null,
            "content_base64": null,
            "content_disposition": "",
            "content_encoding": "",
            "content_language": "",
            "content_type": "application/javascript",
            "etag": "caa0fd04839e6401930e41265b60cb9a",
            "force_destroy": false,
            "id": "_next/static/gkjNuQIg7o1ZOiH4gpEQd/_buildManifest.js",
            "key": "_next/static/gkjNuQIg7o1ZOiH4gpEQd/_buildManifest.js",
            "kms_key_id": null,
            "metadata": {},
            "object_lock_legal_hold_status": "",
            "object_lock_mode": "",
            "object_lock_retain_until_date": "",
            "server_side_encryption": "",
            "source": "../out/_next/static/gkjNuQIg7o1ZOiH4gpEQd/_buildManifest.js",
            "storage_class": "STANDARD",
            "tags": {},
            "version_id": "",
            "website_redirect": ""
          },
          "sensitive_attributes": [],
          "private": "bnVsbA==",
          "dependencies": [
            "aws_s3_bucket.ui_bucket"
          ]
        },
        {
          "index_key": "_next/static/gkjNuQIg7o1ZOiH4gpEQd/_ssgManifest.js",
          "schema_version": 0,
          "attributes": {
            "acl": "public-read",
            "bucket": "moggiez-web-ui",
            "cache_control": "",
            "content": null,
            "content_base64": null,
            "content_disposition": "",
            "content_encoding": "",
            "content_language": "",
            "content_type": "application/javascript",
            "etag": "de3391980e238e65893b6806d04f4297",
            "force_destroy": false,
            "id": "_next/static/gkjNuQIg7o1ZOiH4gpEQd/_ssgManifest.js",
            "key": "_next/static/gkjNuQIg7o1ZOiH4gpEQd/_ssgManifest.js",
            "kms_key_id": null,
            "metadata": {},
            "object_lock_legal_hold_status": "",
            "object_lock_mode": "",
            "object_lock_retain_until_date": "",
            "server_side_encryption": "",
            "source": "../out/_next/static/gkjNuQIg7o1ZOiH4gpEQd/_ssgManifest.js",
            "storage_class": "STANDARD",
            "tags": {},
            "version_id": "",
            "website_redirect": ""
          },
          "sensitive_attributes": [],
          "private": "bnVsbA==",
          "dependencies": [
            "aws_s3_bucket.ui_bucket"
          ]
        },
        {
          "index_key": "_next/static/j02ghBx7LvJfBTw_uDZTx/_buildManifest.js",
          "schema_version": 0,
          "attributes": {
            "acl": "public-read",
            "bucket": "moggiez-web-ui",
            "cache_control": "",
            "content": null,
            "content_base64": null,
            "content_disposition": "",
            "content_encoding": "",
            "content_language": "",
            "content_type": "application/javascript",
            "etag": "caa0fd04839e6401930e41265b60cb9a",
            "force_destroy": false,
            "id": "_next/static/j02ghBx7LvJfBTw_uDZTx/_buildManifest.js",
            "key": "_next/static/j02ghBx7LvJfBTw_uDZTx/_buildManifest.js",
            "kms_key_id": null,
            "metadata": {},
            "object_lock_legal_hold_status": "",
            "object_lock_mode": "",
            "object_lock_retain_until_date": "",
            "server_side_encryption": "",
            "source": "../out/_next/static/j02ghBx7LvJfBTw_uDZTx/_buildManifest.js",
            "storage_class": "STANDARD",
            "tags": {},
            "version_id": "",
            "website_redirect": ""
          },
          "sensitive_attributes": [],
          "private": "bnVsbA==",
          "dependencies": [
            "aws_s3_bucket.ui_bucket"
          ]
        },
        {
          "index_key": "_next/static/j02ghBx7LvJfBTw_uDZTx/_ssgManifest.js",
          "schema_version": 0,
          "attributes": {
            "acl": "public-read",
            "bucket": "moggiez-web-ui",
            "cache_control": "",
            "content": null,
            "content_base64": null,
            "content_disposition": "",
            "content_encoding": "",
            "content_language": "",
            "content_type": "application/javascript",
            "etag": "de3391980e238e65893b6806d04f4297",
            "force_destroy": false,
            "id": "_next/static/j02ghBx7LvJfBTw_uDZTx/_ssgManifest.js",
            "key": "_next/static/j02ghBx7LvJfBTw_uDZTx/_ssgManifest.js",
            "kms_key_id": null,
            "metadata": {},
            "object_lock_legal_hold_status": "",
            "object_lock_mode": "",
            "object_lock_retain_until_date": "",
            "server_side_encryption": "",
            "source": "../out/_next/static/j02ghBx7LvJfBTw_uDZTx/_ssgManifest.js",
            "storage_class": "STANDARD",
            "tags": {},
            "version_id": "",
            "website_redirect": ""
          },
          "sensitive_attributes": [],
          "private": "bnVsbA==",
          "dependencies": [
            "aws_s3_bucket.ui_bucket"
          ]
        },
        {
          "index_key": "_next/static/webpack/2ff2c33c7e02e9f44c00.hot-update.json",
          "schema_version": 0,
          "attributes": {
            "acl": "public-read",
            "bucket": "moggiez-web-ui",
            "cache_control": "",
            "content": null,
            "content_base64": null,
            "content_disposition": "",
            "content_encoding": "",
            "content_language": "",
            "content_type": "text/html",
            "etag": "82b919ab4621463e730d49f0dd80f555",
            "force_destroy": false,
            "id": "_next/static/webpack/2ff2c33c7e02e9f44c00.hot-update.json",
            "key": "_next/static/webpack/2ff2c33c7e02e9f44c00.hot-update.json",
            "kms_key_id": null,
            "metadata": {},
            "object_lock_legal_hold_status": "",
            "object_lock_mode": "",
            "object_lock_retain_until_date": "",
            "server_side_encryption": "",
            "source": "../out/_next/static/webpack/2ff2c33c7e02e9f44c00.hot-update.json",
            "storage_class": "STANDARD",
            "tags": {},
            "version_id": "",
            "website_redirect": ""
          },
          "sensitive_attributes": [],
          "private": "bnVsbA==",
          "dependencies": [
            "aws_s3_bucket.ui_bucket"
          ]
        },
        {
          "index_key": "_next/static/webpack/styles.2ff2c33c7e02e9f44c00.hot-update.js",
          "schema_version": 0,
          "attributes": {
            "acl": "public-read",
            "bucket": "moggiez-web-ui",
            "cache_control": "",
            "content": null,
            "content_base64": null,
            "content_disposition": "",
            "content_encoding": "",
            "content_language": "",
            "content_type": "application/javascript",
            "etag": "edc84edd1fb74ee5c7f87138af43e344",
            "force_destroy": false,
            "id": "_next/static/webpack/styles.2ff2c33c7e02e9f44c00.hot-update.js",
            "key": "_next/static/webpack/styles.2ff2c33c7e02e9f44c00.hot-update.js",
            "kms_key_id": null,
            "metadata": {},
            "object_lock_legal_hold_status": "",
            "object_lock_mode": "",
            "object_lock_retain_until_date": "",
            "server_side_encryption": "",
            "source": "../out/_next/static/webpack/styles.2ff2c33c7e02e9f44c00.hot-update.js",
            "storage_class": "STANDARD",
            "tags": {},
            "version_id": "",
            "website_redirect": ""
          },
          "sensitive_attributes": [],
          "private": "bnVsbA==",
          "dependencies": [
            "aws_s3_bucket.ui_bucket"
          ]
        },
        {
          "index_key": "about.html",
          "schema_version": 0,
          "attributes": {
            "acl": "public-read",
            "bucket": "moggiez-web-ui",
            "cache_control": "",
            "content": null,
            "content_base64": null,
            "content_disposition": "",
            "content_encoding": "",
            "content_language": "",
            "content_type": "text/html",
            "etag": "d99757b03190d7837cdd215f58e3cd0d",
            "force_destroy": false,
            "id": "about.html",
            "key": "about.html",
            "kms_key_id": null,
            "metadata": {},
            "object_lock_legal_hold_status": "",
            "object_lock_mode": "",
            "object_lock_retain_until_date": "",
            "server_side_encryption": "",
            "source": "../out/about.html",
            "storage_class": "STANDARD",
            "tags": {},
            "version_id": "",
            "website_redirect": ""
          },
          "sensitive_attributes": [],
          "private": "bnVsbA==",
          "dependencies": [
            "aws_s3_bucket.ui_bucket"
          ]
        },
        {
          "index_key": "auth/changepass.html",
          "schema_version": 0,
          "attributes": {
            "acl": "public-read",
            "bucket": "moggiez-web-ui",
            "cache_control": "",
            "content": null,
            "content_base64": null,
            "content_disposition": "",
            "content_encoding": "",
            "content_language": "",
            "content_type": "text/html",
            "etag": "f37f67ea811e593aad36cf1c5eec531a",
            "force_destroy": false,
            "id": "auth/changepass.html",
            "key": "auth/changepass.html",
            "kms_key_id": null,
            "metadata": {},
            "object_lock_legal_hold_status": "",
            "object_lock_mode": "",
            "object_lock_retain_until_date": "",
            "server_side_encryption": "",
            "source": "../out/auth/changepass.html",
            "storage_class": "STANDARD",
            "tags": {},
            "version_id": "",
            "website_redirect": ""
          },
          "sensitive_attributes": [],
          "private": "bnVsbA==",
          "dependencies": [
            "aws_s3_bucket.ui_bucket"
          ]
        },
        {
          "index_key": "auth/forgotpass.html",
          "schema_version": 0,
          "attributes": {
            "acl": "public-read",
            "bucket": "moggiez-web-ui",
            "cache_control": "",
            "content": null,
            "content_base64": null,
            "content_disposition": "",
            "content_encoding": "",
            "content_language": "",
            "content_type": "text/html",
            "etag": "416ee0189369a1ff5558133c2df70974",
            "force_destroy": false,
            "id": "auth/forgotpass.html",
            "key": "auth/forgotpass.html",
            "kms_key_id": null,
            "metadata": {},
            "object_lock_legal_hold_status": "",
            "object_lock_mode": "",
            "object_lock_retain_until_date": "",
            "server_side_encryption": "",
            "source": "../out/auth/forgotpass.html",
            "storage_class": "STANDARD",
            "tags": {},
            "version_id": "",
            "website_redirect": ""
          },
          "sensitive_attributes": [],
          "private": "bnVsbA==",
          "dependencies": [
            "aws_s3_bucket.ui_bucket"
          ]
        },
        {
          "index_key": "auth/signin.html",
          "schema_version": 0,
          "attributes": {
            "acl": "public-read",
            "bucket": "moggiez-web-ui",
            "cache_control": "",
            "content": null,
            "content_base64": null,
            "content_disposition": "",
            "content_encoding": "",
            "content_language": "",
            "content_type": "text/html",
            "etag": "d6173f908e815caf6f20b5c6b58f52df",
            "force_destroy": false,
            "id": "auth/signin.html",
            "key": "auth/signin.html",
            "kms_key_id": null,
            "metadata": {},
            "object_lock_legal_hold_status": "",
            "object_lock_mode": "",
            "object_lock_retain_until_date": "",
            "server_side_encryption": "",
            "source": "../out/auth/signin.html",
            "storage_class": "STANDARD",
            "tags": {},
            "version_id": "",
            "website_redirect": ""
          },
          "sensitive_attributes": [],
          "private": "bnVsbA==",
          "dependencies": [
            "aws_s3_bucket.ui_bucket"
          ]
        },
        {
          "index_key": "auth/signup.html",
          "schema_version": 0,
          "attributes": {
            "acl": "public-read",
            "bucket": "moggiez-web-ui",
            "cache_control": "",
            "content": null,
            "content_base64": null,
            "content_disposition": "",
            "content_encoding": "",
            "content_language": "",
            "content_type": "text/html",
            "etag": "065b776ce90b12d0c46df449781ea492",
            "force_destroy": false,
            "id": "auth/signup.html",
            "key": "auth/signup.html",
            "kms_key_id": null,
            "metadata": {},
            "object_lock_legal_hold_status": "",
            "object_lock_mode": "",
            "object_lock_retain_until_date": "",
            "server_side_encryption": "",
            "source": "../out/auth/signup.html",
            "storage_class": "STANDARD",
            "tags": {},
            "version_id": "",
            "website_redirect": ""
          },
          "sensitive_attributes": [],
          "private": "bnVsbA==",
          "dependencies": [
            "aws_s3_bucket.ui_bucket"
          ]
        },
        {
          "index_key": "contact.html",
          "schema_version": 0,
          "attributes": {
            "acl": "public-read",
            "bucket": "moggiez-web-ui",
            "cache_control": "",
            "content": null,
            "content_base64": null,
            "content_disposition": "",
            "content_encoding": "",
            "content_language": "",
            "content_type": "text/html",
            "etag": "7b69dcc7b91f2711016cfe8a29d7aade",
            "force_destroy": false,
            "id": "contact.html",
            "key": "contact.html",
            "kms_key_id": null,
            "metadata": {},
            "object_lock_legal_hold_status": "",
            "object_lock_mode": "",
            "object_lock_retain_until_date": "",
            "server_side_encryption": "",
            "source": "../out/contact.html",
            "storage_class": "STANDARD",
            "tags": {},
            "version_id": "",
            "website_redirect": ""
          },
          "sensitive_attributes": [],
          "private": "bnVsbA==",
          "dependencies": [
            "aws_s3_bucket.ui_bucket"
          ]
        },
        {
          "index_key": "dashboard.html",
          "schema_version": 0,
          "attributes": {
            "acl": "public-read",
            "bucket": "moggiez-web-ui",
            "cache_control": "",
            "content": null,
            "content_base64": null,
            "content_disposition": "",
            "content_encoding": "",
            "content_language": "",
            "content_type": "text/html",
            "etag": "090f2870c454333ce88028c926f83972",
            "force_destroy": false,
            "id": "dashboard.html",
            "key": "dashboard.html",
            "kms_key_id": null,
            "metadata": {},
            "object_lock_legal_hold_status": "",
            "object_lock_mode": "",
            "object_lock_retain_until_date": "",
            "server_side_encryption": "",
            "source": "../out/dashboard.html",
            "storage_class": "STANDARD",
            "tags": {},
            "version_id": "",
            "website_redirect": ""
          },
          "sensitive_attributes": [],
          "private": "bnVsbA==",
          "dependencies": [
            "aws_s3_bucket.ui_bucket"
          ]
        },
        {
          "index_key": "faq.html",
          "schema_version": 0,
          "attributes": {
            "acl": "public-read",
            "bucket": "moggiez-web-ui",
            "cache_control": "",
            "content": null,
            "content_base64": null,
            "content_disposition": "",
            "content_encoding": "",
            "content_language": "",
            "content_type": "text/html",
            "etag": "3254b7df7dcbaca5fca80d47212c840e",
            "force_destroy": false,
            "id": "faq.html",
            "key": "faq.html",
            "kms_key_id": null,
            "metadata": {},
            "object_lock_legal_hold_status": "",
            "object_lock_mode": "",
            "object_lock_retain_until_date": "",
            "server_side_encryption": "",
            "source": "../out/faq.html",
            "storage_class": "STANDARD",
            "tags": {},
            "version_id": "",
            "website_redirect": ""
          },
          "sensitive_attributes": [],
          "private": "bnVsbA==",
          "dependencies": [
            "aws_s3_bucket.ui_bucket"
          ]
        },
        {
          "index_key": "favicon.ico",
          "schema_version": 0,
          "attributes": {
            "acl": "public-read",
            "bucket": "moggiez-web-ui",
            "cache_control": "",
            "content": null,
            "content_base64": null,
            "content_disposition": "",
            "content_encoding": "",
            "content_language": "",
            "content_type": "image/x-icon",
            "etag": "21b739d43fcb9bbb83d8541fe4fe88fa",
            "force_destroy": false,
            "id": "favicon.ico",
            "key": "favicon.ico",
            "kms_key_id": null,
            "metadata": {},
            "object_lock_legal_hold_status": "",
            "object_lock_mode": "",
            "object_lock_retain_until_date": "",
            "server_side_encryption": "",
            "source": "../out/favicon.ico",
            "storage_class": "STANDARD",
            "tags": {},
            "version_id": "",
            "website_redirect": ""
          },
          "sensitive_attributes": [],
          "private": "bnVsbA==",
          "dependencies": [
            "aws_s3_bucket.ui_bucket"
          ]
        },
        {
          "index_key": "index.html",
          "schema_version": 0,
          "attributes": {
            "acl": "public-read",
            "bucket": "moggiez-web-ui",
            "cache_control": "",
            "content": null,
            "content_base64": null,
            "content_disposition": "",
            "content_encoding": "",
            "content_language": "",
            "content_type": "text/html",
            "etag": "33b5a2743c639d3bba7fccb45e2af4c4",
            "force_destroy": false,
            "id": "index.html",
            "key": "index.html",
            "kms_key_id": null,
            "metadata": {},
            "object_lock_legal_hold_status": "",
            "object_lock_mode": "",
            "object_lock_retain_until_date": "",
            "server_side_encryption": "",
            "source": "../out/index.html",
            "storage_class": "STANDARD",
            "tags": {},
            "version_id": "",
            "website_redirect": ""
          },
          "sensitive_attributes": [],
          "private": "bnVsbA==",
          "dependencies": [
            "aws_s3_bucket.ui_bucket"
          ]
        },
        {
          "index_key": "pricing.html",
          "schema_version": 0,
          "attributes": {
            "acl": "public-read",
            "bucket": "moggiez-web-ui",
            "cache_control": "",
            "content": null,
            "content_base64": null,
            "content_disposition": "",
            "content_encoding": "",
            "content_language": "",
            "content_type": "text/html",
            "etag": "2b1aa6a317a6bc0e9264e13465f29c3f",
            "force_destroy": false,
            "id": "pricing.html",
            "key": "pricing.html",
            "kms_key_id": null,
            "metadata": {},
            "object_lock_legal_hold_status": "",
            "object_lock_mode": "",
            "object_lock_retain_until_date": "",
            "server_side_encryption": "",
            "source": "../out/pricing.html",
            "storage_class": "STANDARD",
            "tags": {},
            "version_id": "",
            "website_redirect": ""
          },
          "sensitive_attributes": [],
          "private": "bnVsbA==",
          "dependencies": [
            "aws_s3_bucket.ui_bucket"
          ]
        },
        {
          "index_key": "purchase/[plan].html",
          "schema_version": 0,
          "attributes": {
            "acl": "public-read",
            "bucket": "moggiez-web-ui",
            "cache_control": "",
            "content": null,
            "content_base64": null,
            "content_disposition": "",
            "content_encoding": "",
            "content_language": "",
            "content_type": "text/html",
            "etag": "a18479472deeffe0b76d38f41bf6d5da",
            "force_destroy": false,
            "id": "purchase/[plan].html",
            "key": "purchase/[plan].html",
            "kms_key_id": null,
            "metadata": {},
            "object_lock_legal_hold_status": "",
            "object_lock_mode": "",
            "object_lock_retain_until_date": "",
            "server_side_encryption": "",
            "source": "../out/purchase/[plan].html",
            "storage_class": "STANDARD",
            "tags": {},
            "version_id": "",
            "website_redirect": ""
          },
          "sensitive_attributes": [],
          "private": "bnVsbA==",
          "dependencies": [
            "aws_s3_bucket.ui_bucket"
          ]
        },
        {
          "index_key": "settings/billing.html",
          "schema_version": 0,
          "attributes": {
            "acl": "public-read",
            "bucket": "moggiez-web-ui",
            "cache_control": "",
            "content": null,
            "content_base64": null,
            "content_disposition": "",
            "content_encoding": "",
            "content_language": "",
            "content_type": "text/html",
            "etag": "dea01be0e91e1e14c405f31fdfc5f38d",
            "force_destroy": false,
            "id": "settings/billing.html",
            "key": "settings/billing.html",
            "kms_key_id": null,
            "metadata": {},
            "object_lock_legal_hold_status": "",
            "object_lock_mode": "",
            "object_lock_retain_until_date": "",
            "server_side_encryption": "",
            "source": "../out/settings/billing.html",
            "storage_class": "STANDARD",
            "tags": {},
            "version_id": "",
            "website_redirect": ""
          },
          "sensitive_attributes": [],
          "private": "bnVsbA==",
          "dependencies": [
            "aws_s3_bucket.ui_bucket"
          ]
        },
        {
          "index_key": "settings/general.html",
          "schema_version": 0,
          "attributes": {
            "acl": "public-read",
            "bucket": "moggiez-web-ui",
            "cache_control": "",
            "content": null,
            "content_base64": null,
            "content_disposition": "",
            "content_encoding": "",
            "content_language": "",
            "content_type": "text/html",
            "etag": "698d2e70c4755e4a2261cc518beb5319",
            "force_destroy": false,
            "id": "settings/general.html",
            "key": "settings/general.html",
            "kms_key_id": null,
            "metadata": {},
            "object_lock_legal_hold_status": "",
            "object_lock_mode": "",
            "object_lock_retain_until_date": "",
            "server_side_encryption": "",
            "source": "../out/settings/general.html",
            "storage_class": "STANDARD",
            "tags": {},
            "version_id": "",
            "website_redirect": ""
          },
          "sensitive_attributes": [],
          "private": "bnVsbA==",
          "dependencies": [
            "aws_s3_bucket.ui_bucket"
          ]
        },
        {
          "index_key": "settings/password.html",
          "schema_version": 0,
          "attributes": {
            "acl": "public-read",
            "bucket": "moggiez-web-ui",
            "cache_control": "",
            "content": null,
            "content_base64": null,
            "content_disposition": "",
            "content_encoding": "",
            "content_language": "",
            "content_type": "text/html",
            "etag": "aa12683716db59374330ca600c1633b0",
            "force_destroy": false,
            "id": "settings/password.html",
            "key": "settings/password.html",
            "kms_key_id": null,
            "metadata": {},
            "object_lock_legal_hold_status": "",
            "object_lock_mode": "",
            "object_lock_retain_until_date": "",
            "server_side_encryption": "",
            "source": "../out/settings/password.html",
            "storage_class": "STANDARD",
            "tags": {},
            "version_id": "",
            "website_redirect": ""
          },
          "sensitive_attributes": [],
          "private": "bnVsbA==",
          "dependencies": [
            "aws_s3_bucket.ui_bucket"
          ]
        }
      ]
    }
  ]
}
