{
  "version": 4,
  "terraform_version": "0.14.9",
  "serial": 587,
  "lineage": "a497348d-1ebe-d68a-cf60-b9b5e594976b",
  "outputs": {},
  "resources": [
    {
      "mode": "data",
      "type": "aws_route53_zone",
      "name": "public",
      "provider": "provider[\"registry.terraform.io/hashicorp/aws\"]",
      "instances": [
        {
          "schema_version": 0,
          "attributes": {
            "caller_reference": "a3b67560-242d-4998-a7a6-6c214f8a013f",
            "comment": "",
            "id": "Z1031385SQRT6FLV9XUJ",
            "linked_service_description": null,
            "linked_service_principal": null,
            "name": "moggies.io",
            "name_servers": [
              "ns-1744.awsdns-26.co.uk",
              "ns-1323.awsdns-37.org",
              "ns-916.awsdns-50.net",
              "ns-60.awsdns-07.com"
            ],
            "private_zone": false,
            "resource_record_set_count": 8,
            "tags": {
              "Project": "Moggiez"
            },
            "vpc_id": null,
            "zone_id": "Z1031385SQRT6FLV9XUJ"
          },
          "sensitive_attributes": []
        }
      ]
    },
    {
      "mode": "managed",
      "type": "aws_acm_certificate",
      "name": "ssl_certificate",
      "provider": "provider[\"registry.terraform.io/hashicorp/aws\"].acm_provider",
      "instances": [
        {
          "schema_version": 0,
          "attributes": {
            "arn": "arn:aws:acm:us-east-1:989665778089:certificate/260c4ff7-66fc-48c8-9c45-8187aa0189c9",
            "certificate_authority_arn": "",
            "certificate_body": null,
            "certificate_chain": null,
            "domain_name": "moggies.io",
            "domain_validation_options": [],
            "id": "arn:aws:acm:us-east-1:989665778089:certificate/260c4ff7-66fc-48c8-9c45-8187aa0189c9",
            "options": [
              {
                "certificate_transparency_logging_preference": "ENABLED"
              }
            ],
            "private_key": null,
            "status": "ISSUED",
            "subject_alternative_names": [
              "*.moggies.io"
            ],
            "tags": {
              "Project": "moggies.io"
            },
            "validation_emails": [
              "webmaster@moggies.io",
              "admin@moggies.io",
              "hostmaster@moggies.io",
              "postmaster@moggies.io",
              "administrator@moggies.io",
              "webmaster@moggies.io",
              "admin@moggies.io",
              "hostmaster@moggies.io",
              "postmaster@moggies.io",
              "administrator@moggies.io"
            ],
            "validation_method": "EMAIL"
          },
          "sensitive_attributes": [],
          "private": "bnVsbA==",
          "create_before_destroy": true
        }
      ]
    },
    {
      "mode": "managed",
      "type": "aws_acm_certificate_validation",
      "name": "cert_validation",
      "provider": "provider[\"registry.terraform.io/hashicorp/aws\"].acm_provider",
      "instances": [
        {
          "schema_version": 0,
          "attributes": {
            "certificate_arn": "arn:aws:acm:us-east-1:989665778089:certificate/260c4ff7-66fc-48c8-9c45-8187aa0189c9",
            "id": "2021-04-14 13:59:03 +0000 UTC",
            "timeouts": null,
            "validation_record_fqdns": null
          },
          "sensitive_attributes": [],
          "private": "eyJlMmJmYjczMC1lY2FhLTExZTYtOGY4OC0zNDM2M2JjN2M0YzAiOnsiY3JlYXRlIjoyNzAwMDAwMDAwMDAwfX0=",
          "dependencies": [
            "aws_acm_certificate.ssl_certificate"
          ]
        }
      ]
    },
    {
      "mode": "managed",
      "type": "aws_cloudfront_distribution",
      "name": "root_s3_distribution",
      "provider": "provider[\"registry.terraform.io/hashicorp/aws\"]",
      "instances": [
        {
          "schema_version": 1,
          "attributes": {
            "aliases": [
              "moggies.io"
            ],
            "arn": "arn:aws:cloudfront::989665778089:distribution/E32TW6TRXCG65Z",
            "caller_reference": "terraform-20210414135912694800000001",
            "comment": null,
            "custom_error_response": [],
            "default_cache_behavior": [
              {
                "allowed_methods": [
                  "GET",
                  "HEAD"
                ],
                "cache_policy_id": "",
                "cached_methods": [
                  "GET",
                  "HEAD"
                ],
                "compress": false,
                "default_ttl": 86400,
                "field_level_encryption_id": "",
                "forwarded_values": [
                  {
                    "cookies": [
                      {
                        "forward": "none",
                        "whitelisted_names": []
                      }
                    ],
                    "headers": [
                      "Origin"
                    ],
                    "query_string": true,
                    "query_string_cache_keys": []
                  }
                ],
                "lambda_function_association": [],
                "max_ttl": 31536000,
                "min_ttl": 0,
                "origin_request_policy_id": "",
                "realtime_log_config_arn": "",
                "smooth_streaming": false,
                "target_origin_id": "S3-.moggies.io",
                "trusted_signers": [],
                "viewer_protocol_policy": "allow-all"
              }
            ],
            "default_root_object": "",
            "domain_name": "di0bxrizkzfia.cloudfront.net",
            "enabled": true,
            "etag": "E1AE1C7TK0H0KJ",
            "hosted_zone_id": "Z2FDTNDATAQYW2",
            "http_version": "http2",
            "id": "E32TW6TRXCG65Z",
            "in_progress_validation_batches": 0,
            "is_ipv6_enabled": true,
            "last_modified_time": "2021-04-14 13:59:13.564 +0000 UTC",
            "logging_config": [],
            "ordered_cache_behavior": [],
            "origin": [
              {
                "custom_header": [],
                "custom_origin_config": [
                  {
                    "http_port": 80,
                    "https_port": 443,
                    "origin_keepalive_timeout": 5,
                    "origin_protocol_policy": "http-only",
                    "origin_read_timeout": 30,
                    "origin_ssl_protocols": [
                      "TLSv1",
                      "TLSv1.1",
                      "TLSv1.2"
                    ]
                  }
                ],
                "domain_name": "moggies.io.s3-website-eu-west-1.amazonaws.com",
                "origin_id": "S3-.moggies.io",
                "origin_path": "",
                "s3_origin_config": []
              }
            ],
            "origin_group": [],
            "price_class": "PriceClass_All",
            "restrictions": [
              {
                "geo_restriction": [
                  {
                    "locations": [],
                    "restriction_type": "none"
                  }
                ]
              }
            ],
            "retain_on_delete": false,
            "status": "Deployed",
            "tags": {
              "Project": "moggies.io"
            },
            "trusted_signers": [
              {
                "enabled": false,
                "items": []
              }
            ],
            "viewer_certificate": [
              {
                "acm_certificate_arn": "arn:aws:acm:us-east-1:989665778089:certificate/260c4ff7-66fc-48c8-9c45-8187aa0189c9",
                "cloudfront_default_certificate": false,
                "iam_certificate_id": "",
                "minimum_protocol_version": "TLSv1.1_2016",
                "ssl_support_method": "sni-only"
              }
            ],
            "wait_for_deployment": true,
            "web_acl_id": ""
          },
          "sensitive_attributes": [],
          "private": "eyJzY2hlbWFfdmVyc2lvbiI6IjEifQ==",
          "dependencies": [
            "aws_acm_certificate.ssl_certificate",
            "aws_acm_certificate_validation.cert_validation",
            "aws_s3_bucket.root_bucket"
          ]
        }
      ]
    },
    {
      "mode": "managed",
      "type": "aws_cloudfront_distribution",
      "name": "www_s3_distribution",
      "provider": "provider[\"registry.terraform.io/hashicorp/aws\"]",
      "instances": [
        {
          "schema_version": 1,
          "attributes": {
            "aliases": [
              "www.moggies.io"
            ],
            "arn": "arn:aws:cloudfront::989665778089:distribution/E3ERHJKHQDMOC1",
            "caller_reference": "terraform-20210414140813023100000001",
            "comment": null,
            "custom_error_response": [
              {
                "error_caching_min_ttl": 0,
                "error_code": 404,
                "response_code": 200,
                "response_page_path": "/404.html"
              }
            ],
            "default_cache_behavior": [
              {
                "allowed_methods": [
                  "GET",
                  "HEAD"
                ],
                "cache_policy_id": "",
                "cached_methods": [
                  "GET",
                  "HEAD"
                ],
                "compress": true,
                "default_ttl": 31536000,
                "field_level_encryption_id": "",
                "forwarded_values": [
                  {
                    "cookies": [
                      {
                        "forward": "none",
                        "whitelisted_names": []
                      }
                    ],
                    "headers": [],
                    "query_string": false,
                    "query_string_cache_keys": []
                  }
                ],
                "lambda_function_association": [],
                "max_ttl": 31536000,
                "min_ttl": 31536000,
                "origin_request_policy_id": "",
                "realtime_log_config_arn": "",
                "smooth_streaming": false,
                "target_origin_id": "S3-www.moggies.io",
                "trusted_signers": [],
                "viewer_protocol_policy": "redirect-to-https"
              }
            ],
            "default_root_object": "index.html",
            "domain_name": "d2n5yutrszqrll.cloudfront.net",
            "enabled": true,
            "etag": "E32FMAT2AFCPLB",
            "hosted_zone_id": "Z2FDTNDATAQYW2",
            "http_version": "http2",
            "id": "E3ERHJKHQDMOC1",
            "in_progress_validation_batches": 0,
            "is_ipv6_enabled": true,
            "last_modified_time": "2021-04-14 14:08:13.817 +0000 UTC",
            "logging_config": [],
            "ordered_cache_behavior": [],
            "origin": [
              {
                "custom_header": [],
                "custom_origin_config": [
                  {
                    "http_port": 80,
                    "https_port": 443,
                    "origin_keepalive_timeout": 5,
                    "origin_protocol_policy": "http-only",
                    "origin_read_timeout": 30,
                    "origin_ssl_protocols": [
                      "TLSv1",
                      "TLSv1.1",
                      "TLSv1.2"
                    ]
                  }
                ],
                "domain_name": "www.moggies.io.s3-website-eu-west-1.amazonaws.com",
                "origin_id": "S3-www.moggies.io",
                "origin_path": "",
                "s3_origin_config": []
              }
            ],
            "origin_group": [],
            "price_class": "PriceClass_All",
            "restrictions": [
              {
                "geo_restriction": [
                  {
                    "locations": [],
                    "restriction_type": "none"
                  }
                ]
              }
            ],
            "retain_on_delete": false,
            "status": "Deployed",
            "tags": {
              "Project": "moggies.io"
            },
            "trusted_signers": [
              {
                "enabled": false,
                "items": []
              }
            ],
            "viewer_certificate": [
              {
                "acm_certificate_arn": "arn:aws:acm:us-east-1:989665778089:certificate/260c4ff7-66fc-48c8-9c45-8187aa0189c9",
                "cloudfront_default_certificate": false,
                "iam_certificate_id": "",
                "minimum_protocol_version": "TLSv1.1_2016",
                "ssl_support_method": "sni-only"
              }
            ],
            "wait_for_deployment": true,
            "web_acl_id": ""
          },
          "sensitive_attributes": [],
          "private": "eyJzY2hlbWFfdmVyc2lvbiI6IjEifQ==",
          "dependencies": [
            "aws_acm_certificate_validation.cert_validation",
            "aws_s3_bucket.www_bucket"
          ]
        }
      ]
    },
    {
      "mode": "managed",
      "type": "aws_route53_record",
      "name": "root-a",
      "provider": "provider[\"registry.terraform.io/hashicorp/aws\"]",
      "instances": [
        {
          "schema_version": 2,
          "attributes": {
            "alias": [
              {
                "evaluate_target_health": false,
                "name": "di0bxrizkzfia.cloudfront.net",
                "zone_id": "Z2FDTNDATAQYW2"
              }
            ],
            "allow_overwrite": null,
            "failover_routing_policy": [],
            "fqdn": "moggies.io",
            "geolocation_routing_policy": [],
            "health_check_id": "",
            "id": "Z1031385SQRT6FLV9XUJ_moggies.io_A",
            "latency_routing_policy": [],
            "multivalue_answer_routing_policy": null,
            "name": "moggies.io",
            "records": [],
            "set_identifier": "",
            "ttl": 0,
            "type": "A",
            "weighted_routing_policy": [],
            "zone_id": "Z1031385SQRT6FLV9XUJ"
          },
          "sensitive_attributes": [],
          "private": "eyJzY2hlbWFfdmVyc2lvbiI6IjIifQ==",
          "dependencies": [
            "aws_acm_certificate.ssl_certificate",
            "aws_acm_certificate_validation.cert_validation",
            "aws_cloudfront_distribution.root_s3_distribution",
            "aws_s3_bucket.root_bucket",
            "data.aws_route53_zone.public"
          ]
        }
      ]
    },
    {
      "mode": "managed",
      "type": "aws_route53_record",
      "name": "www-a",
      "provider": "provider[\"registry.terraform.io/hashicorp/aws\"]",
      "instances": [
        {
          "schema_version": 2,
          "attributes": {
            "alias": [
              {
                "evaluate_target_health": false,
                "name": "d2n5yutrszqrll.cloudfront.net",
                "zone_id": "Z2FDTNDATAQYW2"
              }
            ],
            "allow_overwrite": null,
            "failover_routing_policy": [],
            "fqdn": "www.moggies.io",
            "geolocation_routing_policy": [],
            "health_check_id": null,
            "id": "Z1031385SQRT6FLV9XUJ_www.moggies.io_A",
            "latency_routing_policy": [],
            "multivalue_answer_routing_policy": null,
            "name": "www.moggies.io",
            "records": null,
            "set_identifier": null,
            "ttl": null,
            "type": "A",
            "weighted_routing_policy": [],
            "zone_id": "Z1031385SQRT6FLV9XUJ"
          },
          "sensitive_attributes": [],
          "private": "eyJzY2hlbWFfdmVyc2lvbiI6IjIifQ==",
          "dependencies": [
            "aws_acm_certificate_validation.cert_validation",
            "aws_cloudfront_distribution.www_s3_distribution",
            "aws_s3_bucket.www_bucket",
            "data.aws_route53_zone.public"
          ]
        }
      ]
    },
    {
      "mode": "managed",
      "type": "aws_s3_bucket",
      "name": "root_bucket",
      "provider": "provider[\"registry.terraform.io/hashicorp/aws\"]",
      "instances": [
        {
          "schema_version": 0,
          "attributes": {
            "acceleration_status": "",
            "acl": "public-read",
            "arn": "arn:aws:s3:::moggies.io",
            "bucket": "moggies.io",
            "bucket_domain_name": "moggies.io.s3.amazonaws.com",
            "bucket_prefix": null,
            "bucket_regional_domain_name": "moggies.io.s3.eu-west-1.amazonaws.com",
            "cors_rule": [],
            "force_destroy": false,
            "grant": [],
            "hosted_zone_id": "Z1BKCTXD74EZPE",
            "id": "moggies.io",
            "lifecycle_rule": [],
            "logging": [],
            "object_lock_configuration": [],
            "policy": "{\"Statement\":[{\"Action\":\"s3:GetObject\",\"Effect\":\"Allow\",\"Principal\":\"*\",\"Resource\":\"arn:aws:s3:::moggies.io/*\",\"Sid\":\"PublicReadGetObject\"}],\"Version\":\"2008-10-17\"}",
            "region": "eu-west-1",
            "replication_configuration": [],
            "request_payer": "BucketOwner",
            "server_side_encryption_configuration": [],
            "tags": {
              "Project": "moggies.io"
            },
            "versioning": [
              {
                "enabled": false,
                "mfa_delete": false
              }
            ],
            "website": [
              {
                "error_document": "",
                "index_document": "",
                "redirect_all_requests_to": "https://www.moggies.io",
                "routing_rules": ""
              }
            ],
            "website_domain": "s3-website-eu-west-1.amazonaws.com",
            "website_endpoint": "moggies.io.s3-website-eu-west-1.amazonaws.com"
          },
          "sensitive_attributes": [],
          "private": "bnVsbA=="
        }
      ]
    },
    {
      "mode": "managed",
      "type": "aws_s3_bucket",
      "name": "www_bucket",
      "provider": "provider[\"registry.terraform.io/hashicorp/aws\"]",
      "instances": [
        {
          "schema_version": 0,
          "attributes": {
            "acceleration_status": "",
            "acl": "public-read",
            "arn": "arn:aws:s3:::www.moggies.io",
            "bucket": "www.moggies.io",
            "bucket_domain_name": "www.moggies.io.s3.amazonaws.com",
            "bucket_prefix": null,
            "bucket_regional_domain_name": "www.moggies.io.s3.eu-west-1.amazonaws.com",
            "cors_rule": [
              {
                "allowed_headers": [
                  "*"
                ],
                "allowed_methods": [
                  "PUT",
                  "POST"
                ],
                "allowed_origins": [
                  "*"
                ],
                "expose_headers": [
                  "ETag"
                ],
                "max_age_seconds": 3000
              }
            ],
            "force_destroy": false,
            "grant": [],
            "hosted_zone_id": "Z1BKCTXD74EZPE",
            "id": "www.moggies.io",
            "lifecycle_rule": [],
            "logging": [],
            "object_lock_configuration": [],
            "policy": "{\"Statement\":[{\"Action\":\"s3:GetObject\",\"Effect\":\"Allow\",\"Principal\":\"*\",\"Resource\":\"arn:aws:s3:::www.moggies.io/*\",\"Sid\":\"PublicReadGetObject\"}],\"Version\":\"2008-10-17\"}",
            "region": "eu-west-1",
            "replication_configuration": [],
            "request_payer": "BucketOwner",
            "server_side_encryption_configuration": [],
            "tags": {
              "Environment": "production",
              "Name": "Website",
              "Project": "MoggiezWebUI"
            },
            "versioning": [
              {
                "enabled": false,
                "mfa_delete": false
              }
            ],
            "website": [
              {
                "error_document": "404.html",
                "index_document": "index.html",
                "redirect_all_requests_to": "",
                "routing_rules": ""
              }
            ],
            "website_domain": "s3-website-eu-west-1.amazonaws.com",
            "website_endpoint": "www.moggies.io.s3-website-eu-west-1.amazonaws.com"
          },
          "sensitive_attributes": [],
          "private": "bnVsbA=="
        }
      ]
    },
    {
      "mode": "managed",
      "type": "aws_s3_bucket_object",
      "name": "static_files",
      "provider": "provider[\"registry.terraform.io/hashicorp/aws\"]",
      "instances": [
        {
          "index_key": "404.html",
          "schema_version": 0,
          "attributes": {
            "acl": "public-read",
            "bucket": "www.moggies.io",
            "cache_control": "",
            "content": null,
            "content_base64": null,
            "content_disposition": "",
            "content_encoding": "",
            "content_language": "",
            "content_type": "text/html",
            "etag": "dff0f899a08c5d44e93ce8a5ffacc0ad",
            "force_destroy": false,
            "id": "404.html",
            "key": "404.html",
            "kms_key_id": null,
            "metadata": null,
            "object_lock_legal_hold_status": "",
            "object_lock_mode": "",
            "object_lock_retain_until_date": "",
            "server_side_encryption": "",
            "source": "../out/404.html",
            "storage_class": "STANDARD",
            "tags": null,
            "version_id": "",
            "website_redirect": ""
          },
          "sensitive_attributes": [],
          "private": "bnVsbA==",
          "dependencies": [
            "aws_s3_bucket.www_bucket"
          ]
        },
        {
          "index_key": "_next/data/S6SIEYjh3e9VWpYtZY-F0/auth/changepass.json",
          "schema_version": 0,
          "attributes": {
            "acl": "public-read",
            "bucket": "www.moggies.io",
            "cache_control": "",
            "content": null,
            "content_base64": null,
            "content_disposition": "",
            "content_encoding": "",
            "content_language": "",
            "content_type": "text/html",
            "etag": "6fe9c378ce3349ebff138a2d078df107",
            "force_destroy": false,
            "id": "_next/data/S6SIEYjh3e9VWpYtZY-F0/auth/changepass.json",
            "key": "_next/data/S6SIEYjh3e9VWpYtZY-F0/auth/changepass.json",
            "kms_key_id": null,
            "metadata": null,
            "object_lock_legal_hold_status": "",
            "object_lock_mode": "",
            "object_lock_retain_until_date": "",
            "server_side_encryption": "",
            "source": "../out/_next/data/S6SIEYjh3e9VWpYtZY-F0/auth/changepass.json",
            "storage_class": "STANDARD",
            "tags": null,
            "version_id": "",
            "website_redirect": ""
          },
          "sensitive_attributes": [],
          "private": "bnVsbA==",
          "dependencies": [
            "aws_s3_bucket.www_bucket"
          ]
        },
        {
          "index_key": "_next/data/S6SIEYjh3e9VWpYtZY-F0/auth/forgotpass.json",
          "schema_version": 0,
          "attributes": {
            "acl": "public-read",
            "bucket": "www.moggies.io",
            "cache_control": "",
            "content": null,
            "content_base64": null,
            "content_disposition": "",
            "content_encoding": "",
            "content_language": "",
            "content_type": "text/html",
            "etag": "6fe9c378ce3349ebff138a2d078df107",
            "force_destroy": false,
            "id": "_next/data/S6SIEYjh3e9VWpYtZY-F0/auth/forgotpass.json",
            "key": "_next/data/S6SIEYjh3e9VWpYtZY-F0/auth/forgotpass.json",
            "kms_key_id": null,
            "metadata": null,
            "object_lock_legal_hold_status": "",
            "object_lock_mode": "",
            "object_lock_retain_until_date": "",
            "server_side_encryption": "",
            "source": "../out/_next/data/S6SIEYjh3e9VWpYtZY-F0/auth/forgotpass.json",
            "storage_class": "STANDARD",
            "tags": null,
            "version_id": "",
            "website_redirect": ""
          },
          "sensitive_attributes": [],
          "private": "bnVsbA==",
          "dependencies": [
            "aws_s3_bucket.www_bucket"
          ]
        },
        {
          "index_key": "_next/data/S6SIEYjh3e9VWpYtZY-F0/auth/signin.json",
          "schema_version": 0,
          "attributes": {
            "acl": "public-read",
            "bucket": "www.moggies.io",
            "cache_control": "",
            "content": null,
            "content_base64": null,
            "content_disposition": "",
            "content_encoding": "",
            "content_language": "",
            "content_type": "text/html",
            "etag": "6fe9c378ce3349ebff138a2d078df107",
            "force_destroy": false,
            "id": "_next/data/S6SIEYjh3e9VWpYtZY-F0/auth/signin.json",
            "key": "_next/data/S6SIEYjh3e9VWpYtZY-F0/auth/signin.json",
            "kms_key_id": null,
            "metadata": null,
            "object_lock_legal_hold_status": "",
            "object_lock_mode": "",
            "object_lock_retain_until_date": "",
            "server_side_encryption": "",
            "source": "../out/_next/data/S6SIEYjh3e9VWpYtZY-F0/auth/signin.json",
            "storage_class": "STANDARD",
            "tags": null,
            "version_id": "",
            "website_redirect": ""
          },
          "sensitive_attributes": [],
          "private": "bnVsbA==",
          "dependencies": [
            "aws_s3_bucket.www_bucket"
          ]
        },
        {
          "index_key": "_next/data/S6SIEYjh3e9VWpYtZY-F0/auth/signup.json",
          "schema_version": 0,
          "attributes": {
            "acl": "public-read",
            "bucket": "www.moggies.io",
            "cache_control": "",
            "content": null,
            "content_base64": null,
            "content_disposition": "",
            "content_encoding": "",
            "content_language": "",
            "content_type": "text/html",
            "etag": "6fe9c378ce3349ebff138a2d078df107",
            "force_destroy": false,
            "id": "_next/data/S6SIEYjh3e9VWpYtZY-F0/auth/signup.json",
            "key": "_next/data/S6SIEYjh3e9VWpYtZY-F0/auth/signup.json",
            "kms_key_id": null,
            "metadata": null,
            "object_lock_legal_hold_status": "",
            "object_lock_mode": "",
            "object_lock_retain_until_date": "",
            "server_side_encryption": "",
            "source": "../out/_next/data/S6SIEYjh3e9VWpYtZY-F0/auth/signup.json",
            "storage_class": "STANDARD",
            "tags": null,
            "version_id": "",
            "website_redirect": ""
          },
          "sensitive_attributes": [],
          "private": "bnVsbA==",
          "dependencies": [
            "aws_s3_bucket.www_bucket"
          ]
        },
        {
          "index_key": "_next/data/S6SIEYjh3e9VWpYtZY-F0/settings/billing.json",
          "schema_version": 0,
          "attributes": {
            "acl": "public-read",
            "bucket": "www.moggies.io",
            "cache_control": "",
            "content": null,
            "content_base64": null,
            "content_disposition": "",
            "content_encoding": "",
            "content_language": "",
            "content_type": "text/html",
            "etag": "6fe9c378ce3349ebff138a2d078df107",
            "force_destroy": false,
            "id": "_next/data/S6SIEYjh3e9VWpYtZY-F0/settings/billing.json",
            "key": "_next/data/S6SIEYjh3e9VWpYtZY-F0/settings/billing.json",
            "kms_key_id": null,
            "metadata": null,
            "object_lock_legal_hold_status": "",
            "object_lock_mode": "",
            "object_lock_retain_until_date": "",
            "server_side_encryption": "",
            "source": "../out/_next/data/S6SIEYjh3e9VWpYtZY-F0/settings/billing.json",
            "storage_class": "STANDARD",
            "tags": null,
            "version_id": "",
            "website_redirect": ""
          },
          "sensitive_attributes": [],
          "private": "bnVsbA==",
          "dependencies": [
            "aws_s3_bucket.www_bucket"
          ]
        },
        {
          "index_key": "_next/data/S6SIEYjh3e9VWpYtZY-F0/settings/general.json",
          "schema_version": 0,
          "attributes": {
            "acl": "public-read",
            "bucket": "www.moggies.io",
            "cache_control": "",
            "content": null,
            "content_base64": null,
            "content_disposition": "",
            "content_encoding": "",
            "content_language": "",
            "content_type": "text/html",
            "etag": "6fe9c378ce3349ebff138a2d078df107",
            "force_destroy": false,
            "id": "_next/data/S6SIEYjh3e9VWpYtZY-F0/settings/general.json",
            "key": "_next/data/S6SIEYjh3e9VWpYtZY-F0/settings/general.json",
            "kms_key_id": null,
            "metadata": null,
            "object_lock_legal_hold_status": "",
            "object_lock_mode": "",
            "object_lock_retain_until_date": "",
            "server_side_encryption": "",
            "source": "../out/_next/data/S6SIEYjh3e9VWpYtZY-F0/settings/general.json",
            "storage_class": "STANDARD",
            "tags": null,
            "version_id": "",
            "website_redirect": ""
          },
          "sensitive_attributes": [],
          "private": "bnVsbA==",
          "dependencies": [
            "aws_s3_bucket.www_bucket"
          ]
        },
        {
          "index_key": "_next/data/S6SIEYjh3e9VWpYtZY-F0/settings/password.json",
          "schema_version": 0,
          "attributes": {
            "acl": "public-read",
            "bucket": "www.moggies.io",
            "cache_control": "",
            "content": null,
            "content_base64": null,
            "content_disposition": "",
            "content_encoding": "",
            "content_language": "",
            "content_type": "text/html",
            "etag": "6fe9c378ce3349ebff138a2d078df107",
            "force_destroy": false,
            "id": "_next/data/S6SIEYjh3e9VWpYtZY-F0/settings/password.json",
            "key": "_next/data/S6SIEYjh3e9VWpYtZY-F0/settings/password.json",
            "kms_key_id": null,
            "metadata": null,
            "object_lock_legal_hold_status": "",
            "object_lock_mode": "",
            "object_lock_retain_until_date": "",
            "server_side_encryption": "",
            "source": "../out/_next/data/S6SIEYjh3e9VWpYtZY-F0/settings/password.json",
            "storage_class": "STANDARD",
            "tags": null,
            "version_id": "",
            "website_redirect": ""
          },
          "sensitive_attributes": [],
          "private": "bnVsbA==",
          "dependencies": [
            "aws_s3_bucket.www_bucket"
          ]
        },
        {
          "index_key": "_next/static/3OBeZO8Ivr5B8WM8xHwSd/_buildManifest.js",
          "schema_version": 0,
          "attributes": {
            "acl": "public-read",
            "bucket": "www.moggies.io",
            "cache_control": "",
            "content": null,
            "content_base64": null,
            "content_disposition": "",
            "content_encoding": "",
            "content_language": "",
            "content_type": "application/javascript",
            "etag": "95f75ad0abcd4da0c87d1c1f65aa96c7",
            "force_destroy": false,
            "id": "_next/static/3OBeZO8Ivr5B8WM8xHwSd/_buildManifest.js",
            "key": "_next/static/3OBeZO8Ivr5B8WM8xHwSd/_buildManifest.js",
            "kms_key_id": null,
            "metadata": null,
            "object_lock_legal_hold_status": "",
            "object_lock_mode": "",
            "object_lock_retain_until_date": "",
            "server_side_encryption": "",
            "source": "../out/_next/static/3OBeZO8Ivr5B8WM8xHwSd/_buildManifest.js",
            "storage_class": "STANDARD",
            "tags": null,
            "version_id": "",
            "website_redirect": ""
          },
          "sensitive_attributes": [],
          "private": "bnVsbA==",
          "dependencies": [
            "aws_s3_bucket.www_bucket"
          ]
        },
        {
          "index_key": "_next/static/3OBeZO8Ivr5B8WM8xHwSd/_ssgManifest.js",
          "schema_version": 0,
          "attributes": {
            "acl": "public-read",
            "bucket": "www.moggies.io",
            "cache_control": "",
            "content": null,
            "content_base64": null,
            "content_disposition": "",
            "content_encoding": "",
            "content_language": "",
            "content_type": "application/javascript",
            "etag": "5b505e53d2d6094644f1c43ad7196128",
            "force_destroy": false,
            "id": "_next/static/3OBeZO8Ivr5B8WM8xHwSd/_ssgManifest.js",
            "key": "_next/static/3OBeZO8Ivr5B8WM8xHwSd/_ssgManifest.js",
            "kms_key_id": null,
            "metadata": null,
            "object_lock_legal_hold_status": "",
            "object_lock_mode": "",
            "object_lock_retain_until_date": "",
            "server_side_encryption": "",
            "source": "../out/_next/static/3OBeZO8Ivr5B8WM8xHwSd/_ssgManifest.js",
            "storage_class": "STANDARD",
            "tags": null,
            "version_id": "",
            "website_redirect": ""
          },
          "sensitive_attributes": [],
          "private": "bnVsbA==",
          "dependencies": [
            "aws_s3_bucket.www_bucket"
          ]
        },
        {
          "index_key": "_next/static/S6SIEYjh3e9VWpYtZY-F0/_buildManifest.js",
          "schema_version": 0,
          "attributes": {
            "acl": "public-read",
            "bucket": "www.moggies.io",
            "cache_control": "",
            "content": null,
            "content_base64": null,
            "content_disposition": "",
            "content_encoding": "",
            "content_language": "",
            "content_type": "application/javascript",
            "etag": "95f75ad0abcd4da0c87d1c1f65aa96c7",
            "force_destroy": false,
            "id": "_next/static/S6SIEYjh3e9VWpYtZY-F0/_buildManifest.js",
            "key": "_next/static/S6SIEYjh3e9VWpYtZY-F0/_buildManifest.js",
            "kms_key_id": null,
            "metadata": null,
            "object_lock_legal_hold_status": "",
            "object_lock_mode": "",
            "object_lock_retain_until_date": "",
            "server_side_encryption": "",
            "source": "../out/_next/static/S6SIEYjh3e9VWpYtZY-F0/_buildManifest.js",
            "storage_class": "STANDARD",
            "tags": null,
            "version_id": "",
            "website_redirect": ""
          },
          "sensitive_attributes": [],
          "private": "bnVsbA==",
          "dependencies": [
            "aws_s3_bucket.www_bucket"
          ]
        },
        {
          "index_key": "_next/static/S6SIEYjh3e9VWpYtZY-F0/_ssgManifest.js",
          "schema_version": 0,
          "attributes": {
            "acl": "public-read",
            "bucket": "www.moggies.io",
            "cache_control": "",
            "content": null,
            "content_base64": null,
            "content_disposition": "",
            "content_encoding": "",
            "content_language": "",
            "content_type": "application/javascript",
            "etag": "5b505e53d2d6094644f1c43ad7196128",
            "force_destroy": false,
            "id": "_next/static/S6SIEYjh3e9VWpYtZY-F0/_ssgManifest.js",
            "key": "_next/static/S6SIEYjh3e9VWpYtZY-F0/_ssgManifest.js",
            "kms_key_id": null,
            "metadata": null,
            "object_lock_legal_hold_status": "",
            "object_lock_mode": "",
            "object_lock_retain_until_date": "",
            "server_side_encryption": "",
            "source": "../out/_next/static/S6SIEYjh3e9VWpYtZY-F0/_ssgManifest.js",
            "storage_class": "STANDARD",
            "tags": null,
            "version_id": "",
            "website_redirect": ""
          },
          "sensitive_attributes": [],
          "private": "bnVsbA==",
          "dependencies": [
            "aws_s3_bucket.www_bucket"
          ]
        },
        {
          "index_key": "_next/static/chunks/0.js",
          "schema_version": 0,
          "attributes": {
            "acl": "public-read",
            "bucket": "www.moggies.io",
            "cache_control": "",
            "content": null,
            "content_base64": null,
            "content_disposition": "",
            "content_encoding": "",
            "content_language": "",
            "content_type": "application/javascript",
            "etag": "46d8b88d976e1facf05da61a9c53db01",
            "force_destroy": false,
            "id": "_next/static/chunks/0.js",
            "key": "_next/static/chunks/0.js",
            "kms_key_id": null,
            "metadata": null,
            "object_lock_legal_hold_status": "",
            "object_lock_mode": "",
            "object_lock_retain_until_date": "",
            "server_side_encryption": "",
            "source": "../out/_next/static/chunks/0.js",
            "storage_class": "STANDARD",
            "tags": null,
            "version_id": "",
            "website_redirect": ""
          },
          "sensitive_attributes": [],
          "private": "bnVsbA==",
          "dependencies": [
            "aws_s3_bucket.www_bucket"
          ]
        },
        {
          "index_key": "_next/static/chunks/6ed0047ea3890a7cbf7ee46420d22ce437d893c4.797639c41b00de9129c3.js",
          "schema_version": 0,
          "attributes": {
            "acl": "public-read",
            "bucket": "www.moggies.io",
            "cache_control": "",
            "content": null,
            "content_base64": null,
            "content_disposition": "",
            "content_encoding": "",
            "content_language": "",
            "content_type": "application/javascript",
            "etag": "3030c2a9c85e9c62d6c3bc33e1733679",
            "force_destroy": false,
            "id": "_next/static/chunks/6ed0047ea3890a7cbf7ee46420d22ce437d893c4.797639c41b00de9129c3.js",
            "key": "_next/static/chunks/6ed0047ea3890a7cbf7ee46420d22ce437d893c4.797639c41b00de9129c3.js",
            "kms_key_id": null,
            "metadata": null,
            "object_lock_legal_hold_status": "",
            "object_lock_mode": "",
            "object_lock_retain_until_date": "",
            "server_side_encryption": "",
            "source": "../out/_next/static/chunks/6ed0047ea3890a7cbf7ee46420d22ce437d893c4.797639c41b00de9129c3.js",
            "storage_class": "STANDARD",
            "tags": null,
            "version_id": "",
            "website_redirect": ""
          },
          "sensitive_attributes": [],
          "private": "bnVsbA==",
          "dependencies": [
            "aws_s3_bucket.www_bucket"
          ]
        },
        {
          "index_key": "_next/static/chunks/7e7ecf17de063f8e0a15f0bb629fd5d7f79f6875.8d0a0926a7ac7c3f315a.js",
          "schema_version": 0,
          "attributes": {
            "acl": "public-read",
            "bucket": "www.moggies.io",
            "cache_control": "",
            "content": null,
            "content_base64": null,
            "content_disposition": "",
            "content_encoding": "",
            "content_language": "",
            "content_type": "application/javascript",
            "etag": "1c82d96c88bc5b075007c6904613035c",
            "force_destroy": false,
            "id": "_next/static/chunks/7e7ecf17de063f8e0a15f0bb629fd5d7f79f6875.8d0a0926a7ac7c3f315a.js",
            "key": "_next/static/chunks/7e7ecf17de063f8e0a15f0bb629fd5d7f79f6875.8d0a0926a7ac7c3f315a.js",
            "kms_key_id": null,
            "metadata": null,
            "object_lock_legal_hold_status": "",
            "object_lock_mode": "",
            "object_lock_retain_until_date": "",
            "server_side_encryption": "",
            "source": "../out/_next/static/chunks/7e7ecf17de063f8e0a15f0bb629fd5d7f79f6875.8d0a0926a7ac7c3f315a.js",
            "storage_class": "STANDARD",
            "tags": null,
            "version_id": "",
            "website_redirect": ""
          },
          "sensitive_attributes": [],
          "private": "bnVsbA==",
          "dependencies": [
            "aws_s3_bucket.www_bucket"
          ]
        },
        {
          "index_key": "_next/static/chunks/8903a8a3687685c6e9afb3420078409ccdeba600.b334693b346da3659a09.js",
          "schema_version": 0,
          "attributes": {
            "acl": "public-read",
            "bucket": "www.moggies.io",
            "cache_control": "",
            "content": null,
            "content_base64": null,
            "content_disposition": "",
            "content_encoding": "",
            "content_language": "",
            "content_type": "application/javascript",
            "etag": "0973b3c9febc7861d571100c78501471",
            "force_destroy": false,
            "id": "_next/static/chunks/8903a8a3687685c6e9afb3420078409ccdeba600.b334693b346da3659a09.js",
            "key": "_next/static/chunks/8903a8a3687685c6e9afb3420078409ccdeba600.b334693b346da3659a09.js",
            "kms_key_id": null,
            "metadata": null,
            "object_lock_legal_hold_status": "",
            "object_lock_mode": "",
            "object_lock_retain_until_date": "",
            "server_side_encryption": "",
            "source": "../out/_next/static/chunks/8903a8a3687685c6e9afb3420078409ccdeba600.b334693b346da3659a09.js",
            "storage_class": "STANDARD",
            "tags": null,
            "version_id": "",
            "website_redirect": ""
          },
          "sensitive_attributes": [],
          "private": "bnVsbA==",
          "dependencies": [
            "aws_s3_bucket.www_bucket"
          ]
        },
        {
          "index_key": "_next/static/chunks/amp.js",
          "schema_version": 0,
          "attributes": {
            "acl": "public-read",
            "bucket": "www.moggies.io",
            "cache_control": "",
            "content": null,
            "content_base64": null,
            "content_disposition": "",
            "content_encoding": "",
            "content_language": "",
            "content_type": "application/javascript",
            "etag": "b3b50fb94657197ec4ce129bc856abb4",
            "force_destroy": false,
            "id": "_next/static/chunks/amp.js",
            "key": "_next/static/chunks/amp.js",
            "kms_key_id": null,
            "metadata": null,
            "object_lock_legal_hold_status": "",
            "object_lock_mode": "",
            "object_lock_retain_until_date": "",
            "server_side_encryption": "",
            "source": "../out/_next/static/chunks/amp.js",
            "storage_class": "STANDARD",
            "tags": null,
            "version_id": "",
            "website_redirect": ""
          },
          "sensitive_attributes": [],
          "private": "bnVsbA==",
          "dependencies": [
            "aws_s3_bucket.www_bucket"
          ]
        },
        {
          "index_key": "_next/static/chunks/bf817c75.3bbe0c84743f3f8d6181.js",
          "schema_version": 0,
          "attributes": {
            "acl": "public-read",
            "bucket": "www.moggies.io",
            "cache_control": "",
            "content": null,
            "content_base64": null,
            "content_disposition": "",
            "content_encoding": "",
            "content_language": "",
            "content_type": "application/javascript",
            "etag": "ca038f0e7502c4ad05d211d53b4b8eb4",
            "force_destroy": false,
            "id": "_next/static/chunks/bf817c75.3bbe0c84743f3f8d6181.js",
            "key": "_next/static/chunks/bf817c75.3bbe0c84743f3f8d6181.js",
            "kms_key_id": null,
            "metadata": null,
            "object_lock_legal_hold_status": "",
            "object_lock_mode": "",
            "object_lock_retain_until_date": "",
            "server_side_encryption": "",
            "source": "../out/_next/static/chunks/bf817c75.3bbe0c84743f3f8d6181.js",
            "storage_class": "STANDARD",
            "tags": null,
            "version_id": "",
            "website_redirect": ""
          },
          "sensitive_attributes": [],
          "private": "bnVsbA==",
          "dependencies": [
            "aws_s3_bucket.www_bucket"
          ]
        },
        {
          "index_key": "_next/static/chunks/bf817c75.6af32a34.chunk.css",
          "schema_version": 0,
          "attributes": {
            "acl": "public-read",
            "bucket": "www.moggies.io",
            "cache_control": "",
            "content": null,
            "content_base64": null,
            "content_disposition": "",
            "content_encoding": "",
            "content_language": "",
            "content_type": "text/css",
            "etag": "cf1147e60daa203697f86e45436e2591",
            "force_destroy": false,
            "id": "_next/static/chunks/bf817c75.6af32a34.chunk.css",
            "key": "_next/static/chunks/bf817c75.6af32a34.chunk.css",
            "kms_key_id": null,
            "metadata": null,
            "object_lock_legal_hold_status": "",
            "object_lock_mode": "",
            "object_lock_retain_until_date": "",
            "server_side_encryption": "",
            "source": "../out/_next/static/chunks/bf817c75.6af32a34.chunk.css",
            "storage_class": "STANDARD",
            "tags": null,
            "version_id": "",
            "website_redirect": ""
          },
          "sensitive_attributes": [],
          "private": "bnVsbA==",
          "dependencies": [
            "aws_s3_bucket.www_bucket"
          ]
        },
        {
          "index_key": "_next/static/chunks/ce62971c623691900b5cf1f3197801cf6ffd44c6.0cb222b3ddef6d78a99f.js",
          "schema_version": 0,
          "attributes": {
            "acl": "public-read",
            "bucket": "www.moggies.io",
            "cache_control": "",
            "content": null,
            "content_base64": null,
            "content_disposition": "",
            "content_encoding": "",
            "content_language": "",
            "content_type": "application/javascript",
            "etag": "cd812aedca5018933ecd119ea5a49967",
            "force_destroy": false,
            "id": "_next/static/chunks/ce62971c623691900b5cf1f3197801cf6ffd44c6.0cb222b3ddef6d78a99f.js",
            "key": "_next/static/chunks/ce62971c623691900b5cf1f3197801cf6ffd44c6.0cb222b3ddef6d78a99f.js",
            "kms_key_id": null,
            "metadata": null,
            "object_lock_legal_hold_status": "",
            "object_lock_mode": "",
            "object_lock_retain_until_date": "",
            "server_side_encryption": "",
            "source": "../out/_next/static/chunks/ce62971c623691900b5cf1f3197801cf6ffd44c6.0cb222b3ddef6d78a99f.js",
            "storage_class": "STANDARD",
            "tags": null,
            "version_id": "",
            "website_redirect": ""
          },
          "sensitive_attributes": [],
          "private": "bnVsbA==",
          "dependencies": [
            "aws_s3_bucket.www_bucket"
          ]
        },
        {
          "index_key": "_next/static/chunks/d70b7a6c80f7e0e374ba40d34f5012ba368e3afa.50079912d391710d6659.js",
          "schema_version": 0,
          "attributes": {
            "acl": "public-read",
            "bucket": "www.moggies.io",
            "cache_control": "",
            "content": null,
            "content_base64": null,
            "content_disposition": "",
            "content_encoding": "",
            "content_language": "",
            "content_type": "application/javascript",
            "etag": "05b80b8b60cc6cffd3250abac3192652",
            "force_destroy": false,
            "id": "_next/static/chunks/d70b7a6c80f7e0e374ba40d34f5012ba368e3afa.50079912d391710d6659.js",
            "key": "_next/static/chunks/d70b7a6c80f7e0e374ba40d34f5012ba368e3afa.50079912d391710d6659.js",
            "kms_key_id": null,
            "metadata": null,
            "object_lock_legal_hold_status": "",
            "object_lock_mode": "",
            "object_lock_retain_until_date": "",
            "server_side_encryption": "",
            "source": "../out/_next/static/chunks/d70b7a6c80f7e0e374ba40d34f5012ba368e3afa.50079912d391710d6659.js",
            "storage_class": "STANDARD",
            "tags": null,
            "version_id": "",
            "website_redirect": ""
          },
          "sensitive_attributes": [],
          "private": "bnVsbA==",
          "dependencies": [
            "aws_s3_bucket.www_bucket"
          ]
        },
        {
          "index_key": "_next/static/chunks/fba0fbb29dc3691d694b326bfdfc8e68515a274f.cfb5f96dd770a9252133.js",
          "schema_version": 0,
          "attributes": {
            "acl": "public-read",
            "bucket": "www.moggies.io",
            "cache_control": "",
            "content": null,
            "content_base64": null,
            "content_disposition": "",
            "content_encoding": "",
            "content_language": "",
            "content_type": "application/javascript",
            "etag": "5f996f0472c8099273b293f6df33a442",
            "force_destroy": false,
            "id": "_next/static/chunks/fba0fbb29dc3691d694b326bfdfc8e68515a274f.cfb5f96dd770a9252133.js",
            "key": "_next/static/chunks/fba0fbb29dc3691d694b326bfdfc8e68515a274f.cfb5f96dd770a9252133.js",
            "kms_key_id": null,
            "metadata": null,
            "object_lock_legal_hold_status": "",
            "object_lock_mode": "",
            "object_lock_retain_until_date": "",
            "server_side_encryption": "",
            "source": "../out/_next/static/chunks/fba0fbb29dc3691d694b326bfdfc8e68515a274f.cfb5f96dd770a9252133.js",
            "storage_class": "STANDARD",
            "tags": null,
            "version_id": "",
            "website_redirect": ""
          },
          "sensitive_attributes": [],
          "private": "bnVsbA==",
          "dependencies": [
            "aws_s3_bucket.www_bucket"
          ]
        },
        {
          "index_key": "_next/static/chunks/framework.9fcc7403552dcbcd8460.js",
          "schema_version": 0,
          "attributes": {
            "acl": "public-read",
            "bucket": "www.moggies.io",
            "cache_control": "",
            "content": null,
            "content_base64": null,
            "content_disposition": "",
            "content_encoding": "",
            "content_language": "",
            "content_type": "application/javascript",
            "etag": "66d52f38131373c71ef5ef1e175f7a3c",
            "force_destroy": false,
            "id": "_next/static/chunks/framework.9fcc7403552dcbcd8460.js",
            "key": "_next/static/chunks/framework.9fcc7403552dcbcd8460.js",
            "kms_key_id": null,
            "metadata": null,
            "object_lock_legal_hold_status": "",
            "object_lock_mode": "",
            "object_lock_retain_until_date": "",
            "server_side_encryption": "",
            "source": "../out/_next/static/chunks/framework.9fcc7403552dcbcd8460.js",
            "storage_class": "STANDARD",
            "tags": null,
            "version_id": "",
            "website_redirect": ""
          },
          "sensitive_attributes": [],
          "private": "bnVsbA==",
          "dependencies": [
            "aws_s3_bucket.www_bucket"
          ]
        },
        {
          "index_key": "_next/static/chunks/main-5bba79ed3fa723b4e1f5.js",
          "schema_version": 0,
          "attributes": {
            "acl": "public-read",
            "bucket": "www.moggies.io",
            "cache_control": "",
            "content": null,
            "content_base64": null,
            "content_disposition": "",
            "content_encoding": "",
            "content_language": "",
            "content_type": "application/javascript",
            "etag": "0af4a6e3355b79ea0f0bd3300ae9e53f",
            "force_destroy": false,
            "id": "_next/static/chunks/main-5bba79ed3fa723b4e1f5.js",
            "key": "_next/static/chunks/main-5bba79ed3fa723b4e1f5.js",
            "kms_key_id": null,
            "metadata": null,
            "object_lock_legal_hold_status": "",
            "object_lock_mode": "",
            "object_lock_retain_until_date": "",
            "server_side_encryption": "",
            "source": "../out/_next/static/chunks/main-5bba79ed3fa723b4e1f5.js",
            "storage_class": "STANDARD",
            "tags": null,
            "version_id": "",
            "website_redirect": ""
          },
          "sensitive_attributes": [],
          "private": "bnVsbA==",
          "dependencies": [
            "aws_s3_bucket.www_bucket"
          ]
        },
        {
          "index_key": "_next/static/chunks/main.js",
          "schema_version": 0,
          "attributes": {
            "acl": "public-read",
            "bucket": "www.moggies.io",
            "cache_control": "",
            "content": null,
            "content_base64": null,
            "content_disposition": "",
            "content_encoding": "",
            "content_language": "",
            "content_type": "application/javascript",
            "etag": "e40387d81e62c650b00e99f10687fce1",
            "force_destroy": false,
            "id": "_next/static/chunks/main.js",
            "key": "_next/static/chunks/main.js",
            "kms_key_id": null,
            "metadata": null,
            "object_lock_legal_hold_status": "",
            "object_lock_mode": "",
            "object_lock_retain_until_date": "",
            "server_side_encryption": "",
            "source": "../out/_next/static/chunks/main.js",
            "storage_class": "STANDARD",
            "tags": null,
            "version_id": "",
            "website_redirect": ""
          },
          "sensitive_attributes": [],
          "private": "bnVsbA==",
          "dependencies": [
            "aws_s3_bucket.www_bucket"
          ]
        },
        {
          "index_key": "_next/static/chunks/pages/_app-801a051960f62183b614.js",
          "schema_version": 0,
          "attributes": {
            "acl": "public-read",
            "bucket": "www.moggies.io",
            "cache_control": "",
            "content": null,
            "content_base64": null,
            "content_disposition": "",
            "content_encoding": "",
            "content_language": "",
            "content_type": "application/javascript",
            "etag": "bf05848d45008e913dbfd1bad801497f",
            "force_destroy": false,
            "id": "_next/static/chunks/pages/_app-801a051960f62183b614.js",
            "key": "_next/static/chunks/pages/_app-801a051960f62183b614.js",
            "kms_key_id": null,
            "metadata": null,
            "object_lock_legal_hold_status": "",
            "object_lock_mode": "",
            "object_lock_retain_until_date": "",
            "server_side_encryption": "",
            "source": "../out/_next/static/chunks/pages/_app-801a051960f62183b614.js",
            "storage_class": "STANDARD",
            "tags": null,
            "version_id": "",
            "website_redirect": ""
          },
          "sensitive_attributes": [],
          "private": "bnVsbA==",
          "dependencies": [
            "aws_s3_bucket.www_bucket"
          ]
        },
        {
          "index_key": "_next/static/chunks/pages/_app.js",
          "schema_version": 0,
          "attributes": {
            "acl": "public-read",
            "bucket": "www.moggies.io",
            "cache_control": "",
            "content": null,
            "content_base64": null,
            "content_disposition": "",
            "content_encoding": "",
            "content_language": "",
            "content_type": "application/javascript",
            "etag": "e17a195355fe9067342d7f46d1727aab",
            "force_destroy": false,
            "id": "_next/static/chunks/pages/_app.js",
            "key": "_next/static/chunks/pages/_app.js",
            "kms_key_id": null,
            "metadata": null,
            "object_lock_legal_hold_status": "",
            "object_lock_mode": "",
            "object_lock_retain_until_date": "",
            "server_side_encryption": "",
            "source": "../out/_next/static/chunks/pages/_app.js",
            "storage_class": "STANDARD",
            "tags": null,
            "version_id": "",
            "website_redirect": ""
          },
          "sensitive_attributes": [],
          "private": "bnVsbA==",
          "dependencies": [
            "aws_s3_bucket.www_bucket"
          ]
        },
        {
          "index_key": "_next/static/chunks/pages/_error-fec967d16463cadec666.js",
          "schema_version": 0,
          "attributes": {
            "acl": "public-read",
            "bucket": "www.moggies.io",
            "cache_control": "",
            "content": null,
            "content_base64": null,
            "content_disposition": "",
            "content_encoding": "",
            "content_language": "",
            "content_type": "application/javascript",
            "etag": "f77c02d64c2320bad397a8622c1dc744",
            "force_destroy": false,
            "id": "_next/static/chunks/pages/_error-fec967d16463cadec666.js",
            "key": "_next/static/chunks/pages/_error-fec967d16463cadec666.js",
            "kms_key_id": null,
            "metadata": null,
            "object_lock_legal_hold_status": "",
            "object_lock_mode": "",
            "object_lock_retain_until_date": "",
            "server_side_encryption": "",
            "source": "../out/_next/static/chunks/pages/_error-fec967d16463cadec666.js",
            "storage_class": "STANDARD",
            "tags": null,
            "version_id": "",
            "website_redirect": ""
          },
          "sensitive_attributes": [],
          "private": "bnVsbA==",
          "dependencies": [
            "aws_s3_bucket.www_bucket"
          ]
        },
        {
          "index_key": "_next/static/chunks/pages/_error.js",
          "schema_version": 0,
          "attributes": {
            "acl": "public-read",
            "bucket": "www.moggies.io",
            "cache_control": "",
            "content": null,
            "content_base64": null,
            "content_disposition": "",
            "content_encoding": "",
            "content_language": "",
            "content_type": "application/javascript",
            "etag": "3145672435b76faa8b86f4ccd3637bdb",
            "force_destroy": false,
            "id": "_next/static/chunks/pages/_error.js",
            "key": "_next/static/chunks/pages/_error.js",
            "kms_key_id": null,
            "metadata": null,
            "object_lock_legal_hold_status": "",
            "object_lock_mode": "",
            "object_lock_retain_until_date": "",
            "server_side_encryption": "",
            "source": "../out/_next/static/chunks/pages/_error.js",
            "storage_class": "STANDARD",
            "tags": null,
            "version_id": "",
            "website_redirect": ""
          },
          "sensitive_attributes": [],
          "private": "bnVsbA==",
          "dependencies": [
            "aws_s3_bucket.www_bucket"
          ]
        },
        {
          "index_key": "_next/static/chunks/pages/about-70f528dae6314d962800.js",
          "schema_version": 0,
          "attributes": {
            "acl": "public-read",
            "bucket": "www.moggies.io",
            "cache_control": "",
            "content": null,
            "content_base64": null,
            "content_disposition": "",
            "content_encoding": "",
            "content_language": "",
            "content_type": "application/javascript",
            "etag": "5e352af3a0da5e403652cf75e8c09da3",
            "force_destroy": false,
            "id": "_next/static/chunks/pages/about-70f528dae6314d962800.js",
            "key": "_next/static/chunks/pages/about-70f528dae6314d962800.js",
            "kms_key_id": null,
            "metadata": null,
            "object_lock_legal_hold_status": "",
            "object_lock_mode": "",
            "object_lock_retain_until_date": "",
            "server_side_encryption": "",
            "source": "../out/_next/static/chunks/pages/about-70f528dae6314d962800.js",
            "storage_class": "STANDARD",
            "tags": null,
            "version_id": "",
            "website_redirect": ""
          },
          "sensitive_attributes": [],
          "private": "bnVsbA==",
          "dependencies": [
            "aws_s3_bucket.www_bucket"
          ]
        },
        {
          "index_key": "_next/static/chunks/pages/auth/[type]-7f62a88b92fc6133bfad.js",
          "schema_version": 0,
          "attributes": {
            "acl": "public-read",
            "bucket": "www.moggies.io",
            "cache_control": "",
            "content": null,
            "content_base64": null,
            "content_disposition": "",
            "content_encoding": "",
            "content_language": "",
            "content_type": "application/javascript",
            "etag": "2a6a4414d6b47ebce419fa5f5df905ef",
            "force_destroy": false,
            "id": "_next/static/chunks/pages/auth/[type]-7f62a88b92fc6133bfad.js",
            "key": "_next/static/chunks/pages/auth/[type]-7f62a88b92fc6133bfad.js",
            "kms_key_id": null,
            "metadata": null,
            "object_lock_legal_hold_status": "",
            "object_lock_mode": "",
            "object_lock_retain_until_date": "",
            "server_side_encryption": "",
            "source": "../out/_next/static/chunks/pages/auth/[type]-7f62a88b92fc6133bfad.js",
            "storage_class": "STANDARD",
            "tags": null,
            "version_id": "",
            "website_redirect": ""
          },
          "sensitive_attributes": [],
          "private": "bnVsbA==",
          "dependencies": [
            "aws_s3_bucket.www_bucket"
          ]
        },
        {
          "index_key": "_next/static/chunks/pages/contact-8dfa0569de971984f19d.js",
          "schema_version": 0,
          "attributes": {
            "acl": "public-read",
            "bucket": "www.moggies.io",
            "cache_control": "",
            "content": null,
            "content_base64": null,
            "content_disposition": "",
            "content_encoding": "",
            "content_language": "",
            "content_type": "application/javascript",
            "etag": "2cd93905c9da44d34cc9e877d77b6f65",
            "force_destroy": false,
            "id": "_next/static/chunks/pages/contact-8dfa0569de971984f19d.js",
            "key": "_next/static/chunks/pages/contact-8dfa0569de971984f19d.js",
            "kms_key_id": null,
            "metadata": null,
            "object_lock_legal_hold_status": "",
            "object_lock_mode": "",
            "object_lock_retain_until_date": "",
            "server_side_encryption": "",
            "source": "../out/_next/static/chunks/pages/contact-8dfa0569de971984f19d.js",
            "storage_class": "STANDARD",
            "tags": null,
            "version_id": "",
            "website_redirect": ""
          },
          "sensitive_attributes": [],
          "private": "bnVsbA==",
          "dependencies": [
            "aws_s3_bucket.www_bucket"
          ]
        },
        {
          "index_key": "_next/static/chunks/pages/dashboard-1aac87412ac70fc44690.js",
          "schema_version": 0,
          "attributes": {
            "acl": "public-read",
            "bucket": "www.moggies.io",
            "cache_control": "",
            "content": null,
            "content_base64": null,
            "content_disposition": "",
            "content_encoding": "",
            "content_language": "",
            "content_type": "application/javascript",
            "etag": "fda1370b79eb73b4e2c6a205225c69b4",
            "force_destroy": false,
            "id": "_next/static/chunks/pages/dashboard-1aac87412ac70fc44690.js",
            "key": "_next/static/chunks/pages/dashboard-1aac87412ac70fc44690.js",
            "kms_key_id": null,
            "metadata": null,
            "object_lock_legal_hold_status": "",
            "object_lock_mode": "",
            "object_lock_retain_until_date": "",
            "server_side_encryption": "",
            "source": "../out/_next/static/chunks/pages/dashboard-1aac87412ac70fc44690.js",
            "storage_class": "STANDARD",
            "tags": null,
            "version_id": "",
            "website_redirect": ""
          },
          "sensitive_attributes": [],
          "private": "bnVsbA==",
          "dependencies": [
            "aws_s3_bucket.www_bucket"
          ]
        },
        {
          "index_key": "_next/static/chunks/pages/faq-581ec280e710e484cf50.js",
          "schema_version": 0,
          "attributes": {
            "acl": "public-read",
            "bucket": "www.moggies.io",
            "cache_control": "",
            "content": null,
            "content_base64": null,
            "content_disposition": "",
            "content_encoding": "",
            "content_language": "",
            "content_type": "application/javascript",
            "etag": "ddfa38ef8ced32541f3afcf8476f46b0",
            "force_destroy": false,
            "id": "_next/static/chunks/pages/faq-581ec280e710e484cf50.js",
            "key": "_next/static/chunks/pages/faq-581ec280e710e484cf50.js",
            "kms_key_id": null,
            "metadata": null,
            "object_lock_legal_hold_status": "",
            "object_lock_mode": "",
            "object_lock_retain_until_date": "",
            "server_side_encryption": "",
            "source": "../out/_next/static/chunks/pages/faq-581ec280e710e484cf50.js",
            "storage_class": "STANDARD",
            "tags": null,
            "version_id": "",
            "website_redirect": ""
          },
          "sensitive_attributes": [],
          "private": "bnVsbA==",
          "dependencies": [
            "aws_s3_bucket.www_bucket"
          ]
        },
        {
          "index_key": "_next/static/chunks/pages/index-61dc9015a1955f58b8e5.js",
          "schema_version": 0,
          "attributes": {
            "acl": "public-read",
            "bucket": "www.moggies.io",
            "cache_control": "",
            "content": null,
            "content_base64": null,
            "content_disposition": "",
            "content_encoding": "",
            "content_language": "",
            "content_type": "application/javascript",
            "etag": "232a95eb56e6a496984ae40a8a58ef05",
            "force_destroy": false,
            "id": "_next/static/chunks/pages/index-61dc9015a1955f58b8e5.js",
            "key": "_next/static/chunks/pages/index-61dc9015a1955f58b8e5.js",
            "kms_key_id": null,
            "metadata": null,
            "object_lock_legal_hold_status": "",
            "object_lock_mode": "",
            "object_lock_retain_until_date": "",
            "server_side_encryption": "",
            "source": "../out/_next/static/chunks/pages/index-61dc9015a1955f58b8e5.js",
            "storage_class": "STANDARD",
            "tags": null,
            "version_id": "",
            "website_redirect": ""
          },
          "sensitive_attributes": [],
          "private": "bnVsbA==",
          "dependencies": [
            "aws_s3_bucket.www_bucket"
          ]
        },
        {
          "index_key": "_next/static/chunks/pages/pricing-7e0da4c7996743f804b2.js",
          "schema_version": 0,
          "attributes": {
            "acl": "public-read",
            "bucket": "www.moggies.io",
            "cache_control": "",
            "content": null,
            "content_base64": null,
            "content_disposition": "",
            "content_encoding": "",
            "content_language": "",
            "content_type": "application/javascript",
            "etag": "b78bfbc404639b3993d147cb8be9cf75",
            "force_destroy": false,
            "id": "_next/static/chunks/pages/pricing-7e0da4c7996743f804b2.js",
            "key": "_next/static/chunks/pages/pricing-7e0da4c7996743f804b2.js",
            "kms_key_id": null,
            "metadata": null,
            "object_lock_legal_hold_status": "",
            "object_lock_mode": "",
            "object_lock_retain_until_date": "",
            "server_side_encryption": "",
            "source": "../out/_next/static/chunks/pages/pricing-7e0da4c7996743f804b2.js",
            "storage_class": "STANDARD",
            "tags": null,
            "version_id": "",
            "website_redirect": ""
          },
          "sensitive_attributes": [],
          "private": "bnVsbA==",
          "dependencies": [
            "aws_s3_bucket.www_bucket"
          ]
        },
        {
          "index_key": "_next/static/chunks/pages/purchase/[plan]-066426c3f04f4e9f578e.js",
          "schema_version": 0,
          "attributes": {
            "acl": "public-read",
            "bucket": "www.moggies.io",
            "cache_control": "",
            "content": null,
            "content_base64": null,
            "content_disposition": "",
            "content_encoding": "",
            "content_language": "",
            "content_type": "application/javascript",
            "etag": "fe8450309c55332777a4bf3a549b7af8",
            "force_destroy": false,
            "id": "_next/static/chunks/pages/purchase/[plan]-066426c3f04f4e9f578e.js",
            "key": "_next/static/chunks/pages/purchase/[plan]-066426c3f04f4e9f578e.js",
            "kms_key_id": null,
            "metadata": null,
            "object_lock_legal_hold_status": "",
            "object_lock_mode": "",
            "object_lock_retain_until_date": "",
            "server_side_encryption": "",
            "source": "../out/_next/static/chunks/pages/purchase/[plan]-066426c3f04f4e9f578e.js",
            "storage_class": "STANDARD",
            "tags": null,
            "version_id": "",
            "website_redirect": ""
          },
          "sensitive_attributes": [],
          "private": "bnVsbA==",
          "dependencies": [
            "aws_s3_bucket.www_bucket"
          ]
        },
        {
          "index_key": "_next/static/chunks/pages/settings/[section]-9d897434818bc9ab54cd.js",
          "schema_version": 0,
          "attributes": {
            "acl": "public-read",
            "bucket": "www.moggies.io",
            "cache_control": "",
            "content": null,
            "content_base64": null,
            "content_disposition": "",
            "content_encoding": "",
            "content_language": "",
            "content_type": "application/javascript",
            "etag": "ba3aa88f788260109327e0314df77787",
            "force_destroy": false,
            "id": "_next/static/chunks/pages/settings/[section]-9d897434818bc9ab54cd.js",
            "key": "_next/static/chunks/pages/settings/[section]-9d897434818bc9ab54cd.js",
            "kms_key_id": null,
            "metadata": null,
            "object_lock_legal_hold_status": "",
            "object_lock_mode": "",
            "object_lock_retain_until_date": "",
            "server_side_encryption": "",
            "source": "../out/_next/static/chunks/pages/settings/[section]-9d897434818bc9ab54cd.js",
            "storage_class": "STANDARD",
            "tags": null,
            "version_id": "",
            "website_redirect": ""
          },
          "sensitive_attributes": [],
          "private": "bnVsbA==",
          "dependencies": [
            "aws_s3_bucket.www_bucket"
          ]
        },
        {
          "index_key": "_next/static/chunks/polyfills-38d53cce78587ba1d76e.js",
          "schema_version": 0,
          "attributes": {
            "acl": "public-read",
            "bucket": "www.moggies.io",
            "cache_control": "",
            "content": null,
            "content_base64": null,
            "content_disposition": "",
            "content_encoding": "",
            "content_language": "",
            "content_type": "application/javascript",
            "etag": "7889892d4b679536d558e478572b2768",
            "force_destroy": false,
            "id": "_next/static/chunks/polyfills-38d53cce78587ba1d76e.js",
            "key": "_next/static/chunks/polyfills-38d53cce78587ba1d76e.js",
            "kms_key_id": null,
            "metadata": null,
            "object_lock_legal_hold_status": "",
            "object_lock_mode": "",
            "object_lock_retain_until_date": "",
            "server_side_encryption": "",
            "source": "../out/_next/static/chunks/polyfills-38d53cce78587ba1d76e.js",
            "storage_class": "STANDARD",
            "tags": null,
            "version_id": "",
            "website_redirect": ""
          },
          "sensitive_attributes": [],
          "private": "bnVsbA==",
          "dependencies": [
            "aws_s3_bucket.www_bucket"
          ]
        },
        {
          "index_key": "_next/static/chunks/polyfills.js",
          "schema_version": 0,
          "attributes": {
            "acl": "public-read",
            "bucket": "www.moggies.io",
            "cache_control": "",
            "content": null,
            "content_base64": null,
            "content_disposition": "",
            "content_encoding": "",
            "content_language": "",
            "content_type": "application/javascript",
            "etag": "57ce246b88d20330432065ad24b894fe",
            "force_destroy": false,
            "id": "_next/static/chunks/polyfills.js",
            "key": "_next/static/chunks/polyfills.js",
            "kms_key_id": null,
            "metadata": null,
            "object_lock_legal_hold_status": "",
            "object_lock_mode": "",
            "object_lock_retain_until_date": "",
            "server_side_encryption": "",
            "source": "../out/_next/static/chunks/polyfills.js",
            "storage_class": "STANDARD",
            "tags": null,
            "version_id": "",
            "website_redirect": ""
          },
          "sensitive_attributes": [],
          "private": "bnVsbA==",
          "dependencies": [
            "aws_s3_bucket.www_bucket"
          ]
        },
        {
          "index_key": "_next/static/chunks/react-refresh.js",
          "schema_version": 0,
          "attributes": {
            "acl": "public-read",
            "bucket": "www.moggies.io",
            "cache_control": "",
            "content": null,
            "content_base64": null,
            "content_disposition": "",
            "content_encoding": "",
            "content_language": "",
            "content_type": "application/javascript",
            "etag": "b579ea82dc4f58e1c3c63f2bb7108893",
            "force_destroy": false,
            "id": "_next/static/chunks/react-refresh.js",
            "key": "_next/static/chunks/react-refresh.js",
            "kms_key_id": null,
            "metadata": null,
            "object_lock_legal_hold_status": "",
            "object_lock_mode": "",
            "object_lock_retain_until_date": "",
            "server_side_encryption": "",
            "source": "../out/_next/static/chunks/react-refresh.js",
            "storage_class": "STANDARD",
            "tags": null,
            "version_id": "",
            "website_redirect": ""
          },
          "sensitive_attributes": [],
          "private": "bnVsbA==",
          "dependencies": [
            "aws_s3_bucket.www_bucket"
          ]
        },
        {
          "index_key": "_next/static/chunks/styles.1accc569249fc1ee1844.js",
          "schema_version": 0,
          "attributes": {
            "acl": "public-read",
            "bucket": "www.moggies.io",
            "cache_control": "",
            "content": null,
            "content_base64": null,
            "content_disposition": "",
            "content_encoding": "",
            "content_language": "",
            "content_type": "application/javascript",
            "etag": "359fcea6767871a47b649715ffd3e8b1",
            "force_destroy": false,
            "id": "_next/static/chunks/styles.1accc569249fc1ee1844.js",
            "key": "_next/static/chunks/styles.1accc569249fc1ee1844.js",
            "kms_key_id": null,
            "metadata": null,
            "object_lock_legal_hold_status": "",
            "object_lock_mode": "",
            "object_lock_retain_until_date": "",
            "server_side_encryption": "",
            "source": "../out/_next/static/chunks/styles.1accc569249fc1ee1844.js",
            "storage_class": "STANDARD",
            "tags": null,
            "version_id": "",
            "website_redirect": ""
          },
          "sensitive_attributes": [],
          "private": "bnVsbA==",
          "dependencies": [
            "aws_s3_bucket.www_bucket"
          ]
        },
        {
          "index_key": "_next/static/chunks/styles.chunk.css",
          "schema_version": 0,
          "attributes": {
            "acl": "public-read",
            "bucket": "www.moggies.io",
            "cache_control": "",
            "content": null,
            "content_base64": null,
            "content_disposition": "",
            "content_encoding": "",
            "content_language": "",
            "content_type": "text/css",
            "etag": "04e13b3656585d63704638f64ebeb181",
            "force_destroy": false,
            "id": "_next/static/chunks/styles.chunk.css",
            "key": "_next/static/chunks/styles.chunk.css",
            "kms_key_id": null,
            "metadata": null,
            "object_lock_legal_hold_status": "",
            "object_lock_mode": "",
            "object_lock_retain_until_date": "",
            "server_side_encryption": "",
            "source": "../out/_next/static/chunks/styles.chunk.css",
            "storage_class": "STANDARD",
            "tags": null,
            "version_id": "",
            "website_redirect": ""
          },
          "sensitive_attributes": [],
          "private": "bnVsbA==",
          "dependencies": [
            "aws_s3_bucket.www_bucket"
          ]
        },
        {
          "index_key": "_next/static/chunks/styles.d0da62a7.chunk.css",
          "schema_version": 0,
          "attributes": {
            "acl": "public-read",
            "bucket": "www.moggies.io",
            "cache_control": "",
            "content": null,
            "content_base64": null,
            "content_disposition": "",
            "content_encoding": "",
            "content_language": "",
            "content_type": "text/css",
            "etag": "084af200627b124bb53d7d8c3cd9793d",
            "force_destroy": false,
            "id": "_next/static/chunks/styles.d0da62a7.chunk.css",
            "key": "_next/static/chunks/styles.d0da62a7.chunk.css",
            "kms_key_id": null,
            "metadata": null,
            "object_lock_legal_hold_status": "",
            "object_lock_mode": "",
            "object_lock_retain_until_date": "",
            "server_side_encryption": "",
            "source": "../out/_next/static/chunks/styles.d0da62a7.chunk.css",
            "storage_class": "STANDARD",
            "tags": null,
            "version_id": "",
            "website_redirect": ""
          },
          "sensitive_attributes": [],
          "private": "bnVsbA==",
          "dependencies": [
            "aws_s3_bucket.www_bucket"
          ]
        },
        {
          "index_key": "_next/static/chunks/styles.js",
          "schema_version": 0,
          "attributes": {
            "acl": "public-read",
            "bucket": "www.moggies.io",
            "cache_control": "",
            "content": null,
            "content_base64": null,
            "content_disposition": "",
            "content_encoding": "",
            "content_language": "",
            "content_type": "application/javascript",
            "etag": "3ff6d86c0bd711aed0bc12ec3b7160a4",
            "force_destroy": false,
            "id": "_next/static/chunks/styles.js",
            "key": "_next/static/chunks/styles.js",
            "kms_key_id": null,
            "metadata": null,
            "object_lock_legal_hold_status": "",
            "object_lock_mode": "",
            "object_lock_retain_until_date": "",
            "server_side_encryption": "",
            "source": "../out/_next/static/chunks/styles.js",
            "storage_class": "STANDARD",
            "tags": null,
            "version_id": "",
            "website_redirect": ""
          },
          "sensitive_attributes": [],
          "private": "bnVsbA==",
          "dependencies": [
            "aws_s3_bucket.www_bucket"
          ]
        },
        {
          "index_key": "_next/static/chunks/webpack-147ea3ada7109f6dc0bb.js",
          "schema_version": 0,
          "attributes": {
            "acl": "public-read",
            "bucket": "www.moggies.io",
            "cache_control": "",
            "content": null,
            "content_base64": null,
            "content_disposition": "",
            "content_encoding": "",
            "content_language": "",
            "content_type": "application/javascript",
            "etag": "8c19f623e8389f11131a054a7e17ff95",
            "force_destroy": false,
            "id": "_next/static/chunks/webpack-147ea3ada7109f6dc0bb.js",
            "key": "_next/static/chunks/webpack-147ea3ada7109f6dc0bb.js",
            "kms_key_id": null,
            "metadata": null,
            "object_lock_legal_hold_status": "",
            "object_lock_mode": "",
            "object_lock_retain_until_date": "",
            "server_side_encryption": "",
            "source": "../out/_next/static/chunks/webpack-147ea3ada7109f6dc0bb.js",
            "storage_class": "STANDARD",
            "tags": null,
            "version_id": "",
            "website_redirect": ""
          },
          "sensitive_attributes": [],
          "private": "bnVsbA==",
          "dependencies": [
            "aws_s3_bucket.www_bucket"
          ]
        },
        {
          "index_key": "_next/static/chunks/webpack.js",
          "schema_version": 0,
          "attributes": {
            "acl": "public-read",
            "bucket": "www.moggies.io",
            "cache_control": "",
            "content": null,
            "content_base64": null,
            "content_disposition": "",
            "content_encoding": "",
            "content_language": "",
            "content_type": "application/javascript",
            "etag": "249752cb731c3b59706285ee8925a685",
            "force_destroy": false,
            "id": "_next/static/chunks/webpack.js",
            "key": "_next/static/chunks/webpack.js",
            "kms_key_id": null,
            "metadata": null,
            "object_lock_legal_hold_status": "",
            "object_lock_mode": "",
            "object_lock_retain_until_date": "",
            "server_side_encryption": "",
            "source": "../out/_next/static/chunks/webpack.js",
            "storage_class": "STANDARD",
            "tags": null,
            "version_id": "",
            "website_redirect": ""
          },
          "sensitive_attributes": [],
          "private": "bnVsbA==",
          "dependencies": [
            "aws_s3_bucket.www_bucket"
          ]
        },
        {
          "index_key": "_next/static/development/_buildManifest.js",
          "schema_version": 0,
          "attributes": {
            "acl": "public-read",
            "bucket": "www.moggies.io",
            "cache_control": "",
            "content": null,
            "content_base64": null,
            "content_disposition": "",
            "content_encoding": "",
            "content_language": "",
            "content_type": "application/javascript",
            "etag": "91f6611cc85eaa08037af70bf59e8e20",
            "force_destroy": false,
            "id": "_next/static/development/_buildManifest.js",
            "key": "_next/static/development/_buildManifest.js",
            "kms_key_id": null,
            "metadata": null,
            "object_lock_legal_hold_status": "",
            "object_lock_mode": "",
            "object_lock_retain_until_date": "",
            "server_side_encryption": "",
            "source": "../out/_next/static/development/_buildManifest.js",
            "storage_class": "STANDARD",
            "tags": null,
            "version_id": "",
            "website_redirect": ""
          },
          "sensitive_attributes": [],
          "private": "bnVsbA==",
          "dependencies": [
            "aws_s3_bucket.www_bucket"
          ]
        },
        {
          "index_key": "_next/static/development/_ssgManifest.js",
          "schema_version": 0,
          "attributes": {
            "acl": "public-read",
            "bucket": "www.moggies.io",
            "cache_control": "",
            "content": null,
            "content_base64": null,
            "content_disposition": "",
            "content_encoding": "",
            "content_language": "",
            "content_type": "application/javascript",
            "etag": "abee47769bf307639ace4945f9cfd4ff",
            "force_destroy": false,
            "id": "_next/static/development/_ssgManifest.js",
            "key": "_next/static/development/_ssgManifest.js",
            "kms_key_id": null,
            "metadata": null,
            "object_lock_legal_hold_status": "",
            "object_lock_mode": "",
            "object_lock_retain_until_date": "",
            "server_side_encryption": "",
            "source": "../out/_next/static/development/_ssgManifest.js",
            "storage_class": "STANDARD",
            "tags": null,
            "version_id": "",
            "website_redirect": ""
          },
          "sensitive_attributes": [],
          "private": "bnVsbA==",
          "dependencies": [
            "aws_s3_bucket.www_bucket"
          ]
        },
        {
          "index_key": "_next/static/m2rue4_Xwmir-2-lmYL77/_buildManifest.js",
          "schema_version": 0,
          "attributes": {
            "acl": "public-read",
            "bucket": "www.moggies.io",
            "cache_control": "",
            "content": null,
            "content_base64": null,
            "content_disposition": "",
            "content_encoding": "",
            "content_language": "",
            "content_type": "application/javascript",
            "etag": "95f75ad0abcd4da0c87d1c1f65aa96c7",
            "force_destroy": false,
            "id": "_next/static/m2rue4_Xwmir-2-lmYL77/_buildManifest.js",
            "key": "_next/static/m2rue4_Xwmir-2-lmYL77/_buildManifest.js",
            "kms_key_id": null,
            "metadata": null,
            "object_lock_legal_hold_status": "",
            "object_lock_mode": "",
            "object_lock_retain_until_date": "",
            "server_side_encryption": "",
            "source": "../out/_next/static/m2rue4_Xwmir-2-lmYL77/_buildManifest.js",
            "storage_class": "STANDARD",
            "tags": null,
            "version_id": "",
            "website_redirect": ""
          },
          "sensitive_attributes": [],
          "private": "bnVsbA==",
          "dependencies": [
            "aws_s3_bucket.www_bucket"
          ]
        },
        {
          "index_key": "_next/static/m2rue4_Xwmir-2-lmYL77/_ssgManifest.js",
          "schema_version": 0,
          "attributes": {
            "acl": "public-read",
            "bucket": "www.moggies.io",
            "cache_control": "",
            "content": null,
            "content_base64": null,
            "content_disposition": "",
            "content_encoding": "",
            "content_language": "",
            "content_type": "application/javascript",
            "etag": "abee47769bf307639ace4945f9cfd4ff",
            "force_destroy": false,
            "id": "_next/static/m2rue4_Xwmir-2-lmYL77/_ssgManifest.js",
            "key": "_next/static/m2rue4_Xwmir-2-lmYL77/_ssgManifest.js",
            "kms_key_id": null,
            "metadata": null,
            "object_lock_legal_hold_status": "",
            "object_lock_mode": "",
            "object_lock_retain_until_date": "",
            "server_side_encryption": "",
            "source": "../out/_next/static/m2rue4_Xwmir-2-lmYL77/_ssgManifest.js",
            "storage_class": "STANDARD",
            "tags": null,
            "version_id": "",
            "website_redirect": ""
          },
          "sensitive_attributes": [],
          "private": "bnVsbA==",
          "dependencies": [
            "aws_s3_bucket.www_bucket"
          ]
        },
        {
          "index_key": "about.html",
          "schema_version": 0,
          "attributes": {
            "acl": "public-read",
            "bucket": "www.moggies.io",
            "cache_control": "",
            "content": null,
            "content_base64": null,
            "content_disposition": "",
            "content_encoding": "",
            "content_language": "",
            "content_type": "text/html",
            "etag": "ea67c3dff4269d92f62a0cd676413052",
            "force_destroy": false,
            "id": "about.html",
            "key": "about.html",
            "kms_key_id": null,
            "metadata": null,
            "object_lock_legal_hold_status": "",
            "object_lock_mode": "",
            "object_lock_retain_until_date": "",
            "server_side_encryption": "",
            "source": "../out/about.html",
            "storage_class": "STANDARD",
            "tags": null,
            "version_id": "",
            "website_redirect": ""
          },
          "sensitive_attributes": [],
          "private": "bnVsbA==",
          "dependencies": [
            "aws_s3_bucket.www_bucket"
          ]
        },
        {
          "index_key": "auth/changepass.html",
          "schema_version": 0,
          "attributes": {
            "acl": "public-read",
            "bucket": "www.moggies.io",
            "cache_control": "",
            "content": null,
            "content_base64": null,
            "content_disposition": "",
            "content_encoding": "",
            "content_language": "",
            "content_type": "text/html",
            "etag": "6935996f4a32e5ab7fee5d07f02081e9",
            "force_destroy": false,
            "id": "auth/changepass.html",
            "key": "auth/changepass.html",
            "kms_key_id": null,
            "metadata": null,
            "object_lock_legal_hold_status": "",
            "object_lock_mode": "",
            "object_lock_retain_until_date": "",
            "server_side_encryption": "",
            "source": "../out/auth/changepass.html",
            "storage_class": "STANDARD",
            "tags": null,
            "version_id": "",
            "website_redirect": ""
          },
          "sensitive_attributes": [],
          "private": "bnVsbA==",
          "dependencies": [
            "aws_s3_bucket.www_bucket"
          ]
        },
        {
          "index_key": "auth/forgotpass.html",
          "schema_version": 0,
          "attributes": {
            "acl": "public-read",
            "bucket": "www.moggies.io",
            "cache_control": "",
            "content": null,
            "content_base64": null,
            "content_disposition": "",
            "content_encoding": "",
            "content_language": "",
            "content_type": "text/html",
            "etag": "283626b43ecd2c9a288f28b50c647854",
            "force_destroy": false,
            "id": "auth/forgotpass.html",
            "key": "auth/forgotpass.html",
            "kms_key_id": null,
            "metadata": null,
            "object_lock_legal_hold_status": "",
            "object_lock_mode": "",
            "object_lock_retain_until_date": "",
            "server_side_encryption": "",
            "source": "../out/auth/forgotpass.html",
            "storage_class": "STANDARD",
            "tags": null,
            "version_id": "",
            "website_redirect": ""
          },
          "sensitive_attributes": [],
          "private": "bnVsbA==",
          "dependencies": [
            "aws_s3_bucket.www_bucket"
          ]
        },
        {
          "index_key": "auth/signin.html",
          "schema_version": 0,
          "attributes": {
            "acl": "public-read",
            "bucket": "www.moggies.io",
            "cache_control": "",
            "content": null,
            "content_base64": null,
            "content_disposition": "",
            "content_encoding": "",
            "content_language": "",
            "content_type": "text/html",
            "etag": "609ebe5187a606bcc6c20c0330ae29f7",
            "force_destroy": false,
            "id": "auth/signin.html",
            "key": "auth/signin.html",
            "kms_key_id": null,
            "metadata": null,
            "object_lock_legal_hold_status": "",
            "object_lock_mode": "",
            "object_lock_retain_until_date": "",
            "server_side_encryption": "",
            "source": "../out/auth/signin.html",
            "storage_class": "STANDARD",
            "tags": null,
            "version_id": "",
            "website_redirect": ""
          },
          "sensitive_attributes": [],
          "private": "bnVsbA==",
          "dependencies": [
            "aws_s3_bucket.www_bucket"
          ]
        },
        {
          "index_key": "auth/signup.html",
          "schema_version": 0,
          "attributes": {
            "acl": "public-read",
            "bucket": "www.moggies.io",
            "cache_control": "",
            "content": null,
            "content_base64": null,
            "content_disposition": "",
            "content_encoding": "",
            "content_language": "",
            "content_type": "text/html",
            "etag": "9ea5fddea8395a3ecfc15244b72f1850",
            "force_destroy": false,
            "id": "auth/signup.html",
            "key": "auth/signup.html",
            "kms_key_id": null,
            "metadata": null,
            "object_lock_legal_hold_status": "",
            "object_lock_mode": "",
            "object_lock_retain_until_date": "",
            "server_side_encryption": "",
            "source": "../out/auth/signup.html",
            "storage_class": "STANDARD",
            "tags": null,
            "version_id": "",
            "website_redirect": ""
          },
          "sensitive_attributes": [],
          "private": "bnVsbA==",
          "dependencies": [
            "aws_s3_bucket.www_bucket"
          ]
        },
        {
          "index_key": "contact.html",
          "schema_version": 0,
          "attributes": {
            "acl": "public-read",
            "bucket": "www.moggies.io",
            "cache_control": "",
            "content": null,
            "content_base64": null,
            "content_disposition": "",
            "content_encoding": "",
            "content_language": "",
            "content_type": "text/html",
            "etag": "6e3e5abc4e9073537e3926d4a94693f4",
            "force_destroy": false,
            "id": "contact.html",
            "key": "contact.html",
            "kms_key_id": null,
            "metadata": null,
            "object_lock_legal_hold_status": "",
            "object_lock_mode": "",
            "object_lock_retain_until_date": "",
            "server_side_encryption": "",
            "source": "../out/contact.html",
            "storage_class": "STANDARD",
            "tags": null,
            "version_id": "",
            "website_redirect": ""
          },
          "sensitive_attributes": [],
          "private": "bnVsbA==",
          "dependencies": [
            "aws_s3_bucket.www_bucket"
          ]
        },
        {
          "index_key": "dashboard.html",
          "schema_version": 0,
          "attributes": {
            "acl": "public-read",
            "bucket": "www.moggies.io",
            "cache_control": "",
            "content": null,
            "content_base64": null,
            "content_disposition": "",
            "content_encoding": "",
            "content_language": "",
            "content_type": "text/html",
            "etag": "35a203f6775f1d3d0f413fd91dab47ac",
            "force_destroy": false,
            "id": "dashboard.html",
            "key": "dashboard.html",
            "kms_key_id": null,
            "metadata": null,
            "object_lock_legal_hold_status": "",
            "object_lock_mode": "",
            "object_lock_retain_until_date": "",
            "server_side_encryption": "",
            "source": "../out/dashboard.html",
            "storage_class": "STANDARD",
            "tags": null,
            "version_id": "",
            "website_redirect": ""
          },
          "sensitive_attributes": [],
          "private": "bnVsbA==",
          "dependencies": [
            "aws_s3_bucket.www_bucket"
          ]
        },
        {
          "index_key": "faq.html",
          "schema_version": 0,
          "attributes": {
            "acl": "public-read",
            "bucket": "www.moggies.io",
            "cache_control": "",
            "content": null,
            "content_base64": null,
            "content_disposition": "",
            "content_encoding": "",
            "content_language": "",
            "content_type": "text/html",
            "etag": "a212b618771f7ac054404064e607b178",
            "force_destroy": false,
            "id": "faq.html",
            "key": "faq.html",
            "kms_key_id": null,
            "metadata": null,
            "object_lock_legal_hold_status": "",
            "object_lock_mode": "",
            "object_lock_retain_until_date": "",
            "server_side_encryption": "",
            "source": "../out/faq.html",
            "storage_class": "STANDARD",
            "tags": null,
            "version_id": "",
            "website_redirect": ""
          },
          "sensitive_attributes": [],
          "private": "bnVsbA==",
          "dependencies": [
            "aws_s3_bucket.www_bucket"
          ]
        },
        {
          "index_key": "favicon.ico",
          "schema_version": 0,
          "attributes": {
            "acl": "public-read",
            "bucket": "www.moggies.io",
            "cache_control": "",
            "content": null,
            "content_base64": null,
            "content_disposition": "",
            "content_encoding": "",
            "content_language": "",
            "content_type": "image/x-icon",
            "etag": "21b739d43fcb9bbb83d8541fe4fe88fa",
            "force_destroy": false,
            "id": "favicon.ico",
            "key": "favicon.ico",
            "kms_key_id": null,
            "metadata": null,
            "object_lock_legal_hold_status": "",
            "object_lock_mode": "",
            "object_lock_retain_until_date": "",
            "server_side_encryption": "",
            "source": "../out/favicon.ico",
            "storage_class": "STANDARD",
            "tags": null,
            "version_id": "",
            "website_redirect": ""
          },
          "sensitive_attributes": [],
          "private": "bnVsbA==",
          "dependencies": [
            "aws_s3_bucket.www_bucket"
          ]
        },
        {
          "index_key": "index.html",
          "schema_version": 0,
          "attributes": {
            "acl": "public-read",
            "bucket": "www.moggies.io",
            "cache_control": "",
            "content": null,
            "content_base64": null,
            "content_disposition": "",
            "content_encoding": "",
            "content_language": "",
            "content_type": "text/html",
            "etag": "7c398a4a6b4cf51e1731cb796418bee5",
            "force_destroy": false,
            "id": "index.html",
            "key": "index.html",
            "kms_key_id": null,
            "metadata": null,
            "object_lock_legal_hold_status": "",
            "object_lock_mode": "",
            "object_lock_retain_until_date": "",
            "server_side_encryption": "",
            "source": "../out/index.html",
            "storage_class": "STANDARD",
            "tags": null,
            "version_id": "",
            "website_redirect": ""
          },
          "sensitive_attributes": [],
          "private": "bnVsbA==",
          "dependencies": [
            "aws_s3_bucket.www_bucket"
          ]
        },
        {
          "index_key": "pricing.html",
          "schema_version": 0,
          "attributes": {
            "acl": "public-read",
            "bucket": "www.moggies.io",
            "cache_control": "",
            "content": null,
            "content_base64": null,
            "content_disposition": "",
            "content_encoding": "",
            "content_language": "",
            "content_type": "text/html",
            "etag": "eeb1592adbd886a80929729d8a5e6e54",
            "force_destroy": false,
            "id": "pricing.html",
            "key": "pricing.html",
            "kms_key_id": null,
            "metadata": null,
            "object_lock_legal_hold_status": "",
            "object_lock_mode": "",
            "object_lock_retain_until_date": "",
            "server_side_encryption": "",
            "source": "../out/pricing.html",
            "storage_class": "STANDARD",
            "tags": null,
            "version_id": "",
            "website_redirect": ""
          },
          "sensitive_attributes": [],
          "private": "bnVsbA==",
          "dependencies": [
            "aws_s3_bucket.www_bucket"
          ]
        },
        {
          "index_key": "purchase/[plan].html",
          "schema_version": 0,
          "attributes": {
            "acl": "public-read",
            "bucket": "www.moggies.io",
            "cache_control": "",
            "content": null,
            "content_base64": null,
            "content_disposition": "",
            "content_encoding": "",
            "content_language": "",
            "content_type": "text/html",
            "etag": "c9aa7d9f3d75d1dc4ab403f7c7e61b95",
            "force_destroy": false,
            "id": "purchase/[plan].html",
            "key": "purchase/[plan].html",
            "kms_key_id": null,
            "metadata": null,
            "object_lock_legal_hold_status": "",
            "object_lock_mode": "",
            "object_lock_retain_until_date": "",
            "server_side_encryption": "",
            "source": "../out/purchase/[plan].html",
            "storage_class": "STANDARD",
            "tags": null,
            "version_id": "",
            "website_redirect": ""
          },
          "sensitive_attributes": [],
          "private": "bnVsbA==",
          "dependencies": [
            "aws_s3_bucket.www_bucket"
          ]
        },
        {
          "index_key": "settings/billing.html",
          "schema_version": 0,
          "attributes": {
            "acl": "public-read",
            "bucket": "www.moggies.io",
            "cache_control": "",
            "content": null,
            "content_base64": null,
            "content_disposition": "",
            "content_encoding": "",
            "content_language": "",
            "content_type": "text/html",
            "etag": "a212f00b398ee191c95e828dbf8f6cfc",
            "force_destroy": false,
            "id": "settings/billing.html",
            "key": "settings/billing.html",
            "kms_key_id": null,
            "metadata": null,
            "object_lock_legal_hold_status": "",
            "object_lock_mode": "",
            "object_lock_retain_until_date": "",
            "server_side_encryption": "",
            "source": "../out/settings/billing.html",
            "storage_class": "STANDARD",
            "tags": null,
            "version_id": "",
            "website_redirect": ""
          },
          "sensitive_attributes": [],
          "private": "bnVsbA==",
          "dependencies": [
            "aws_s3_bucket.www_bucket"
          ]
        },
        {
          "index_key": "settings/general.html",
          "schema_version": 0,
          "attributes": {
            "acl": "public-read",
            "bucket": "www.moggies.io",
            "cache_control": "",
            "content": null,
            "content_base64": null,
            "content_disposition": "",
            "content_encoding": "",
            "content_language": "",
            "content_type": "text/html",
            "etag": "561566ecda10d68f5f9343265ddb8ae3",
            "force_destroy": false,
            "id": "settings/general.html",
            "key": "settings/general.html",
            "kms_key_id": null,
            "metadata": null,
            "object_lock_legal_hold_status": "",
            "object_lock_mode": "",
            "object_lock_retain_until_date": "",
            "server_side_encryption": "",
            "source": "../out/settings/general.html",
            "storage_class": "STANDARD",
            "tags": null,
            "version_id": "",
            "website_redirect": ""
          },
          "sensitive_attributes": [],
          "private": "bnVsbA==",
          "dependencies": [
            "aws_s3_bucket.www_bucket"
          ]
        },
        {
          "index_key": "settings/password.html",
          "schema_version": 0,
          "attributes": {
            "acl": "public-read",
            "bucket": "www.moggies.io",
            "cache_control": "",
            "content": null,
            "content_base64": null,
            "content_disposition": "",
            "content_encoding": "",
            "content_language": "",
            "content_type": "text/html",
            "etag": "623dbeb801195027facec206b058eb17",
            "force_destroy": false,
            "id": "settings/password.html",
            "key": "settings/password.html",
            "kms_key_id": null,
            "metadata": null,
            "object_lock_legal_hold_status": "",
            "object_lock_mode": "",
            "object_lock_retain_until_date": "",
            "server_side_encryption": "",
            "source": "../out/settings/password.html",
            "storage_class": "STANDARD",
            "tags": null,
            "version_id": "",
            "website_redirect": ""
          },
          "sensitive_attributes": [],
          "private": "bnVsbA==",
          "dependencies": [
            "aws_s3_bucket.www_bucket"
          ]
        }
      ]
    }
  ]
}
