{
  "version": 4,
  "terraform_version": "0.14.9",
  "serial": 2185,
  "lineage": "a497348d-1ebe-d68a-cf60-b9b5e594976b",
  "outputs": {},
  "resources": [
    {
      "mode": "data",
      "type": "aws_route53_zone",
      "name": "public",
      "provider": "provider[\"registry.terraform.io/hashicorp/aws\"]",
      "instances": [
        {
          "schema_version": 0,
          "attributes": {
            "caller_reference": "a3b67560-242d-4998-a7a6-6c214f8a013f",
            "comment": "",
            "id": "Z1031385SQRT6FLV9XUJ",
            "linked_service_description": null,
            "linked_service_principal": null,
            "name": "moggies.io",
            "name_servers": [
              "ns-1744.awsdns-26.co.uk",
              "ns-1323.awsdns-37.org",
              "ns-916.awsdns-50.net",
              "ns-60.awsdns-07.com"
            ],
            "private_zone": false,
            "resource_record_set_count": 11,
            "tags": {
              "Project": "Moggiez"
            },
            "vpc_id": null,
            "zone_id": "Z1031385SQRT6FLV9XUJ"
          },
          "sensitive_attributes": []
        }
      ]
    },
    {
      "mode": "managed",
      "type": "aws_acm_certificate",
      "name": "ssl_certificate",
      "provider": "provider[\"registry.terraform.io/hashicorp/aws\"].acm_provider",
      "instances": [
        {
          "schema_version": 0,
          "attributes": {
            "arn": "arn:aws:acm:us-east-1:989665778089:certificate/260c4ff7-66fc-48c8-9c45-8187aa0189c9",
            "certificate_authority_arn": "",
            "certificate_body": null,
            "certificate_chain": null,
            "domain_name": "moggies.io",
            "domain_validation_options": [],
            "id": "arn:aws:acm:us-east-1:989665778089:certificate/260c4ff7-66fc-48c8-9c45-8187aa0189c9",
            "options": [
              {
                "certificate_transparency_logging_preference": "ENABLED"
              }
            ],
            "private_key": null,
            "status": "ISSUED",
            "subject_alternative_names": [
              "*.moggies.io"
            ],
            "tags": {
              "Project": "moggies.io"
            },
            "validation_emails": [
              "webmaster@moggies.io",
              "admin@moggies.io",
              "hostmaster@moggies.io",
              "postmaster@moggies.io",
              "administrator@moggies.io",
              "webmaster@moggies.io",
              "admin@moggies.io",
              "hostmaster@moggies.io",
              "postmaster@moggies.io",
              "administrator@moggies.io"
            ],
            "validation_method": "EMAIL"
          },
          "sensitive_attributes": [],
          "private": "bnVsbA==",
          "create_before_destroy": true
        }
      ]
    },
    {
      "mode": "managed",
      "type": "aws_acm_certificate",
      "name": "ssl_certificate_main",
      "provider": "provider[\"registry.terraform.io/hashicorp/aws\"]",
      "instances": [
        {
          "schema_version": 0,
          "attributes": {
            "arn": "arn:aws:acm:eu-west-1:989665778089:certificate/6d064504-7b45-414e-8bb2-78ef4d5b2009",
            "certificate_authority_arn": "",
            "certificate_body": null,
            "certificate_chain": null,
            "domain_name": "moggies.io",
            "domain_validation_options": [],
            "id": "arn:aws:acm:eu-west-1:989665778089:certificate/6d064504-7b45-414e-8bb2-78ef4d5b2009",
            "options": [
              {
                "certificate_transparency_logging_preference": "ENABLED"
              }
            ],
            "private_key": null,
            "status": "PENDING_VALIDATION",
            "subject_alternative_names": [
              "*.moggies.io"
            ],
            "tags": {
              "Project": "moggies.io"
            },
            "validation_emails": [
              "webmaster@moggies.io",
              "admin@moggies.io",
              "hostmaster@moggies.io",
              "postmaster@moggies.io",
              "administrator@moggies.io",
              "webmaster@moggies.io",
              "admin@moggies.io",
              "hostmaster@moggies.io",
              "postmaster@moggies.io",
              "administrator@moggies.io"
            ],
            "validation_method": "EMAIL"
          },
          "sensitive_attributes": [],
          "private": "bnVsbA==",
          "create_before_destroy": true
        }
      ]
    },
    {
      "mode": "managed",
      "type": "aws_acm_certificate_validation",
      "name": "cert_validation",
      "provider": "provider[\"registry.terraform.io/hashicorp/aws\"].acm_provider",
      "instances": [
        {
          "schema_version": 0,
          "attributes": {
            "certificate_arn": "arn:aws:acm:us-east-1:989665778089:certificate/260c4ff7-66fc-48c8-9c45-8187aa0189c9",
            "id": "2021-04-14 13:59:03 +0000 UTC",
            "timeouts": null,
            "validation_record_fqdns": null
          },
          "sensitive_attributes": [],
          "private": "eyJlMmJmYjczMC1lY2FhLTExZTYtOGY4OC0zNDM2M2JjN2M0YzAiOnsiY3JlYXRlIjoyNzAwMDAwMDAwMDAwfX0=",
          "dependencies": [
            "aws_acm_certificate.ssl_certificate"
          ]
        }
      ]
    },
    {
      "mode": "managed",
      "type": "aws_acm_certificate_validation",
      "name": "cert_validation_main",
      "provider": "provider[\"registry.terraform.io/hashicorp/aws\"]",
      "instances": [
        {
          "schema_version": 0,
          "attributes": {
            "certificate_arn": "arn:aws:acm:eu-west-1:989665778089:certificate/6d064504-7b45-414e-8bb2-78ef4d5b2009",
            "id": "2021-04-24 06:39:34 +0000 UTC",
            "timeouts": null,
            "validation_record_fqdns": null
          },
          "sensitive_attributes": [],
          "private": "eyJlMmJmYjczMC1lY2FhLTExZTYtOGY4OC0zNDM2M2JjN2M0YzAiOnsiY3JlYXRlIjoyNzAwMDAwMDAwMDAwfX0=",
          "dependencies": [
            "aws_acm_certificate.ssl_certificate_main"
          ]
        }
      ]
    },
    {
      "mode": "managed",
      "type": "aws_cloudfront_distribution",
      "name": "root_s3_distribution",
      "provider": "provider[\"registry.terraform.io/hashicorp/aws\"]",
      "instances": [
        {
          "schema_version": 1,
          "attributes": {
            "aliases": [
              "moggies.io"
            ],
            "arn": "arn:aws:cloudfront::989665778089:distribution/E32TW6TRXCG65Z",
            "caller_reference": "terraform-20210414135912694800000001",
            "comment": null,
            "custom_error_response": [],
            "default_cache_behavior": [
              {
                "allowed_methods": [
                  "GET",
                  "HEAD"
                ],
                "cache_policy_id": "",
                "cached_methods": [
                  "GET",
                  "HEAD"
                ],
                "compress": false,
                "default_ttl": 86400,
                "field_level_encryption_id": "",
                "forwarded_values": [
                  {
                    "cookies": [
                      {
                        "forward": "none",
                        "whitelisted_names": []
                      }
                    ],
                    "headers": [
                      "Origin"
                    ],
                    "query_string": true,
                    "query_string_cache_keys": []
                  }
                ],
                "lambda_function_association": [],
                "max_ttl": 31536000,
                "min_ttl": 0,
                "origin_request_policy_id": "",
                "realtime_log_config_arn": "",
                "smooth_streaming": false,
                "target_origin_id": "S3-.moggies.io",
                "trusted_signers": [],
                "viewer_protocol_policy": "allow-all"
              }
            ],
            "default_root_object": "",
            "domain_name": "di0bxrizkzfia.cloudfront.net",
            "enabled": true,
            "etag": "E1AE1C7TK0H0KJ",
            "hosted_zone_id": "Z2FDTNDATAQYW2",
            "http_version": "http2",
            "id": "E32TW6TRXCG65Z",
            "in_progress_validation_batches": 0,
            "is_ipv6_enabled": true,
            "last_modified_time": "2021-04-14 13:59:13.564 +0000 UTC",
            "logging_config": [],
            "ordered_cache_behavior": [],
            "origin": [
              {
                "custom_header": [],
                "custom_origin_config": [
                  {
                    "http_port": 80,
                    "https_port": 443,
                    "origin_keepalive_timeout": 5,
                    "origin_protocol_policy": "http-only",
                    "origin_read_timeout": 30,
                    "origin_ssl_protocols": [
                      "TLSv1",
                      "TLSv1.1",
                      "TLSv1.2"
                    ]
                  }
                ],
                "domain_name": "moggies.io.s3-website-eu-west-1.amazonaws.com",
                "origin_id": "S3-.moggies.io",
                "origin_path": "",
                "s3_origin_config": []
              }
            ],
            "origin_group": [],
            "price_class": "PriceClass_All",
            "restrictions": [
              {
                "geo_restriction": [
                  {
                    "locations": [],
                    "restriction_type": "none"
                  }
                ]
              }
            ],
            "retain_on_delete": false,
            "status": "Deployed",
            "tags": {
              "Project": "moggies.io"
            },
            "trusted_signers": [
              {
                "enabled": false,
                "items": []
              }
            ],
            "viewer_certificate": [
              {
                "acm_certificate_arn": "arn:aws:acm:us-east-1:989665778089:certificate/260c4ff7-66fc-48c8-9c45-8187aa0189c9",
                "cloudfront_default_certificate": false,
                "iam_certificate_id": "",
                "minimum_protocol_version": "TLSv1.1_2016",
                "ssl_support_method": "sni-only"
              }
            ],
            "wait_for_deployment": true,
            "web_acl_id": ""
          },
          "sensitive_attributes": [],
          "private": "eyJzY2hlbWFfdmVyc2lvbiI6IjEifQ==",
          "dependencies": [
            "aws_acm_certificate.ssl_certificate",
            "aws_acm_certificate_validation.cert_validation",
            "aws_s3_bucket.root_bucket"
          ]
        }
      ]
    },
    {
      "mode": "managed",
      "type": "aws_cloudfront_distribution",
      "name": "www_s3_distribution",
      "provider": "provider[\"registry.terraform.io/hashicorp/aws\"]",
      "instances": [
        {
          "schema_version": 1,
          "attributes": {
            "aliases": [
              "www.moggies.io"
            ],
            "arn": "arn:aws:cloudfront::989665778089:distribution/E3ERHJKHQDMOC1",
            "caller_reference": "terraform-20210414140813023100000001",
            "comment": null,
            "custom_error_response": [
              {
                "error_caching_min_ttl": 0,
                "error_code": 404,
                "response_code": 200,
                "response_page_path": "/404.html"
              }
            ],
            "default_cache_behavior": [
              {
                "allowed_methods": [
                  "GET",
                  "HEAD"
                ],
                "cache_policy_id": "",
                "cached_methods": [
                  "GET",
                  "HEAD"
                ],
                "compress": true,
                "default_ttl": 31536000,
                "field_level_encryption_id": "",
                "forwarded_values": [
                  {
                    "cookies": [
                      {
                        "forward": "none",
                        "whitelisted_names": []
                      }
                    ],
                    "headers": [],
                    "query_string": false,
                    "query_string_cache_keys": []
                  }
                ],
                "lambda_function_association": [],
                "max_ttl": 31536000,
                "min_ttl": 31536000,
                "origin_request_policy_id": "",
                "realtime_log_config_arn": "",
                "smooth_streaming": false,
                "target_origin_id": "S3-www.moggies.io",
                "trusted_signers": [],
                "viewer_protocol_policy": "redirect-to-https"
              }
            ],
            "default_root_object": "index.html",
            "domain_name": "d2n5yutrszqrll.cloudfront.net",
            "enabled": true,
            "etag": "E32FMAT2AFCPLB",
            "hosted_zone_id": "Z2FDTNDATAQYW2",
            "http_version": "http2",
            "id": "E3ERHJKHQDMOC1",
            "in_progress_validation_batches": 0,
            "is_ipv6_enabled": true,
            "last_modified_time": "2021-04-14 14:08:13.817 +0000 UTC",
            "logging_config": [],
            "ordered_cache_behavior": [],
            "origin": [
              {
                "custom_header": [],
                "custom_origin_config": [
                  {
                    "http_port": 80,
                    "https_port": 443,
                    "origin_keepalive_timeout": 5,
                    "origin_protocol_policy": "http-only",
                    "origin_read_timeout": 30,
                    "origin_ssl_protocols": [
                      "TLSv1",
                      "TLSv1.1",
                      "TLSv1.2"
                    ]
                  }
                ],
                "domain_name": "www.moggies.io.s3-website-eu-west-1.amazonaws.com",
                "origin_id": "S3-www.moggies.io",
                "origin_path": "",
                "s3_origin_config": []
              }
            ],
            "origin_group": [],
            "price_class": "PriceClass_All",
            "restrictions": [
              {
                "geo_restriction": [
                  {
                    "locations": [],
                    "restriction_type": "none"
                  }
                ]
              }
            ],
            "retain_on_delete": false,
            "status": "Deployed",
            "tags": {
              "Project": "moggies.io"
            },
            "trusted_signers": [
              {
                "enabled": false,
                "items": []
              }
            ],
            "viewer_certificate": [
              {
                "acm_certificate_arn": "arn:aws:acm:us-east-1:989665778089:certificate/260c4ff7-66fc-48c8-9c45-8187aa0189c9",
                "cloudfront_default_certificate": false,
                "iam_certificate_id": "",
                "minimum_protocol_version": "TLSv1.1_2016",
                "ssl_support_method": "sni-only"
              }
            ],
            "wait_for_deployment": true,
            "web_acl_id": ""
          },
          "sensitive_attributes": [],
          "private": "eyJzY2hlbWFfdmVyc2lvbiI6IjEifQ==",
          "dependencies": [
            "aws_acm_certificate.ssl_certificate",
            "aws_acm_certificate_validation.cert_validation",
            "aws_s3_bucket.www_bucket"
          ]
        }
      ]
    },
    {
      "mode": "managed",
      "type": "aws_ecr_repository",
      "name": "moggies-repo",
      "provider": "provider[\"registry.terraform.io/hashicorp/aws\"]",
      "instances": [
        {
          "schema_version": 0,
          "attributes": {
            "arn": "arn:aws:ecr:eu-west-1:989665778089:repository/moggies-webui-repo",
            "encryption_configuration": [
              {
                "encryption_type": "AES256",
                "kms_key": ""
              }
            ],
            "id": "moggies-webui-repo",
            "image_scanning_configuration": [
              {
                "scan_on_push": false
              }
            ],
            "image_tag_mutability": "MUTABLE",
            "name": "moggies-webui-repo",
            "registry_id": "989665778089",
            "repository_url": "989665778089.dkr.ecr.eu-west-1.amazonaws.com/moggies-webui-repo",
            "tags": {},
            "timeouts": null
          },
          "sensitive_attributes": [],
          "private": "eyJlMmJmYjczMC1lY2FhLTExZTYtOGY4OC0zNDM2M2JjN2M0YzAiOnsiZGVsZXRlIjoxMjAwMDAwMDAwMDAwfX0="
        }
      ]
    },
    {
      "mode": "managed",
      "type": "aws_ecs_cluster",
      "name": "moggies",
      "provider": "provider[\"registry.terraform.io/hashicorp/aws\"]",
      "instances": [
        {
          "schema_version": 0,
          "attributes": {
            "arn": "arn:aws:ecs:eu-west-1:989665778089:cluster/moggies-webui-cluster",
            "capacity_providers": [],
            "default_capacity_provider_strategy": [],
            "id": "arn:aws:ecs:eu-west-1:989665778089:cluster/moggies-webui-cluster",
            "name": "moggies-webui-cluster",
            "setting": [
              {
                "name": "containerInsights",
                "value": "disabled"
              }
            ],
            "tags": {}
          },
          "sensitive_attributes": [],
          "private": "bnVsbA=="
        }
      ]
    },
    {
      "mode": "managed",
      "type": "aws_route53_record",
      "name": "root-a",
      "provider": "provider[\"registry.terraform.io/hashicorp/aws\"]",
      "instances": [
        {
          "schema_version": 2,
          "attributes": {
            "alias": [
              {
                "evaluate_target_health": false,
                "name": "di0bxrizkzfia.cloudfront.net",
                "zone_id": "Z2FDTNDATAQYW2"
              }
            ],
            "allow_overwrite": null,
            "failover_routing_policy": [],
            "fqdn": "moggies.io",
            "geolocation_routing_policy": [],
            "health_check_id": "",
            "id": "Z1031385SQRT6FLV9XUJ_moggies.io_A",
            "latency_routing_policy": [],
            "multivalue_answer_routing_policy": null,
            "name": "moggies.io",
            "records": [],
            "set_identifier": "",
            "ttl": 0,
            "type": "A",
            "weighted_routing_policy": [],
            "zone_id": "Z1031385SQRT6FLV9XUJ"
          },
          "sensitive_attributes": [],
          "private": "eyJzY2hlbWFfdmVyc2lvbiI6IjIifQ==",
          "dependencies": [
            "aws_acm_certificate.ssl_certificate",
            "aws_acm_certificate_validation.cert_validation",
            "aws_cloudfront_distribution.root_s3_distribution",
            "aws_s3_bucket.root_bucket",
            "data.aws_route53_zone.public"
          ]
        }
      ]
    },
    {
      "mode": "managed",
      "type": "aws_route53_record",
      "name": "www-a",
      "provider": "provider[\"registry.terraform.io/hashicorp/aws\"]",
      "instances": [
        {
          "schema_version": 2,
          "attributes": {
            "alias": [
              {
                "evaluate_target_health": false,
                "name": "d2n5yutrszqrll.cloudfront.net",
                "zone_id": "Z2FDTNDATAQYW2"
              }
            ],
            "allow_overwrite": null,
            "failover_routing_policy": [],
            "fqdn": "www.moggies.io",
            "geolocation_routing_policy": [],
            "health_check_id": "",
            "id": "Z1031385SQRT6FLV9XUJ_www.moggies.io_A",
            "latency_routing_policy": [],
            "multivalue_answer_routing_policy": null,
            "name": "www.moggies.io",
            "records": [],
            "set_identifier": "",
            "ttl": 0,
            "type": "A",
            "weighted_routing_policy": [],
            "zone_id": "Z1031385SQRT6FLV9XUJ"
          },
          "sensitive_attributes": [],
          "private": "eyJzY2hlbWFfdmVyc2lvbiI6IjIifQ==",
          "dependencies": [
            "aws_acm_certificate.ssl_certificate",
            "aws_acm_certificate_validation.cert_validation",
            "aws_cloudfront_distribution.www_s3_distribution",
            "aws_s3_bucket.www_bucket",
            "data.aws_route53_zone.public"
          ]
        }
      ]
    },
    {
      "mode": "managed",
      "type": "aws_s3_bucket",
      "name": "root_bucket",
      "provider": "provider[\"registry.terraform.io/hashicorp/aws\"]",
      "instances": [
        {
          "schema_version": 0,
          "attributes": {
            "acceleration_status": "",
            "acl": "public-read",
            "arn": "arn:aws:s3:::moggies.io",
            "bucket": "moggies.io",
            "bucket_domain_name": "moggies.io.s3.amazonaws.com",
            "bucket_prefix": null,
            "bucket_regional_domain_name": "moggies.io.s3.eu-west-1.amazonaws.com",
            "cors_rule": [],
            "force_destroy": false,
            "grant": [],
            "hosted_zone_id": "Z1BKCTXD74EZPE",
            "id": "moggies.io",
            "lifecycle_rule": [],
            "logging": [],
            "object_lock_configuration": [],
            "policy": "{\"Statement\":[{\"Action\":\"s3:GetObject\",\"Effect\":\"Allow\",\"Principal\":\"*\",\"Resource\":\"arn:aws:s3:::moggies.io/*\",\"Sid\":\"PublicReadGetObject\"}],\"Version\":\"2008-10-17\"}",
            "region": "eu-west-1",
            "replication_configuration": [],
            "request_payer": "BucketOwner",
            "server_side_encryption_configuration": [],
            "tags": {
              "Project": "moggies.io"
            },
            "versioning": [
              {
                "enabled": false,
                "mfa_delete": false
              }
            ],
            "website": [
              {
                "error_document": "",
                "index_document": "",
                "redirect_all_requests_to": "https://www.moggies.io",
                "routing_rules": ""
              }
            ],
            "website_domain": "s3-website-eu-west-1.amazonaws.com",
            "website_endpoint": "moggies.io.s3-website-eu-west-1.amazonaws.com"
          },
          "sensitive_attributes": [],
          "private": "bnVsbA=="
        }
      ]
    },
    {
      "mode": "managed",
      "type": "aws_s3_bucket",
      "name": "www_bucket",
      "provider": "provider[\"registry.terraform.io/hashicorp/aws\"]",
      "instances": [
        {
          "schema_version": 0,
          "attributes": {
            "acceleration_status": "",
            "acl": "public-read",
            "arn": "arn:aws:s3:::www.moggies.io",
            "bucket": "www.moggies.io",
            "bucket_domain_name": "www.moggies.io.s3.amazonaws.com",
            "bucket_prefix": null,
            "bucket_regional_domain_name": "www.moggies.io.s3.eu-west-1.amazonaws.com",
            "cors_rule": [
              {
                "allowed_headers": [
                  "*"
                ],
                "allowed_methods": [
                  "PUT",
                  "POST"
                ],
                "allowed_origins": [
                  "*"
                ],
                "expose_headers": [
                  "ETag"
                ],
                "max_age_seconds": 3000
              }
            ],
            "force_destroy": false,
            "grant": [],
            "hosted_zone_id": "Z1BKCTXD74EZPE",
            "id": "www.moggies.io",
            "lifecycle_rule": [],
            "logging": [],
            "object_lock_configuration": [],
            "policy": "{\"Statement\":[{\"Action\":\"s3:GetObject\",\"Effect\":\"Allow\",\"Principal\":\"*\",\"Resource\":\"arn:aws:s3:::www.moggies.io/*\",\"Sid\":\"PublicReadGetObject\"}],\"Version\":\"2008-10-17\"}",
            "region": "eu-west-1",
            "replication_configuration": [],
            "request_payer": "BucketOwner",
            "server_side_encryption_configuration": [],
            "tags": {
              "Environment": "production",
              "Name": "Website",
              "Project": "MoggiezWebUI"
            },
            "versioning": [
              {
                "enabled": false,
                "mfa_delete": false
              }
            ],
            "website": [
              {
                "error_document": "404.html",
                "index_document": "index.html",
                "redirect_all_requests_to": "",
                "routing_rules": ""
              }
            ],
            "website_domain": "s3-website-eu-west-1.amazonaws.com",
            "website_endpoint": "www.moggies.io.s3-website-eu-west-1.amazonaws.com"
          },
          "sensitive_attributes": [],
          "private": "bnVsbA=="
        }
      ]
    },
    {
      "mode": "managed",
      "type": "aws_s3_bucket_object",
      "name": "static_files",
      "provider": "provider[\"registry.terraform.io/hashicorp/aws\"]",
      "instances": [
        {
          "index_key": "404.html",
          "schema_version": 0,
          "attributes": {
            "acl": "public-read",
            "bucket": "www.moggies.io",
            "cache_control": "",
            "content": null,
            "content_base64": null,
            "content_disposition": "",
            "content_encoding": "",
            "content_language": "",
            "content_type": "text/html",
            "etag": "3b0e74cc7cc6a9b8f773a7d90635a272",
            "force_destroy": false,
            "id": "404.html",
            "key": "404.html",
            "kms_key_id": null,
            "metadata": {},
            "object_lock_legal_hold_status": "",
            "object_lock_mode": "",
            "object_lock_retain_until_date": "",
            "server_side_encryption": "",
            "source": "../out/404.html",
            "storage_class": "STANDARD",
            "tags": {},
            "version_id": "",
            "website_redirect": ""
          },
          "sensitive_attributes": [],
          "private": "bnVsbA==",
          "dependencies": [
            "aws_s3_bucket.www_bucket"
          ]
        },
        {
          "index_key": "_next/data/Ox-Kh5fVu9kFNwdqm6R-5/auth/changepass.json",
          "schema_version": 0,
          "attributes": {
            "acl": "public-read",
            "bucket": "www.moggies.io",
            "cache_control": "",
            "content": null,
            "content_base64": null,
            "content_disposition": "",
            "content_encoding": "",
            "content_language": "",
            "content_type": "text/html",
            "etag": "6fe9c378ce3349ebff138a2d078df107",
            "force_destroy": false,
            "id": "_next/data/Ox-Kh5fVu9kFNwdqm6R-5/auth/changepass.json",
            "key": "_next/data/Ox-Kh5fVu9kFNwdqm6R-5/auth/changepass.json",
            "kms_key_id": null,
            "metadata": null,
            "object_lock_legal_hold_status": "",
            "object_lock_mode": "",
            "object_lock_retain_until_date": "",
            "server_side_encryption": "",
            "source": "../out/_next/data/Ox-Kh5fVu9kFNwdqm6R-5/auth/changepass.json",
            "storage_class": "STANDARD",
            "tags": null,
            "version_id": "",
            "website_redirect": ""
          },
          "sensitive_attributes": [],
          "private": "bnVsbA==",
          "dependencies": [
            "aws_s3_bucket.www_bucket"
          ]
        },
        {
          "index_key": "_next/data/Ox-Kh5fVu9kFNwdqm6R-5/auth/forgotpass.json",
          "schema_version": 0,
          "attributes": {
            "acl": "public-read",
            "bucket": "www.moggies.io",
            "cache_control": "",
            "content": null,
            "content_base64": null,
            "content_disposition": "",
            "content_encoding": "",
            "content_language": "",
            "content_type": "text/html",
            "etag": "6fe9c378ce3349ebff138a2d078df107",
            "force_destroy": false,
            "id": "_next/data/Ox-Kh5fVu9kFNwdqm6R-5/auth/forgotpass.json",
            "key": "_next/data/Ox-Kh5fVu9kFNwdqm6R-5/auth/forgotpass.json",
            "kms_key_id": null,
            "metadata": null,
            "object_lock_legal_hold_status": "",
            "object_lock_mode": "",
            "object_lock_retain_until_date": "",
            "server_side_encryption": "",
            "source": "../out/_next/data/Ox-Kh5fVu9kFNwdqm6R-5/auth/forgotpass.json",
            "storage_class": "STANDARD",
            "tags": null,
            "version_id": "",
            "website_redirect": ""
          },
          "sensitive_attributes": [],
          "private": "bnVsbA==",
          "dependencies": [
            "aws_s3_bucket.www_bucket"
          ]
        },
        {
          "index_key": "_next/data/Ox-Kh5fVu9kFNwdqm6R-5/auth/signin.json",
          "schema_version": 0,
          "attributes": {
            "acl": "public-read",
            "bucket": "www.moggies.io",
            "cache_control": "",
            "content": null,
            "content_base64": null,
            "content_disposition": "",
            "content_encoding": "",
            "content_language": "",
            "content_type": "text/html",
            "etag": "6fe9c378ce3349ebff138a2d078df107",
            "force_destroy": false,
            "id": "_next/data/Ox-Kh5fVu9kFNwdqm6R-5/auth/signin.json",
            "key": "_next/data/Ox-Kh5fVu9kFNwdqm6R-5/auth/signin.json",
            "kms_key_id": null,
            "metadata": null,
            "object_lock_legal_hold_status": "",
            "object_lock_mode": "",
            "object_lock_retain_until_date": "",
            "server_side_encryption": "",
            "source": "../out/_next/data/Ox-Kh5fVu9kFNwdqm6R-5/auth/signin.json",
            "storage_class": "STANDARD",
            "tags": null,
            "version_id": "",
            "website_redirect": ""
          },
          "sensitive_attributes": [],
          "private": "bnVsbA==",
          "dependencies": [
            "aws_s3_bucket.www_bucket"
          ]
        },
        {
          "index_key": "_next/data/Ox-Kh5fVu9kFNwdqm6R-5/auth/signup.json",
          "schema_version": 0,
          "attributes": {
            "acl": "public-read",
            "bucket": "www.moggies.io",
            "cache_control": "",
            "content": null,
            "content_base64": null,
            "content_disposition": "",
            "content_encoding": "",
            "content_language": "",
            "content_type": "text/html",
            "etag": "6fe9c378ce3349ebff138a2d078df107",
            "force_destroy": false,
            "id": "_next/data/Ox-Kh5fVu9kFNwdqm6R-5/auth/signup.json",
            "key": "_next/data/Ox-Kh5fVu9kFNwdqm6R-5/auth/signup.json",
            "kms_key_id": null,
            "metadata": null,
            "object_lock_legal_hold_status": "",
            "object_lock_mode": "",
            "object_lock_retain_until_date": "",
            "server_side_encryption": "",
            "source": "../out/_next/data/Ox-Kh5fVu9kFNwdqm6R-5/auth/signup.json",
            "storage_class": "STANDARD",
            "tags": null,
            "version_id": "",
            "website_redirect": ""
          },
          "sensitive_attributes": [],
          "private": "bnVsbA==",
          "dependencies": [
            "aws_s3_bucket.www_bucket"
          ]
        },
        {
          "index_key": "_next/data/Ox-Kh5fVu9kFNwdqm6R-5/settings/billing.json",
          "schema_version": 0,
          "attributes": {
            "acl": "public-read",
            "bucket": "www.moggies.io",
            "cache_control": "",
            "content": null,
            "content_base64": null,
            "content_disposition": "",
            "content_encoding": "",
            "content_language": "",
            "content_type": "text/html",
            "etag": "6fe9c378ce3349ebff138a2d078df107",
            "force_destroy": false,
            "id": "_next/data/Ox-Kh5fVu9kFNwdqm6R-5/settings/billing.json",
            "key": "_next/data/Ox-Kh5fVu9kFNwdqm6R-5/settings/billing.json",
            "kms_key_id": null,
            "metadata": null,
            "object_lock_legal_hold_status": "",
            "object_lock_mode": "",
            "object_lock_retain_until_date": "",
            "server_side_encryption": "",
            "source": "../out/_next/data/Ox-Kh5fVu9kFNwdqm6R-5/settings/billing.json",
            "storage_class": "STANDARD",
            "tags": null,
            "version_id": "",
            "website_redirect": ""
          },
          "sensitive_attributes": [],
          "private": "bnVsbA==",
          "dependencies": [
            "aws_s3_bucket.www_bucket"
          ]
        },
        {
          "index_key": "_next/data/Ox-Kh5fVu9kFNwdqm6R-5/settings/general.json",
          "schema_version": 0,
          "attributes": {
            "acl": "public-read",
            "bucket": "www.moggies.io",
            "cache_control": "",
            "content": null,
            "content_base64": null,
            "content_disposition": "",
            "content_encoding": "",
            "content_language": "",
            "content_type": "text/html",
            "etag": "6fe9c378ce3349ebff138a2d078df107",
            "force_destroy": false,
            "id": "_next/data/Ox-Kh5fVu9kFNwdqm6R-5/settings/general.json",
            "key": "_next/data/Ox-Kh5fVu9kFNwdqm6R-5/settings/general.json",
            "kms_key_id": null,
            "metadata": null,
            "object_lock_legal_hold_status": "",
            "object_lock_mode": "",
            "object_lock_retain_until_date": "",
            "server_side_encryption": "",
            "source": "../out/_next/data/Ox-Kh5fVu9kFNwdqm6R-5/settings/general.json",
            "storage_class": "STANDARD",
            "tags": null,
            "version_id": "",
            "website_redirect": ""
          },
          "sensitive_attributes": [],
          "private": "bnVsbA==",
          "dependencies": [
            "aws_s3_bucket.www_bucket"
          ]
        },
        {
          "index_key": "_next/data/Ox-Kh5fVu9kFNwdqm6R-5/settings/password.json",
          "schema_version": 0,
          "attributes": {
            "acl": "public-read",
            "bucket": "www.moggies.io",
            "cache_control": "",
            "content": null,
            "content_base64": null,
            "content_disposition": "",
            "content_encoding": "",
            "content_language": "",
            "content_type": "text/html",
            "etag": "6fe9c378ce3349ebff138a2d078df107",
            "force_destroy": false,
            "id": "_next/data/Ox-Kh5fVu9kFNwdqm6R-5/settings/password.json",
            "key": "_next/data/Ox-Kh5fVu9kFNwdqm6R-5/settings/password.json",
            "kms_key_id": null,
            "metadata": null,
            "object_lock_legal_hold_status": "",
            "object_lock_mode": "",
            "object_lock_retain_until_date": "",
            "server_side_encryption": "",
            "source": "../out/_next/data/Ox-Kh5fVu9kFNwdqm6R-5/settings/password.json",
            "storage_class": "STANDARD",
            "tags": null,
            "version_id": "",
            "website_redirect": ""
          },
          "sensitive_attributes": [],
          "private": "bnVsbA==",
          "dependencies": [
            "aws_s3_bucket.www_bucket"
          ]
        },
        {
          "index_key": "_next/static/8CBcXKsT4FOxQ9V1xSJ_W/_buildManifest.js",
          "schema_version": 0,
          "attributes": {
            "acl": "public-read",
            "bucket": "www.moggies.io",
            "cache_control": "",
            "content": null,
            "content_base64": null,
            "content_disposition": "",
            "content_encoding": "",
            "content_language": "",
            "content_type": "application/javascript",
            "etag": "ec80478c8393709a681a48b1ec6c28b2",
            "force_destroy": false,
            "id": "_next/static/8CBcXKsT4FOxQ9V1xSJ_W/_buildManifest.js",
            "key": "_next/static/8CBcXKsT4FOxQ9V1xSJ_W/_buildManifest.js",
            "kms_key_id": null,
            "metadata": {},
            "object_lock_legal_hold_status": "",
            "object_lock_mode": "",
            "object_lock_retain_until_date": "",
            "server_side_encryption": "",
            "source": "../out/_next/static/8CBcXKsT4FOxQ9V1xSJ_W/_buildManifest.js",
            "storage_class": "STANDARD",
            "tags": {},
            "version_id": "",
            "website_redirect": ""
          },
          "sensitive_attributes": [],
          "private": "bnVsbA==",
          "dependencies": [
            "aws_s3_bucket.www_bucket"
          ]
        },
        {
          "index_key": "_next/static/8CBcXKsT4FOxQ9V1xSJ_W/_ssgManifest.js",
          "schema_version": 0,
          "attributes": {
            "acl": "public-read",
            "bucket": "www.moggies.io",
            "cache_control": "",
            "content": null,
            "content_base64": null,
            "content_disposition": "",
            "content_encoding": "",
            "content_language": "",
            "content_type": "application/javascript",
            "etag": "de3391980e238e65893b6806d04f4297",
            "force_destroy": false,
            "id": "_next/static/8CBcXKsT4FOxQ9V1xSJ_W/_ssgManifest.js",
            "key": "_next/static/8CBcXKsT4FOxQ9V1xSJ_W/_ssgManifest.js",
            "kms_key_id": null,
            "metadata": {},
            "object_lock_legal_hold_status": "",
            "object_lock_mode": "",
            "object_lock_retain_until_date": "",
            "server_side_encryption": "",
            "source": "../out/_next/static/8CBcXKsT4FOxQ9V1xSJ_W/_ssgManifest.js",
            "storage_class": "STANDARD",
            "tags": {},
            "version_id": "",
            "website_redirect": ""
          },
          "sensitive_attributes": [],
          "private": "bnVsbA==",
          "dependencies": [
            "aws_s3_bucket.www_bucket"
          ]
        },
        {
          "index_key": "_next/static/Ox-Kh5fVu9kFNwdqm6R-5/_buildManifest.js",
          "schema_version": 0,
          "attributes": {
            "acl": "public-read",
            "bucket": "www.moggies.io",
            "cache_control": "",
            "content": null,
            "content_base64": null,
            "content_disposition": "",
            "content_encoding": "",
            "content_language": "",
            "content_type": "application/javascript",
            "etag": "ec80478c8393709a681a48b1ec6c28b2",
            "force_destroy": false,
            "id": "_next/static/Ox-Kh5fVu9kFNwdqm6R-5/_buildManifest.js",
            "key": "_next/static/Ox-Kh5fVu9kFNwdqm6R-5/_buildManifest.js",
            "kms_key_id": null,
            "metadata": null,
            "object_lock_legal_hold_status": "",
            "object_lock_mode": "",
            "object_lock_retain_until_date": "",
            "server_side_encryption": "",
            "source": "../out/_next/static/Ox-Kh5fVu9kFNwdqm6R-5/_buildManifest.js",
            "storage_class": "STANDARD",
            "tags": null,
            "version_id": "",
            "website_redirect": ""
          },
          "sensitive_attributes": [],
          "private": "bnVsbA==",
          "dependencies": [
            "aws_s3_bucket.www_bucket"
          ]
        },
        {
          "index_key": "_next/static/Ox-Kh5fVu9kFNwdqm6R-5/_ssgManifest.js",
          "schema_version": 0,
          "attributes": {
            "acl": "public-read",
            "bucket": "www.moggies.io",
            "cache_control": "",
            "content": null,
            "content_base64": null,
            "content_disposition": "",
            "content_encoding": "",
            "content_language": "",
            "content_type": "application/javascript",
            "etag": "5b505e53d2d6094644f1c43ad7196128",
            "force_destroy": false,
            "id": "_next/static/Ox-Kh5fVu9kFNwdqm6R-5/_ssgManifest.js",
            "key": "_next/static/Ox-Kh5fVu9kFNwdqm6R-5/_ssgManifest.js",
            "kms_key_id": null,
            "metadata": null,
            "object_lock_legal_hold_status": "",
            "object_lock_mode": "",
            "object_lock_retain_until_date": "",
            "server_side_encryption": "",
            "source": "../out/_next/static/Ox-Kh5fVu9kFNwdqm6R-5/_ssgManifest.js",
            "storage_class": "STANDARD",
            "tags": null,
            "version_id": "",
            "website_redirect": ""
          },
          "sensitive_attributes": [],
          "private": "bnVsbA==",
          "dependencies": [
            "aws_s3_bucket.www_bucket"
          ]
        },
        {
          "index_key": "_next/static/UjklkaWXuZCezT0bFWHHP/_buildManifest.js",
          "schema_version": 0,
          "attributes": {
            "acl": "public-read",
            "bucket": "www.moggies.io",
            "cache_control": "",
            "content": null,
            "content_base64": null,
            "content_disposition": "",
            "content_encoding": "",
            "content_language": "",
            "content_type": "application/javascript",
            "etag": "ec80478c8393709a681a48b1ec6c28b2",
            "force_destroy": false,
            "id": "_next/static/UjklkaWXuZCezT0bFWHHP/_buildManifest.js",
            "key": "_next/static/UjklkaWXuZCezT0bFWHHP/_buildManifest.js",
            "kms_key_id": null,
            "metadata": {},
            "object_lock_legal_hold_status": "",
            "object_lock_mode": "",
            "object_lock_retain_until_date": "",
            "server_side_encryption": "",
            "source": "../out/_next/static/UjklkaWXuZCezT0bFWHHP/_buildManifest.js",
            "storage_class": "STANDARD",
            "tags": {},
            "version_id": "",
            "website_redirect": ""
          },
          "sensitive_attributes": [],
          "private": "bnVsbA==",
          "dependencies": [
            "aws_s3_bucket.www_bucket"
          ]
        },
        {
          "index_key": "_next/static/UjklkaWXuZCezT0bFWHHP/_ssgManifest.js",
          "schema_version": 0,
          "attributes": {
            "acl": "public-read",
            "bucket": "www.moggies.io",
            "cache_control": "",
            "content": null,
            "content_base64": null,
            "content_disposition": "",
            "content_encoding": "",
            "content_language": "",
            "content_type": "application/javascript",
            "etag": "de3391980e238e65893b6806d04f4297",
            "force_destroy": false,
            "id": "_next/static/UjklkaWXuZCezT0bFWHHP/_ssgManifest.js",
            "key": "_next/static/UjklkaWXuZCezT0bFWHHP/_ssgManifest.js",
            "kms_key_id": null,
            "metadata": {},
            "object_lock_legal_hold_status": "",
            "object_lock_mode": "",
            "object_lock_retain_until_date": "",
            "server_side_encryption": "",
            "source": "../out/_next/static/UjklkaWXuZCezT0bFWHHP/_ssgManifest.js",
            "storage_class": "STANDARD",
            "tags": {},
            "version_id": "",
            "website_redirect": ""
          },
          "sensitive_attributes": [],
          "private": "bnVsbA==",
          "dependencies": [
            "aws_s3_bucket.www_bucket"
          ]
        },
        {
          "index_key": "_next/static/XipIOsuhAslxQwUwWBTkr/_buildManifest.js",
          "schema_version": 0,
          "attributes": {
            "acl": "public-read",
            "bucket": "www.moggies.io",
            "cache_control": "",
            "content": null,
            "content_base64": null,
            "content_disposition": "",
            "content_encoding": "",
            "content_language": "",
            "content_type": "application/javascript",
            "etag": "ec80478c8393709a681a48b1ec6c28b2",
            "force_destroy": false,
            "id": "_next/static/XipIOsuhAslxQwUwWBTkr/_buildManifest.js",
            "key": "_next/static/XipIOsuhAslxQwUwWBTkr/_buildManifest.js",
            "kms_key_id": null,
            "metadata": {},
            "object_lock_legal_hold_status": "",
            "object_lock_mode": "",
            "object_lock_retain_until_date": "",
            "server_side_encryption": "",
            "source": "../out/_next/static/XipIOsuhAslxQwUwWBTkr/_buildManifest.js",
            "storage_class": "STANDARD",
            "tags": {},
            "version_id": "",
            "website_redirect": ""
          },
          "sensitive_attributes": [],
          "private": "bnVsbA==",
          "dependencies": [
            "aws_s3_bucket.www_bucket"
          ]
        },
        {
          "index_key": "_next/static/XipIOsuhAslxQwUwWBTkr/_ssgManifest.js",
          "schema_version": 0,
          "attributes": {
            "acl": "public-read",
            "bucket": "www.moggies.io",
            "cache_control": "",
            "content": null,
            "content_base64": null,
            "content_disposition": "",
            "content_encoding": "",
            "content_language": "",
            "content_type": "application/javascript",
            "etag": "5b505e53d2d6094644f1c43ad7196128",
            "force_destroy": false,
            "id": "_next/static/XipIOsuhAslxQwUwWBTkr/_ssgManifest.js",
            "key": "_next/static/XipIOsuhAslxQwUwWBTkr/_ssgManifest.js",
            "kms_key_id": null,
            "metadata": {},
            "object_lock_legal_hold_status": "",
            "object_lock_mode": "",
            "object_lock_retain_until_date": "",
            "server_side_encryption": "",
            "source": "../out/_next/static/XipIOsuhAslxQwUwWBTkr/_ssgManifest.js",
            "storage_class": "STANDARD",
            "tags": {},
            "version_id": "",
            "website_redirect": ""
          },
          "sensitive_attributes": [],
          "private": "bnVsbA==",
          "dependencies": [
            "aws_s3_bucket.www_bucket"
          ]
        },
        {
          "index_key": "_next/static/chunks/0.js",
          "schema_version": 0,
          "attributes": {
            "acl": "public-read",
            "bucket": "www.moggies.io",
            "cache_control": "",
            "content": null,
            "content_base64": null,
            "content_disposition": "",
            "content_encoding": "",
            "content_language": "",
            "content_type": "application/javascript",
            "etag": "46d8b88d976e1facf05da61a9c53db01",
            "force_destroy": false,
            "id": "_next/static/chunks/0.js",
            "key": "_next/static/chunks/0.js",
            "kms_key_id": null,
            "metadata": {},
            "object_lock_legal_hold_status": "",
            "object_lock_mode": "",
            "object_lock_retain_until_date": "",
            "server_side_encryption": "",
            "source": "../out/_next/static/chunks/0.js",
            "storage_class": "STANDARD",
            "tags": {},
            "version_id": "",
            "website_redirect": ""
          },
          "sensitive_attributes": [],
          "private": "bnVsbA==",
          "dependencies": [
            "aws_s3_bucket.www_bucket"
          ]
        },
        {
          "index_key": "_next/static/chunks/6ed0047ea3890a7cbf7ee46420d22ce437d893c4.797639c41b00de9129c3.js",
          "schema_version": 0,
          "attributes": {
            "acl": "public-read",
            "bucket": "www.moggies.io",
            "cache_control": "",
            "content": null,
            "content_base64": null,
            "content_disposition": "",
            "content_encoding": "",
            "content_language": "",
            "content_type": "application/javascript",
            "etag": "3030c2a9c85e9c62d6c3bc33e1733679",
            "force_destroy": false,
            "id": "_next/static/chunks/6ed0047ea3890a7cbf7ee46420d22ce437d893c4.797639c41b00de9129c3.js",
            "key": "_next/static/chunks/6ed0047ea3890a7cbf7ee46420d22ce437d893c4.797639c41b00de9129c3.js",
            "kms_key_id": null,
            "metadata": {},
            "object_lock_legal_hold_status": "",
            "object_lock_mode": "",
            "object_lock_retain_until_date": "",
            "server_side_encryption": "",
            "source": "../out/_next/static/chunks/6ed0047ea3890a7cbf7ee46420d22ce437d893c4.797639c41b00de9129c3.js",
            "storage_class": "STANDARD",
            "tags": {},
            "version_id": "",
            "website_redirect": ""
          },
          "sensitive_attributes": [],
          "private": "bnVsbA==",
          "dependencies": [
            "aws_s3_bucket.www_bucket"
          ]
        },
        {
          "index_key": "_next/static/chunks/7e7ecf17de063f8e0a15f0bb629fd5d7f79f6875.8d0a0926a7ac7c3f315a.js",
          "schema_version": 0,
          "attributes": {
            "acl": "public-read",
            "bucket": "www.moggies.io",
            "cache_control": "",
            "content": null,
            "content_base64": null,
            "content_disposition": "",
            "content_encoding": "",
            "content_language": "",
            "content_type": "application/javascript",
            "etag": "1c82d96c88bc5b075007c6904613035c",
            "force_destroy": false,
            "id": "_next/static/chunks/7e7ecf17de063f8e0a15f0bb629fd5d7f79f6875.8d0a0926a7ac7c3f315a.js",
            "key": "_next/static/chunks/7e7ecf17de063f8e0a15f0bb629fd5d7f79f6875.8d0a0926a7ac7c3f315a.js",
            "kms_key_id": null,
            "metadata": {},
            "object_lock_legal_hold_status": "",
            "object_lock_mode": "",
            "object_lock_retain_until_date": "",
            "server_side_encryption": "",
            "source": "../out/_next/static/chunks/7e7ecf17de063f8e0a15f0bb629fd5d7f79f6875.8d0a0926a7ac7c3f315a.js",
            "storage_class": "STANDARD",
            "tags": {},
            "version_id": "",
            "website_redirect": ""
          },
          "sensitive_attributes": [],
          "private": "bnVsbA==",
          "dependencies": [
            "aws_s3_bucket.www_bucket"
          ]
        },
        {
          "index_key": "_next/static/chunks/8903a8a3687685c6e9afb3420078409ccdeba600.b334693b346da3659a09.js",
          "schema_version": 0,
          "attributes": {
            "acl": "public-read",
            "bucket": "www.moggies.io",
            "cache_control": "",
            "content": null,
            "content_base64": null,
            "content_disposition": "",
            "content_encoding": "",
            "content_language": "",
            "content_type": "application/javascript",
            "etag": "0973b3c9febc7861d571100c78501471",
            "force_destroy": false,
            "id": "_next/static/chunks/8903a8a3687685c6e9afb3420078409ccdeba600.b334693b346da3659a09.js",
            "key": "_next/static/chunks/8903a8a3687685c6e9afb3420078409ccdeba600.b334693b346da3659a09.js",
            "kms_key_id": null,
            "metadata": {},
            "object_lock_legal_hold_status": "",
            "object_lock_mode": "",
            "object_lock_retain_until_date": "",
            "server_side_encryption": "",
            "source": "../out/_next/static/chunks/8903a8a3687685c6e9afb3420078409ccdeba600.b334693b346da3659a09.js",
            "storage_class": "STANDARD",
            "tags": {},
            "version_id": "",
            "website_redirect": ""
          },
          "sensitive_attributes": [],
          "private": "bnVsbA==",
          "dependencies": [
            "aws_s3_bucket.www_bucket"
          ]
        },
        {
          "index_key": "_next/static/chunks/amp.js",
          "schema_version": 0,
          "attributes": {
            "acl": "public-read",
            "bucket": "www.moggies.io",
            "cache_control": "",
            "content": null,
            "content_base64": null,
            "content_disposition": "",
            "content_encoding": "",
            "content_language": "",
            "content_type": "application/javascript",
            "etag": "b3b50fb94657197ec4ce129bc856abb4",
            "force_destroy": false,
            "id": "_next/static/chunks/amp.js",
            "key": "_next/static/chunks/amp.js",
            "kms_key_id": null,
            "metadata": {},
            "object_lock_legal_hold_status": "",
            "object_lock_mode": "",
            "object_lock_retain_until_date": "",
            "server_side_encryption": "",
            "source": "../out/_next/static/chunks/amp.js",
            "storage_class": "STANDARD",
            "tags": {},
            "version_id": "",
            "website_redirect": ""
          },
          "sensitive_attributes": [],
          "private": "bnVsbA==",
          "dependencies": [
            "aws_s3_bucket.www_bucket"
          ]
        },
        {
          "index_key": "_next/static/chunks/bf817c75.3bbe0c84743f3f8d6181.js",
          "schema_version": 0,
          "attributes": {
            "acl": "public-read",
            "bucket": "www.moggies.io",
            "cache_control": "",
            "content": null,
            "content_base64": null,
            "content_disposition": "",
            "content_encoding": "",
            "content_language": "",
            "content_type": "application/javascript",
            "etag": "ca038f0e7502c4ad05d211d53b4b8eb4",
            "force_destroy": false,
            "id": "_next/static/chunks/bf817c75.3bbe0c84743f3f8d6181.js",
            "key": "_next/static/chunks/bf817c75.3bbe0c84743f3f8d6181.js",
            "kms_key_id": null,
            "metadata": {},
            "object_lock_legal_hold_status": "",
            "object_lock_mode": "",
            "object_lock_retain_until_date": "",
            "server_side_encryption": "",
            "source": "../out/_next/static/chunks/bf817c75.3bbe0c84743f3f8d6181.js",
            "storage_class": "STANDARD",
            "tags": {},
            "version_id": "",
            "website_redirect": ""
          },
          "sensitive_attributes": [],
          "private": "bnVsbA==",
          "dependencies": [
            "aws_s3_bucket.www_bucket"
          ]
        },
        {
          "index_key": "_next/static/chunks/bf817c75.6af32a34.chunk.css",
          "schema_version": 0,
          "attributes": {
            "acl": "public-read",
            "bucket": "www.moggies.io",
            "cache_control": "",
            "content": null,
            "content_base64": null,
            "content_disposition": "",
            "content_encoding": "",
            "content_language": "",
            "content_type": "text/css",
            "etag": "cf1147e60daa203697f86e45436e2591",
            "force_destroy": false,
            "id": "_next/static/chunks/bf817c75.6af32a34.chunk.css",
            "key": "_next/static/chunks/bf817c75.6af32a34.chunk.css",
            "kms_key_id": null,
            "metadata": {},
            "object_lock_legal_hold_status": "",
            "object_lock_mode": "",
            "object_lock_retain_until_date": "",
            "server_side_encryption": "",
            "source": "../out/_next/static/chunks/bf817c75.6af32a34.chunk.css",
            "storage_class": "STANDARD",
            "tags": {},
            "version_id": "",
            "website_redirect": ""
          },
          "sensitive_attributes": [],
          "private": "bnVsbA==",
          "dependencies": [
            "aws_s3_bucket.www_bucket"
          ]
        },
        {
          "index_key": "_next/static/chunks/ce62971c623691900b5cf1f3197801cf6ffd44c6.0cb222b3ddef6d78a99f.js",
          "schema_version": 0,
          "attributes": {
            "acl": "public-read",
            "bucket": "www.moggies.io",
            "cache_control": "",
            "content": null,
            "content_base64": null,
            "content_disposition": "",
            "content_encoding": "",
            "content_language": "",
            "content_type": "application/javascript",
            "etag": "cd812aedca5018933ecd119ea5a49967",
            "force_destroy": false,
            "id": "_next/static/chunks/ce62971c623691900b5cf1f3197801cf6ffd44c6.0cb222b3ddef6d78a99f.js",
            "key": "_next/static/chunks/ce62971c623691900b5cf1f3197801cf6ffd44c6.0cb222b3ddef6d78a99f.js",
            "kms_key_id": null,
            "metadata": {},
            "object_lock_legal_hold_status": "",
            "object_lock_mode": "",
            "object_lock_retain_until_date": "",
            "server_side_encryption": "",
            "source": "../out/_next/static/chunks/ce62971c623691900b5cf1f3197801cf6ffd44c6.0cb222b3ddef6d78a99f.js",
            "storage_class": "STANDARD",
            "tags": {},
            "version_id": "",
            "website_redirect": ""
          },
          "sensitive_attributes": [],
          "private": "bnVsbA==",
          "dependencies": [
            "aws_s3_bucket.www_bucket"
          ]
        },
        {
          "index_key": "_next/static/chunks/d70b7a6c80f7e0e374ba40d34f5012ba368e3afa.6f41e08b58a1ba969fec.js",
          "schema_version": 0,
          "attributes": {
            "acl": "public-read",
            "bucket": "www.moggies.io",
            "cache_control": "",
            "content": null,
            "content_base64": null,
            "content_disposition": "",
            "content_encoding": "",
            "content_language": "",
            "content_type": "application/javascript",
            "etag": "593e6f930225355e4c62ab7c2c19afd8",
            "force_destroy": false,
            "id": "_next/static/chunks/d70b7a6c80f7e0e374ba40d34f5012ba368e3afa.6f41e08b58a1ba969fec.js",
            "key": "_next/static/chunks/d70b7a6c80f7e0e374ba40d34f5012ba368e3afa.6f41e08b58a1ba969fec.js",
            "kms_key_id": null,
            "metadata": {},
            "object_lock_legal_hold_status": "",
            "object_lock_mode": "",
            "object_lock_retain_until_date": "",
            "server_side_encryption": "",
            "source": "../out/_next/static/chunks/d70b7a6c80f7e0e374ba40d34f5012ba368e3afa.6f41e08b58a1ba969fec.js",
            "storage_class": "STANDARD",
            "tags": {},
            "version_id": "",
            "website_redirect": ""
          },
          "sensitive_attributes": [],
          "private": "bnVsbA==",
          "dependencies": [
            "aws_s3_bucket.www_bucket"
          ]
        },
        {
          "index_key": "_next/static/chunks/fba0fbb29dc3691d694b326bfdfc8e68515a274f.73ae27cad98cbf09b921.js",
          "schema_version": 0,
          "attributes": {
            "acl": "public-read",
            "bucket": "www.moggies.io",
            "cache_control": "",
            "content": null,
            "content_base64": null,
            "content_disposition": "",
            "content_encoding": "",
            "content_language": "",
            "content_type": "application/javascript",
            "etag": "379d80a9695abda4cd094c11641f5bbc",
            "force_destroy": false,
            "id": "_next/static/chunks/fba0fbb29dc3691d694b326bfdfc8e68515a274f.73ae27cad98cbf09b921.js",
            "key": "_next/static/chunks/fba0fbb29dc3691d694b326bfdfc8e68515a274f.73ae27cad98cbf09b921.js",
            "kms_key_id": null,
            "metadata": {},
            "object_lock_legal_hold_status": "",
            "object_lock_mode": "",
            "object_lock_retain_until_date": "",
            "server_side_encryption": "",
            "source": "../out/_next/static/chunks/fba0fbb29dc3691d694b326bfdfc8e68515a274f.73ae27cad98cbf09b921.js",
            "storage_class": "STANDARD",
            "tags": {},
            "version_id": "",
            "website_redirect": ""
          },
          "sensitive_attributes": [],
          "private": "bnVsbA==",
          "dependencies": [
            "aws_s3_bucket.www_bucket"
          ]
        },
        {
          "index_key": "_next/static/chunks/framework.9fcc7403552dcbcd8460.js",
          "schema_version": 0,
          "attributes": {
            "acl": "public-read",
            "bucket": "www.moggies.io",
            "cache_control": "",
            "content": null,
            "content_base64": null,
            "content_disposition": "",
            "content_encoding": "",
            "content_language": "",
            "content_type": "application/javascript",
            "etag": "66d52f38131373c71ef5ef1e175f7a3c",
            "force_destroy": false,
            "id": "_next/static/chunks/framework.9fcc7403552dcbcd8460.js",
            "key": "_next/static/chunks/framework.9fcc7403552dcbcd8460.js",
            "kms_key_id": null,
            "metadata": {},
            "object_lock_legal_hold_status": "",
            "object_lock_mode": "",
            "object_lock_retain_until_date": "",
            "server_side_encryption": "",
            "source": "../out/_next/static/chunks/framework.9fcc7403552dcbcd8460.js",
            "storage_class": "STANDARD",
            "tags": {},
            "version_id": "",
            "website_redirect": ""
          },
          "sensitive_attributes": [],
          "private": "bnVsbA==",
          "dependencies": [
            "aws_s3_bucket.www_bucket"
          ]
        },
        {
          "index_key": "_next/static/chunks/main-5bba79ed3fa723b4e1f5.js",
          "schema_version": 0,
          "attributes": {
            "acl": "public-read",
            "bucket": "www.moggies.io",
            "cache_control": "",
            "content": null,
            "content_base64": null,
            "content_disposition": "",
            "content_encoding": "",
            "content_language": "",
            "content_type": "application/javascript",
            "etag": "0af4a6e3355b79ea0f0bd3300ae9e53f",
            "force_destroy": false,
            "id": "_next/static/chunks/main-5bba79ed3fa723b4e1f5.js",
            "key": "_next/static/chunks/main-5bba79ed3fa723b4e1f5.js",
            "kms_key_id": null,
            "metadata": {},
            "object_lock_legal_hold_status": "",
            "object_lock_mode": "",
            "object_lock_retain_until_date": "",
            "server_side_encryption": "",
            "source": "../out/_next/static/chunks/main-5bba79ed3fa723b4e1f5.js",
            "storage_class": "STANDARD",
            "tags": {},
            "version_id": "",
            "website_redirect": ""
          },
          "sensitive_attributes": [],
          "private": "bnVsbA==",
          "dependencies": [
            "aws_s3_bucket.www_bucket"
          ]
        },
        {
          "index_key": "_next/static/chunks/main.js",
          "schema_version": 0,
          "attributes": {
            "acl": "public-read",
            "bucket": "www.moggies.io",
            "cache_control": "",
            "content": null,
            "content_base64": null,
            "content_disposition": "",
            "content_encoding": "",
            "content_language": "",
            "content_type": "application/javascript",
            "etag": "e40387d81e62c650b00e99f10687fce1",
            "force_destroy": false,
            "id": "_next/static/chunks/main.js",
            "key": "_next/static/chunks/main.js",
            "kms_key_id": null,
            "metadata": {},
            "object_lock_legal_hold_status": "",
            "object_lock_mode": "",
            "object_lock_retain_until_date": "",
            "server_side_encryption": "",
            "source": "../out/_next/static/chunks/main.js",
            "storage_class": "STANDARD",
            "tags": {},
            "version_id": "",
            "website_redirect": ""
          },
          "sensitive_attributes": [],
          "private": "bnVsbA==",
          "dependencies": [
            "aws_s3_bucket.www_bucket"
          ]
        },
        {
          "index_key": "_next/static/chunks/pages/_app-801a051960f62183b614.js",
          "schema_version": 0,
          "attributes": {
            "acl": "public-read",
            "bucket": "www.moggies.io",
            "cache_control": "",
            "content": null,
            "content_base64": null,
            "content_disposition": "",
            "content_encoding": "",
            "content_language": "",
            "content_type": "application/javascript",
            "etag": "bf05848d45008e913dbfd1bad801497f",
            "force_destroy": false,
            "id": "_next/static/chunks/pages/_app-801a051960f62183b614.js",
            "key": "_next/static/chunks/pages/_app-801a051960f62183b614.js",
            "kms_key_id": null,
            "metadata": {},
            "object_lock_legal_hold_status": "",
            "object_lock_mode": "",
            "object_lock_retain_until_date": "",
            "server_side_encryption": "",
            "source": "../out/_next/static/chunks/pages/_app-801a051960f62183b614.js",
            "storage_class": "STANDARD",
            "tags": {},
            "version_id": "",
            "website_redirect": ""
          },
          "sensitive_attributes": [],
          "private": "bnVsbA==",
          "dependencies": [
            "aws_s3_bucket.www_bucket"
          ]
        },
        {
          "index_key": "_next/static/chunks/pages/_app.js",
          "schema_version": 0,
          "attributes": {
            "acl": "public-read",
            "bucket": "www.moggies.io",
            "cache_control": "",
            "content": null,
            "content_base64": null,
            "content_disposition": "",
            "content_encoding": "",
            "content_language": "",
            "content_type": "application/javascript",
            "etag": "e17a195355fe9067342d7f46d1727aab",
            "force_destroy": false,
            "id": "_next/static/chunks/pages/_app.js",
            "key": "_next/static/chunks/pages/_app.js",
            "kms_key_id": null,
            "metadata": {},
            "object_lock_legal_hold_status": "",
            "object_lock_mode": "",
            "object_lock_retain_until_date": "",
            "server_side_encryption": "",
            "source": "../out/_next/static/chunks/pages/_app.js",
            "storage_class": "STANDARD",
            "tags": {},
            "version_id": "",
            "website_redirect": ""
          },
          "sensitive_attributes": [],
          "private": "bnVsbA==",
          "dependencies": [
            "aws_s3_bucket.www_bucket"
          ]
        },
        {
          "index_key": "_next/static/chunks/pages/_error-fec967d16463cadec666.js",
          "schema_version": 0,
          "attributes": {
            "acl": "public-read",
            "bucket": "www.moggies.io",
            "cache_control": "",
            "content": null,
            "content_base64": null,
            "content_disposition": "",
            "content_encoding": "",
            "content_language": "",
            "content_type": "application/javascript",
            "etag": "f77c02d64c2320bad397a8622c1dc744",
            "force_destroy": false,
            "id": "_next/static/chunks/pages/_error-fec967d16463cadec666.js",
            "key": "_next/static/chunks/pages/_error-fec967d16463cadec666.js",
            "kms_key_id": null,
            "metadata": {},
            "object_lock_legal_hold_status": "",
            "object_lock_mode": "",
            "object_lock_retain_until_date": "",
            "server_side_encryption": "",
            "source": "../out/_next/static/chunks/pages/_error-fec967d16463cadec666.js",
            "storage_class": "STANDARD",
            "tags": {},
            "version_id": "",
            "website_redirect": ""
          },
          "sensitive_attributes": [],
          "private": "bnVsbA==",
          "dependencies": [
            "aws_s3_bucket.www_bucket"
          ]
        },
        {
          "index_key": "_next/static/chunks/pages/_error.js",
          "schema_version": 0,
          "attributes": {
            "acl": "public-read",
            "bucket": "www.moggies.io",
            "cache_control": "",
            "content": null,
            "content_base64": null,
            "content_disposition": "",
            "content_encoding": "",
            "content_language": "",
            "content_type": "application/javascript",
            "etag": "3145672435b76faa8b86f4ccd3637bdb",
            "force_destroy": false,
            "id": "_next/static/chunks/pages/_error.js",
            "key": "_next/static/chunks/pages/_error.js",
            "kms_key_id": null,
            "metadata": {},
            "object_lock_legal_hold_status": "",
            "object_lock_mode": "",
            "object_lock_retain_until_date": "",
            "server_side_encryption": "",
            "source": "../out/_next/static/chunks/pages/_error.js",
            "storage_class": "STANDARD",
            "tags": {},
            "version_id": "",
            "website_redirect": ""
          },
          "sensitive_attributes": [],
          "private": "bnVsbA==",
          "dependencies": [
            "aws_s3_bucket.www_bucket"
          ]
        },
        {
          "index_key": "_next/static/chunks/pages/about-70f528dae6314d962800.js",
          "schema_version": 0,
          "attributes": {
            "acl": "public-read",
            "bucket": "www.moggies.io",
            "cache_control": "",
            "content": null,
            "content_base64": null,
            "content_disposition": "",
            "content_encoding": "",
            "content_language": "",
            "content_type": "application/javascript",
            "etag": "5e352af3a0da5e403652cf75e8c09da3",
            "force_destroy": false,
            "id": "_next/static/chunks/pages/about-70f528dae6314d962800.js",
            "key": "_next/static/chunks/pages/about-70f528dae6314d962800.js",
            "kms_key_id": null,
            "metadata": {},
            "object_lock_legal_hold_status": "",
            "object_lock_mode": "",
            "object_lock_retain_until_date": "",
            "server_side_encryption": "",
            "source": "../out/_next/static/chunks/pages/about-70f528dae6314d962800.js",
            "storage_class": "STANDARD",
            "tags": {},
            "version_id": "",
            "website_redirect": ""
          },
          "sensitive_attributes": [],
          "private": "bnVsbA==",
          "dependencies": [
            "aws_s3_bucket.www_bucket"
          ]
        },
        {
          "index_key": "_next/static/chunks/pages/auth/[type]-7f62a88b92fc6133bfad.js",
          "schema_version": 0,
          "attributes": {
            "acl": "public-read",
            "bucket": "www.moggies.io",
            "cache_control": "",
            "content": null,
            "content_base64": null,
            "content_disposition": "",
            "content_encoding": "",
            "content_language": "",
            "content_type": "application/javascript",
            "etag": "2a6a4414d6b47ebce419fa5f5df905ef",
            "force_destroy": false,
            "id": "_next/static/chunks/pages/auth/[type]-7f62a88b92fc6133bfad.js",
            "key": "_next/static/chunks/pages/auth/[type]-7f62a88b92fc6133bfad.js",
            "kms_key_id": null,
            "metadata": {},
            "object_lock_legal_hold_status": "",
            "object_lock_mode": "",
            "object_lock_retain_until_date": "",
            "server_side_encryption": "",
            "source": "../out/_next/static/chunks/pages/auth/[type]-7f62a88b92fc6133bfad.js",
            "storage_class": "STANDARD",
            "tags": {},
            "version_id": "",
            "website_redirect": ""
          },
          "sensitive_attributes": [],
          "private": "bnVsbA==",
          "dependencies": [
            "aws_s3_bucket.www_bucket"
          ]
        },
        {
          "index_key": "_next/static/chunks/pages/contact-2906258c581dd9533ecc.js",
          "schema_version": 0,
          "attributes": {
            "acl": "public-read",
            "bucket": "www.moggies.io",
            "cache_control": "",
            "content": null,
            "content_base64": null,
            "content_disposition": "",
            "content_encoding": "",
            "content_language": "",
            "content_type": "application/javascript",
            "etag": "23194076b900c6905f16088514fc720a",
            "force_destroy": false,
            "id": "_next/static/chunks/pages/contact-2906258c581dd9533ecc.js",
            "key": "_next/static/chunks/pages/contact-2906258c581dd9533ecc.js",
            "kms_key_id": null,
            "metadata": {},
            "object_lock_legal_hold_status": "",
            "object_lock_mode": "",
            "object_lock_retain_until_date": "",
            "server_side_encryption": "",
            "source": "../out/_next/static/chunks/pages/contact-2906258c581dd9533ecc.js",
            "storage_class": "STANDARD",
            "tags": {},
            "version_id": "",
            "website_redirect": ""
          },
          "sensitive_attributes": [],
          "private": "bnVsbA==",
          "dependencies": [
            "aws_s3_bucket.www_bucket"
          ]
        },
        {
          "index_key": "_next/static/chunks/pages/dashboard-9dc799484e449f4c0245.js",
          "schema_version": 0,
          "attributes": {
            "acl": "public-read",
            "bucket": "www.moggies.io",
            "cache_control": "",
            "content": null,
            "content_base64": null,
            "content_disposition": "",
            "content_encoding": "",
            "content_language": "",
            "content_type": "application/javascript",
            "etag": "bbb23096fe415b6af7abc7b9e4584e0e",
            "force_destroy": false,
            "id": "_next/static/chunks/pages/dashboard-9dc799484e449f4c0245.js",
            "key": "_next/static/chunks/pages/dashboard-9dc799484e449f4c0245.js",
            "kms_key_id": null,
            "metadata": {},
            "object_lock_legal_hold_status": "",
            "object_lock_mode": "",
            "object_lock_retain_until_date": "",
            "server_side_encryption": "",
            "source": "../out/_next/static/chunks/pages/dashboard-9dc799484e449f4c0245.js",
            "storage_class": "STANDARD",
            "tags": {},
            "version_id": "",
            "website_redirect": ""
          },
          "sensitive_attributes": [],
          "private": "bnVsbA==",
          "dependencies": [
            "aws_s3_bucket.www_bucket"
          ]
        },
        {
          "index_key": "_next/static/chunks/pages/dashboard.js",
          "schema_version": 0,
          "attributes": {
            "acl": "public-read",
            "bucket": "www.moggies.io",
            "cache_control": "",
            "content": null,
            "content_base64": null,
            "content_disposition": "",
            "content_encoding": "",
            "content_language": "",
            "content_type": "application/javascript",
            "etag": "ef39c54a5eb70934f46c09d87c3021ea",
            "force_destroy": false,
            "id": "_next/static/chunks/pages/dashboard.js",
            "key": "_next/static/chunks/pages/dashboard.js",
            "kms_key_id": null,
            "metadata": {},
            "object_lock_legal_hold_status": "",
            "object_lock_mode": "",
            "object_lock_retain_until_date": "",
            "server_side_encryption": "",
            "source": "../out/_next/static/chunks/pages/dashboard.js",
            "storage_class": "STANDARD",
            "tags": {},
            "version_id": "",
            "website_redirect": ""
          },
          "sensitive_attributes": [],
          "private": "bnVsbA==",
          "dependencies": [
            "aws_s3_bucket.www_bucket"
          ]
        },
        {
          "index_key": "_next/static/chunks/pages/faq-581ec280e710e484cf50.js",
          "schema_version": 0,
          "attributes": {
            "acl": "public-read",
            "bucket": "www.moggies.io",
            "cache_control": "",
            "content": null,
            "content_base64": null,
            "content_disposition": "",
            "content_encoding": "",
            "content_language": "",
            "content_type": "application/javascript",
            "etag": "ddfa38ef8ced32541f3afcf8476f46b0",
            "force_destroy": false,
            "id": "_next/static/chunks/pages/faq-581ec280e710e484cf50.js",
            "key": "_next/static/chunks/pages/faq-581ec280e710e484cf50.js",
            "kms_key_id": null,
            "metadata": {},
            "object_lock_legal_hold_status": "",
            "object_lock_mode": "",
            "object_lock_retain_until_date": "",
            "server_side_encryption": "",
            "source": "../out/_next/static/chunks/pages/faq-581ec280e710e484cf50.js",
            "storage_class": "STANDARD",
            "tags": {},
            "version_id": "",
            "website_redirect": ""
          },
          "sensitive_attributes": [],
          "private": "bnVsbA==",
          "dependencies": [
            "aws_s3_bucket.www_bucket"
          ]
        },
        {
          "index_key": "_next/static/chunks/pages/index-61dc9015a1955f58b8e5.js",
          "schema_version": 0,
          "attributes": {
            "acl": "public-read",
            "bucket": "www.moggies.io",
            "cache_control": "",
            "content": null,
            "content_base64": null,
            "content_disposition": "",
            "content_encoding": "",
            "content_language": "",
            "content_type": "application/javascript",
            "etag": "232a95eb56e6a496984ae40a8a58ef05",
            "force_destroy": false,
            "id": "_next/static/chunks/pages/index-61dc9015a1955f58b8e5.js",
            "key": "_next/static/chunks/pages/index-61dc9015a1955f58b8e5.js",
            "kms_key_id": null,
            "metadata": {},
            "object_lock_legal_hold_status": "",
            "object_lock_mode": "",
            "object_lock_retain_until_date": "",
            "server_side_encryption": "",
            "source": "../out/_next/static/chunks/pages/index-61dc9015a1955f58b8e5.js",
            "storage_class": "STANDARD",
            "tags": {},
            "version_id": "",
            "website_redirect": ""
          },
          "sensitive_attributes": [],
          "private": "bnVsbA==",
          "dependencies": [
            "aws_s3_bucket.www_bucket"
          ]
        },
        {
          "index_key": "_next/static/chunks/pages/index.js",
          "schema_version": 0,
          "attributes": {
            "acl": "public-read",
            "bucket": "www.moggies.io",
            "cache_control": "",
            "content": null,
            "content_base64": null,
            "content_disposition": "",
            "content_encoding": "",
            "content_language": "",
            "content_type": "application/javascript",
            "etag": "30875f442dca81f67adc31f30a9f4f4e",
            "force_destroy": false,
            "id": "_next/static/chunks/pages/index.js",
            "key": "_next/static/chunks/pages/index.js",
            "kms_key_id": null,
            "metadata": {},
            "object_lock_legal_hold_status": "",
            "object_lock_mode": "",
            "object_lock_retain_until_date": "",
            "server_side_encryption": "",
            "source": "../out/_next/static/chunks/pages/index.js",
            "storage_class": "STANDARD",
            "tags": {},
            "version_id": "",
            "website_redirect": ""
          },
          "sensitive_attributes": [],
          "private": "bnVsbA==",
          "dependencies": [
            "aws_s3_bucket.www_bucket"
          ]
        },
        {
          "index_key": "_next/static/chunks/pages/next/dist/pages/_error.js",
          "schema_version": 0,
          "attributes": {
            "acl": "public-read",
            "bucket": "www.moggies.io",
            "cache_control": "",
            "content": null,
            "content_base64": null,
            "content_disposition": "",
            "content_encoding": "",
            "content_language": "",
            "content_type": "application/javascript",
            "etag": "2530718574a6e7a8a050b2332a018785",
            "force_destroy": false,
            "id": "_next/static/chunks/pages/next/dist/pages/_error.js",
            "key": "_next/static/chunks/pages/next/dist/pages/_error.js",
            "kms_key_id": null,
            "metadata": {},
            "object_lock_legal_hold_status": "",
            "object_lock_mode": "",
            "object_lock_retain_until_date": "",
            "server_side_encryption": "",
            "source": "../out/_next/static/chunks/pages/next/dist/pages/_error.js",
            "storage_class": "STANDARD",
            "tags": {},
            "version_id": "",
            "website_redirect": ""
          },
          "sensitive_attributes": [],
          "private": "bnVsbA==",
          "dependencies": [
            "aws_s3_bucket.www_bucket"
          ]
        },
        {
          "index_key": "_next/static/chunks/pages/pricing-fb0482095f0eefd26cbc.js",
          "schema_version": 0,
          "attributes": {
            "acl": "public-read",
            "bucket": "www.moggies.io",
            "cache_control": "",
            "content": null,
            "content_base64": null,
            "content_disposition": "",
            "content_encoding": "",
            "content_language": "",
            "content_type": "application/javascript",
            "etag": "e7231329fc97c3ba148adde310441c04",
            "force_destroy": false,
            "id": "_next/static/chunks/pages/pricing-fb0482095f0eefd26cbc.js",
            "key": "_next/static/chunks/pages/pricing-fb0482095f0eefd26cbc.js",
            "kms_key_id": null,
            "metadata": {},
            "object_lock_legal_hold_status": "",
            "object_lock_mode": "",
            "object_lock_retain_until_date": "",
            "server_side_encryption": "",
            "source": "../out/_next/static/chunks/pages/pricing-fb0482095f0eefd26cbc.js",
            "storage_class": "STANDARD",
            "tags": {},
            "version_id": "",
            "website_redirect": ""
          },
          "sensitive_attributes": [],
          "private": "bnVsbA==",
          "dependencies": [
            "aws_s3_bucket.www_bucket"
          ]
        },
        {
          "index_key": "_next/static/chunks/pages/purchase/[plan]-066426c3f04f4e9f578e.js",
          "schema_version": 0,
          "attributes": {
            "acl": "public-read",
            "bucket": "www.moggies.io",
            "cache_control": "",
            "content": null,
            "content_base64": null,
            "content_disposition": "",
            "content_encoding": "",
            "content_language": "",
            "content_type": "application/javascript",
            "etag": "fe8450309c55332777a4bf3a549b7af8",
            "force_destroy": false,
            "id": "_next/static/chunks/pages/purchase/[plan]-066426c3f04f4e9f578e.js",
            "key": "_next/static/chunks/pages/purchase/[plan]-066426c3f04f4e9f578e.js",
            "kms_key_id": null,
            "metadata": {},
            "object_lock_legal_hold_status": "",
            "object_lock_mode": "",
            "object_lock_retain_until_date": "",
            "server_side_encryption": "",
            "source": "../out/_next/static/chunks/pages/purchase/[plan]-066426c3f04f4e9f578e.js",
            "storage_class": "STANDARD",
            "tags": {},
            "version_id": "",
            "website_redirect": ""
          },
          "sensitive_attributes": [],
          "private": "bnVsbA==",
          "dependencies": [
            "aws_s3_bucket.www_bucket"
          ]
        },
        {
          "index_key": "_next/static/chunks/pages/settings/[section]-9d897434818bc9ab54cd.js",
          "schema_version": 0,
          "attributes": {
            "acl": "public-read",
            "bucket": "www.moggies.io",
            "cache_control": "",
            "content": null,
            "content_base64": null,
            "content_disposition": "",
            "content_encoding": "",
            "content_language": "",
            "content_type": "application/javascript",
            "etag": "ba3aa88f788260109327e0314df77787",
            "force_destroy": false,
            "id": "_next/static/chunks/pages/settings/[section]-9d897434818bc9ab54cd.js",
            "key": "_next/static/chunks/pages/settings/[section]-9d897434818bc9ab54cd.js",
            "kms_key_id": null,
            "metadata": {},
            "object_lock_legal_hold_status": "",
            "object_lock_mode": "",
            "object_lock_retain_until_date": "",
            "server_side_encryption": "",
            "source": "../out/_next/static/chunks/pages/settings/[section]-9d897434818bc9ab54cd.js",
            "storage_class": "STANDARD",
            "tags": {},
            "version_id": "",
            "website_redirect": ""
          },
          "sensitive_attributes": [],
          "private": "bnVsbA==",
          "dependencies": [
            "aws_s3_bucket.www_bucket"
          ]
        },
        {
          "index_key": "_next/static/chunks/polyfills-38d53cce78587ba1d76e.js",
          "schema_version": 0,
          "attributes": {
            "acl": "public-read",
            "bucket": "www.moggies.io",
            "cache_control": "",
            "content": null,
            "content_base64": null,
            "content_disposition": "",
            "content_encoding": "",
            "content_language": "",
            "content_type": "application/javascript",
            "etag": "7889892d4b679536d558e478572b2768",
            "force_destroy": false,
            "id": "_next/static/chunks/polyfills-38d53cce78587ba1d76e.js",
            "key": "_next/static/chunks/polyfills-38d53cce78587ba1d76e.js",
            "kms_key_id": null,
            "metadata": {},
            "object_lock_legal_hold_status": "",
            "object_lock_mode": "",
            "object_lock_retain_until_date": "",
            "server_side_encryption": "",
            "source": "../out/_next/static/chunks/polyfills-38d53cce78587ba1d76e.js",
            "storage_class": "STANDARD",
            "tags": {},
            "version_id": "",
            "website_redirect": ""
          },
          "sensitive_attributes": [],
          "private": "bnVsbA==",
          "dependencies": [
            "aws_s3_bucket.www_bucket"
          ]
        },
        {
          "index_key": "_next/static/chunks/polyfills.js",
          "schema_version": 0,
          "attributes": {
            "acl": "public-read",
            "bucket": "www.moggies.io",
            "cache_control": "",
            "content": null,
            "content_base64": null,
            "content_disposition": "",
            "content_encoding": "",
            "content_language": "",
            "content_type": "application/javascript",
            "etag": "57ce246b88d20330432065ad24b894fe",
            "force_destroy": false,
            "id": "_next/static/chunks/polyfills.js",
            "key": "_next/static/chunks/polyfills.js",
            "kms_key_id": null,
            "metadata": {},
            "object_lock_legal_hold_status": "",
            "object_lock_mode": "",
            "object_lock_retain_until_date": "",
            "server_side_encryption": "",
            "source": "../out/_next/static/chunks/polyfills.js",
            "storage_class": "STANDARD",
            "tags": {},
            "version_id": "",
            "website_redirect": ""
          },
          "sensitive_attributes": [],
          "private": "bnVsbA==",
          "dependencies": [
            "aws_s3_bucket.www_bucket"
          ]
        },
        {
          "index_key": "_next/static/chunks/react-refresh.js",
          "schema_version": 0,
          "attributes": {
            "acl": "public-read",
            "bucket": "www.moggies.io",
            "cache_control": "",
            "content": null,
            "content_base64": null,
            "content_disposition": "",
            "content_encoding": "",
            "content_language": "",
            "content_type": "application/javascript",
            "etag": "b579ea82dc4f58e1c3c63f2bb7108893",
            "force_destroy": false,
            "id": "_next/static/chunks/react-refresh.js",
            "key": "_next/static/chunks/react-refresh.js",
            "kms_key_id": null,
            "metadata": {},
            "object_lock_legal_hold_status": "",
            "object_lock_mode": "",
            "object_lock_retain_until_date": "",
            "server_side_encryption": "",
            "source": "../out/_next/static/chunks/react-refresh.js",
            "storage_class": "STANDARD",
            "tags": {},
            "version_id": "",
            "website_redirect": ""
          },
          "sensitive_attributes": [],
          "private": "bnVsbA==",
          "dependencies": [
            "aws_s3_bucket.www_bucket"
          ]
        },
        {
          "index_key": "_next/static/chunks/styles.1accc569249fc1ee1844.js",
          "schema_version": 0,
          "attributes": {
            "acl": "public-read",
            "bucket": "www.moggies.io",
            "cache_control": "",
            "content": null,
            "content_base64": null,
            "content_disposition": "",
            "content_encoding": "",
            "content_language": "",
            "content_type": "application/javascript",
            "etag": "359fcea6767871a47b649715ffd3e8b1",
            "force_destroy": false,
            "id": "_next/static/chunks/styles.1accc569249fc1ee1844.js",
            "key": "_next/static/chunks/styles.1accc569249fc1ee1844.js",
            "kms_key_id": null,
            "metadata": {},
            "object_lock_legal_hold_status": "",
            "object_lock_mode": "",
            "object_lock_retain_until_date": "",
            "server_side_encryption": "",
            "source": "../out/_next/static/chunks/styles.1accc569249fc1ee1844.js",
            "storage_class": "STANDARD",
            "tags": {},
            "version_id": "",
            "website_redirect": ""
          },
          "sensitive_attributes": [],
          "private": "bnVsbA==",
          "dependencies": [
            "aws_s3_bucket.www_bucket"
          ]
        },
        {
          "index_key": "_next/static/chunks/styles.chunk.css",
          "schema_version": 0,
          "attributes": {
            "acl": "public-read",
            "bucket": "www.moggies.io",
            "cache_control": "",
            "content": null,
            "content_base64": null,
            "content_disposition": "",
            "content_encoding": "",
            "content_language": "",
            "content_type": "text/css",
            "etag": "35f7de1db04f1e280e744fd4476b61f2",
            "force_destroy": false,
            "id": "_next/static/chunks/styles.chunk.css",
            "key": "_next/static/chunks/styles.chunk.css",
            "kms_key_id": null,
            "metadata": {},
            "object_lock_legal_hold_status": "",
            "object_lock_mode": "",
            "object_lock_retain_until_date": "",
            "server_side_encryption": "",
            "source": "../out/_next/static/chunks/styles.chunk.css",
            "storage_class": "STANDARD",
            "tags": {},
            "version_id": "",
            "website_redirect": ""
          },
          "sensitive_attributes": [],
          "private": "bnVsbA==",
          "dependencies": [
            "aws_s3_bucket.www_bucket"
          ]
        },
        {
          "index_key": "_next/static/chunks/styles.d0da62a7.chunk.css",
          "schema_version": 0,
          "attributes": {
            "acl": "public-read",
            "bucket": "www.moggies.io",
            "cache_control": "",
            "content": null,
            "content_base64": null,
            "content_disposition": "",
            "content_encoding": "",
            "content_language": "",
            "content_type": "text/css",
            "etag": "084af200627b124bb53d7d8c3cd9793d",
            "force_destroy": false,
            "id": "_next/static/chunks/styles.d0da62a7.chunk.css",
            "key": "_next/static/chunks/styles.d0da62a7.chunk.css",
            "kms_key_id": null,
            "metadata": {},
            "object_lock_legal_hold_status": "",
            "object_lock_mode": "",
            "object_lock_retain_until_date": "",
            "server_side_encryption": "",
            "source": "../out/_next/static/chunks/styles.d0da62a7.chunk.css",
            "storage_class": "STANDARD",
            "tags": {},
            "version_id": "",
            "website_redirect": ""
          },
          "sensitive_attributes": [],
          "private": "bnVsbA==",
          "dependencies": [
            "aws_s3_bucket.www_bucket"
          ]
        },
        {
          "index_key": "_next/static/chunks/styles.js",
          "schema_version": 0,
          "attributes": {
            "acl": "public-read",
            "bucket": "www.moggies.io",
            "cache_control": "",
            "content": null,
            "content_base64": null,
            "content_disposition": "",
            "content_encoding": "",
            "content_language": "",
            "content_type": "application/javascript",
            "etag": "7f7d60c5de9f2d3b3732c00498b8979f",
            "force_destroy": false,
            "id": "_next/static/chunks/styles.js",
            "key": "_next/static/chunks/styles.js",
            "kms_key_id": null,
            "metadata": {},
            "object_lock_legal_hold_status": "",
            "object_lock_mode": "",
            "object_lock_retain_until_date": "",
            "server_side_encryption": "",
            "source": "../out/_next/static/chunks/styles.js",
            "storage_class": "STANDARD",
            "tags": {},
            "version_id": "",
            "website_redirect": ""
          },
          "sensitive_attributes": [],
          "private": "bnVsbA==",
          "dependencies": [
            "aws_s3_bucket.www_bucket"
          ]
        },
        {
          "index_key": "_next/static/chunks/webpack-147ea3ada7109f6dc0bb.js",
          "schema_version": 0,
          "attributes": {
            "acl": "public-read",
            "bucket": "www.moggies.io",
            "cache_control": "",
            "content": null,
            "content_base64": null,
            "content_disposition": "",
            "content_encoding": "",
            "content_language": "",
            "content_type": "application/javascript",
            "etag": "8c19f623e8389f11131a054a7e17ff95",
            "force_destroy": false,
            "id": "_next/static/chunks/webpack-147ea3ada7109f6dc0bb.js",
            "key": "_next/static/chunks/webpack-147ea3ada7109f6dc0bb.js",
            "kms_key_id": null,
            "metadata": {},
            "object_lock_legal_hold_status": "",
            "object_lock_mode": "",
            "object_lock_retain_until_date": "",
            "server_side_encryption": "",
            "source": "../out/_next/static/chunks/webpack-147ea3ada7109f6dc0bb.js",
            "storage_class": "STANDARD",
            "tags": {},
            "version_id": "",
            "website_redirect": ""
          },
          "sensitive_attributes": [],
          "private": "bnVsbA==",
          "dependencies": [
            "aws_s3_bucket.www_bucket"
          ]
        },
        {
          "index_key": "_next/static/chunks/webpack.js",
          "schema_version": 0,
          "attributes": {
            "acl": "public-read",
            "bucket": "www.moggies.io",
            "cache_control": "",
            "content": null,
            "content_base64": null,
            "content_disposition": "",
            "content_encoding": "",
            "content_language": "",
            "content_type": "application/javascript",
            "etag": "1e2a67d5bbdc1f9eed336a5a0265b4e4",
            "force_destroy": false,
            "id": "_next/static/chunks/webpack.js",
            "key": "_next/static/chunks/webpack.js",
            "kms_key_id": null,
            "metadata": {},
            "object_lock_legal_hold_status": "",
            "object_lock_mode": "",
            "object_lock_retain_until_date": "",
            "server_side_encryption": "",
            "source": "../out/_next/static/chunks/webpack.js",
            "storage_class": "STANDARD",
            "tags": {},
            "version_id": "",
            "website_redirect": ""
          },
          "sensitive_attributes": [],
          "private": "bnVsbA==",
          "dependencies": [
            "aws_s3_bucket.www_bucket"
          ]
        },
        {
          "index_key": "_next/static/development/_buildManifest.js",
          "schema_version": 0,
          "attributes": {
            "acl": "public-read",
            "bucket": "www.moggies.io",
            "cache_control": "",
            "content": null,
            "content_base64": null,
            "content_disposition": "",
            "content_encoding": "",
            "content_language": "",
            "content_type": "application/javascript",
            "etag": "18d4356ebea657b9e8376ab45489c71e",
            "force_destroy": false,
            "id": "_next/static/development/_buildManifest.js",
            "key": "_next/static/development/_buildManifest.js",
            "kms_key_id": null,
            "metadata": {},
            "object_lock_legal_hold_status": "",
            "object_lock_mode": "",
            "object_lock_retain_until_date": "",
            "server_side_encryption": "",
            "source": "../out/_next/static/development/_buildManifest.js",
            "storage_class": "STANDARD",
            "tags": {},
            "version_id": "",
            "website_redirect": ""
          },
          "sensitive_attributes": [],
          "private": "bnVsbA==",
          "dependencies": [
            "aws_s3_bucket.www_bucket"
          ]
        },
        {
          "index_key": "_next/static/development/_ssgManifest.js",
          "schema_version": 0,
          "attributes": {
            "acl": "public-read",
            "bucket": "www.moggies.io",
            "cache_control": "",
            "content": null,
            "content_base64": null,
            "content_disposition": "",
            "content_encoding": "",
            "content_language": "",
            "content_type": "application/javascript",
            "etag": "abee47769bf307639ace4945f9cfd4ff",
            "force_destroy": false,
            "id": "_next/static/development/_ssgManifest.js",
            "key": "_next/static/development/_ssgManifest.js",
            "kms_key_id": null,
            "metadata": {},
            "object_lock_legal_hold_status": "",
            "object_lock_mode": "",
            "object_lock_retain_until_date": "",
            "server_side_encryption": "",
            "source": "../out/_next/static/development/_ssgManifest.js",
            "storage_class": "STANDARD",
            "tags": {},
            "version_id": "",
            "website_redirect": ""
          },
          "sensitive_attributes": [],
          "private": "bnVsbA==",
          "dependencies": [
            "aws_s3_bucket.www_bucket"
          ]
        },
        {
          "index_key": "_next/static/fo1W4fBO2xOgDgRDZ-0DC/_buildManifest.js",
          "schema_version": 0,
          "attributes": {
            "acl": "public-read",
            "bucket": "www.moggies.io",
            "cache_control": "",
            "content": null,
            "content_base64": null,
            "content_disposition": "",
            "content_encoding": "",
            "content_language": "",
            "content_type": "application/javascript",
            "etag": "ec80478c8393709a681a48b1ec6c28b2",
            "force_destroy": false,
            "id": "_next/static/fo1W4fBO2xOgDgRDZ-0DC/_buildManifest.js",
            "key": "_next/static/fo1W4fBO2xOgDgRDZ-0DC/_buildManifest.js",
            "kms_key_id": null,
            "metadata": {},
            "object_lock_legal_hold_status": "",
            "object_lock_mode": "",
            "object_lock_retain_until_date": "",
            "server_side_encryption": "",
            "source": "../out/_next/static/fo1W4fBO2xOgDgRDZ-0DC/_buildManifest.js",
            "storage_class": "STANDARD",
            "tags": {},
            "version_id": "",
            "website_redirect": ""
          },
          "sensitive_attributes": [],
          "private": "bnVsbA==",
          "dependencies": [
            "aws_s3_bucket.www_bucket"
          ]
        },
        {
          "index_key": "_next/static/fo1W4fBO2xOgDgRDZ-0DC/_ssgManifest.js",
          "schema_version": 0,
          "attributes": {
            "acl": "public-read",
            "bucket": "www.moggies.io",
            "cache_control": "",
            "content": null,
            "content_base64": null,
            "content_disposition": "",
            "content_encoding": "",
            "content_language": "",
            "content_type": "application/javascript",
            "etag": "5b505e53d2d6094644f1c43ad7196128",
            "force_destroy": false,
            "id": "_next/static/fo1W4fBO2xOgDgRDZ-0DC/_ssgManifest.js",
            "key": "_next/static/fo1W4fBO2xOgDgRDZ-0DC/_ssgManifest.js",
            "kms_key_id": null,
            "metadata": {},
            "object_lock_legal_hold_status": "",
            "object_lock_mode": "",
            "object_lock_retain_until_date": "",
            "server_side_encryption": "",
            "source": "../out/_next/static/fo1W4fBO2xOgDgRDZ-0DC/_ssgManifest.js",
            "storage_class": "STANDARD",
            "tags": {},
            "version_id": "",
            "website_redirect": ""
          },
          "sensitive_attributes": [],
          "private": "bnVsbA==",
          "dependencies": [
            "aws_s3_bucket.www_bucket"
          ]
        },
        {
          "index_key": "_next/static/r_uLt2L2blvIbHfeLkqNJ/_buildManifest.js",
          "schema_version": 0,
          "attributes": {
            "acl": "public-read",
            "bucket": "www.moggies.io",
            "cache_control": "",
            "content": null,
            "content_base64": null,
            "content_disposition": "",
            "content_encoding": "",
            "content_language": "",
            "content_type": "application/javascript",
            "etag": "ec80478c8393709a681a48b1ec6c28b2",
            "force_destroy": false,
            "id": "_next/static/r_uLt2L2blvIbHfeLkqNJ/_buildManifest.js",
            "key": "_next/static/r_uLt2L2blvIbHfeLkqNJ/_buildManifest.js",
            "kms_key_id": null,
            "metadata": {},
            "object_lock_legal_hold_status": "",
            "object_lock_mode": "",
            "object_lock_retain_until_date": "",
            "server_side_encryption": "",
            "source": "../out/_next/static/r_uLt2L2blvIbHfeLkqNJ/_buildManifest.js",
            "storage_class": "STANDARD",
            "tags": {},
            "version_id": "",
            "website_redirect": ""
          },
          "sensitive_attributes": [],
          "private": "bnVsbA==",
          "dependencies": [
            "aws_s3_bucket.www_bucket"
          ]
        },
        {
          "index_key": "_next/static/r_uLt2L2blvIbHfeLkqNJ/_ssgManifest.js",
          "schema_version": 0,
          "attributes": {
            "acl": "public-read",
            "bucket": "www.moggies.io",
            "cache_control": "",
            "content": null,
            "content_base64": null,
            "content_disposition": "",
            "content_encoding": "",
            "content_language": "",
            "content_type": "application/javascript",
            "etag": "5b505e53d2d6094644f1c43ad7196128",
            "force_destroy": false,
            "id": "_next/static/r_uLt2L2blvIbHfeLkqNJ/_ssgManifest.js",
            "key": "_next/static/r_uLt2L2blvIbHfeLkqNJ/_ssgManifest.js",
            "kms_key_id": null,
            "metadata": {},
            "object_lock_legal_hold_status": "",
            "object_lock_mode": "",
            "object_lock_retain_until_date": "",
            "server_side_encryption": "",
            "source": "../out/_next/static/r_uLt2L2blvIbHfeLkqNJ/_ssgManifest.js",
            "storage_class": "STANDARD",
            "tags": {},
            "version_id": "",
            "website_redirect": ""
          },
          "sensitive_attributes": [],
          "private": "bnVsbA==",
          "dependencies": [
            "aws_s3_bucket.www_bucket"
          ]
        },
        {
          "index_key": "_next/static/webpack/0a2864d183a9f8650b81.hot-update.json",
          "schema_version": 0,
          "attributes": {
            "acl": "public-read",
            "bucket": "www.moggies.io",
            "cache_control": "",
            "content": null,
            "content_base64": null,
            "content_disposition": "",
            "content_encoding": "",
            "content_language": "",
            "content_type": "text/html",
            "etag": "64e5bb1360681c328b20fa6c4c92bcda",
            "force_destroy": false,
            "id": "_next/static/webpack/0a2864d183a9f8650b81.hot-update.json",
            "key": "_next/static/webpack/0a2864d183a9f8650b81.hot-update.json",
            "kms_key_id": null,
            "metadata": {},
            "object_lock_legal_hold_status": "",
            "object_lock_mode": "",
            "object_lock_retain_until_date": "",
            "server_side_encryption": "",
            "source": "../out/_next/static/webpack/0a2864d183a9f8650b81.hot-update.json",
            "storage_class": "STANDARD",
            "tags": {},
            "version_id": "",
            "website_redirect": ""
          },
          "sensitive_attributes": [],
          "private": "bnVsbA==",
          "dependencies": [
            "aws_s3_bucket.www_bucket"
          ]
        },
        {
          "index_key": "_next/static/webpack/0d34b2bcbacac08d4116.hot-update.json",
          "schema_version": 0,
          "attributes": {
            "acl": "public-read",
            "bucket": "www.moggies.io",
            "cache_control": "",
            "content": null,
            "content_base64": null,
            "content_disposition": "",
            "content_encoding": "",
            "content_language": "",
            "content_type": "text/html",
            "etag": "3b9e1046eab41171b7052e2dfd555419",
            "force_destroy": false,
            "id": "_next/static/webpack/0d34b2bcbacac08d4116.hot-update.json",
            "key": "_next/static/webpack/0d34b2bcbacac08d4116.hot-update.json",
            "kms_key_id": null,
            "metadata": {},
            "object_lock_legal_hold_status": "",
            "object_lock_mode": "",
            "object_lock_retain_until_date": "",
            "server_side_encryption": "",
            "source": "../out/_next/static/webpack/0d34b2bcbacac08d4116.hot-update.json",
            "storage_class": "STANDARD",
            "tags": {},
            "version_id": "",
            "website_redirect": ""
          },
          "sensitive_attributes": [],
          "private": "bnVsbA==",
          "dependencies": [
            "aws_s3_bucket.www_bucket"
          ]
        },
        {
          "index_key": "_next/static/webpack/13735f8134229bd26e4f.hot-update.json",
          "schema_version": 0,
          "attributes": {
            "acl": "public-read",
            "bucket": "www.moggies.io",
            "cache_control": "",
            "content": null,
            "content_base64": null,
            "content_disposition": "",
            "content_encoding": "",
            "content_language": "",
            "content_type": "text/html",
            "etag": "f766a443522d43d15dfcf1f6f58c6ec6",
            "force_destroy": false,
            "id": "_next/static/webpack/13735f8134229bd26e4f.hot-update.json",
            "key": "_next/static/webpack/13735f8134229bd26e4f.hot-update.json",
            "kms_key_id": null,
            "metadata": {},
            "object_lock_legal_hold_status": "",
            "object_lock_mode": "",
            "object_lock_retain_until_date": "",
            "server_side_encryption": "",
            "source": "../out/_next/static/webpack/13735f8134229bd26e4f.hot-update.json",
            "storage_class": "STANDARD",
            "tags": {},
            "version_id": "",
            "website_redirect": ""
          },
          "sensitive_attributes": [],
          "private": "bnVsbA==",
          "dependencies": [
            "aws_s3_bucket.www_bucket"
          ]
        },
        {
          "index_key": "_next/static/webpack/1575829731dbe7728d48.hot-update.json",
          "schema_version": 0,
          "attributes": {
            "acl": "public-read",
            "bucket": "www.moggies.io",
            "cache_control": "",
            "content": null,
            "content_base64": null,
            "content_disposition": "",
            "content_encoding": "",
            "content_language": "",
            "content_type": "text/html",
            "etag": "81aa0879adbd42c07e7956d433ea4504",
            "force_destroy": false,
            "id": "_next/static/webpack/1575829731dbe7728d48.hot-update.json",
            "key": "_next/static/webpack/1575829731dbe7728d48.hot-update.json",
            "kms_key_id": null,
            "metadata": {},
            "object_lock_legal_hold_status": "",
            "object_lock_mode": "",
            "object_lock_retain_until_date": "",
            "server_side_encryption": "",
            "source": "../out/_next/static/webpack/1575829731dbe7728d48.hot-update.json",
            "storage_class": "STANDARD",
            "tags": {},
            "version_id": "",
            "website_redirect": ""
          },
          "sensitive_attributes": [],
          "private": "bnVsbA==",
          "dependencies": [
            "aws_s3_bucket.www_bucket"
          ]
        },
        {
          "index_key": "_next/static/webpack/15e0c5366e8a0b713bba.hot-update.json",
          "schema_version": 0,
          "attributes": {
            "acl": "public-read",
            "bucket": "www.moggies.io",
            "cache_control": "",
            "content": null,
            "content_base64": null,
            "content_disposition": "",
            "content_encoding": "",
            "content_language": "",
            "content_type": "text/html",
            "etag": "cb868143c6b3ce97049ecef61b191a28",
            "force_destroy": false,
            "id": "_next/static/webpack/15e0c5366e8a0b713bba.hot-update.json",
            "key": "_next/static/webpack/15e0c5366e8a0b713bba.hot-update.json",
            "kms_key_id": null,
            "metadata": {},
            "object_lock_legal_hold_status": "",
            "object_lock_mode": "",
            "object_lock_retain_until_date": "",
            "server_side_encryption": "",
            "source": "../out/_next/static/webpack/15e0c5366e8a0b713bba.hot-update.json",
            "storage_class": "STANDARD",
            "tags": {},
            "version_id": "",
            "website_redirect": ""
          },
          "sensitive_attributes": [],
          "private": "bnVsbA==",
          "dependencies": [
            "aws_s3_bucket.www_bucket"
          ]
        },
        {
          "index_key": "_next/static/webpack/17a151e5012c9543b7df.hot-update.json",
          "schema_version": 0,
          "attributes": {
            "acl": "public-read",
            "bucket": "www.moggies.io",
            "cache_control": "",
            "content": null,
            "content_base64": null,
            "content_disposition": "",
            "content_encoding": "",
            "content_language": "",
            "content_type": "text/html",
            "etag": "94d555f6ffcb9244e7402b8b2b4aab89",
            "force_destroy": false,
            "id": "_next/static/webpack/17a151e5012c9543b7df.hot-update.json",
            "key": "_next/static/webpack/17a151e5012c9543b7df.hot-update.json",
            "kms_key_id": null,
            "metadata": {},
            "object_lock_legal_hold_status": "",
            "object_lock_mode": "",
            "object_lock_retain_until_date": "",
            "server_side_encryption": "",
            "source": "../out/_next/static/webpack/17a151e5012c9543b7df.hot-update.json",
            "storage_class": "STANDARD",
            "tags": {},
            "version_id": "",
            "website_redirect": ""
          },
          "sensitive_attributes": [],
          "private": "bnVsbA==",
          "dependencies": [
            "aws_s3_bucket.www_bucket"
          ]
        },
        {
          "index_key": "_next/static/webpack/1a6646801d90819311aa.hot-update.json",
          "schema_version": 0,
          "attributes": {
            "acl": "public-read",
            "bucket": "www.moggies.io",
            "cache_control": "",
            "content": null,
            "content_base64": null,
            "content_disposition": "",
            "content_encoding": "",
            "content_language": "",
            "content_type": "text/html",
            "etag": "4f0ffb3e01ee911a8c93fb68780110b7",
            "force_destroy": false,
            "id": "_next/static/webpack/1a6646801d90819311aa.hot-update.json",
            "key": "_next/static/webpack/1a6646801d90819311aa.hot-update.json",
            "kms_key_id": null,
            "metadata": {},
            "object_lock_legal_hold_status": "",
            "object_lock_mode": "",
            "object_lock_retain_until_date": "",
            "server_side_encryption": "",
            "source": "../out/_next/static/webpack/1a6646801d90819311aa.hot-update.json",
            "storage_class": "STANDARD",
            "tags": {},
            "version_id": "",
            "website_redirect": ""
          },
          "sensitive_attributes": [],
          "private": "bnVsbA==",
          "dependencies": [
            "aws_s3_bucket.www_bucket"
          ]
        },
        {
          "index_key": "_next/static/webpack/21a756f0be5fd8f80b0d.hot-update.json",
          "schema_version": 0,
          "attributes": {
            "acl": "public-read",
            "bucket": "www.moggies.io",
            "cache_control": "",
            "content": null,
            "content_base64": null,
            "content_disposition": "",
            "content_encoding": "",
            "content_language": "",
            "content_type": "text/html",
            "etag": "309432b2d5ad219e532d95907089245b",
            "force_destroy": false,
            "id": "_next/static/webpack/21a756f0be5fd8f80b0d.hot-update.json",
            "key": "_next/static/webpack/21a756f0be5fd8f80b0d.hot-update.json",
            "kms_key_id": null,
            "metadata": {},
            "object_lock_legal_hold_status": "",
            "object_lock_mode": "",
            "object_lock_retain_until_date": "",
            "server_side_encryption": "",
            "source": "../out/_next/static/webpack/21a756f0be5fd8f80b0d.hot-update.json",
            "storage_class": "STANDARD",
            "tags": {},
            "version_id": "",
            "website_redirect": ""
          },
          "sensitive_attributes": [],
          "private": "bnVsbA==",
          "dependencies": [
            "aws_s3_bucket.www_bucket"
          ]
        },
        {
          "index_key": "_next/static/webpack/23e683fb4e0f141cc3c3.hot-update.json",
          "schema_version": 0,
          "attributes": {
            "acl": "public-read",
            "bucket": "www.moggies.io",
            "cache_control": "",
            "content": null,
            "content_base64": null,
            "content_disposition": "",
            "content_encoding": "",
            "content_language": "",
            "content_type": "text/html",
            "etag": "9daef68f74267dc1ae9df6a545c320cb",
            "force_destroy": false,
            "id": "_next/static/webpack/23e683fb4e0f141cc3c3.hot-update.json",
            "key": "_next/static/webpack/23e683fb4e0f141cc3c3.hot-update.json",
            "kms_key_id": null,
            "metadata": {},
            "object_lock_legal_hold_status": "",
            "object_lock_mode": "",
            "object_lock_retain_until_date": "",
            "server_side_encryption": "",
            "source": "../out/_next/static/webpack/23e683fb4e0f141cc3c3.hot-update.json",
            "storage_class": "STANDARD",
            "tags": {},
            "version_id": "",
            "website_redirect": ""
          },
          "sensitive_attributes": [],
          "private": "bnVsbA==",
          "dependencies": [
            "aws_s3_bucket.www_bucket"
          ]
        },
        {
          "index_key": "_next/static/webpack/24e0abc284f81b5128b4.hot-update.json",
          "schema_version": 0,
          "attributes": {
            "acl": "public-read",
            "bucket": "www.moggies.io",
            "cache_control": "",
            "content": null,
            "content_base64": null,
            "content_disposition": "",
            "content_encoding": "",
            "content_language": "",
            "content_type": "text/html",
            "etag": "dba1b0898394d9ff109d4d8f77543a42",
            "force_destroy": false,
            "id": "_next/static/webpack/24e0abc284f81b5128b4.hot-update.json",
            "key": "_next/static/webpack/24e0abc284f81b5128b4.hot-update.json",
            "kms_key_id": null,
            "metadata": {},
            "object_lock_legal_hold_status": "",
            "object_lock_mode": "",
            "object_lock_retain_until_date": "",
            "server_side_encryption": "",
            "source": "../out/_next/static/webpack/24e0abc284f81b5128b4.hot-update.json",
            "storage_class": "STANDARD",
            "tags": {},
            "version_id": "",
            "website_redirect": ""
          },
          "sensitive_attributes": [],
          "private": "bnVsbA==",
          "dependencies": [
            "aws_s3_bucket.www_bucket"
          ]
        },
        {
          "index_key": "_next/static/webpack/26fe9014e3e1476565ab.hot-update.json",
          "schema_version": 0,
          "attributes": {
            "acl": "public-read",
            "bucket": "www.moggies.io",
            "cache_control": "",
            "content": null,
            "content_base64": null,
            "content_disposition": "",
            "content_encoding": "",
            "content_language": "",
            "content_type": "text/html",
            "etag": "a19c1e2e97319e3cb1a86b9c7ce871ae",
            "force_destroy": false,
            "id": "_next/static/webpack/26fe9014e3e1476565ab.hot-update.json",
            "key": "_next/static/webpack/26fe9014e3e1476565ab.hot-update.json",
            "kms_key_id": null,
            "metadata": {},
            "object_lock_legal_hold_status": "",
            "object_lock_mode": "",
            "object_lock_retain_until_date": "",
            "server_side_encryption": "",
            "source": "../out/_next/static/webpack/26fe9014e3e1476565ab.hot-update.json",
            "storage_class": "STANDARD",
            "tags": {},
            "version_id": "",
            "website_redirect": ""
          },
          "sensitive_attributes": [],
          "private": "bnVsbA==",
          "dependencies": [
            "aws_s3_bucket.www_bucket"
          ]
        },
        {
          "index_key": "_next/static/webpack/2a7b4b392f55cc9bed31.hot-update.json",
          "schema_version": 0,
          "attributes": {
            "acl": "public-read",
            "bucket": "www.moggies.io",
            "cache_control": "",
            "content": null,
            "content_base64": null,
            "content_disposition": "",
            "content_encoding": "",
            "content_language": "",
            "content_type": "text/html",
            "etag": "47896239ab880816dea3bf846488b4e1",
            "force_destroy": false,
            "id": "_next/static/webpack/2a7b4b392f55cc9bed31.hot-update.json",
            "key": "_next/static/webpack/2a7b4b392f55cc9bed31.hot-update.json",
            "kms_key_id": null,
            "metadata": {},
            "object_lock_legal_hold_status": "",
            "object_lock_mode": "",
            "object_lock_retain_until_date": "",
            "server_side_encryption": "",
            "source": "../out/_next/static/webpack/2a7b4b392f55cc9bed31.hot-update.json",
            "storage_class": "STANDARD",
            "tags": {},
            "version_id": "",
            "website_redirect": ""
          },
          "sensitive_attributes": [],
          "private": "bnVsbA==",
          "dependencies": [
            "aws_s3_bucket.www_bucket"
          ]
        },
        {
          "index_key": "_next/static/webpack/2b9bac1f11b165daeee9.hot-update.json",
          "schema_version": 0,
          "attributes": {
            "acl": "public-read",
            "bucket": "www.moggies.io",
            "cache_control": "",
            "content": null,
            "content_base64": null,
            "content_disposition": "",
            "content_encoding": "",
            "content_language": "",
            "content_type": "text/html",
            "etag": "6de78f55bddab21d3c1d39754e30cb05",
            "force_destroy": false,
            "id": "_next/static/webpack/2b9bac1f11b165daeee9.hot-update.json",
            "key": "_next/static/webpack/2b9bac1f11b165daeee9.hot-update.json",
            "kms_key_id": null,
            "metadata": {},
            "object_lock_legal_hold_status": "",
            "object_lock_mode": "",
            "object_lock_retain_until_date": "",
            "server_side_encryption": "",
            "source": "../out/_next/static/webpack/2b9bac1f11b165daeee9.hot-update.json",
            "storage_class": "STANDARD",
            "tags": {},
            "version_id": "",
            "website_redirect": ""
          },
          "sensitive_attributes": [],
          "private": "bnVsbA==",
          "dependencies": [
            "aws_s3_bucket.www_bucket"
          ]
        },
        {
          "index_key": "_next/static/webpack/2fe569fec163259cd9a5.hot-update.json",
          "schema_version": 0,
          "attributes": {
            "acl": "public-read",
            "bucket": "www.moggies.io",
            "cache_control": "",
            "content": null,
            "content_base64": null,
            "content_disposition": "",
            "content_encoding": "",
            "content_language": "",
            "content_type": "text/html",
            "etag": "6efa39c3542db2260e6849dc86540ce7",
            "force_destroy": false,
            "id": "_next/static/webpack/2fe569fec163259cd9a5.hot-update.json",
            "key": "_next/static/webpack/2fe569fec163259cd9a5.hot-update.json",
            "kms_key_id": null,
            "metadata": {},
            "object_lock_legal_hold_status": "",
            "object_lock_mode": "",
            "object_lock_retain_until_date": "",
            "server_side_encryption": "",
            "source": "../out/_next/static/webpack/2fe569fec163259cd9a5.hot-update.json",
            "storage_class": "STANDARD",
            "tags": {},
            "version_id": "",
            "website_redirect": ""
          },
          "sensitive_attributes": [],
          "private": "bnVsbA==",
          "dependencies": [
            "aws_s3_bucket.www_bucket"
          ]
        },
        {
          "index_key": "_next/static/webpack/36be6a460d9f813153d0.hot-update.json",
          "schema_version": 0,
          "attributes": {
            "acl": "public-read",
            "bucket": "www.moggies.io",
            "cache_control": "",
            "content": null,
            "content_base64": null,
            "content_disposition": "",
            "content_encoding": "",
            "content_language": "",
            "content_type": "text/html",
            "etag": "ee81d8048c029a4bc3f3bbb8628da10f",
            "force_destroy": false,
            "id": "_next/static/webpack/36be6a460d9f813153d0.hot-update.json",
            "key": "_next/static/webpack/36be6a460d9f813153d0.hot-update.json",
            "kms_key_id": null,
            "metadata": {},
            "object_lock_legal_hold_status": "",
            "object_lock_mode": "",
            "object_lock_retain_until_date": "",
            "server_side_encryption": "",
            "source": "../out/_next/static/webpack/36be6a460d9f813153d0.hot-update.json",
            "storage_class": "STANDARD",
            "tags": {},
            "version_id": "",
            "website_redirect": ""
          },
          "sensitive_attributes": [],
          "private": "bnVsbA==",
          "dependencies": [
            "aws_s3_bucket.www_bucket"
          ]
        },
        {
          "index_key": "_next/static/webpack/3baf723f0d0d34f2c83b.hot-update.json",
          "schema_version": 0,
          "attributes": {
            "acl": "public-read",
            "bucket": "www.moggies.io",
            "cache_control": "",
            "content": null,
            "content_base64": null,
            "content_disposition": "",
            "content_encoding": "",
            "content_language": "",
            "content_type": "text/html",
            "etag": "58eebd388cc98160f64ea9270aaf78a0",
            "force_destroy": false,
            "id": "_next/static/webpack/3baf723f0d0d34f2c83b.hot-update.json",
            "key": "_next/static/webpack/3baf723f0d0d34f2c83b.hot-update.json",
            "kms_key_id": null,
            "metadata": {},
            "object_lock_legal_hold_status": "",
            "object_lock_mode": "",
            "object_lock_retain_until_date": "",
            "server_side_encryption": "",
            "source": "../out/_next/static/webpack/3baf723f0d0d34f2c83b.hot-update.json",
            "storage_class": "STANDARD",
            "tags": {},
            "version_id": "",
            "website_redirect": ""
          },
          "sensitive_attributes": [],
          "private": "bnVsbA==",
          "dependencies": [
            "aws_s3_bucket.www_bucket"
          ]
        },
        {
          "index_key": "_next/static/webpack/400ceedd039d6416b683.hot-update.json",
          "schema_version": 0,
          "attributes": {
            "acl": "public-read",
            "bucket": "www.moggies.io",
            "cache_control": "",
            "content": null,
            "content_base64": null,
            "content_disposition": "",
            "content_encoding": "",
            "content_language": "",
            "content_type": "text/html",
            "etag": "32611eca254bfa1f0fe55318dce01e10",
            "force_destroy": false,
            "id": "_next/static/webpack/400ceedd039d6416b683.hot-update.json",
            "key": "_next/static/webpack/400ceedd039d6416b683.hot-update.json",
            "kms_key_id": null,
            "metadata": {},
            "object_lock_legal_hold_status": "",
            "object_lock_mode": "",
            "object_lock_retain_until_date": "",
            "server_side_encryption": "",
            "source": "../out/_next/static/webpack/400ceedd039d6416b683.hot-update.json",
            "storage_class": "STANDARD",
            "tags": {},
            "version_id": "",
            "website_redirect": ""
          },
          "sensitive_attributes": [],
          "private": "bnVsbA==",
          "dependencies": [
            "aws_s3_bucket.www_bucket"
          ]
        },
        {
          "index_key": "_next/static/webpack/4088644bec2b1abaa04e.hot-update.json",
          "schema_version": 0,
          "attributes": {
            "acl": "public-read",
            "bucket": "www.moggies.io",
            "cache_control": "",
            "content": null,
            "content_base64": null,
            "content_disposition": "",
            "content_encoding": "",
            "content_language": "",
            "content_type": "text/html",
            "etag": "16d94489df4fce90a36f0d57a235a9fb",
            "force_destroy": false,
            "id": "_next/static/webpack/4088644bec2b1abaa04e.hot-update.json",
            "key": "_next/static/webpack/4088644bec2b1abaa04e.hot-update.json",
            "kms_key_id": null,
            "metadata": {},
            "object_lock_legal_hold_status": "",
            "object_lock_mode": "",
            "object_lock_retain_until_date": "",
            "server_side_encryption": "",
            "source": "../out/_next/static/webpack/4088644bec2b1abaa04e.hot-update.json",
            "storage_class": "STANDARD",
            "tags": {},
            "version_id": "",
            "website_redirect": ""
          },
          "sensitive_attributes": [],
          "private": "bnVsbA==",
          "dependencies": [
            "aws_s3_bucket.www_bucket"
          ]
        },
        {
          "index_key": "_next/static/webpack/42ec466e022e2528b7f7.hot-update.json",
          "schema_version": 0,
          "attributes": {
            "acl": "public-read",
            "bucket": "www.moggies.io",
            "cache_control": "",
            "content": null,
            "content_base64": null,
            "content_disposition": "",
            "content_encoding": "",
            "content_language": "",
            "content_type": "text/html",
            "etag": "4c9b0050daa152ddf0c421d91c67afa4",
            "force_destroy": false,
            "id": "_next/static/webpack/42ec466e022e2528b7f7.hot-update.json",
            "key": "_next/static/webpack/42ec466e022e2528b7f7.hot-update.json",
            "kms_key_id": null,
            "metadata": {},
            "object_lock_legal_hold_status": "",
            "object_lock_mode": "",
            "object_lock_retain_until_date": "",
            "server_side_encryption": "",
            "source": "../out/_next/static/webpack/42ec466e022e2528b7f7.hot-update.json",
            "storage_class": "STANDARD",
            "tags": {},
            "version_id": "",
            "website_redirect": ""
          },
          "sensitive_attributes": [],
          "private": "bnVsbA==",
          "dependencies": [
            "aws_s3_bucket.www_bucket"
          ]
        },
        {
          "index_key": "_next/static/webpack/474f7868db9bc6c29b77.hot-update.json",
          "schema_version": 0,
          "attributes": {
            "acl": "public-read",
            "bucket": "www.moggies.io",
            "cache_control": "",
            "content": null,
            "content_base64": null,
            "content_disposition": "",
            "content_encoding": "",
            "content_language": "",
            "content_type": "text/html",
            "etag": "5e254b54efde591f915344ee561b9cea",
            "force_destroy": false,
            "id": "_next/static/webpack/474f7868db9bc6c29b77.hot-update.json",
            "key": "_next/static/webpack/474f7868db9bc6c29b77.hot-update.json",
            "kms_key_id": null,
            "metadata": {},
            "object_lock_legal_hold_status": "",
            "object_lock_mode": "",
            "object_lock_retain_until_date": "",
            "server_side_encryption": "",
            "source": "../out/_next/static/webpack/474f7868db9bc6c29b77.hot-update.json",
            "storage_class": "STANDARD",
            "tags": {},
            "version_id": "",
            "website_redirect": ""
          },
          "sensitive_attributes": [],
          "private": "bnVsbA==",
          "dependencies": [
            "aws_s3_bucket.www_bucket"
          ]
        },
        {
          "index_key": "_next/static/webpack/48205cb57978cf2d9be4.hot-update.json",
          "schema_version": 0,
          "attributes": {
            "acl": "public-read",
            "bucket": "www.moggies.io",
            "cache_control": "",
            "content": null,
            "content_base64": null,
            "content_disposition": "",
            "content_encoding": "",
            "content_language": "",
            "content_type": "text/html",
            "etag": "a38da1b5db238eb3eaba933bb0cffdb6",
            "force_destroy": false,
            "id": "_next/static/webpack/48205cb57978cf2d9be4.hot-update.json",
            "key": "_next/static/webpack/48205cb57978cf2d9be4.hot-update.json",
            "kms_key_id": null,
            "metadata": {},
            "object_lock_legal_hold_status": "",
            "object_lock_mode": "",
            "object_lock_retain_until_date": "",
            "server_side_encryption": "",
            "source": "../out/_next/static/webpack/48205cb57978cf2d9be4.hot-update.json",
            "storage_class": "STANDARD",
            "tags": {},
            "version_id": "",
            "website_redirect": ""
          },
          "sensitive_attributes": [],
          "private": "bnVsbA==",
          "dependencies": [
            "aws_s3_bucket.www_bucket"
          ]
        },
        {
          "index_key": "_next/static/webpack/4fb786215275e34a1916.hot-update.json",
          "schema_version": 0,
          "attributes": {
            "acl": "public-read",
            "bucket": "www.moggies.io",
            "cache_control": "",
            "content": null,
            "content_base64": null,
            "content_disposition": "",
            "content_encoding": "",
            "content_language": "",
            "content_type": "text/html",
            "etag": "cc55bac3e2f303a6816f046412b134c2",
            "force_destroy": false,
            "id": "_next/static/webpack/4fb786215275e34a1916.hot-update.json",
            "key": "_next/static/webpack/4fb786215275e34a1916.hot-update.json",
            "kms_key_id": null,
            "metadata": {},
            "object_lock_legal_hold_status": "",
            "object_lock_mode": "",
            "object_lock_retain_until_date": "",
            "server_side_encryption": "",
            "source": "../out/_next/static/webpack/4fb786215275e34a1916.hot-update.json",
            "storage_class": "STANDARD",
            "tags": {},
            "version_id": "",
            "website_redirect": ""
          },
          "sensitive_attributes": [],
          "private": "bnVsbA==",
          "dependencies": [
            "aws_s3_bucket.www_bucket"
          ]
        },
        {
          "index_key": "_next/static/webpack/53fd3a4692f1236f7df3.hot-update.json",
          "schema_version": 0,
          "attributes": {
            "acl": "public-read",
            "bucket": "www.moggies.io",
            "cache_control": "",
            "content": null,
            "content_base64": null,
            "content_disposition": "",
            "content_encoding": "",
            "content_language": "",
            "content_type": "text/html",
            "etag": "b218d382d95ab186f16e18722beae41d",
            "force_destroy": false,
            "id": "_next/static/webpack/53fd3a4692f1236f7df3.hot-update.json",
            "key": "_next/static/webpack/53fd3a4692f1236f7df3.hot-update.json",
            "kms_key_id": null,
            "metadata": {},
            "object_lock_legal_hold_status": "",
            "object_lock_mode": "",
            "object_lock_retain_until_date": "",
            "server_side_encryption": "",
            "source": "../out/_next/static/webpack/53fd3a4692f1236f7df3.hot-update.json",
            "storage_class": "STANDARD",
            "tags": {},
            "version_id": "",
            "website_redirect": ""
          },
          "sensitive_attributes": [],
          "private": "bnVsbA==",
          "dependencies": [
            "aws_s3_bucket.www_bucket"
          ]
        },
        {
          "index_key": "_next/static/webpack/554f86fcde9385d7247e.hot-update.json",
          "schema_version": 0,
          "attributes": {
            "acl": "public-read",
            "bucket": "www.moggies.io",
            "cache_control": "",
            "content": null,
            "content_base64": null,
            "content_disposition": "",
            "content_encoding": "",
            "content_language": "",
            "content_type": "text/html",
            "etag": "7b713068510be00db6127137e0687abe",
            "force_destroy": false,
            "id": "_next/static/webpack/554f86fcde9385d7247e.hot-update.json",
            "key": "_next/static/webpack/554f86fcde9385d7247e.hot-update.json",
            "kms_key_id": null,
            "metadata": {},
            "object_lock_legal_hold_status": "",
            "object_lock_mode": "",
            "object_lock_retain_until_date": "",
            "server_side_encryption": "",
            "source": "../out/_next/static/webpack/554f86fcde9385d7247e.hot-update.json",
            "storage_class": "STANDARD",
            "tags": {},
            "version_id": "",
            "website_redirect": ""
          },
          "sensitive_attributes": [],
          "private": "bnVsbA==",
          "dependencies": [
            "aws_s3_bucket.www_bucket"
          ]
        },
        {
          "index_key": "_next/static/webpack/558b740f65a800a0f7c0.hot-update.json",
          "schema_version": 0,
          "attributes": {
            "acl": "public-read",
            "bucket": "www.moggies.io",
            "cache_control": "",
            "content": null,
            "content_base64": null,
            "content_disposition": "",
            "content_encoding": "",
            "content_language": "",
            "content_type": "text/html",
            "etag": "aa7d95b060d9c21a850194a396b95bed",
            "force_destroy": false,
            "id": "_next/static/webpack/558b740f65a800a0f7c0.hot-update.json",
            "key": "_next/static/webpack/558b740f65a800a0f7c0.hot-update.json",
            "kms_key_id": null,
            "metadata": {},
            "object_lock_legal_hold_status": "",
            "object_lock_mode": "",
            "object_lock_retain_until_date": "",
            "server_side_encryption": "",
            "source": "../out/_next/static/webpack/558b740f65a800a0f7c0.hot-update.json",
            "storage_class": "STANDARD",
            "tags": {},
            "version_id": "",
            "website_redirect": ""
          },
          "sensitive_attributes": [],
          "private": "bnVsbA==",
          "dependencies": [
            "aws_s3_bucket.www_bucket"
          ]
        },
        {
          "index_key": "_next/static/webpack/562ead12b05d984c616d.hot-update.json",
          "schema_version": 0,
          "attributes": {
            "acl": "public-read",
            "bucket": "www.moggies.io",
            "cache_control": "",
            "content": null,
            "content_base64": null,
            "content_disposition": "",
            "content_encoding": "",
            "content_language": "",
            "content_type": "text/html",
            "etag": "2ee202d11ab257214ea43d6990e0b263",
            "force_destroy": false,
            "id": "_next/static/webpack/562ead12b05d984c616d.hot-update.json",
            "key": "_next/static/webpack/562ead12b05d984c616d.hot-update.json",
            "kms_key_id": null,
            "metadata": {},
            "object_lock_legal_hold_status": "",
            "object_lock_mode": "",
            "object_lock_retain_until_date": "",
            "server_side_encryption": "",
            "source": "../out/_next/static/webpack/562ead12b05d984c616d.hot-update.json",
            "storage_class": "STANDARD",
            "tags": {},
            "version_id": "",
            "website_redirect": ""
          },
          "sensitive_attributes": [],
          "private": "bnVsbA==",
          "dependencies": [
            "aws_s3_bucket.www_bucket"
          ]
        },
        {
          "index_key": "_next/static/webpack/56cc372b2a2197cb261a.hot-update.json",
          "schema_version": 0,
          "attributes": {
            "acl": "public-read",
            "bucket": "www.moggies.io",
            "cache_control": "",
            "content": null,
            "content_base64": null,
            "content_disposition": "",
            "content_encoding": "",
            "content_language": "",
            "content_type": "text/html",
            "etag": "c70e71ea255ed14c5ff5b7c22cc981e9",
            "force_destroy": false,
            "id": "_next/static/webpack/56cc372b2a2197cb261a.hot-update.json",
            "key": "_next/static/webpack/56cc372b2a2197cb261a.hot-update.json",
            "kms_key_id": null,
            "metadata": {},
            "object_lock_legal_hold_status": "",
            "object_lock_mode": "",
            "object_lock_retain_until_date": "",
            "server_side_encryption": "",
            "source": "../out/_next/static/webpack/56cc372b2a2197cb261a.hot-update.json",
            "storage_class": "STANDARD",
            "tags": {},
            "version_id": "",
            "website_redirect": ""
          },
          "sensitive_attributes": [],
          "private": "bnVsbA==",
          "dependencies": [
            "aws_s3_bucket.www_bucket"
          ]
        },
        {
          "index_key": "_next/static/webpack/578eb42c7c310e7fad8c.hot-update.json",
          "schema_version": 0,
          "attributes": {
            "acl": "public-read",
            "bucket": "www.moggies.io",
            "cache_control": "",
            "content": null,
            "content_base64": null,
            "content_disposition": "",
            "content_encoding": "",
            "content_language": "",
            "content_type": "text/html",
            "etag": "7fb73fe3020e3be000446e4249e9bc41",
            "force_destroy": false,
            "id": "_next/static/webpack/578eb42c7c310e7fad8c.hot-update.json",
            "key": "_next/static/webpack/578eb42c7c310e7fad8c.hot-update.json",
            "kms_key_id": null,
            "metadata": {},
            "object_lock_legal_hold_status": "",
            "object_lock_mode": "",
            "object_lock_retain_until_date": "",
            "server_side_encryption": "",
            "source": "../out/_next/static/webpack/578eb42c7c310e7fad8c.hot-update.json",
            "storage_class": "STANDARD",
            "tags": {},
            "version_id": "",
            "website_redirect": ""
          },
          "sensitive_attributes": [],
          "private": "bnVsbA==",
          "dependencies": [
            "aws_s3_bucket.www_bucket"
          ]
        },
        {
          "index_key": "_next/static/webpack/5aa8a17081f6b4e3670c.hot-update.json",
          "schema_version": 0,
          "attributes": {
            "acl": "public-read",
            "bucket": "www.moggies.io",
            "cache_control": "",
            "content": null,
            "content_base64": null,
            "content_disposition": "",
            "content_encoding": "",
            "content_language": "",
            "content_type": "text/html",
            "etag": "8b90d42e5fc00fe814bda89d29886972",
            "force_destroy": false,
            "id": "_next/static/webpack/5aa8a17081f6b4e3670c.hot-update.json",
            "key": "_next/static/webpack/5aa8a17081f6b4e3670c.hot-update.json",
            "kms_key_id": null,
            "metadata": {},
            "object_lock_legal_hold_status": "",
            "object_lock_mode": "",
            "object_lock_retain_until_date": "",
            "server_side_encryption": "",
            "source": "../out/_next/static/webpack/5aa8a17081f6b4e3670c.hot-update.json",
            "storage_class": "STANDARD",
            "tags": {},
            "version_id": "",
            "website_redirect": ""
          },
          "sensitive_attributes": [],
          "private": "bnVsbA==",
          "dependencies": [
            "aws_s3_bucket.www_bucket"
          ]
        },
        {
          "index_key": "_next/static/webpack/5cf3706c1a5ea743bf1c.hot-update.json",
          "schema_version": 0,
          "attributes": {
            "acl": "public-read",
            "bucket": "www.moggies.io",
            "cache_control": "",
            "content": null,
            "content_base64": null,
            "content_disposition": "",
            "content_encoding": "",
            "content_language": "",
            "content_type": "text/html",
            "etag": "0608b2d9fbe5ff13ad7fcf6e9519ac7a",
            "force_destroy": false,
            "id": "_next/static/webpack/5cf3706c1a5ea743bf1c.hot-update.json",
            "key": "_next/static/webpack/5cf3706c1a5ea743bf1c.hot-update.json",
            "kms_key_id": null,
            "metadata": {},
            "object_lock_legal_hold_status": "",
            "object_lock_mode": "",
            "object_lock_retain_until_date": "",
            "server_side_encryption": "",
            "source": "../out/_next/static/webpack/5cf3706c1a5ea743bf1c.hot-update.json",
            "storage_class": "STANDARD",
            "tags": {},
            "version_id": "",
            "website_redirect": ""
          },
          "sensitive_attributes": [],
          "private": "bnVsbA==",
          "dependencies": [
            "aws_s3_bucket.www_bucket"
          ]
        },
        {
          "index_key": "_next/static/webpack/5d37ca45a6845a18d6c2.hot-update.json",
          "schema_version": 0,
          "attributes": {
            "acl": "public-read",
            "bucket": "www.moggies.io",
            "cache_control": "",
            "content": null,
            "content_base64": null,
            "content_disposition": "",
            "content_encoding": "",
            "content_language": "",
            "content_type": "text/html",
            "etag": "9dba7a2f91156cf1c6f53284683aea43",
            "force_destroy": false,
            "id": "_next/static/webpack/5d37ca45a6845a18d6c2.hot-update.json",
            "key": "_next/static/webpack/5d37ca45a6845a18d6c2.hot-update.json",
            "kms_key_id": null,
            "metadata": {},
            "object_lock_legal_hold_status": "",
            "object_lock_mode": "",
            "object_lock_retain_until_date": "",
            "server_side_encryption": "",
            "source": "../out/_next/static/webpack/5d37ca45a6845a18d6c2.hot-update.json",
            "storage_class": "STANDARD",
            "tags": {},
            "version_id": "",
            "website_redirect": ""
          },
          "sensitive_attributes": [],
          "private": "bnVsbA==",
          "dependencies": [
            "aws_s3_bucket.www_bucket"
          ]
        },
        {
          "index_key": "_next/static/webpack/5de92ab863943d8ca726.hot-update.json",
          "schema_version": 0,
          "attributes": {
            "acl": "public-read",
            "bucket": "www.moggies.io",
            "cache_control": "",
            "content": null,
            "content_base64": null,
            "content_disposition": "",
            "content_encoding": "",
            "content_language": "",
            "content_type": "text/html",
            "etag": "70d5cbaa690f91b38af2eb7859d25726",
            "force_destroy": false,
            "id": "_next/static/webpack/5de92ab863943d8ca726.hot-update.json",
            "key": "_next/static/webpack/5de92ab863943d8ca726.hot-update.json",
            "kms_key_id": null,
            "metadata": {},
            "object_lock_legal_hold_status": "",
            "object_lock_mode": "",
            "object_lock_retain_until_date": "",
            "server_side_encryption": "",
            "source": "../out/_next/static/webpack/5de92ab863943d8ca726.hot-update.json",
            "storage_class": "STANDARD",
            "tags": {},
            "version_id": "",
            "website_redirect": ""
          },
          "sensitive_attributes": [],
          "private": "bnVsbA==",
          "dependencies": [
            "aws_s3_bucket.www_bucket"
          ]
        },
        {
          "index_key": "_next/static/webpack/5ff0437ea9b636cee789.hot-update.json",
          "schema_version": 0,
          "attributes": {
            "acl": "public-read",
            "bucket": "www.moggies.io",
            "cache_control": "",
            "content": null,
            "content_base64": null,
            "content_disposition": "",
            "content_encoding": "",
            "content_language": "",
            "content_type": "text/html",
            "etag": "8d1de592fe68af76c96024f8d09dd64c",
            "force_destroy": false,
            "id": "_next/static/webpack/5ff0437ea9b636cee789.hot-update.json",
            "key": "_next/static/webpack/5ff0437ea9b636cee789.hot-update.json",
            "kms_key_id": null,
            "metadata": {},
            "object_lock_legal_hold_status": "",
            "object_lock_mode": "",
            "object_lock_retain_until_date": "",
            "server_side_encryption": "",
            "source": "../out/_next/static/webpack/5ff0437ea9b636cee789.hot-update.json",
            "storage_class": "STANDARD",
            "tags": {},
            "version_id": "",
            "website_redirect": ""
          },
          "sensitive_attributes": [],
          "private": "bnVsbA==",
          "dependencies": [
            "aws_s3_bucket.www_bucket"
          ]
        },
        {
          "index_key": "_next/static/webpack/61373e1cf97c339610c7.hot-update.json",
          "schema_version": 0,
          "attributes": {
            "acl": "public-read",
            "bucket": "www.moggies.io",
            "cache_control": "",
            "content": null,
            "content_base64": null,
            "content_disposition": "",
            "content_encoding": "",
            "content_language": "",
            "content_type": "text/html",
            "etag": "3eebb96a5aee0238eef2558439874dcf",
            "force_destroy": false,
            "id": "_next/static/webpack/61373e1cf97c339610c7.hot-update.json",
            "key": "_next/static/webpack/61373e1cf97c339610c7.hot-update.json",
            "kms_key_id": null,
            "metadata": {},
            "object_lock_legal_hold_status": "",
            "object_lock_mode": "",
            "object_lock_retain_until_date": "",
            "server_side_encryption": "",
            "source": "../out/_next/static/webpack/61373e1cf97c339610c7.hot-update.json",
            "storage_class": "STANDARD",
            "tags": {},
            "version_id": "",
            "website_redirect": ""
          },
          "sensitive_attributes": [],
          "private": "bnVsbA==",
          "dependencies": [
            "aws_s3_bucket.www_bucket"
          ]
        },
        {
          "index_key": "_next/static/webpack/61ed0887e157e8bf5bcb.hot-update.json",
          "schema_version": 0,
          "attributes": {
            "acl": "public-read",
            "bucket": "www.moggies.io",
            "cache_control": "",
            "content": null,
            "content_base64": null,
            "content_disposition": "",
            "content_encoding": "",
            "content_language": "",
            "content_type": "text/html",
            "etag": "4b0374c97ca2b3577a74e401aa9cef6f",
            "force_destroy": false,
            "id": "_next/static/webpack/61ed0887e157e8bf5bcb.hot-update.json",
            "key": "_next/static/webpack/61ed0887e157e8bf5bcb.hot-update.json",
            "kms_key_id": null,
            "metadata": {},
            "object_lock_legal_hold_status": "",
            "object_lock_mode": "",
            "object_lock_retain_until_date": "",
            "server_side_encryption": "",
            "source": "../out/_next/static/webpack/61ed0887e157e8bf5bcb.hot-update.json",
            "storage_class": "STANDARD",
            "tags": {},
            "version_id": "",
            "website_redirect": ""
          },
          "sensitive_attributes": [],
          "private": "bnVsbA==",
          "dependencies": [
            "aws_s3_bucket.www_bucket"
          ]
        },
        {
          "index_key": "_next/static/webpack/669726119c29c8d6c883.hot-update.json",
          "schema_version": 0,
          "attributes": {
            "acl": "public-read",
            "bucket": "www.moggies.io",
            "cache_control": "",
            "content": null,
            "content_base64": null,
            "content_disposition": "",
            "content_encoding": "",
            "content_language": "",
            "content_type": "text/html",
            "etag": "d512cda4237705be3ea6d01ae6a67b51",
            "force_destroy": false,
            "id": "_next/static/webpack/669726119c29c8d6c883.hot-update.json",
            "key": "_next/static/webpack/669726119c29c8d6c883.hot-update.json",
            "kms_key_id": null,
            "metadata": {},
            "object_lock_legal_hold_status": "",
            "object_lock_mode": "",
            "object_lock_retain_until_date": "",
            "server_side_encryption": "",
            "source": "../out/_next/static/webpack/669726119c29c8d6c883.hot-update.json",
            "storage_class": "STANDARD",
            "tags": {},
            "version_id": "",
            "website_redirect": ""
          },
          "sensitive_attributes": [],
          "private": "bnVsbA==",
          "dependencies": [
            "aws_s3_bucket.www_bucket"
          ]
        },
        {
          "index_key": "_next/static/webpack/66cb4e20df8f5fe35202.hot-update.json",
          "schema_version": 0,
          "attributes": {
            "acl": "public-read",
            "bucket": "www.moggies.io",
            "cache_control": "",
            "content": null,
            "content_base64": null,
            "content_disposition": "",
            "content_encoding": "",
            "content_language": "",
            "content_type": "text/html",
            "etag": "14d1398e88c3eba4b5907de00814e66b",
            "force_destroy": false,
            "id": "_next/static/webpack/66cb4e20df8f5fe35202.hot-update.json",
            "key": "_next/static/webpack/66cb4e20df8f5fe35202.hot-update.json",
            "kms_key_id": null,
            "metadata": {},
            "object_lock_legal_hold_status": "",
            "object_lock_mode": "",
            "object_lock_retain_until_date": "",
            "server_side_encryption": "",
            "source": "../out/_next/static/webpack/66cb4e20df8f5fe35202.hot-update.json",
            "storage_class": "STANDARD",
            "tags": {},
            "version_id": "",
            "website_redirect": ""
          },
          "sensitive_attributes": [],
          "private": "bnVsbA==",
          "dependencies": [
            "aws_s3_bucket.www_bucket"
          ]
        },
        {
          "index_key": "_next/static/webpack/69a3abd5070b1184461d.hot-update.json",
          "schema_version": 0,
          "attributes": {
            "acl": "public-read",
            "bucket": "www.moggies.io",
            "cache_control": "",
            "content": null,
            "content_base64": null,
            "content_disposition": "",
            "content_encoding": "",
            "content_language": "",
            "content_type": "text/html",
            "etag": "4797c1a273bc61acaee2acc231e8e4ee",
            "force_destroy": false,
            "id": "_next/static/webpack/69a3abd5070b1184461d.hot-update.json",
            "key": "_next/static/webpack/69a3abd5070b1184461d.hot-update.json",
            "kms_key_id": null,
            "metadata": {},
            "object_lock_legal_hold_status": "",
            "object_lock_mode": "",
            "object_lock_retain_until_date": "",
            "server_side_encryption": "",
            "source": "../out/_next/static/webpack/69a3abd5070b1184461d.hot-update.json",
            "storage_class": "STANDARD",
            "tags": {},
            "version_id": "",
            "website_redirect": ""
          },
          "sensitive_attributes": [],
          "private": "bnVsbA==",
          "dependencies": [
            "aws_s3_bucket.www_bucket"
          ]
        },
        {
          "index_key": "_next/static/webpack/6a4cc471a069ed4e5e3d.hot-update.json",
          "schema_version": 0,
          "attributes": {
            "acl": "public-read",
            "bucket": "www.moggies.io",
            "cache_control": "",
            "content": null,
            "content_base64": null,
            "content_disposition": "",
            "content_encoding": "",
            "content_language": "",
            "content_type": "text/html",
            "etag": "a044a4273c2f334a4d1be82d6ff65510",
            "force_destroy": false,
            "id": "_next/static/webpack/6a4cc471a069ed4e5e3d.hot-update.json",
            "key": "_next/static/webpack/6a4cc471a069ed4e5e3d.hot-update.json",
            "kms_key_id": null,
            "metadata": {},
            "object_lock_legal_hold_status": "",
            "object_lock_mode": "",
            "object_lock_retain_until_date": "",
            "server_side_encryption": "",
            "source": "../out/_next/static/webpack/6a4cc471a069ed4e5e3d.hot-update.json",
            "storage_class": "STANDARD",
            "tags": {},
            "version_id": "",
            "website_redirect": ""
          },
          "sensitive_attributes": [],
          "private": "bnVsbA==",
          "dependencies": [
            "aws_s3_bucket.www_bucket"
          ]
        },
        {
          "index_key": "_next/static/webpack/71d1fba2c0289f35364e.hot-update.json",
          "schema_version": 0,
          "attributes": {
            "acl": "public-read",
            "bucket": "www.moggies.io",
            "cache_control": "",
            "content": null,
            "content_base64": null,
            "content_disposition": "",
            "content_encoding": "",
            "content_language": "",
            "content_type": "text/html",
            "etag": "96e927339ffa19cbee12c4514d251142",
            "force_destroy": false,
            "id": "_next/static/webpack/71d1fba2c0289f35364e.hot-update.json",
            "key": "_next/static/webpack/71d1fba2c0289f35364e.hot-update.json",
            "kms_key_id": null,
            "metadata": {},
            "object_lock_legal_hold_status": "",
            "object_lock_mode": "",
            "object_lock_retain_until_date": "",
            "server_side_encryption": "",
            "source": "../out/_next/static/webpack/71d1fba2c0289f35364e.hot-update.json",
            "storage_class": "STANDARD",
            "tags": {},
            "version_id": "",
            "website_redirect": ""
          },
          "sensitive_attributes": [],
          "private": "bnVsbA==",
          "dependencies": [
            "aws_s3_bucket.www_bucket"
          ]
        },
        {
          "index_key": "_next/static/webpack/75a0f420c24349003ceb.hot-update.json",
          "schema_version": 0,
          "attributes": {
            "acl": "public-read",
            "bucket": "www.moggies.io",
            "cache_control": "",
            "content": null,
            "content_base64": null,
            "content_disposition": "",
            "content_encoding": "",
            "content_language": "",
            "content_type": "text/html",
            "etag": "0d7611e292aa66fe91b5ce926272191a",
            "force_destroy": false,
            "id": "_next/static/webpack/75a0f420c24349003ceb.hot-update.json",
            "key": "_next/static/webpack/75a0f420c24349003ceb.hot-update.json",
            "kms_key_id": null,
            "metadata": {},
            "object_lock_legal_hold_status": "",
            "object_lock_mode": "",
            "object_lock_retain_until_date": "",
            "server_side_encryption": "",
            "source": "../out/_next/static/webpack/75a0f420c24349003ceb.hot-update.json",
            "storage_class": "STANDARD",
            "tags": {},
            "version_id": "",
            "website_redirect": ""
          },
          "sensitive_attributes": [],
          "private": "bnVsbA==",
          "dependencies": [
            "aws_s3_bucket.www_bucket"
          ]
        },
        {
          "index_key": "_next/static/webpack/7878ba9ff3434810f87f.hot-update.json",
          "schema_version": 0,
          "attributes": {
            "acl": "public-read",
            "bucket": "www.moggies.io",
            "cache_control": "",
            "content": null,
            "content_base64": null,
            "content_disposition": "",
            "content_encoding": "",
            "content_language": "",
            "content_type": "text/html",
            "etag": "f25a2d5de95ab300812c57100060c374",
            "force_destroy": false,
            "id": "_next/static/webpack/7878ba9ff3434810f87f.hot-update.json",
            "key": "_next/static/webpack/7878ba9ff3434810f87f.hot-update.json",
            "kms_key_id": null,
            "metadata": {},
            "object_lock_legal_hold_status": "",
            "object_lock_mode": "",
            "object_lock_retain_until_date": "",
            "server_side_encryption": "",
            "source": "../out/_next/static/webpack/7878ba9ff3434810f87f.hot-update.json",
            "storage_class": "STANDARD",
            "tags": {},
            "version_id": "",
            "website_redirect": ""
          },
          "sensitive_attributes": [],
          "private": "bnVsbA==",
          "dependencies": [
            "aws_s3_bucket.www_bucket"
          ]
        },
        {
          "index_key": "_next/static/webpack/78ec30b67db114d437dd.hot-update.json",
          "schema_version": 0,
          "attributes": {
            "acl": "public-read",
            "bucket": "www.moggies.io",
            "cache_control": "",
            "content": null,
            "content_base64": null,
            "content_disposition": "",
            "content_encoding": "",
            "content_language": "",
            "content_type": "text/html",
            "etag": "111ef397d493f6130b85207a7e8e9e4a",
            "force_destroy": false,
            "id": "_next/static/webpack/78ec30b67db114d437dd.hot-update.json",
            "key": "_next/static/webpack/78ec30b67db114d437dd.hot-update.json",
            "kms_key_id": null,
            "metadata": {},
            "object_lock_legal_hold_status": "",
            "object_lock_mode": "",
            "object_lock_retain_until_date": "",
            "server_side_encryption": "",
            "source": "../out/_next/static/webpack/78ec30b67db114d437dd.hot-update.json",
            "storage_class": "STANDARD",
            "tags": {},
            "version_id": "",
            "website_redirect": ""
          },
          "sensitive_attributes": [],
          "private": "bnVsbA==",
          "dependencies": [
            "aws_s3_bucket.www_bucket"
          ]
        },
        {
          "index_key": "_next/static/webpack/7c5e5501ba03580a5d0c.hot-update.json",
          "schema_version": 0,
          "attributes": {
            "acl": "public-read",
            "bucket": "www.moggies.io",
            "cache_control": "",
            "content": null,
            "content_base64": null,
            "content_disposition": "",
            "content_encoding": "",
            "content_language": "",
            "content_type": "text/html",
            "etag": "0a3e5ac8c69ccf510c8d875b3e5ae180",
            "force_destroy": false,
            "id": "_next/static/webpack/7c5e5501ba03580a5d0c.hot-update.json",
            "key": "_next/static/webpack/7c5e5501ba03580a5d0c.hot-update.json",
            "kms_key_id": null,
            "metadata": {},
            "object_lock_legal_hold_status": "",
            "object_lock_mode": "",
            "object_lock_retain_until_date": "",
            "server_side_encryption": "",
            "source": "../out/_next/static/webpack/7c5e5501ba03580a5d0c.hot-update.json",
            "storage_class": "STANDARD",
            "tags": {},
            "version_id": "",
            "website_redirect": ""
          },
          "sensitive_attributes": [],
          "private": "bnVsbA==",
          "dependencies": [
            "aws_s3_bucket.www_bucket"
          ]
        },
        {
          "index_key": "_next/static/webpack/7ed564ace8728d036b9f.hot-update.json",
          "schema_version": 0,
          "attributes": {
            "acl": "public-read",
            "bucket": "www.moggies.io",
            "cache_control": "",
            "content": null,
            "content_base64": null,
            "content_disposition": "",
            "content_encoding": "",
            "content_language": "",
            "content_type": "text/html",
            "etag": "4fd28bbbe6bce1fac6bd213c39a39017",
            "force_destroy": false,
            "id": "_next/static/webpack/7ed564ace8728d036b9f.hot-update.json",
            "key": "_next/static/webpack/7ed564ace8728d036b9f.hot-update.json",
            "kms_key_id": null,
            "metadata": {},
            "object_lock_legal_hold_status": "",
            "object_lock_mode": "",
            "object_lock_retain_until_date": "",
            "server_side_encryption": "",
            "source": "../out/_next/static/webpack/7ed564ace8728d036b9f.hot-update.json",
            "storage_class": "STANDARD",
            "tags": {},
            "version_id": "",
            "website_redirect": ""
          },
          "sensitive_attributes": [],
          "private": "bnVsbA==",
          "dependencies": [
            "aws_s3_bucket.www_bucket"
          ]
        },
        {
          "index_key": "_next/static/webpack/7f247ab6a73eefbb4523.hot-update.json",
          "schema_version": 0,
          "attributes": {
            "acl": "public-read",
            "bucket": "www.moggies.io",
            "cache_control": "",
            "content": null,
            "content_base64": null,
            "content_disposition": "",
            "content_encoding": "",
            "content_language": "",
            "content_type": "text/html",
            "etag": "2598c4a97635d9e27c09fb7b1ae6a9c1",
            "force_destroy": false,
            "id": "_next/static/webpack/7f247ab6a73eefbb4523.hot-update.json",
            "key": "_next/static/webpack/7f247ab6a73eefbb4523.hot-update.json",
            "kms_key_id": null,
            "metadata": {},
            "object_lock_legal_hold_status": "",
            "object_lock_mode": "",
            "object_lock_retain_until_date": "",
            "server_side_encryption": "",
            "source": "../out/_next/static/webpack/7f247ab6a73eefbb4523.hot-update.json",
            "storage_class": "STANDARD",
            "tags": {},
            "version_id": "",
            "website_redirect": ""
          },
          "sensitive_attributes": [],
          "private": "bnVsbA==",
          "dependencies": [
            "aws_s3_bucket.www_bucket"
          ]
        },
        {
          "index_key": "_next/static/webpack/7f64e451dd82dec84011.hot-update.json",
          "schema_version": 0,
          "attributes": {
            "acl": "public-read",
            "bucket": "www.moggies.io",
            "cache_control": "",
            "content": null,
            "content_base64": null,
            "content_disposition": "",
            "content_encoding": "",
            "content_language": "",
            "content_type": "text/html",
            "etag": "a9dc4b87d35a210ac1edaa2608b3c8f6",
            "force_destroy": false,
            "id": "_next/static/webpack/7f64e451dd82dec84011.hot-update.json",
            "key": "_next/static/webpack/7f64e451dd82dec84011.hot-update.json",
            "kms_key_id": null,
            "metadata": {},
            "object_lock_legal_hold_status": "",
            "object_lock_mode": "",
            "object_lock_retain_until_date": "",
            "server_side_encryption": "",
            "source": "../out/_next/static/webpack/7f64e451dd82dec84011.hot-update.json",
            "storage_class": "STANDARD",
            "tags": {},
            "version_id": "",
            "website_redirect": ""
          },
          "sensitive_attributes": [],
          "private": "bnVsbA==",
          "dependencies": [
            "aws_s3_bucket.www_bucket"
          ]
        },
        {
          "index_key": "_next/static/webpack/80e84014cba197c6393e.hot-update.json",
          "schema_version": 0,
          "attributes": {
            "acl": "public-read",
            "bucket": "www.moggies.io",
            "cache_control": "",
            "content": null,
            "content_base64": null,
            "content_disposition": "",
            "content_encoding": "",
            "content_language": "",
            "content_type": "text/html",
            "etag": "aaead315100e9f99e30d410f1de524b9",
            "force_destroy": false,
            "id": "_next/static/webpack/80e84014cba197c6393e.hot-update.json",
            "key": "_next/static/webpack/80e84014cba197c6393e.hot-update.json",
            "kms_key_id": null,
            "metadata": {},
            "object_lock_legal_hold_status": "",
            "object_lock_mode": "",
            "object_lock_retain_until_date": "",
            "server_side_encryption": "",
            "source": "../out/_next/static/webpack/80e84014cba197c6393e.hot-update.json",
            "storage_class": "STANDARD",
            "tags": {},
            "version_id": "",
            "website_redirect": ""
          },
          "sensitive_attributes": [],
          "private": "bnVsbA==",
          "dependencies": [
            "aws_s3_bucket.www_bucket"
          ]
        },
        {
          "index_key": "_next/static/webpack/84e78ac57ba1f22c40f2.hot-update.json",
          "schema_version": 0,
          "attributes": {
            "acl": "public-read",
            "bucket": "www.moggies.io",
            "cache_control": "",
            "content": null,
            "content_base64": null,
            "content_disposition": "",
            "content_encoding": "",
            "content_language": "",
            "content_type": "text/html",
            "etag": "9dd9474edab100f6a00b550b033d99b1",
            "force_destroy": false,
            "id": "_next/static/webpack/84e78ac57ba1f22c40f2.hot-update.json",
            "key": "_next/static/webpack/84e78ac57ba1f22c40f2.hot-update.json",
            "kms_key_id": null,
            "metadata": {},
            "object_lock_legal_hold_status": "",
            "object_lock_mode": "",
            "object_lock_retain_until_date": "",
            "server_side_encryption": "",
            "source": "../out/_next/static/webpack/84e78ac57ba1f22c40f2.hot-update.json",
            "storage_class": "STANDARD",
            "tags": {},
            "version_id": "",
            "website_redirect": ""
          },
          "sensitive_attributes": [],
          "private": "bnVsbA==",
          "dependencies": [
            "aws_s3_bucket.www_bucket"
          ]
        },
        {
          "index_key": "_next/static/webpack/864272095a57071ec24e.hot-update.json",
          "schema_version": 0,
          "attributes": {
            "acl": "public-read",
            "bucket": "www.moggies.io",
            "cache_control": "",
            "content": null,
            "content_base64": null,
            "content_disposition": "",
            "content_encoding": "",
            "content_language": "",
            "content_type": "text/html",
            "etag": "398c575cb520af1a1cc9b173b1b95dad",
            "force_destroy": false,
            "id": "_next/static/webpack/864272095a57071ec24e.hot-update.json",
            "key": "_next/static/webpack/864272095a57071ec24e.hot-update.json",
            "kms_key_id": null,
            "metadata": {},
            "object_lock_legal_hold_status": "",
            "object_lock_mode": "",
            "object_lock_retain_until_date": "",
            "server_side_encryption": "",
            "source": "../out/_next/static/webpack/864272095a57071ec24e.hot-update.json",
            "storage_class": "STANDARD",
            "tags": {},
            "version_id": "",
            "website_redirect": ""
          },
          "sensitive_attributes": [],
          "private": "bnVsbA==",
          "dependencies": [
            "aws_s3_bucket.www_bucket"
          ]
        },
        {
          "index_key": "_next/static/webpack/8661eb40476ea86bd5f1.hot-update.json",
          "schema_version": 0,
          "attributes": {
            "acl": "public-read",
            "bucket": "www.moggies.io",
            "cache_control": "",
            "content": null,
            "content_base64": null,
            "content_disposition": "",
            "content_encoding": "",
            "content_language": "",
            "content_type": "text/html",
            "etag": "d723e406e8cfe587b8c1c3a007a4bc78",
            "force_destroy": false,
            "id": "_next/static/webpack/8661eb40476ea86bd5f1.hot-update.json",
            "key": "_next/static/webpack/8661eb40476ea86bd5f1.hot-update.json",
            "kms_key_id": null,
            "metadata": {},
            "object_lock_legal_hold_status": "",
            "object_lock_mode": "",
            "object_lock_retain_until_date": "",
            "server_side_encryption": "",
            "source": "../out/_next/static/webpack/8661eb40476ea86bd5f1.hot-update.json",
            "storage_class": "STANDARD",
            "tags": {},
            "version_id": "",
            "website_redirect": ""
          },
          "sensitive_attributes": [],
          "private": "bnVsbA==",
          "dependencies": [
            "aws_s3_bucket.www_bucket"
          ]
        },
        {
          "index_key": "_next/static/webpack/8899d75cb5db9149fbce.hot-update.json",
          "schema_version": 0,
          "attributes": {
            "acl": "public-read",
            "bucket": "www.moggies.io",
            "cache_control": "",
            "content": null,
            "content_base64": null,
            "content_disposition": "",
            "content_encoding": "",
            "content_language": "",
            "content_type": "text/html",
            "etag": "e949f2534f04a6620ab03db4e364d3a4",
            "force_destroy": false,
            "id": "_next/static/webpack/8899d75cb5db9149fbce.hot-update.json",
            "key": "_next/static/webpack/8899d75cb5db9149fbce.hot-update.json",
            "kms_key_id": null,
            "metadata": {},
            "object_lock_legal_hold_status": "",
            "object_lock_mode": "",
            "object_lock_retain_until_date": "",
            "server_side_encryption": "",
            "source": "../out/_next/static/webpack/8899d75cb5db9149fbce.hot-update.json",
            "storage_class": "STANDARD",
            "tags": {},
            "version_id": "",
            "website_redirect": ""
          },
          "sensitive_attributes": [],
          "private": "bnVsbA==",
          "dependencies": [
            "aws_s3_bucket.www_bucket"
          ]
        },
        {
          "index_key": "_next/static/webpack/88a18219f416e3547ef8.hot-update.json",
          "schema_version": 0,
          "attributes": {
            "acl": "public-read",
            "bucket": "www.moggies.io",
            "cache_control": "",
            "content": null,
            "content_base64": null,
            "content_disposition": "",
            "content_encoding": "",
            "content_language": "",
            "content_type": "text/html",
            "etag": "169a3c05e0e30d92f0998cb61d2eddec",
            "force_destroy": false,
            "id": "_next/static/webpack/88a18219f416e3547ef8.hot-update.json",
            "key": "_next/static/webpack/88a18219f416e3547ef8.hot-update.json",
            "kms_key_id": null,
            "metadata": {},
            "object_lock_legal_hold_status": "",
            "object_lock_mode": "",
            "object_lock_retain_until_date": "",
            "server_side_encryption": "",
            "source": "../out/_next/static/webpack/88a18219f416e3547ef8.hot-update.json",
            "storage_class": "STANDARD",
            "tags": {},
            "version_id": "",
            "website_redirect": ""
          },
          "sensitive_attributes": [],
          "private": "bnVsbA==",
          "dependencies": [
            "aws_s3_bucket.www_bucket"
          ]
        },
        {
          "index_key": "_next/static/webpack/8b51489351588627d857.hot-update.json",
          "schema_version": 0,
          "attributes": {
            "acl": "public-read",
            "bucket": "www.moggies.io",
            "cache_control": "",
            "content": null,
            "content_base64": null,
            "content_disposition": "",
            "content_encoding": "",
            "content_language": "",
            "content_type": "text/html",
            "etag": "d0ac7618068d78174efbeba2d4aace1e",
            "force_destroy": false,
            "id": "_next/static/webpack/8b51489351588627d857.hot-update.json",
            "key": "_next/static/webpack/8b51489351588627d857.hot-update.json",
            "kms_key_id": null,
            "metadata": {},
            "object_lock_legal_hold_status": "",
            "object_lock_mode": "",
            "object_lock_retain_until_date": "",
            "server_side_encryption": "",
            "source": "../out/_next/static/webpack/8b51489351588627d857.hot-update.json",
            "storage_class": "STANDARD",
            "tags": {},
            "version_id": "",
            "website_redirect": ""
          },
          "sensitive_attributes": [],
          "private": "bnVsbA==",
          "dependencies": [
            "aws_s3_bucket.www_bucket"
          ]
        },
        {
          "index_key": "_next/static/webpack/8cce8a74d0592e8b1e78.hot-update.json",
          "schema_version": 0,
          "attributes": {
            "acl": "public-read",
            "bucket": "www.moggies.io",
            "cache_control": "",
            "content": null,
            "content_base64": null,
            "content_disposition": "",
            "content_encoding": "",
            "content_language": "",
            "content_type": "text/html",
            "etag": "59f3b999da947942dcdd96a9f6dfafbe",
            "force_destroy": false,
            "id": "_next/static/webpack/8cce8a74d0592e8b1e78.hot-update.json",
            "key": "_next/static/webpack/8cce8a74d0592e8b1e78.hot-update.json",
            "kms_key_id": null,
            "metadata": {},
            "object_lock_legal_hold_status": "",
            "object_lock_mode": "",
            "object_lock_retain_until_date": "",
            "server_side_encryption": "",
            "source": "../out/_next/static/webpack/8cce8a74d0592e8b1e78.hot-update.json",
            "storage_class": "STANDARD",
            "tags": {},
            "version_id": "",
            "website_redirect": ""
          },
          "sensitive_attributes": [],
          "private": "bnVsbA==",
          "dependencies": [
            "aws_s3_bucket.www_bucket"
          ]
        },
        {
          "index_key": "_next/static/webpack/91efd4131c1e49c090cc.hot-update.json",
          "schema_version": 0,
          "attributes": {
            "acl": "public-read",
            "bucket": "www.moggies.io",
            "cache_control": "",
            "content": null,
            "content_base64": null,
            "content_disposition": "",
            "content_encoding": "",
            "content_language": "",
            "content_type": "text/html",
            "etag": "e9ccdbd3ca36bb9281fc0f83bc282f5e",
            "force_destroy": false,
            "id": "_next/static/webpack/91efd4131c1e49c090cc.hot-update.json",
            "key": "_next/static/webpack/91efd4131c1e49c090cc.hot-update.json",
            "kms_key_id": null,
            "metadata": {},
            "object_lock_legal_hold_status": "",
            "object_lock_mode": "",
            "object_lock_retain_until_date": "",
            "server_side_encryption": "",
            "source": "../out/_next/static/webpack/91efd4131c1e49c090cc.hot-update.json",
            "storage_class": "STANDARD",
            "tags": {},
            "version_id": "",
            "website_redirect": ""
          },
          "sensitive_attributes": [],
          "private": "bnVsbA==",
          "dependencies": [
            "aws_s3_bucket.www_bucket"
          ]
        },
        {
          "index_key": "_next/static/webpack/9236c1ffab25975e3f05.hot-update.json",
          "schema_version": 0,
          "attributes": {
            "acl": "public-read",
            "bucket": "www.moggies.io",
            "cache_control": "",
            "content": null,
            "content_base64": null,
            "content_disposition": "",
            "content_encoding": "",
            "content_language": "",
            "content_type": "text/html",
            "etag": "bd6d1848168b0a9beccf6bafda27e717",
            "force_destroy": false,
            "id": "_next/static/webpack/9236c1ffab25975e3f05.hot-update.json",
            "key": "_next/static/webpack/9236c1ffab25975e3f05.hot-update.json",
            "kms_key_id": null,
            "metadata": {},
            "object_lock_legal_hold_status": "",
            "object_lock_mode": "",
            "object_lock_retain_until_date": "",
            "server_side_encryption": "",
            "source": "../out/_next/static/webpack/9236c1ffab25975e3f05.hot-update.json",
            "storage_class": "STANDARD",
            "tags": {},
            "version_id": "",
            "website_redirect": ""
          },
          "sensitive_attributes": [],
          "private": "bnVsbA==",
          "dependencies": [
            "aws_s3_bucket.www_bucket"
          ]
        },
        {
          "index_key": "_next/static/webpack/94859dbf9ac8f5f8915d.hot-update.json",
          "schema_version": 0,
          "attributes": {
            "acl": "public-read",
            "bucket": "www.moggies.io",
            "cache_control": "",
            "content": null,
            "content_base64": null,
            "content_disposition": "",
            "content_encoding": "",
            "content_language": "",
            "content_type": "text/html",
            "etag": "5ed1786147b5c8f40643c7959c8a547f",
            "force_destroy": false,
            "id": "_next/static/webpack/94859dbf9ac8f5f8915d.hot-update.json",
            "key": "_next/static/webpack/94859dbf9ac8f5f8915d.hot-update.json",
            "kms_key_id": null,
            "metadata": {},
            "object_lock_legal_hold_status": "",
            "object_lock_mode": "",
            "object_lock_retain_until_date": "",
            "server_side_encryption": "",
            "source": "../out/_next/static/webpack/94859dbf9ac8f5f8915d.hot-update.json",
            "storage_class": "STANDARD",
            "tags": {},
            "version_id": "",
            "website_redirect": ""
          },
          "sensitive_attributes": [],
          "private": "bnVsbA==",
          "dependencies": [
            "aws_s3_bucket.www_bucket"
          ]
        },
        {
          "index_key": "_next/static/webpack/961c2c62b3d468169f8f.hot-update.json",
          "schema_version": 0,
          "attributes": {
            "acl": "public-read",
            "bucket": "www.moggies.io",
            "cache_control": "",
            "content": null,
            "content_base64": null,
            "content_disposition": "",
            "content_encoding": "",
            "content_language": "",
            "content_type": "text/html",
            "etag": "14fbfdc67bd1e5f459b8aa846249432d",
            "force_destroy": false,
            "id": "_next/static/webpack/961c2c62b3d468169f8f.hot-update.json",
            "key": "_next/static/webpack/961c2c62b3d468169f8f.hot-update.json",
            "kms_key_id": null,
            "metadata": {},
            "object_lock_legal_hold_status": "",
            "object_lock_mode": "",
            "object_lock_retain_until_date": "",
            "server_side_encryption": "",
            "source": "../out/_next/static/webpack/961c2c62b3d468169f8f.hot-update.json",
            "storage_class": "STANDARD",
            "tags": {},
            "version_id": "",
            "website_redirect": ""
          },
          "sensitive_attributes": [],
          "private": "bnVsbA==",
          "dependencies": [
            "aws_s3_bucket.www_bucket"
          ]
        },
        {
          "index_key": "_next/static/webpack/994d6e54530ac8068e82.hot-update.json",
          "schema_version": 0,
          "attributes": {
            "acl": "public-read",
            "bucket": "www.moggies.io",
            "cache_control": "",
            "content": null,
            "content_base64": null,
            "content_disposition": "",
            "content_encoding": "",
            "content_language": "",
            "content_type": "text/html",
            "etag": "b60c5e2d9f12979c6adcdd7ba365a626",
            "force_destroy": false,
            "id": "_next/static/webpack/994d6e54530ac8068e82.hot-update.json",
            "key": "_next/static/webpack/994d6e54530ac8068e82.hot-update.json",
            "kms_key_id": null,
            "metadata": {},
            "object_lock_legal_hold_status": "",
            "object_lock_mode": "",
            "object_lock_retain_until_date": "",
            "server_side_encryption": "",
            "source": "../out/_next/static/webpack/994d6e54530ac8068e82.hot-update.json",
            "storage_class": "STANDARD",
            "tags": {},
            "version_id": "",
            "website_redirect": ""
          },
          "sensitive_attributes": [],
          "private": "bnVsbA==",
          "dependencies": [
            "aws_s3_bucket.www_bucket"
          ]
        },
        {
          "index_key": "_next/static/webpack/9a4a438c23fd31ac7503.hot-update.json",
          "schema_version": 0,
          "attributes": {
            "acl": "public-read",
            "bucket": "www.moggies.io",
            "cache_control": "",
            "content": null,
            "content_base64": null,
            "content_disposition": "",
            "content_encoding": "",
            "content_language": "",
            "content_type": "text/html",
            "etag": "1583b88e4f77e9932df6b68a33a1b240",
            "force_destroy": false,
            "id": "_next/static/webpack/9a4a438c23fd31ac7503.hot-update.json",
            "key": "_next/static/webpack/9a4a438c23fd31ac7503.hot-update.json",
            "kms_key_id": null,
            "metadata": {},
            "object_lock_legal_hold_status": "",
            "object_lock_mode": "",
            "object_lock_retain_until_date": "",
            "server_side_encryption": "",
            "source": "../out/_next/static/webpack/9a4a438c23fd31ac7503.hot-update.json",
            "storage_class": "STANDARD",
            "tags": {},
            "version_id": "",
            "website_redirect": ""
          },
          "sensitive_attributes": [],
          "private": "bnVsbA==",
          "dependencies": [
            "aws_s3_bucket.www_bucket"
          ]
        },
        {
          "index_key": "_next/static/webpack/9ac17485757934d7024b.hot-update.json",
          "schema_version": 0,
          "attributes": {
            "acl": "public-read",
            "bucket": "www.moggies.io",
            "cache_control": "",
            "content": null,
            "content_base64": null,
            "content_disposition": "",
            "content_encoding": "",
            "content_language": "",
            "content_type": "text/html",
            "etag": "4e1dd475f48ff208f744be1927254d13",
            "force_destroy": false,
            "id": "_next/static/webpack/9ac17485757934d7024b.hot-update.json",
            "key": "_next/static/webpack/9ac17485757934d7024b.hot-update.json",
            "kms_key_id": null,
            "metadata": {},
            "object_lock_legal_hold_status": "",
            "object_lock_mode": "",
            "object_lock_retain_until_date": "",
            "server_side_encryption": "",
            "source": "../out/_next/static/webpack/9ac17485757934d7024b.hot-update.json",
            "storage_class": "STANDARD",
            "tags": {},
            "version_id": "",
            "website_redirect": ""
          },
          "sensitive_attributes": [],
          "private": "bnVsbA==",
          "dependencies": [
            "aws_s3_bucket.www_bucket"
          ]
        },
        {
          "index_key": "_next/static/webpack/9aecafe1c6a67e18a3e4.hot-update.json",
          "schema_version": 0,
          "attributes": {
            "acl": "public-read",
            "bucket": "www.moggies.io",
            "cache_control": "",
            "content": null,
            "content_base64": null,
            "content_disposition": "",
            "content_encoding": "",
            "content_language": "",
            "content_type": "text/html",
            "etag": "f3040a424faf119725f32f0841bfaa69",
            "force_destroy": false,
            "id": "_next/static/webpack/9aecafe1c6a67e18a3e4.hot-update.json",
            "key": "_next/static/webpack/9aecafe1c6a67e18a3e4.hot-update.json",
            "kms_key_id": null,
            "metadata": {},
            "object_lock_legal_hold_status": "",
            "object_lock_mode": "",
            "object_lock_retain_until_date": "",
            "server_side_encryption": "",
            "source": "../out/_next/static/webpack/9aecafe1c6a67e18a3e4.hot-update.json",
            "storage_class": "STANDARD",
            "tags": {},
            "version_id": "",
            "website_redirect": ""
          },
          "sensitive_attributes": [],
          "private": "bnVsbA==",
          "dependencies": [
            "aws_s3_bucket.www_bucket"
          ]
        },
        {
          "index_key": "_next/static/webpack/a21142cb7b818ef30aef.hot-update.json",
          "schema_version": 0,
          "attributes": {
            "acl": "public-read",
            "bucket": "www.moggies.io",
            "cache_control": "",
            "content": null,
            "content_base64": null,
            "content_disposition": "",
            "content_encoding": "",
            "content_language": "",
            "content_type": "text/html",
            "etag": "99835601b3d2bf3d5afae37990aca064",
            "force_destroy": false,
            "id": "_next/static/webpack/a21142cb7b818ef30aef.hot-update.json",
            "key": "_next/static/webpack/a21142cb7b818ef30aef.hot-update.json",
            "kms_key_id": null,
            "metadata": {},
            "object_lock_legal_hold_status": "",
            "object_lock_mode": "",
            "object_lock_retain_until_date": "",
            "server_side_encryption": "",
            "source": "../out/_next/static/webpack/a21142cb7b818ef30aef.hot-update.json",
            "storage_class": "STANDARD",
            "tags": {},
            "version_id": "",
            "website_redirect": ""
          },
          "sensitive_attributes": [],
          "private": "bnVsbA==",
          "dependencies": [
            "aws_s3_bucket.www_bucket"
          ]
        },
        {
          "index_key": "_next/static/webpack/a23dc77f69155ba25fc0.hot-update.json",
          "schema_version": 0,
          "attributes": {
            "acl": "public-read",
            "bucket": "www.moggies.io",
            "cache_control": "",
            "content": null,
            "content_base64": null,
            "content_disposition": "",
            "content_encoding": "",
            "content_language": "",
            "content_type": "text/html",
            "etag": "cd6a53a7ebea86954bbe534064d14a7f",
            "force_destroy": false,
            "id": "_next/static/webpack/a23dc77f69155ba25fc0.hot-update.json",
            "key": "_next/static/webpack/a23dc77f69155ba25fc0.hot-update.json",
            "kms_key_id": null,
            "metadata": {},
            "object_lock_legal_hold_status": "",
            "object_lock_mode": "",
            "object_lock_retain_until_date": "",
            "server_side_encryption": "",
            "source": "../out/_next/static/webpack/a23dc77f69155ba25fc0.hot-update.json",
            "storage_class": "STANDARD",
            "tags": {},
            "version_id": "",
            "website_redirect": ""
          },
          "sensitive_attributes": [],
          "private": "bnVsbA==",
          "dependencies": [
            "aws_s3_bucket.www_bucket"
          ]
        },
        {
          "index_key": "_next/static/webpack/a668fed7d61d3341398a.hot-update.json",
          "schema_version": 0,
          "attributes": {
            "acl": "public-read",
            "bucket": "www.moggies.io",
            "cache_control": "",
            "content": null,
            "content_base64": null,
            "content_disposition": "",
            "content_encoding": "",
            "content_language": "",
            "content_type": "text/html",
            "etag": "e07e380479514cd787ef288655784c09",
            "force_destroy": false,
            "id": "_next/static/webpack/a668fed7d61d3341398a.hot-update.json",
            "key": "_next/static/webpack/a668fed7d61d3341398a.hot-update.json",
            "kms_key_id": null,
            "metadata": {},
            "object_lock_legal_hold_status": "",
            "object_lock_mode": "",
            "object_lock_retain_until_date": "",
            "server_side_encryption": "",
            "source": "../out/_next/static/webpack/a668fed7d61d3341398a.hot-update.json",
            "storage_class": "STANDARD",
            "tags": {},
            "version_id": "",
            "website_redirect": ""
          },
          "sensitive_attributes": [],
          "private": "bnVsbA==",
          "dependencies": [
            "aws_s3_bucket.www_bucket"
          ]
        },
        {
          "index_key": "_next/static/webpack/a6ed545b48f5460adc5e.hot-update.json",
          "schema_version": 0,
          "attributes": {
            "acl": "public-read",
            "bucket": "www.moggies.io",
            "cache_control": "",
            "content": null,
            "content_base64": null,
            "content_disposition": "",
            "content_encoding": "",
            "content_language": "",
            "content_type": "text/html",
            "etag": "4e8130236f451cdd2913a1e90b7a7db6",
            "force_destroy": false,
            "id": "_next/static/webpack/a6ed545b48f5460adc5e.hot-update.json",
            "key": "_next/static/webpack/a6ed545b48f5460adc5e.hot-update.json",
            "kms_key_id": null,
            "metadata": {},
            "object_lock_legal_hold_status": "",
            "object_lock_mode": "",
            "object_lock_retain_until_date": "",
            "server_side_encryption": "",
            "source": "../out/_next/static/webpack/a6ed545b48f5460adc5e.hot-update.json",
            "storage_class": "STANDARD",
            "tags": {},
            "version_id": "",
            "website_redirect": ""
          },
          "sensitive_attributes": [],
          "private": "bnVsbA==",
          "dependencies": [
            "aws_s3_bucket.www_bucket"
          ]
        },
        {
          "index_key": "_next/static/webpack/aa3761f7f44953606682.hot-update.json",
          "schema_version": 0,
          "attributes": {
            "acl": "public-read",
            "bucket": "www.moggies.io",
            "cache_control": "",
            "content": null,
            "content_base64": null,
            "content_disposition": "",
            "content_encoding": "",
            "content_language": "",
            "content_type": "text/html",
            "etag": "72e9da3e6b221d6641dcdb11dbe75616",
            "force_destroy": false,
            "id": "_next/static/webpack/aa3761f7f44953606682.hot-update.json",
            "key": "_next/static/webpack/aa3761f7f44953606682.hot-update.json",
            "kms_key_id": null,
            "metadata": {},
            "object_lock_legal_hold_status": "",
            "object_lock_mode": "",
            "object_lock_retain_until_date": "",
            "server_side_encryption": "",
            "source": "../out/_next/static/webpack/aa3761f7f44953606682.hot-update.json",
            "storage_class": "STANDARD",
            "tags": {},
            "version_id": "",
            "website_redirect": ""
          },
          "sensitive_attributes": [],
          "private": "bnVsbA==",
          "dependencies": [
            "aws_s3_bucket.www_bucket"
          ]
        },
        {
          "index_key": "_next/static/webpack/aa7e6978d9f8b377184d.hot-update.json",
          "schema_version": 0,
          "attributes": {
            "acl": "public-read",
            "bucket": "www.moggies.io",
            "cache_control": "",
            "content": null,
            "content_base64": null,
            "content_disposition": "",
            "content_encoding": "",
            "content_language": "",
            "content_type": "text/html",
            "etag": "dbd9773305df7ab5e8524259fedb0982",
            "force_destroy": false,
            "id": "_next/static/webpack/aa7e6978d9f8b377184d.hot-update.json",
            "key": "_next/static/webpack/aa7e6978d9f8b377184d.hot-update.json",
            "kms_key_id": null,
            "metadata": {},
            "object_lock_legal_hold_status": "",
            "object_lock_mode": "",
            "object_lock_retain_until_date": "",
            "server_side_encryption": "",
            "source": "../out/_next/static/webpack/aa7e6978d9f8b377184d.hot-update.json",
            "storage_class": "STANDARD",
            "tags": {},
            "version_id": "",
            "website_redirect": ""
          },
          "sensitive_attributes": [],
          "private": "bnVsbA==",
          "dependencies": [
            "aws_s3_bucket.www_bucket"
          ]
        },
        {
          "index_key": "_next/static/webpack/aac381688b443dbc90c4.hot-update.json",
          "schema_version": 0,
          "attributes": {
            "acl": "public-read",
            "bucket": "www.moggies.io",
            "cache_control": "",
            "content": null,
            "content_base64": null,
            "content_disposition": "",
            "content_encoding": "",
            "content_language": "",
            "content_type": "text/html",
            "etag": "655b48df2f8a65f4e845eff2a0fe1629",
            "force_destroy": false,
            "id": "_next/static/webpack/aac381688b443dbc90c4.hot-update.json",
            "key": "_next/static/webpack/aac381688b443dbc90c4.hot-update.json",
            "kms_key_id": null,
            "metadata": {},
            "object_lock_legal_hold_status": "",
            "object_lock_mode": "",
            "object_lock_retain_until_date": "",
            "server_side_encryption": "",
            "source": "../out/_next/static/webpack/aac381688b443dbc90c4.hot-update.json",
            "storage_class": "STANDARD",
            "tags": {},
            "version_id": "",
            "website_redirect": ""
          },
          "sensitive_attributes": [],
          "private": "bnVsbA==",
          "dependencies": [
            "aws_s3_bucket.www_bucket"
          ]
        },
        {
          "index_key": "_next/static/webpack/aaf5037c4c2c8cec3b6d.hot-update.json",
          "schema_version": 0,
          "attributes": {
            "acl": "public-read",
            "bucket": "www.moggies.io",
            "cache_control": "",
            "content": null,
            "content_base64": null,
            "content_disposition": "",
            "content_encoding": "",
            "content_language": "",
            "content_type": "text/html",
            "etag": "7b7492a6ba3f721c397d14c90eb0bf6f",
            "force_destroy": false,
            "id": "_next/static/webpack/aaf5037c4c2c8cec3b6d.hot-update.json",
            "key": "_next/static/webpack/aaf5037c4c2c8cec3b6d.hot-update.json",
            "kms_key_id": null,
            "metadata": {},
            "object_lock_legal_hold_status": "",
            "object_lock_mode": "",
            "object_lock_retain_until_date": "",
            "server_side_encryption": "",
            "source": "../out/_next/static/webpack/aaf5037c4c2c8cec3b6d.hot-update.json",
            "storage_class": "STANDARD",
            "tags": {},
            "version_id": "",
            "website_redirect": ""
          },
          "sensitive_attributes": [],
          "private": "bnVsbA==",
          "dependencies": [
            "aws_s3_bucket.www_bucket"
          ]
        },
        {
          "index_key": "_next/static/webpack/ae163cfc2f2fc73621a6.hot-update.json",
          "schema_version": 0,
          "attributes": {
            "acl": "public-read",
            "bucket": "www.moggies.io",
            "cache_control": "",
            "content": null,
            "content_base64": null,
            "content_disposition": "",
            "content_encoding": "",
            "content_language": "",
            "content_type": "text/html",
            "etag": "37f93b58e0e803abcec16ad2e1b731d9",
            "force_destroy": false,
            "id": "_next/static/webpack/ae163cfc2f2fc73621a6.hot-update.json",
            "key": "_next/static/webpack/ae163cfc2f2fc73621a6.hot-update.json",
            "kms_key_id": null,
            "metadata": {},
            "object_lock_legal_hold_status": "",
            "object_lock_mode": "",
            "object_lock_retain_until_date": "",
            "server_side_encryption": "",
            "source": "../out/_next/static/webpack/ae163cfc2f2fc73621a6.hot-update.json",
            "storage_class": "STANDARD",
            "tags": {},
            "version_id": "",
            "website_redirect": ""
          },
          "sensitive_attributes": [],
          "private": "bnVsbA==",
          "dependencies": [
            "aws_s3_bucket.www_bucket"
          ]
        },
        {
          "index_key": "_next/static/webpack/aee42b0301320534f01a.hot-update.json",
          "schema_version": 0,
          "attributes": {
            "acl": "public-read",
            "bucket": "www.moggies.io",
            "cache_control": "",
            "content": null,
            "content_base64": null,
            "content_disposition": "",
            "content_encoding": "",
            "content_language": "",
            "content_type": "text/html",
            "etag": "de62430c32023d191bd4fb445171b203",
            "force_destroy": false,
            "id": "_next/static/webpack/aee42b0301320534f01a.hot-update.json",
            "key": "_next/static/webpack/aee42b0301320534f01a.hot-update.json",
            "kms_key_id": null,
            "metadata": {},
            "object_lock_legal_hold_status": "",
            "object_lock_mode": "",
            "object_lock_retain_until_date": "",
            "server_side_encryption": "",
            "source": "../out/_next/static/webpack/aee42b0301320534f01a.hot-update.json",
            "storage_class": "STANDARD",
            "tags": {},
            "version_id": "",
            "website_redirect": ""
          },
          "sensitive_attributes": [],
          "private": "bnVsbA==",
          "dependencies": [
            "aws_s3_bucket.www_bucket"
          ]
        },
        {
          "index_key": "_next/static/webpack/afe62343c5c01d307c14.hot-update.json",
          "schema_version": 0,
          "attributes": {
            "acl": "public-read",
            "bucket": "www.moggies.io",
            "cache_control": "",
            "content": null,
            "content_base64": null,
            "content_disposition": "",
            "content_encoding": "",
            "content_language": "",
            "content_type": "text/html",
            "etag": "5152bff45f7ef05a3dfba318cafcd251",
            "force_destroy": false,
            "id": "_next/static/webpack/afe62343c5c01d307c14.hot-update.json",
            "key": "_next/static/webpack/afe62343c5c01d307c14.hot-update.json",
            "kms_key_id": null,
            "metadata": {},
            "object_lock_legal_hold_status": "",
            "object_lock_mode": "",
            "object_lock_retain_until_date": "",
            "server_side_encryption": "",
            "source": "../out/_next/static/webpack/afe62343c5c01d307c14.hot-update.json",
            "storage_class": "STANDARD",
            "tags": {},
            "version_id": "",
            "website_redirect": ""
          },
          "sensitive_attributes": [],
          "private": "bnVsbA==",
          "dependencies": [
            "aws_s3_bucket.www_bucket"
          ]
        },
        {
          "index_key": "_next/static/webpack/b11005c91c5a868061b4.hot-update.json",
          "schema_version": 0,
          "attributes": {
            "acl": "public-read",
            "bucket": "www.moggies.io",
            "cache_control": "",
            "content": null,
            "content_base64": null,
            "content_disposition": "",
            "content_encoding": "",
            "content_language": "",
            "content_type": "text/html",
            "etag": "c63c425e0436c9c628a5a5e79dfac7ca",
            "force_destroy": false,
            "id": "_next/static/webpack/b11005c91c5a868061b4.hot-update.json",
            "key": "_next/static/webpack/b11005c91c5a868061b4.hot-update.json",
            "kms_key_id": null,
            "metadata": {},
            "object_lock_legal_hold_status": "",
            "object_lock_mode": "",
            "object_lock_retain_until_date": "",
            "server_side_encryption": "",
            "source": "../out/_next/static/webpack/b11005c91c5a868061b4.hot-update.json",
            "storage_class": "STANDARD",
            "tags": {},
            "version_id": "",
            "website_redirect": ""
          },
          "sensitive_attributes": [],
          "private": "bnVsbA==",
          "dependencies": [
            "aws_s3_bucket.www_bucket"
          ]
        },
        {
          "index_key": "_next/static/webpack/b4348071eddd7c79a8ca.hot-update.json",
          "schema_version": 0,
          "attributes": {
            "acl": "public-read",
            "bucket": "www.moggies.io",
            "cache_control": "",
            "content": null,
            "content_base64": null,
            "content_disposition": "",
            "content_encoding": "",
            "content_language": "",
            "content_type": "text/html",
            "etag": "626dff5c7d1e46c885c7868d85974814",
            "force_destroy": false,
            "id": "_next/static/webpack/b4348071eddd7c79a8ca.hot-update.json",
            "key": "_next/static/webpack/b4348071eddd7c79a8ca.hot-update.json",
            "kms_key_id": null,
            "metadata": {},
            "object_lock_legal_hold_status": "",
            "object_lock_mode": "",
            "object_lock_retain_until_date": "",
            "server_side_encryption": "",
            "source": "../out/_next/static/webpack/b4348071eddd7c79a8ca.hot-update.json",
            "storage_class": "STANDARD",
            "tags": {},
            "version_id": "",
            "website_redirect": ""
          },
          "sensitive_attributes": [],
          "private": "bnVsbA==",
          "dependencies": [
            "aws_s3_bucket.www_bucket"
          ]
        },
        {
          "index_key": "_next/static/webpack/b44d3a8e8e06e5b68d53.hot-update.json",
          "schema_version": 0,
          "attributes": {
            "acl": "public-read",
            "bucket": "www.moggies.io",
            "cache_control": "",
            "content": null,
            "content_base64": null,
            "content_disposition": "",
            "content_encoding": "",
            "content_language": "",
            "content_type": "text/html",
            "etag": "9a642f525f0817bc6575e5bf332f2e05",
            "force_destroy": false,
            "id": "_next/static/webpack/b44d3a8e8e06e5b68d53.hot-update.json",
            "key": "_next/static/webpack/b44d3a8e8e06e5b68d53.hot-update.json",
            "kms_key_id": null,
            "metadata": {},
            "object_lock_legal_hold_status": "",
            "object_lock_mode": "",
            "object_lock_retain_until_date": "",
            "server_side_encryption": "",
            "source": "../out/_next/static/webpack/b44d3a8e8e06e5b68d53.hot-update.json",
            "storage_class": "STANDARD",
            "tags": {},
            "version_id": "",
            "website_redirect": ""
          },
          "sensitive_attributes": [],
          "private": "bnVsbA==",
          "dependencies": [
            "aws_s3_bucket.www_bucket"
          ]
        },
        {
          "index_key": "_next/static/webpack/b900f339a5b1197fb191.hot-update.json",
          "schema_version": 0,
          "attributes": {
            "acl": "public-read",
            "bucket": "www.moggies.io",
            "cache_control": "",
            "content": null,
            "content_base64": null,
            "content_disposition": "",
            "content_encoding": "",
            "content_language": "",
            "content_type": "text/html",
            "etag": "ca6fd8f5ef0a048890bf5028b3e455e3",
            "force_destroy": false,
            "id": "_next/static/webpack/b900f339a5b1197fb191.hot-update.json",
            "key": "_next/static/webpack/b900f339a5b1197fb191.hot-update.json",
            "kms_key_id": null,
            "metadata": {},
            "object_lock_legal_hold_status": "",
            "object_lock_mode": "",
            "object_lock_retain_until_date": "",
            "server_side_encryption": "",
            "source": "../out/_next/static/webpack/b900f339a5b1197fb191.hot-update.json",
            "storage_class": "STANDARD",
            "tags": {},
            "version_id": "",
            "website_redirect": ""
          },
          "sensitive_attributes": [],
          "private": "bnVsbA==",
          "dependencies": [
            "aws_s3_bucket.www_bucket"
          ]
        },
        {
          "index_key": "_next/static/webpack/bf1fd31a86c58daded7f.hot-update.json",
          "schema_version": 0,
          "attributes": {
            "acl": "public-read",
            "bucket": "www.moggies.io",
            "cache_control": "",
            "content": null,
            "content_base64": null,
            "content_disposition": "",
            "content_encoding": "",
            "content_language": "",
            "content_type": "text/html",
            "etag": "034cf954bfe8b8b9247dd3bcf123a5ae",
            "force_destroy": false,
            "id": "_next/static/webpack/bf1fd31a86c58daded7f.hot-update.json",
            "key": "_next/static/webpack/bf1fd31a86c58daded7f.hot-update.json",
            "kms_key_id": null,
            "metadata": {},
            "object_lock_legal_hold_status": "",
            "object_lock_mode": "",
            "object_lock_retain_until_date": "",
            "server_side_encryption": "",
            "source": "../out/_next/static/webpack/bf1fd31a86c58daded7f.hot-update.json",
            "storage_class": "STANDARD",
            "tags": {},
            "version_id": "",
            "website_redirect": ""
          },
          "sensitive_attributes": [],
          "private": "bnVsbA==",
          "dependencies": [
            "aws_s3_bucket.www_bucket"
          ]
        },
        {
          "index_key": "_next/static/webpack/c08a77807d376bd64909.hot-update.json",
          "schema_version": 0,
          "attributes": {
            "acl": "public-read",
            "bucket": "www.moggies.io",
            "cache_control": "",
            "content": null,
            "content_base64": null,
            "content_disposition": "",
            "content_encoding": "",
            "content_language": "",
            "content_type": "text/html",
            "etag": "4b0d9dc952f3e601a1567b04d490b571",
            "force_destroy": false,
            "id": "_next/static/webpack/c08a77807d376bd64909.hot-update.json",
            "key": "_next/static/webpack/c08a77807d376bd64909.hot-update.json",
            "kms_key_id": null,
            "metadata": {},
            "object_lock_legal_hold_status": "",
            "object_lock_mode": "",
            "object_lock_retain_until_date": "",
            "server_side_encryption": "",
            "source": "../out/_next/static/webpack/c08a77807d376bd64909.hot-update.json",
            "storage_class": "STANDARD",
            "tags": {},
            "version_id": "",
            "website_redirect": ""
          },
          "sensitive_attributes": [],
          "private": "bnVsbA==",
          "dependencies": [
            "aws_s3_bucket.www_bucket"
          ]
        },
        {
          "index_key": "_next/static/webpack/c168c53e914b3eed8a4f.hot-update.json",
          "schema_version": 0,
          "attributes": {
            "acl": "public-read",
            "bucket": "www.moggies.io",
            "cache_control": "",
            "content": null,
            "content_base64": null,
            "content_disposition": "",
            "content_encoding": "",
            "content_language": "",
            "content_type": "text/html",
            "etag": "7393280b9d89c2d973da3b03d401edd8",
            "force_destroy": false,
            "id": "_next/static/webpack/c168c53e914b3eed8a4f.hot-update.json",
            "key": "_next/static/webpack/c168c53e914b3eed8a4f.hot-update.json",
            "kms_key_id": null,
            "metadata": {},
            "object_lock_legal_hold_status": "",
            "object_lock_mode": "",
            "object_lock_retain_until_date": "",
            "server_side_encryption": "",
            "source": "../out/_next/static/webpack/c168c53e914b3eed8a4f.hot-update.json",
            "storage_class": "STANDARD",
            "tags": {},
            "version_id": "",
            "website_redirect": ""
          },
          "sensitive_attributes": [],
          "private": "bnVsbA==",
          "dependencies": [
            "aws_s3_bucket.www_bucket"
          ]
        },
        {
          "index_key": "_next/static/webpack/c1a2bbd0312a9c9996b9.hot-update.json",
          "schema_version": 0,
          "attributes": {
            "acl": "public-read",
            "bucket": "www.moggies.io",
            "cache_control": "",
            "content": null,
            "content_base64": null,
            "content_disposition": "",
            "content_encoding": "",
            "content_language": "",
            "content_type": "text/html",
            "etag": "98df0988778ebba8271607b8af135505",
            "force_destroy": false,
            "id": "_next/static/webpack/c1a2bbd0312a9c9996b9.hot-update.json",
            "key": "_next/static/webpack/c1a2bbd0312a9c9996b9.hot-update.json",
            "kms_key_id": null,
            "metadata": {},
            "object_lock_legal_hold_status": "",
            "object_lock_mode": "",
            "object_lock_retain_until_date": "",
            "server_side_encryption": "",
            "source": "../out/_next/static/webpack/c1a2bbd0312a9c9996b9.hot-update.json",
            "storage_class": "STANDARD",
            "tags": {},
            "version_id": "",
            "website_redirect": ""
          },
          "sensitive_attributes": [],
          "private": "bnVsbA==",
          "dependencies": [
            "aws_s3_bucket.www_bucket"
          ]
        },
        {
          "index_key": "_next/static/webpack/c2cd415e2035caafec6c.hot-update.json",
          "schema_version": 0,
          "attributes": {
            "acl": "public-read",
            "bucket": "www.moggies.io",
            "cache_control": "",
            "content": null,
            "content_base64": null,
            "content_disposition": "",
            "content_encoding": "",
            "content_language": "",
            "content_type": "text/html",
            "etag": "16e3aae8a5be9039afc44ec72e515cb4",
            "force_destroy": false,
            "id": "_next/static/webpack/c2cd415e2035caafec6c.hot-update.json",
            "key": "_next/static/webpack/c2cd415e2035caafec6c.hot-update.json",
            "kms_key_id": null,
            "metadata": {},
            "object_lock_legal_hold_status": "",
            "object_lock_mode": "",
            "object_lock_retain_until_date": "",
            "server_side_encryption": "",
            "source": "../out/_next/static/webpack/c2cd415e2035caafec6c.hot-update.json",
            "storage_class": "STANDARD",
            "tags": {},
            "version_id": "",
            "website_redirect": ""
          },
          "sensitive_attributes": [],
          "private": "bnVsbA==",
          "dependencies": [
            "aws_s3_bucket.www_bucket"
          ]
        },
        {
          "index_key": "_next/static/webpack/c6bb0a4403b691a1231b.hot-update.json",
          "schema_version": 0,
          "attributes": {
            "acl": "public-read",
            "bucket": "www.moggies.io",
            "cache_control": "",
            "content": null,
            "content_base64": null,
            "content_disposition": "",
            "content_encoding": "",
            "content_language": "",
            "content_type": "text/html",
            "etag": "e5f199506262a16f9d4aa57c7b1097dc",
            "force_destroy": false,
            "id": "_next/static/webpack/c6bb0a4403b691a1231b.hot-update.json",
            "key": "_next/static/webpack/c6bb0a4403b691a1231b.hot-update.json",
            "kms_key_id": null,
            "metadata": {},
            "object_lock_legal_hold_status": "",
            "object_lock_mode": "",
            "object_lock_retain_until_date": "",
            "server_side_encryption": "",
            "source": "../out/_next/static/webpack/c6bb0a4403b691a1231b.hot-update.json",
            "storage_class": "STANDARD",
            "tags": {},
            "version_id": "",
            "website_redirect": ""
          },
          "sensitive_attributes": [],
          "private": "bnVsbA==",
          "dependencies": [
            "aws_s3_bucket.www_bucket"
          ]
        },
        {
          "index_key": "_next/static/webpack/ca4989f4238e1b80d9ae.hot-update.json",
          "schema_version": 0,
          "attributes": {
            "acl": "public-read",
            "bucket": "www.moggies.io",
            "cache_control": "",
            "content": null,
            "content_base64": null,
            "content_disposition": "",
            "content_encoding": "",
            "content_language": "",
            "content_type": "text/html",
            "etag": "13826fc6af8bc95e9771b175c35bad3f",
            "force_destroy": false,
            "id": "_next/static/webpack/ca4989f4238e1b80d9ae.hot-update.json",
            "key": "_next/static/webpack/ca4989f4238e1b80d9ae.hot-update.json",
            "kms_key_id": null,
            "metadata": {},
            "object_lock_legal_hold_status": "",
            "object_lock_mode": "",
            "object_lock_retain_until_date": "",
            "server_side_encryption": "",
            "source": "../out/_next/static/webpack/ca4989f4238e1b80d9ae.hot-update.json",
            "storage_class": "STANDARD",
            "tags": {},
            "version_id": "",
            "website_redirect": ""
          },
          "sensitive_attributes": [],
          "private": "bnVsbA==",
          "dependencies": [
            "aws_s3_bucket.www_bucket"
          ]
        },
        {
          "index_key": "_next/static/webpack/ccb8b44f7059693c4105.hot-update.json",
          "schema_version": 0,
          "attributes": {
            "acl": "public-read",
            "bucket": "www.moggies.io",
            "cache_control": "",
            "content": null,
            "content_base64": null,
            "content_disposition": "",
            "content_encoding": "",
            "content_language": "",
            "content_type": "text/html",
            "etag": "ddd2c705492e1fd0fbd28004d4e48d11",
            "force_destroy": false,
            "id": "_next/static/webpack/ccb8b44f7059693c4105.hot-update.json",
            "key": "_next/static/webpack/ccb8b44f7059693c4105.hot-update.json",
            "kms_key_id": null,
            "metadata": {},
            "object_lock_legal_hold_status": "",
            "object_lock_mode": "",
            "object_lock_retain_until_date": "",
            "server_side_encryption": "",
            "source": "../out/_next/static/webpack/ccb8b44f7059693c4105.hot-update.json",
            "storage_class": "STANDARD",
            "tags": {},
            "version_id": "",
            "website_redirect": ""
          },
          "sensitive_attributes": [],
          "private": "bnVsbA==",
          "dependencies": [
            "aws_s3_bucket.www_bucket"
          ]
        },
        {
          "index_key": "_next/static/webpack/d04487b11d602218ff6f.hot-update.json",
          "schema_version": 0,
          "attributes": {
            "acl": "public-read",
            "bucket": "www.moggies.io",
            "cache_control": "",
            "content": null,
            "content_base64": null,
            "content_disposition": "",
            "content_encoding": "",
            "content_language": "",
            "content_type": "text/html",
            "etag": "d7ff3b61bf24ccf90d6a4df03b503641",
            "force_destroy": false,
            "id": "_next/static/webpack/d04487b11d602218ff6f.hot-update.json",
            "key": "_next/static/webpack/d04487b11d602218ff6f.hot-update.json",
            "kms_key_id": null,
            "metadata": {},
            "object_lock_legal_hold_status": "",
            "object_lock_mode": "",
            "object_lock_retain_until_date": "",
            "server_side_encryption": "",
            "source": "../out/_next/static/webpack/d04487b11d602218ff6f.hot-update.json",
            "storage_class": "STANDARD",
            "tags": {},
            "version_id": "",
            "website_redirect": ""
          },
          "sensitive_attributes": [],
          "private": "bnVsbA==",
          "dependencies": [
            "aws_s3_bucket.www_bucket"
          ]
        },
        {
          "index_key": "_next/static/webpack/d45cc05639deeb056f31.hot-update.json",
          "schema_version": 0,
          "attributes": {
            "acl": "public-read",
            "bucket": "www.moggies.io",
            "cache_control": "",
            "content": null,
            "content_base64": null,
            "content_disposition": "",
            "content_encoding": "",
            "content_language": "",
            "content_type": "text/html",
            "etag": "55216fd2acdabb6554e1b1d9f036999a",
            "force_destroy": false,
            "id": "_next/static/webpack/d45cc05639deeb056f31.hot-update.json",
            "key": "_next/static/webpack/d45cc05639deeb056f31.hot-update.json",
            "kms_key_id": null,
            "metadata": {},
            "object_lock_legal_hold_status": "",
            "object_lock_mode": "",
            "object_lock_retain_until_date": "",
            "server_side_encryption": "",
            "source": "../out/_next/static/webpack/d45cc05639deeb056f31.hot-update.json",
            "storage_class": "STANDARD",
            "tags": {},
            "version_id": "",
            "website_redirect": ""
          },
          "sensitive_attributes": [],
          "private": "bnVsbA==",
          "dependencies": [
            "aws_s3_bucket.www_bucket"
          ]
        },
        {
          "index_key": "_next/static/webpack/d4969d501b763604e935.hot-update.json",
          "schema_version": 0,
          "attributes": {
            "acl": "public-read",
            "bucket": "www.moggies.io",
            "cache_control": "",
            "content": null,
            "content_base64": null,
            "content_disposition": "",
            "content_encoding": "",
            "content_language": "",
            "content_type": "text/html",
            "etag": "93b8531f4c356c90e1407740d5ceda14",
            "force_destroy": false,
            "id": "_next/static/webpack/d4969d501b763604e935.hot-update.json",
            "key": "_next/static/webpack/d4969d501b763604e935.hot-update.json",
            "kms_key_id": null,
            "metadata": {},
            "object_lock_legal_hold_status": "",
            "object_lock_mode": "",
            "object_lock_retain_until_date": "",
            "server_side_encryption": "",
            "source": "../out/_next/static/webpack/d4969d501b763604e935.hot-update.json",
            "storage_class": "STANDARD",
            "tags": {},
            "version_id": "",
            "website_redirect": ""
          },
          "sensitive_attributes": [],
          "private": "bnVsbA==",
          "dependencies": [
            "aws_s3_bucket.www_bucket"
          ]
        },
        {
          "index_key": "_next/static/webpack/d5c543f700999ed9fdc7.hot-update.json",
          "schema_version": 0,
          "attributes": {
            "acl": "public-read",
            "bucket": "www.moggies.io",
            "cache_control": "",
            "content": null,
            "content_base64": null,
            "content_disposition": "",
            "content_encoding": "",
            "content_language": "",
            "content_type": "text/html",
            "etag": "c63e6eb55528cbdb674fa65df305b42c",
            "force_destroy": false,
            "id": "_next/static/webpack/d5c543f700999ed9fdc7.hot-update.json",
            "key": "_next/static/webpack/d5c543f700999ed9fdc7.hot-update.json",
            "kms_key_id": null,
            "metadata": {},
            "object_lock_legal_hold_status": "",
            "object_lock_mode": "",
            "object_lock_retain_until_date": "",
            "server_side_encryption": "",
            "source": "../out/_next/static/webpack/d5c543f700999ed9fdc7.hot-update.json",
            "storage_class": "STANDARD",
            "tags": {},
            "version_id": "",
            "website_redirect": ""
          },
          "sensitive_attributes": [],
          "private": "bnVsbA==",
          "dependencies": [
            "aws_s3_bucket.www_bucket"
          ]
        },
        {
          "index_key": "_next/static/webpack/d60a2921283a8a7d30a2.hot-update.json",
          "schema_version": 0,
          "attributes": {
            "acl": "public-read",
            "bucket": "www.moggies.io",
            "cache_control": "",
            "content": null,
            "content_base64": null,
            "content_disposition": "",
            "content_encoding": "",
            "content_language": "",
            "content_type": "text/html",
            "etag": "5cee290fdd96b4980bad6abf7b725c24",
            "force_destroy": false,
            "id": "_next/static/webpack/d60a2921283a8a7d30a2.hot-update.json",
            "key": "_next/static/webpack/d60a2921283a8a7d30a2.hot-update.json",
            "kms_key_id": null,
            "metadata": {},
            "object_lock_legal_hold_status": "",
            "object_lock_mode": "",
            "object_lock_retain_until_date": "",
            "server_side_encryption": "",
            "source": "../out/_next/static/webpack/d60a2921283a8a7d30a2.hot-update.json",
            "storage_class": "STANDARD",
            "tags": {},
            "version_id": "",
            "website_redirect": ""
          },
          "sensitive_attributes": [],
          "private": "bnVsbA==",
          "dependencies": [
            "aws_s3_bucket.www_bucket"
          ]
        },
        {
          "index_key": "_next/static/webpack/d9b4edf8074791c69949.hot-update.json",
          "schema_version": 0,
          "attributes": {
            "acl": "public-read",
            "bucket": "www.moggies.io",
            "cache_control": "",
            "content": null,
            "content_base64": null,
            "content_disposition": "",
            "content_encoding": "",
            "content_language": "",
            "content_type": "text/html",
            "etag": "58a802070684a0083ba4d168dd8f0a09",
            "force_destroy": false,
            "id": "_next/static/webpack/d9b4edf8074791c69949.hot-update.json",
            "key": "_next/static/webpack/d9b4edf8074791c69949.hot-update.json",
            "kms_key_id": null,
            "metadata": {},
            "object_lock_legal_hold_status": "",
            "object_lock_mode": "",
            "object_lock_retain_until_date": "",
            "server_side_encryption": "",
            "source": "../out/_next/static/webpack/d9b4edf8074791c69949.hot-update.json",
            "storage_class": "STANDARD",
            "tags": {},
            "version_id": "",
            "website_redirect": ""
          },
          "sensitive_attributes": [],
          "private": "bnVsbA==",
          "dependencies": [
            "aws_s3_bucket.www_bucket"
          ]
        },
        {
          "index_key": "_next/static/webpack/d9bfa5558e3c66237707.hot-update.json",
          "schema_version": 0,
          "attributes": {
            "acl": "public-read",
            "bucket": "www.moggies.io",
            "cache_control": "",
            "content": null,
            "content_base64": null,
            "content_disposition": "",
            "content_encoding": "",
            "content_language": "",
            "content_type": "text/html",
            "etag": "14ff6444952d6fadb530f0da31da43d2",
            "force_destroy": false,
            "id": "_next/static/webpack/d9bfa5558e3c66237707.hot-update.json",
            "key": "_next/static/webpack/d9bfa5558e3c66237707.hot-update.json",
            "kms_key_id": null,
            "metadata": {},
            "object_lock_legal_hold_status": "",
            "object_lock_mode": "",
            "object_lock_retain_until_date": "",
            "server_side_encryption": "",
            "source": "../out/_next/static/webpack/d9bfa5558e3c66237707.hot-update.json",
            "storage_class": "STANDARD",
            "tags": {},
            "version_id": "",
            "website_redirect": ""
          },
          "sensitive_attributes": [],
          "private": "bnVsbA==",
          "dependencies": [
            "aws_s3_bucket.www_bucket"
          ]
        },
        {
          "index_key": "_next/static/webpack/de62a29c858acb9882f5.hot-update.json",
          "schema_version": 0,
          "attributes": {
            "acl": "public-read",
            "bucket": "www.moggies.io",
            "cache_control": "",
            "content": null,
            "content_base64": null,
            "content_disposition": "",
            "content_encoding": "",
            "content_language": "",
            "content_type": "text/html",
            "etag": "fb14075f9ae89da4ab8de2716f5f359c",
            "force_destroy": false,
            "id": "_next/static/webpack/de62a29c858acb9882f5.hot-update.json",
            "key": "_next/static/webpack/de62a29c858acb9882f5.hot-update.json",
            "kms_key_id": null,
            "metadata": {},
            "object_lock_legal_hold_status": "",
            "object_lock_mode": "",
            "object_lock_retain_until_date": "",
            "server_side_encryption": "",
            "source": "../out/_next/static/webpack/de62a29c858acb9882f5.hot-update.json",
            "storage_class": "STANDARD",
            "tags": {},
            "version_id": "",
            "website_redirect": ""
          },
          "sensitive_attributes": [],
          "private": "bnVsbA==",
          "dependencies": [
            "aws_s3_bucket.www_bucket"
          ]
        },
        {
          "index_key": "_next/static/webpack/e1ab87ac3043b0b5dbbe.hot-update.json",
          "schema_version": 0,
          "attributes": {
            "acl": "public-read",
            "bucket": "www.moggies.io",
            "cache_control": "",
            "content": null,
            "content_base64": null,
            "content_disposition": "",
            "content_encoding": "",
            "content_language": "",
            "content_type": "text/html",
            "etag": "fd6122329994929b852d1fc3be32245b",
            "force_destroy": false,
            "id": "_next/static/webpack/e1ab87ac3043b0b5dbbe.hot-update.json",
            "key": "_next/static/webpack/e1ab87ac3043b0b5dbbe.hot-update.json",
            "kms_key_id": null,
            "metadata": {},
            "object_lock_legal_hold_status": "",
            "object_lock_mode": "",
            "object_lock_retain_until_date": "",
            "server_side_encryption": "",
            "source": "../out/_next/static/webpack/e1ab87ac3043b0b5dbbe.hot-update.json",
            "storage_class": "STANDARD",
            "tags": {},
            "version_id": "",
            "website_redirect": ""
          },
          "sensitive_attributes": [],
          "private": "bnVsbA==",
          "dependencies": [
            "aws_s3_bucket.www_bucket"
          ]
        },
        {
          "index_key": "_next/static/webpack/e58165d57429d1f969aa.hot-update.json",
          "schema_version": 0,
          "attributes": {
            "acl": "public-read",
            "bucket": "www.moggies.io",
            "cache_control": "",
            "content": null,
            "content_base64": null,
            "content_disposition": "",
            "content_encoding": "",
            "content_language": "",
            "content_type": "text/html",
            "etag": "376f070e737d8b4416d19b7a8b096a53",
            "force_destroy": false,
            "id": "_next/static/webpack/e58165d57429d1f969aa.hot-update.json",
            "key": "_next/static/webpack/e58165d57429d1f969aa.hot-update.json",
            "kms_key_id": null,
            "metadata": {},
            "object_lock_legal_hold_status": "",
            "object_lock_mode": "",
            "object_lock_retain_until_date": "",
            "server_side_encryption": "",
            "source": "../out/_next/static/webpack/e58165d57429d1f969aa.hot-update.json",
            "storage_class": "STANDARD",
            "tags": {},
            "version_id": "",
            "website_redirect": ""
          },
          "sensitive_attributes": [],
          "private": "bnVsbA==",
          "dependencies": [
            "aws_s3_bucket.www_bucket"
          ]
        },
        {
          "index_key": "_next/static/webpack/e5939acb0d27a800e3b9.hot-update.json",
          "schema_version": 0,
          "attributes": {
            "acl": "public-read",
            "bucket": "www.moggies.io",
            "cache_control": "",
            "content": null,
            "content_base64": null,
            "content_disposition": "",
            "content_encoding": "",
            "content_language": "",
            "content_type": "text/html",
            "etag": "4097a31fa95c16ea2756e41d41e99308",
            "force_destroy": false,
            "id": "_next/static/webpack/e5939acb0d27a800e3b9.hot-update.json",
            "key": "_next/static/webpack/e5939acb0d27a800e3b9.hot-update.json",
            "kms_key_id": null,
            "metadata": {},
            "object_lock_legal_hold_status": "",
            "object_lock_mode": "",
            "object_lock_retain_until_date": "",
            "server_side_encryption": "",
            "source": "../out/_next/static/webpack/e5939acb0d27a800e3b9.hot-update.json",
            "storage_class": "STANDARD",
            "tags": {},
            "version_id": "",
            "website_redirect": ""
          },
          "sensitive_attributes": [],
          "private": "bnVsbA==",
          "dependencies": [
            "aws_s3_bucket.www_bucket"
          ]
        },
        {
          "index_key": "_next/static/webpack/e7ee6e15bfb8fd7efc05.hot-update.json",
          "schema_version": 0,
          "attributes": {
            "acl": "public-read",
            "bucket": "www.moggies.io",
            "cache_control": "",
            "content": null,
            "content_base64": null,
            "content_disposition": "",
            "content_encoding": "",
            "content_language": "",
            "content_type": "text/html",
            "etag": "15a629641af679085a636b6b317ac21c",
            "force_destroy": false,
            "id": "_next/static/webpack/e7ee6e15bfb8fd7efc05.hot-update.json",
            "key": "_next/static/webpack/e7ee6e15bfb8fd7efc05.hot-update.json",
            "kms_key_id": null,
            "metadata": {},
            "object_lock_legal_hold_status": "",
            "object_lock_mode": "",
            "object_lock_retain_until_date": "",
            "server_side_encryption": "",
            "source": "../out/_next/static/webpack/e7ee6e15bfb8fd7efc05.hot-update.json",
            "storage_class": "STANDARD",
            "tags": {},
            "version_id": "",
            "website_redirect": ""
          },
          "sensitive_attributes": [],
          "private": "bnVsbA==",
          "dependencies": [
            "aws_s3_bucket.www_bucket"
          ]
        },
        {
          "index_key": "_next/static/webpack/eb4444f8434dc41d7b54.hot-update.json",
          "schema_version": 0,
          "attributes": {
            "acl": "public-read",
            "bucket": "www.moggies.io",
            "cache_control": "",
            "content": null,
            "content_base64": null,
            "content_disposition": "",
            "content_encoding": "",
            "content_language": "",
            "content_type": "text/html",
            "etag": "2ba09eb6ca0f19b6358b856f00e3c8a8",
            "force_destroy": false,
            "id": "_next/static/webpack/eb4444f8434dc41d7b54.hot-update.json",
            "key": "_next/static/webpack/eb4444f8434dc41d7b54.hot-update.json",
            "kms_key_id": null,
            "metadata": {},
            "object_lock_legal_hold_status": "",
            "object_lock_mode": "",
            "object_lock_retain_until_date": "",
            "server_side_encryption": "",
            "source": "../out/_next/static/webpack/eb4444f8434dc41d7b54.hot-update.json",
            "storage_class": "STANDARD",
            "tags": {},
            "version_id": "",
            "website_redirect": ""
          },
          "sensitive_attributes": [],
          "private": "bnVsbA==",
          "dependencies": [
            "aws_s3_bucket.www_bucket"
          ]
        },
        {
          "index_key": "_next/static/webpack/ed1420921871a51b71a7.hot-update.json",
          "schema_version": 0,
          "attributes": {
            "acl": "public-read",
            "bucket": "www.moggies.io",
            "cache_control": "",
            "content": null,
            "content_base64": null,
            "content_disposition": "",
            "content_encoding": "",
            "content_language": "",
            "content_type": "text/html",
            "etag": "c85d3f6e37dbc61b5347a6f664ef9c27",
            "force_destroy": false,
            "id": "_next/static/webpack/ed1420921871a51b71a7.hot-update.json",
            "key": "_next/static/webpack/ed1420921871a51b71a7.hot-update.json",
            "kms_key_id": null,
            "metadata": {},
            "object_lock_legal_hold_status": "",
            "object_lock_mode": "",
            "object_lock_retain_until_date": "",
            "server_side_encryption": "",
            "source": "../out/_next/static/webpack/ed1420921871a51b71a7.hot-update.json",
            "storage_class": "STANDARD",
            "tags": {},
            "version_id": "",
            "website_redirect": ""
          },
          "sensitive_attributes": [],
          "private": "bnVsbA==",
          "dependencies": [
            "aws_s3_bucket.www_bucket"
          ]
        },
        {
          "index_key": "_next/static/webpack/ef34139fded340e1ee4b.hot-update.json",
          "schema_version": 0,
          "attributes": {
            "acl": "public-read",
            "bucket": "www.moggies.io",
            "cache_control": "",
            "content": null,
            "content_base64": null,
            "content_disposition": "",
            "content_encoding": "",
            "content_language": "",
            "content_type": "text/html",
            "etag": "60ec9b820abf2bb9412140bcac2b373c",
            "force_destroy": false,
            "id": "_next/static/webpack/ef34139fded340e1ee4b.hot-update.json",
            "key": "_next/static/webpack/ef34139fded340e1ee4b.hot-update.json",
            "kms_key_id": null,
            "metadata": {},
            "object_lock_legal_hold_status": "",
            "object_lock_mode": "",
            "object_lock_retain_until_date": "",
            "server_side_encryption": "",
            "source": "../out/_next/static/webpack/ef34139fded340e1ee4b.hot-update.json",
            "storage_class": "STANDARD",
            "tags": {},
            "version_id": "",
            "website_redirect": ""
          },
          "sensitive_attributes": [],
          "private": "bnVsbA==",
          "dependencies": [
            "aws_s3_bucket.www_bucket"
          ]
        },
        {
          "index_key": "_next/static/webpack/f23fb203f3945b37825f.hot-update.json",
          "schema_version": 0,
          "attributes": {
            "acl": "public-read",
            "bucket": "www.moggies.io",
            "cache_control": "",
            "content": null,
            "content_base64": null,
            "content_disposition": "",
            "content_encoding": "",
            "content_language": "",
            "content_type": "text/html",
            "etag": "4bb7526966008c3d731527cd965ea11a",
            "force_destroy": false,
            "id": "_next/static/webpack/f23fb203f3945b37825f.hot-update.json",
            "key": "_next/static/webpack/f23fb203f3945b37825f.hot-update.json",
            "kms_key_id": null,
            "metadata": {},
            "object_lock_legal_hold_status": "",
            "object_lock_mode": "",
            "object_lock_retain_until_date": "",
            "server_side_encryption": "",
            "source": "../out/_next/static/webpack/f23fb203f3945b37825f.hot-update.json",
            "storage_class": "STANDARD",
            "tags": {},
            "version_id": "",
            "website_redirect": ""
          },
          "sensitive_attributes": [],
          "private": "bnVsbA==",
          "dependencies": [
            "aws_s3_bucket.www_bucket"
          ]
        },
        {
          "index_key": "_next/static/webpack/f5b0355fe6fe408fc0a2.hot-update.json",
          "schema_version": 0,
          "attributes": {
            "acl": "public-read",
            "bucket": "www.moggies.io",
            "cache_control": "",
            "content": null,
            "content_base64": null,
            "content_disposition": "",
            "content_encoding": "",
            "content_language": "",
            "content_type": "text/html",
            "etag": "e9248ed38b4dc6c9d018de6a3a26451e",
            "force_destroy": false,
            "id": "_next/static/webpack/f5b0355fe6fe408fc0a2.hot-update.json",
            "key": "_next/static/webpack/f5b0355fe6fe408fc0a2.hot-update.json",
            "kms_key_id": null,
            "metadata": {},
            "object_lock_legal_hold_status": "",
            "object_lock_mode": "",
            "object_lock_retain_until_date": "",
            "server_side_encryption": "",
            "source": "../out/_next/static/webpack/f5b0355fe6fe408fc0a2.hot-update.json",
            "storage_class": "STANDARD",
            "tags": {},
            "version_id": "",
            "website_redirect": ""
          },
          "sensitive_attributes": [],
          "private": "bnVsbA==",
          "dependencies": [
            "aws_s3_bucket.www_bucket"
          ]
        },
        {
          "index_key": "_next/static/webpack/f5fc667c940570daac3d.hot-update.json",
          "schema_version": 0,
          "attributes": {
            "acl": "public-read",
            "bucket": "www.moggies.io",
            "cache_control": "",
            "content": null,
            "content_base64": null,
            "content_disposition": "",
            "content_encoding": "",
            "content_language": "",
            "content_type": "text/html",
            "etag": "636a4a764e7b4b2730d569d7b10036b1",
            "force_destroy": false,
            "id": "_next/static/webpack/f5fc667c940570daac3d.hot-update.json",
            "key": "_next/static/webpack/f5fc667c940570daac3d.hot-update.json",
            "kms_key_id": null,
            "metadata": {},
            "object_lock_legal_hold_status": "",
            "object_lock_mode": "",
            "object_lock_retain_until_date": "",
            "server_side_encryption": "",
            "source": "../out/_next/static/webpack/f5fc667c940570daac3d.hot-update.json",
            "storage_class": "STANDARD",
            "tags": {},
            "version_id": "",
            "website_redirect": ""
          },
          "sensitive_attributes": [],
          "private": "bnVsbA==",
          "dependencies": [
            "aws_s3_bucket.www_bucket"
          ]
        },
        {
          "index_key": "_next/static/webpack/f90ce5f74df416d674a0.hot-update.json",
          "schema_version": 0,
          "attributes": {
            "acl": "public-read",
            "bucket": "www.moggies.io",
            "cache_control": "",
            "content": null,
            "content_base64": null,
            "content_disposition": "",
            "content_encoding": "",
            "content_language": "",
            "content_type": "text/html",
            "etag": "a9ab8529f79cd26f891a8a3341408d2c",
            "force_destroy": false,
            "id": "_next/static/webpack/f90ce5f74df416d674a0.hot-update.json",
            "key": "_next/static/webpack/f90ce5f74df416d674a0.hot-update.json",
            "kms_key_id": null,
            "metadata": {},
            "object_lock_legal_hold_status": "",
            "object_lock_mode": "",
            "object_lock_retain_until_date": "",
            "server_side_encryption": "",
            "source": "../out/_next/static/webpack/f90ce5f74df416d674a0.hot-update.json",
            "storage_class": "STANDARD",
            "tags": {},
            "version_id": "",
            "website_redirect": ""
          },
          "sensitive_attributes": [],
          "private": "bnVsbA==",
          "dependencies": [
            "aws_s3_bucket.www_bucket"
          ]
        },
        {
          "index_key": "_next/static/webpack/f9afc1aff43c36e80446.hot-update.json",
          "schema_version": 0,
          "attributes": {
            "acl": "public-read",
            "bucket": "www.moggies.io",
            "cache_control": "",
            "content": null,
            "content_base64": null,
            "content_disposition": "",
            "content_encoding": "",
            "content_language": "",
            "content_type": "text/html",
            "etag": "c781bd13eefeb665a9350d709a55b695",
            "force_destroy": false,
            "id": "_next/static/webpack/f9afc1aff43c36e80446.hot-update.json",
            "key": "_next/static/webpack/f9afc1aff43c36e80446.hot-update.json",
            "kms_key_id": null,
            "metadata": {},
            "object_lock_legal_hold_status": "",
            "object_lock_mode": "",
            "object_lock_retain_until_date": "",
            "server_side_encryption": "",
            "source": "../out/_next/static/webpack/f9afc1aff43c36e80446.hot-update.json",
            "storage_class": "STANDARD",
            "tags": {},
            "version_id": "",
            "website_redirect": ""
          },
          "sensitive_attributes": [],
          "private": "bnVsbA==",
          "dependencies": [
            "aws_s3_bucket.www_bucket"
          ]
        },
        {
          "index_key": "_next/static/webpack/fbd6ec78a1f5895fe929.hot-update.json",
          "schema_version": 0,
          "attributes": {
            "acl": "public-read",
            "bucket": "www.moggies.io",
            "cache_control": "",
            "content": null,
            "content_base64": null,
            "content_disposition": "",
            "content_encoding": "",
            "content_language": "",
            "content_type": "text/html",
            "etag": "440bbb533d204a4d958b1184c42e9b7d",
            "force_destroy": false,
            "id": "_next/static/webpack/fbd6ec78a1f5895fe929.hot-update.json",
            "key": "_next/static/webpack/fbd6ec78a1f5895fe929.hot-update.json",
            "kms_key_id": null,
            "metadata": {},
            "object_lock_legal_hold_status": "",
            "object_lock_mode": "",
            "object_lock_retain_until_date": "",
            "server_side_encryption": "",
            "source": "../out/_next/static/webpack/fbd6ec78a1f5895fe929.hot-update.json",
            "storage_class": "STANDARD",
            "tags": {},
            "version_id": "",
            "website_redirect": ""
          },
          "sensitive_attributes": [],
          "private": "bnVsbA==",
          "dependencies": [
            "aws_s3_bucket.www_bucket"
          ]
        },
        {
          "index_key": "_next/static/webpack/fc0e3238ac99725ac6fa.hot-update.json",
          "schema_version": 0,
          "attributes": {
            "acl": "public-read",
            "bucket": "www.moggies.io",
            "cache_control": "",
            "content": null,
            "content_base64": null,
            "content_disposition": "",
            "content_encoding": "",
            "content_language": "",
            "content_type": "text/html",
            "etag": "6cfa15a5c9e4a56ec06130923c5df31c",
            "force_destroy": false,
            "id": "_next/static/webpack/fc0e3238ac99725ac6fa.hot-update.json",
            "key": "_next/static/webpack/fc0e3238ac99725ac6fa.hot-update.json",
            "kms_key_id": null,
            "metadata": {},
            "object_lock_legal_hold_status": "",
            "object_lock_mode": "",
            "object_lock_retain_until_date": "",
            "server_side_encryption": "",
            "source": "../out/_next/static/webpack/fc0e3238ac99725ac6fa.hot-update.json",
            "storage_class": "STANDARD",
            "tags": {},
            "version_id": "",
            "website_redirect": ""
          },
          "sensitive_attributes": [],
          "private": "bnVsbA==",
          "dependencies": [
            "aws_s3_bucket.www_bucket"
          ]
        },
        {
          "index_key": "_next/static/webpack/fc6959a604a55985b90c.hot-update.json",
          "schema_version": 0,
          "attributes": {
            "acl": "public-read",
            "bucket": "www.moggies.io",
            "cache_control": "",
            "content": null,
            "content_base64": null,
            "content_disposition": "",
            "content_encoding": "",
            "content_language": "",
            "content_type": "text/html",
            "etag": "e306b85f4169d2c0d03027e86ec2ea45",
            "force_destroy": false,
            "id": "_next/static/webpack/fc6959a604a55985b90c.hot-update.json",
            "key": "_next/static/webpack/fc6959a604a55985b90c.hot-update.json",
            "kms_key_id": null,
            "metadata": {},
            "object_lock_legal_hold_status": "",
            "object_lock_mode": "",
            "object_lock_retain_until_date": "",
            "server_side_encryption": "",
            "source": "../out/_next/static/webpack/fc6959a604a55985b90c.hot-update.json",
            "storage_class": "STANDARD",
            "tags": {},
            "version_id": "",
            "website_redirect": ""
          },
          "sensitive_attributes": [],
          "private": "bnVsbA==",
          "dependencies": [
            "aws_s3_bucket.www_bucket"
          ]
        },
        {
          "index_key": "_next/static/webpack/pages/_app.3baf723f0d0d34f2c83b.hot-update.js",
          "schema_version": 0,
          "attributes": {
            "acl": "public-read",
            "bucket": "www.moggies.io",
            "cache_control": "",
            "content": null,
            "content_base64": null,
            "content_disposition": "",
            "content_encoding": "",
            "content_language": "",
            "content_type": "application/javascript",
            "etag": "ab6754f8a78baae568bed2dbc44389a7",
            "force_destroy": false,
            "id": "_next/static/webpack/pages/_app.3baf723f0d0d34f2c83b.hot-update.js",
            "key": "_next/static/webpack/pages/_app.3baf723f0d0d34f2c83b.hot-update.js",
            "kms_key_id": null,
            "metadata": {},
            "object_lock_legal_hold_status": "",
            "object_lock_mode": "",
            "object_lock_retain_until_date": "",
            "server_side_encryption": "",
            "source": "../out/_next/static/webpack/pages/_app.3baf723f0d0d34f2c83b.hot-update.js",
            "storage_class": "STANDARD",
            "tags": {},
            "version_id": "",
            "website_redirect": ""
          },
          "sensitive_attributes": [],
          "private": "bnVsbA==",
          "dependencies": [
            "aws_s3_bucket.www_bucket"
          ]
        },
        {
          "index_key": "_next/static/webpack/pages/_app.61ed0887e157e8bf5bcb.hot-update.js",
          "schema_version": 0,
          "attributes": {
            "acl": "public-read",
            "bucket": "www.moggies.io",
            "cache_control": "",
            "content": null,
            "content_base64": null,
            "content_disposition": "",
            "content_encoding": "",
            "content_language": "",
            "content_type": "application/javascript",
            "etag": "874d4697379ccacabbb1c456be5b894e",
            "force_destroy": false,
            "id": "_next/static/webpack/pages/_app.61ed0887e157e8bf5bcb.hot-update.js",
            "key": "_next/static/webpack/pages/_app.61ed0887e157e8bf5bcb.hot-update.js",
            "kms_key_id": null,
            "metadata": {},
            "object_lock_legal_hold_status": "",
            "object_lock_mode": "",
            "object_lock_retain_until_date": "",
            "server_side_encryption": "",
            "source": "../out/_next/static/webpack/pages/_app.61ed0887e157e8bf5bcb.hot-update.js",
            "storage_class": "STANDARD",
            "tags": {},
            "version_id": "",
            "website_redirect": ""
          },
          "sensitive_attributes": [],
          "private": "bnVsbA==",
          "dependencies": [
            "aws_s3_bucket.www_bucket"
          ]
        },
        {
          "index_key": "_next/static/webpack/pages/_app.7f64e451dd82dec84011.hot-update.js",
          "schema_version": 0,
          "attributes": {
            "acl": "public-read",
            "bucket": "www.moggies.io",
            "cache_control": "",
            "content": null,
            "content_base64": null,
            "content_disposition": "",
            "content_encoding": "",
            "content_language": "",
            "content_type": "application/javascript",
            "etag": "7536d85df6efae8eaa437500e6d5d784",
            "force_destroy": false,
            "id": "_next/static/webpack/pages/_app.7f64e451dd82dec84011.hot-update.js",
            "key": "_next/static/webpack/pages/_app.7f64e451dd82dec84011.hot-update.js",
            "kms_key_id": null,
            "metadata": {},
            "object_lock_legal_hold_status": "",
            "object_lock_mode": "",
            "object_lock_retain_until_date": "",
            "server_side_encryption": "",
            "source": "../out/_next/static/webpack/pages/_app.7f64e451dd82dec84011.hot-update.js",
            "storage_class": "STANDARD",
            "tags": {},
            "version_id": "",
            "website_redirect": ""
          },
          "sensitive_attributes": [],
          "private": "bnVsbA==",
          "dependencies": [
            "aws_s3_bucket.www_bucket"
          ]
        },
        {
          "index_key": "_next/static/webpack/pages/_app.ae163cfc2f2fc73621a6.hot-update.js",
          "schema_version": 0,
          "attributes": {
            "acl": "public-read",
            "bucket": "www.moggies.io",
            "cache_control": "",
            "content": null,
            "content_base64": null,
            "content_disposition": "",
            "content_encoding": "",
            "content_language": "",
            "content_type": "application/javascript",
            "etag": "874d4697379ccacabbb1c456be5b894e",
            "force_destroy": false,
            "id": "_next/static/webpack/pages/_app.ae163cfc2f2fc73621a6.hot-update.js",
            "key": "_next/static/webpack/pages/_app.ae163cfc2f2fc73621a6.hot-update.js",
            "kms_key_id": null,
            "metadata": {},
            "object_lock_legal_hold_status": "",
            "object_lock_mode": "",
            "object_lock_retain_until_date": "",
            "server_side_encryption": "",
            "source": "../out/_next/static/webpack/pages/_app.ae163cfc2f2fc73621a6.hot-update.js",
            "storage_class": "STANDARD",
            "tags": {},
            "version_id": "",
            "website_redirect": ""
          },
          "sensitive_attributes": [],
          "private": "bnVsbA==",
          "dependencies": [
            "aws_s3_bucket.www_bucket"
          ]
        },
        {
          "index_key": "_next/static/webpack/pages/_app.b900f339a5b1197fb191.hot-update.js",
          "schema_version": 0,
          "attributes": {
            "acl": "public-read",
            "bucket": "www.moggies.io",
            "cache_control": "",
            "content": null,
            "content_base64": null,
            "content_disposition": "",
            "content_encoding": "",
            "content_language": "",
            "content_type": "application/javascript",
            "etag": "cf45d5bfa8619c5ae070fd26a49c5cfe",
            "force_destroy": false,
            "id": "_next/static/webpack/pages/_app.b900f339a5b1197fb191.hot-update.js",
            "key": "_next/static/webpack/pages/_app.b900f339a5b1197fb191.hot-update.js",
            "kms_key_id": null,
            "metadata": {},
            "object_lock_legal_hold_status": "",
            "object_lock_mode": "",
            "object_lock_retain_until_date": "",
            "server_side_encryption": "",
            "source": "../out/_next/static/webpack/pages/_app.b900f339a5b1197fb191.hot-update.js",
            "storage_class": "STANDARD",
            "tags": {},
            "version_id": "",
            "website_redirect": ""
          },
          "sensitive_attributes": [],
          "private": "bnVsbA==",
          "dependencies": [
            "aws_s3_bucket.www_bucket"
          ]
        },
        {
          "index_key": "_next/static/webpack/pages/_app.f5b0355fe6fe408fc0a2.hot-update.js",
          "schema_version": 0,
          "attributes": {
            "acl": "public-read",
            "bucket": "www.moggies.io",
            "cache_control": "",
            "content": null,
            "content_base64": null,
            "content_disposition": "",
            "content_encoding": "",
            "content_language": "",
            "content_type": "application/javascript",
            "etag": "874d4697379ccacabbb1c456be5b894e",
            "force_destroy": false,
            "id": "_next/static/webpack/pages/_app.f5b0355fe6fe408fc0a2.hot-update.js",
            "key": "_next/static/webpack/pages/_app.f5b0355fe6fe408fc0a2.hot-update.js",
            "kms_key_id": null,
            "metadata": {},
            "object_lock_legal_hold_status": "",
            "object_lock_mode": "",
            "object_lock_retain_until_date": "",
            "server_side_encryption": "",
            "source": "../out/_next/static/webpack/pages/_app.f5b0355fe6fe408fc0a2.hot-update.js",
            "storage_class": "STANDARD",
            "tags": {},
            "version_id": "",
            "website_redirect": ""
          },
          "sensitive_attributes": [],
          "private": "bnVsbA==",
          "dependencies": [
            "aws_s3_bucket.www_bucket"
          ]
        },
        {
          "index_key": "_next/static/webpack/pages/_app.fc0e3238ac99725ac6fa.hot-update.js",
          "schema_version": 0,
          "attributes": {
            "acl": "public-read",
            "bucket": "www.moggies.io",
            "cache_control": "",
            "content": null,
            "content_base64": null,
            "content_disposition": "",
            "content_encoding": "",
            "content_language": "",
            "content_type": "application/javascript",
            "etag": "7eac0bae42407ae48022d672c9253f7a",
            "force_destroy": false,
            "id": "_next/static/webpack/pages/_app.fc0e3238ac99725ac6fa.hot-update.js",
            "key": "_next/static/webpack/pages/_app.fc0e3238ac99725ac6fa.hot-update.js",
            "kms_key_id": null,
            "metadata": {},
            "object_lock_legal_hold_status": "",
            "object_lock_mode": "",
            "object_lock_retain_until_date": "",
            "server_side_encryption": "",
            "source": "../out/_next/static/webpack/pages/_app.fc0e3238ac99725ac6fa.hot-update.js",
            "storage_class": "STANDARD",
            "tags": {},
            "version_id": "",
            "website_redirect": ""
          },
          "sensitive_attributes": [],
          "private": "bnVsbA==",
          "dependencies": [
            "aws_s3_bucket.www_bucket"
          ]
        },
        {
          "index_key": "_next/static/webpack/pages/dashboard.0d34b2bcbacac08d4116.hot-update.js",
          "schema_version": 0,
          "attributes": {
            "acl": "public-read",
            "bucket": "www.moggies.io",
            "cache_control": "",
            "content": null,
            "content_base64": null,
            "content_disposition": "",
            "content_encoding": "",
            "content_language": "",
            "content_type": "application/javascript",
            "etag": "ceb710e23ab9a408a465aa389a9e696b",
            "force_destroy": false,
            "id": "_next/static/webpack/pages/dashboard.0d34b2bcbacac08d4116.hot-update.js",
            "key": "_next/static/webpack/pages/dashboard.0d34b2bcbacac08d4116.hot-update.js",
            "kms_key_id": null,
            "metadata": {},
            "object_lock_legal_hold_status": "",
            "object_lock_mode": "",
            "object_lock_retain_until_date": "",
            "server_side_encryption": "",
            "source": "../out/_next/static/webpack/pages/dashboard.0d34b2bcbacac08d4116.hot-update.js",
            "storage_class": "STANDARD",
            "tags": {},
            "version_id": "",
            "website_redirect": ""
          },
          "sensitive_attributes": [],
          "private": "bnVsbA==",
          "dependencies": [
            "aws_s3_bucket.www_bucket"
          ]
        },
        {
          "index_key": "_next/static/webpack/pages/dashboard.13735f8134229bd26e4f.hot-update.js",
          "schema_version": 0,
          "attributes": {
            "acl": "public-read",
            "bucket": "www.moggies.io",
            "cache_control": "",
            "content": null,
            "content_base64": null,
            "content_disposition": "",
            "content_encoding": "",
            "content_language": "",
            "content_type": "application/javascript",
            "etag": "45394a995b657c8dc34bd22a6a49dc25",
            "force_destroy": false,
            "id": "_next/static/webpack/pages/dashboard.13735f8134229bd26e4f.hot-update.js",
            "key": "_next/static/webpack/pages/dashboard.13735f8134229bd26e4f.hot-update.js",
            "kms_key_id": null,
            "metadata": {},
            "object_lock_legal_hold_status": "",
            "object_lock_mode": "",
            "object_lock_retain_until_date": "",
            "server_side_encryption": "",
            "source": "../out/_next/static/webpack/pages/dashboard.13735f8134229bd26e4f.hot-update.js",
            "storage_class": "STANDARD",
            "tags": {},
            "version_id": "",
            "website_redirect": ""
          },
          "sensitive_attributes": [],
          "private": "bnVsbA==",
          "dependencies": [
            "aws_s3_bucket.www_bucket"
          ]
        },
        {
          "index_key": "_next/static/webpack/pages/dashboard.1575829731dbe7728d48.hot-update.js",
          "schema_version": 0,
          "attributes": {
            "acl": "public-read",
            "bucket": "www.moggies.io",
            "cache_control": "",
            "content": null,
            "content_base64": null,
            "content_disposition": "",
            "content_encoding": "",
            "content_language": "",
            "content_type": "application/javascript",
            "etag": "b19b7afe423861616a62d270756c3991",
            "force_destroy": false,
            "id": "_next/static/webpack/pages/dashboard.1575829731dbe7728d48.hot-update.js",
            "key": "_next/static/webpack/pages/dashboard.1575829731dbe7728d48.hot-update.js",
            "kms_key_id": null,
            "metadata": {},
            "object_lock_legal_hold_status": "",
            "object_lock_mode": "",
            "object_lock_retain_until_date": "",
            "server_side_encryption": "",
            "source": "../out/_next/static/webpack/pages/dashboard.1575829731dbe7728d48.hot-update.js",
            "storage_class": "STANDARD",
            "tags": {},
            "version_id": "",
            "website_redirect": ""
          },
          "sensitive_attributes": [],
          "private": "bnVsbA==",
          "dependencies": [
            "aws_s3_bucket.www_bucket"
          ]
        },
        {
          "index_key": "_next/static/webpack/pages/dashboard.15e0c5366e8a0b713bba.hot-update.js",
          "schema_version": 0,
          "attributes": {
            "acl": "public-read",
            "bucket": "www.moggies.io",
            "cache_control": "",
            "content": null,
            "content_base64": null,
            "content_disposition": "",
            "content_encoding": "",
            "content_language": "",
            "content_type": "application/javascript",
            "etag": "7d015c40d3403a424541b8166d50f681",
            "force_destroy": false,
            "id": "_next/static/webpack/pages/dashboard.15e0c5366e8a0b713bba.hot-update.js",
            "key": "_next/static/webpack/pages/dashboard.15e0c5366e8a0b713bba.hot-update.js",
            "kms_key_id": null,
            "metadata": {},
            "object_lock_legal_hold_status": "",
            "object_lock_mode": "",
            "object_lock_retain_until_date": "",
            "server_side_encryption": "",
            "source": "../out/_next/static/webpack/pages/dashboard.15e0c5366e8a0b713bba.hot-update.js",
            "storage_class": "STANDARD",
            "tags": {},
            "version_id": "",
            "website_redirect": ""
          },
          "sensitive_attributes": [],
          "private": "bnVsbA==",
          "dependencies": [
            "aws_s3_bucket.www_bucket"
          ]
        },
        {
          "index_key": "_next/static/webpack/pages/dashboard.1a6646801d90819311aa.hot-update.js",
          "schema_version": 0,
          "attributes": {
            "acl": "public-read",
            "bucket": "www.moggies.io",
            "cache_control": "",
            "content": null,
            "content_base64": null,
            "content_disposition": "",
            "content_encoding": "",
            "content_language": "",
            "content_type": "application/javascript",
            "etag": "46a165a999516535f88bfd94d6121a47",
            "force_destroy": false,
            "id": "_next/static/webpack/pages/dashboard.1a6646801d90819311aa.hot-update.js",
            "key": "_next/static/webpack/pages/dashboard.1a6646801d90819311aa.hot-update.js",
            "kms_key_id": null,
            "metadata": {},
            "object_lock_legal_hold_status": "",
            "object_lock_mode": "",
            "object_lock_retain_until_date": "",
            "server_side_encryption": "",
            "source": "../out/_next/static/webpack/pages/dashboard.1a6646801d90819311aa.hot-update.js",
            "storage_class": "STANDARD",
            "tags": {},
            "version_id": "",
            "website_redirect": ""
          },
          "sensitive_attributes": [],
          "private": "bnVsbA==",
          "dependencies": [
            "aws_s3_bucket.www_bucket"
          ]
        },
        {
          "index_key": "_next/static/webpack/pages/dashboard.21a756f0be5fd8f80b0d.hot-update.js",
          "schema_version": 0,
          "attributes": {
            "acl": "public-read",
            "bucket": "www.moggies.io",
            "cache_control": "",
            "content": null,
            "content_base64": null,
            "content_disposition": "",
            "content_encoding": "",
            "content_language": "",
            "content_type": "application/javascript",
            "etag": "4f375d2c7a41f4013040650154246c25",
            "force_destroy": false,
            "id": "_next/static/webpack/pages/dashboard.21a756f0be5fd8f80b0d.hot-update.js",
            "key": "_next/static/webpack/pages/dashboard.21a756f0be5fd8f80b0d.hot-update.js",
            "kms_key_id": null,
            "metadata": {},
            "object_lock_legal_hold_status": "",
            "object_lock_mode": "",
            "object_lock_retain_until_date": "",
            "server_side_encryption": "",
            "source": "../out/_next/static/webpack/pages/dashboard.21a756f0be5fd8f80b0d.hot-update.js",
            "storage_class": "STANDARD",
            "tags": {},
            "version_id": "",
            "website_redirect": ""
          },
          "sensitive_attributes": [],
          "private": "bnVsbA==",
          "dependencies": [
            "aws_s3_bucket.www_bucket"
          ]
        },
        {
          "index_key": "_next/static/webpack/pages/dashboard.23e683fb4e0f141cc3c3.hot-update.js",
          "schema_version": 0,
          "attributes": {
            "acl": "public-read",
            "bucket": "www.moggies.io",
            "cache_control": "",
            "content": null,
            "content_base64": null,
            "content_disposition": "",
            "content_encoding": "",
            "content_language": "",
            "content_type": "application/javascript",
            "etag": "ee296dc5772ebb6927f90390979fac22",
            "force_destroy": false,
            "id": "_next/static/webpack/pages/dashboard.23e683fb4e0f141cc3c3.hot-update.js",
            "key": "_next/static/webpack/pages/dashboard.23e683fb4e0f141cc3c3.hot-update.js",
            "kms_key_id": null,
            "metadata": {},
            "object_lock_legal_hold_status": "",
            "object_lock_mode": "",
            "object_lock_retain_until_date": "",
            "server_side_encryption": "",
            "source": "../out/_next/static/webpack/pages/dashboard.23e683fb4e0f141cc3c3.hot-update.js",
            "storage_class": "STANDARD",
            "tags": {},
            "version_id": "",
            "website_redirect": ""
          },
          "sensitive_attributes": [],
          "private": "bnVsbA==",
          "dependencies": [
            "aws_s3_bucket.www_bucket"
          ]
        },
        {
          "index_key": "_next/static/webpack/pages/dashboard.24e0abc284f81b5128b4.hot-update.js",
          "schema_version": 0,
          "attributes": {
            "acl": "public-read",
            "bucket": "www.moggies.io",
            "cache_control": "",
            "content": null,
            "content_base64": null,
            "content_disposition": "",
            "content_encoding": "",
            "content_language": "",
            "content_type": "application/javascript",
            "etag": "ab7b2a2cbbda3494dc2d70e41be8dbfc",
            "force_destroy": false,
            "id": "_next/static/webpack/pages/dashboard.24e0abc284f81b5128b4.hot-update.js",
            "key": "_next/static/webpack/pages/dashboard.24e0abc284f81b5128b4.hot-update.js",
            "kms_key_id": null,
            "metadata": {},
            "object_lock_legal_hold_status": "",
            "object_lock_mode": "",
            "object_lock_retain_until_date": "",
            "server_side_encryption": "",
            "source": "../out/_next/static/webpack/pages/dashboard.24e0abc284f81b5128b4.hot-update.js",
            "storage_class": "STANDARD",
            "tags": {},
            "version_id": "",
            "website_redirect": ""
          },
          "sensitive_attributes": [],
          "private": "bnVsbA==",
          "dependencies": [
            "aws_s3_bucket.www_bucket"
          ]
        },
        {
          "index_key": "_next/static/webpack/pages/dashboard.26fe9014e3e1476565ab.hot-update.js",
          "schema_version": 0,
          "attributes": {
            "acl": "public-read",
            "bucket": "www.moggies.io",
            "cache_control": "",
            "content": null,
            "content_base64": null,
            "content_disposition": "",
            "content_encoding": "",
            "content_language": "",
            "content_type": "application/javascript",
            "etag": "bd07b246655d12877b3932132ed11bf4",
            "force_destroy": false,
            "id": "_next/static/webpack/pages/dashboard.26fe9014e3e1476565ab.hot-update.js",
            "key": "_next/static/webpack/pages/dashboard.26fe9014e3e1476565ab.hot-update.js",
            "kms_key_id": null,
            "metadata": {},
            "object_lock_legal_hold_status": "",
            "object_lock_mode": "",
            "object_lock_retain_until_date": "",
            "server_side_encryption": "",
            "source": "../out/_next/static/webpack/pages/dashboard.26fe9014e3e1476565ab.hot-update.js",
            "storage_class": "STANDARD",
            "tags": {},
            "version_id": "",
            "website_redirect": ""
          },
          "sensitive_attributes": [],
          "private": "bnVsbA==",
          "dependencies": [
            "aws_s3_bucket.www_bucket"
          ]
        },
        {
          "index_key": "_next/static/webpack/pages/dashboard.2b9bac1f11b165daeee9.hot-update.js",
          "schema_version": 0,
          "attributes": {
            "acl": "public-read",
            "bucket": "www.moggies.io",
            "cache_control": "",
            "content": null,
            "content_base64": null,
            "content_disposition": "",
            "content_encoding": "",
            "content_language": "",
            "content_type": "application/javascript",
            "etag": "52aaf8fcf9c41aa7f5337676422ae8e1",
            "force_destroy": false,
            "id": "_next/static/webpack/pages/dashboard.2b9bac1f11b165daeee9.hot-update.js",
            "key": "_next/static/webpack/pages/dashboard.2b9bac1f11b165daeee9.hot-update.js",
            "kms_key_id": null,
            "metadata": {},
            "object_lock_legal_hold_status": "",
            "object_lock_mode": "",
            "object_lock_retain_until_date": "",
            "server_side_encryption": "",
            "source": "../out/_next/static/webpack/pages/dashboard.2b9bac1f11b165daeee9.hot-update.js",
            "storage_class": "STANDARD",
            "tags": {},
            "version_id": "",
            "website_redirect": ""
          },
          "sensitive_attributes": [],
          "private": "bnVsbA==",
          "dependencies": [
            "aws_s3_bucket.www_bucket"
          ]
        },
        {
          "index_key": "_next/static/webpack/pages/dashboard.2fe569fec163259cd9a5.hot-update.js",
          "schema_version": 0,
          "attributes": {
            "acl": "public-read",
            "bucket": "www.moggies.io",
            "cache_control": "",
            "content": null,
            "content_base64": null,
            "content_disposition": "",
            "content_encoding": "",
            "content_language": "",
            "content_type": "application/javascript",
            "etag": "3cf3dc19cfd0a592287aaa6ea6548b8f",
            "force_destroy": false,
            "id": "_next/static/webpack/pages/dashboard.2fe569fec163259cd9a5.hot-update.js",
            "key": "_next/static/webpack/pages/dashboard.2fe569fec163259cd9a5.hot-update.js",
            "kms_key_id": null,
            "metadata": {},
            "object_lock_legal_hold_status": "",
            "object_lock_mode": "",
            "object_lock_retain_until_date": "",
            "server_side_encryption": "",
            "source": "../out/_next/static/webpack/pages/dashboard.2fe569fec163259cd9a5.hot-update.js",
            "storage_class": "STANDARD",
            "tags": {},
            "version_id": "",
            "website_redirect": ""
          },
          "sensitive_attributes": [],
          "private": "bnVsbA==",
          "dependencies": [
            "aws_s3_bucket.www_bucket"
          ]
        },
        {
          "index_key": "_next/static/webpack/pages/dashboard.36be6a460d9f813153d0.hot-update.js",
          "schema_version": 0,
          "attributes": {
            "acl": "public-read",
            "bucket": "www.moggies.io",
            "cache_control": "",
            "content": null,
            "content_base64": null,
            "content_disposition": "",
            "content_encoding": "",
            "content_language": "",
            "content_type": "application/javascript",
            "etag": "e18c7e43890612990bf0540d41514e64",
            "force_destroy": false,
            "id": "_next/static/webpack/pages/dashboard.36be6a460d9f813153d0.hot-update.js",
            "key": "_next/static/webpack/pages/dashboard.36be6a460d9f813153d0.hot-update.js",
            "kms_key_id": null,
            "metadata": {},
            "object_lock_legal_hold_status": "",
            "object_lock_mode": "",
            "object_lock_retain_until_date": "",
            "server_side_encryption": "",
            "source": "../out/_next/static/webpack/pages/dashboard.36be6a460d9f813153d0.hot-update.js",
            "storage_class": "STANDARD",
            "tags": {},
            "version_id": "",
            "website_redirect": ""
          },
          "sensitive_attributes": [],
          "private": "bnVsbA==",
          "dependencies": [
            "aws_s3_bucket.www_bucket"
          ]
        },
        {
          "index_key": "_next/static/webpack/pages/dashboard.400ceedd039d6416b683.hot-update.js",
          "schema_version": 0,
          "attributes": {
            "acl": "public-read",
            "bucket": "www.moggies.io",
            "cache_control": "",
            "content": null,
            "content_base64": null,
            "content_disposition": "",
            "content_encoding": "",
            "content_language": "",
            "content_type": "application/javascript",
            "etag": "39f6402e134f2f0c107b45f5600aa25e",
            "force_destroy": false,
            "id": "_next/static/webpack/pages/dashboard.400ceedd039d6416b683.hot-update.js",
            "key": "_next/static/webpack/pages/dashboard.400ceedd039d6416b683.hot-update.js",
            "kms_key_id": null,
            "metadata": {},
            "object_lock_legal_hold_status": "",
            "object_lock_mode": "",
            "object_lock_retain_until_date": "",
            "server_side_encryption": "",
            "source": "../out/_next/static/webpack/pages/dashboard.400ceedd039d6416b683.hot-update.js",
            "storage_class": "STANDARD",
            "tags": {},
            "version_id": "",
            "website_redirect": ""
          },
          "sensitive_attributes": [],
          "private": "bnVsbA==",
          "dependencies": [
            "aws_s3_bucket.www_bucket"
          ]
        },
        {
          "index_key": "_next/static/webpack/pages/dashboard.4088644bec2b1abaa04e.hot-update.js",
          "schema_version": 0,
          "attributes": {
            "acl": "public-read",
            "bucket": "www.moggies.io",
            "cache_control": "",
            "content": null,
            "content_base64": null,
            "content_disposition": "",
            "content_encoding": "",
            "content_language": "",
            "content_type": "application/javascript",
            "etag": "17502d0fe3411081b5f445d44a1848bd",
            "force_destroy": false,
            "id": "_next/static/webpack/pages/dashboard.4088644bec2b1abaa04e.hot-update.js",
            "key": "_next/static/webpack/pages/dashboard.4088644bec2b1abaa04e.hot-update.js",
            "kms_key_id": null,
            "metadata": {},
            "object_lock_legal_hold_status": "",
            "object_lock_mode": "",
            "object_lock_retain_until_date": "",
            "server_side_encryption": "",
            "source": "../out/_next/static/webpack/pages/dashboard.4088644bec2b1abaa04e.hot-update.js",
            "storage_class": "STANDARD",
            "tags": {},
            "version_id": "",
            "website_redirect": ""
          },
          "sensitive_attributes": [],
          "private": "bnVsbA==",
          "dependencies": [
            "aws_s3_bucket.www_bucket"
          ]
        },
        {
          "index_key": "_next/static/webpack/pages/dashboard.474f7868db9bc6c29b77.hot-update.js",
          "schema_version": 0,
          "attributes": {
            "acl": "public-read",
            "bucket": "www.moggies.io",
            "cache_control": "",
            "content": null,
            "content_base64": null,
            "content_disposition": "",
            "content_encoding": "",
            "content_language": "",
            "content_type": "application/javascript",
            "etag": "e0f5985180f619a4abcba9f254695a32",
            "force_destroy": false,
            "id": "_next/static/webpack/pages/dashboard.474f7868db9bc6c29b77.hot-update.js",
            "key": "_next/static/webpack/pages/dashboard.474f7868db9bc6c29b77.hot-update.js",
            "kms_key_id": null,
            "metadata": {},
            "object_lock_legal_hold_status": "",
            "object_lock_mode": "",
            "object_lock_retain_until_date": "",
            "server_side_encryption": "",
            "source": "../out/_next/static/webpack/pages/dashboard.474f7868db9bc6c29b77.hot-update.js",
            "storage_class": "STANDARD",
            "tags": {},
            "version_id": "",
            "website_redirect": ""
          },
          "sensitive_attributes": [],
          "private": "bnVsbA==",
          "dependencies": [
            "aws_s3_bucket.www_bucket"
          ]
        },
        {
          "index_key": "_next/static/webpack/pages/dashboard.48205cb57978cf2d9be4.hot-update.js",
          "schema_version": 0,
          "attributes": {
            "acl": "public-read",
            "bucket": "www.moggies.io",
            "cache_control": "",
            "content": null,
            "content_base64": null,
            "content_disposition": "",
            "content_encoding": "",
            "content_language": "",
            "content_type": "application/javascript",
            "etag": "95888c4140cb076677b0372f798ea2f6",
            "force_destroy": false,
            "id": "_next/static/webpack/pages/dashboard.48205cb57978cf2d9be4.hot-update.js",
            "key": "_next/static/webpack/pages/dashboard.48205cb57978cf2d9be4.hot-update.js",
            "kms_key_id": null,
            "metadata": {},
            "object_lock_legal_hold_status": "",
            "object_lock_mode": "",
            "object_lock_retain_until_date": "",
            "server_side_encryption": "",
            "source": "../out/_next/static/webpack/pages/dashboard.48205cb57978cf2d9be4.hot-update.js",
            "storage_class": "STANDARD",
            "tags": {},
            "version_id": "",
            "website_redirect": ""
          },
          "sensitive_attributes": [],
          "private": "bnVsbA==",
          "dependencies": [
            "aws_s3_bucket.www_bucket"
          ]
        },
        {
          "index_key": "_next/static/webpack/pages/dashboard.4fb786215275e34a1916.hot-update.js",
          "schema_version": 0,
          "attributes": {
            "acl": "public-read",
            "bucket": "www.moggies.io",
            "cache_control": "",
            "content": null,
            "content_base64": null,
            "content_disposition": "",
            "content_encoding": "",
            "content_language": "",
            "content_type": "application/javascript",
            "etag": "31581625f6650e1c9b785859fddf02ac",
            "force_destroy": false,
            "id": "_next/static/webpack/pages/dashboard.4fb786215275e34a1916.hot-update.js",
            "key": "_next/static/webpack/pages/dashboard.4fb786215275e34a1916.hot-update.js",
            "kms_key_id": null,
            "metadata": {},
            "object_lock_legal_hold_status": "",
            "object_lock_mode": "",
            "object_lock_retain_until_date": "",
            "server_side_encryption": "",
            "source": "../out/_next/static/webpack/pages/dashboard.4fb786215275e34a1916.hot-update.js",
            "storage_class": "STANDARD",
            "tags": {},
            "version_id": "",
            "website_redirect": ""
          },
          "sensitive_attributes": [],
          "private": "bnVsbA==",
          "dependencies": [
            "aws_s3_bucket.www_bucket"
          ]
        },
        {
          "index_key": "_next/static/webpack/pages/dashboard.53fd3a4692f1236f7df3.hot-update.js",
          "schema_version": 0,
          "attributes": {
            "acl": "public-read",
            "bucket": "www.moggies.io",
            "cache_control": "",
            "content": null,
            "content_base64": null,
            "content_disposition": "",
            "content_encoding": "",
            "content_language": "",
            "content_type": "application/javascript",
            "etag": "587be56de4e3d0fc1060d21d83c9f679",
            "force_destroy": false,
            "id": "_next/static/webpack/pages/dashboard.53fd3a4692f1236f7df3.hot-update.js",
            "key": "_next/static/webpack/pages/dashboard.53fd3a4692f1236f7df3.hot-update.js",
            "kms_key_id": null,
            "metadata": {},
            "object_lock_legal_hold_status": "",
            "object_lock_mode": "",
            "object_lock_retain_until_date": "",
            "server_side_encryption": "",
            "source": "../out/_next/static/webpack/pages/dashboard.53fd3a4692f1236f7df3.hot-update.js",
            "storage_class": "STANDARD",
            "tags": {},
            "version_id": "",
            "website_redirect": ""
          },
          "sensitive_attributes": [],
          "private": "bnVsbA==",
          "dependencies": [
            "aws_s3_bucket.www_bucket"
          ]
        },
        {
          "index_key": "_next/static/webpack/pages/dashboard.554f86fcde9385d7247e.hot-update.js",
          "schema_version": 0,
          "attributes": {
            "acl": "public-read",
            "bucket": "www.moggies.io",
            "cache_control": "",
            "content": null,
            "content_base64": null,
            "content_disposition": "",
            "content_encoding": "",
            "content_language": "",
            "content_type": "application/javascript",
            "etag": "738edcdc6f775d5c1d6718fb2a23dbff",
            "force_destroy": false,
            "id": "_next/static/webpack/pages/dashboard.554f86fcde9385d7247e.hot-update.js",
            "key": "_next/static/webpack/pages/dashboard.554f86fcde9385d7247e.hot-update.js",
            "kms_key_id": null,
            "metadata": {},
            "object_lock_legal_hold_status": "",
            "object_lock_mode": "",
            "object_lock_retain_until_date": "",
            "server_side_encryption": "",
            "source": "../out/_next/static/webpack/pages/dashboard.554f86fcde9385d7247e.hot-update.js",
            "storage_class": "STANDARD",
            "tags": {},
            "version_id": "",
            "website_redirect": ""
          },
          "sensitive_attributes": [],
          "private": "bnVsbA==",
          "dependencies": [
            "aws_s3_bucket.www_bucket"
          ]
        },
        {
          "index_key": "_next/static/webpack/pages/dashboard.562ead12b05d984c616d.hot-update.js",
          "schema_version": 0,
          "attributes": {
            "acl": "public-read",
            "bucket": "www.moggies.io",
            "cache_control": "",
            "content": null,
            "content_base64": null,
            "content_disposition": "",
            "content_encoding": "",
            "content_language": "",
            "content_type": "application/javascript",
            "etag": "56a4ddb0c274edec0432721d5ab68058",
            "force_destroy": false,
            "id": "_next/static/webpack/pages/dashboard.562ead12b05d984c616d.hot-update.js",
            "key": "_next/static/webpack/pages/dashboard.562ead12b05d984c616d.hot-update.js",
            "kms_key_id": null,
            "metadata": {},
            "object_lock_legal_hold_status": "",
            "object_lock_mode": "",
            "object_lock_retain_until_date": "",
            "server_side_encryption": "",
            "source": "../out/_next/static/webpack/pages/dashboard.562ead12b05d984c616d.hot-update.js",
            "storage_class": "STANDARD",
            "tags": {},
            "version_id": "",
            "website_redirect": ""
          },
          "sensitive_attributes": [],
          "private": "bnVsbA==",
          "dependencies": [
            "aws_s3_bucket.www_bucket"
          ]
        },
        {
          "index_key": "_next/static/webpack/pages/dashboard.578eb42c7c310e7fad8c.hot-update.js",
          "schema_version": 0,
          "attributes": {
            "acl": "public-read",
            "bucket": "www.moggies.io",
            "cache_control": "",
            "content": null,
            "content_base64": null,
            "content_disposition": "",
            "content_encoding": "",
            "content_language": "",
            "content_type": "application/javascript",
            "etag": "2d68104bfc787eed1f7a4309f2e6d753",
            "force_destroy": false,
            "id": "_next/static/webpack/pages/dashboard.578eb42c7c310e7fad8c.hot-update.js",
            "key": "_next/static/webpack/pages/dashboard.578eb42c7c310e7fad8c.hot-update.js",
            "kms_key_id": null,
            "metadata": {},
            "object_lock_legal_hold_status": "",
            "object_lock_mode": "",
            "object_lock_retain_until_date": "",
            "server_side_encryption": "",
            "source": "../out/_next/static/webpack/pages/dashboard.578eb42c7c310e7fad8c.hot-update.js",
            "storage_class": "STANDARD",
            "tags": {},
            "version_id": "",
            "website_redirect": ""
          },
          "sensitive_attributes": [],
          "private": "bnVsbA==",
          "dependencies": [
            "aws_s3_bucket.www_bucket"
          ]
        },
        {
          "index_key": "_next/static/webpack/pages/dashboard.5aa8a17081f6b4e3670c.hot-update.js",
          "schema_version": 0,
          "attributes": {
            "acl": "public-read",
            "bucket": "www.moggies.io",
            "cache_control": "",
            "content": null,
            "content_base64": null,
            "content_disposition": "",
            "content_encoding": "",
            "content_language": "",
            "content_type": "application/javascript",
            "etag": "e9657e9b5dc423fe46c50e7f180fe563",
            "force_destroy": false,
            "id": "_next/static/webpack/pages/dashboard.5aa8a17081f6b4e3670c.hot-update.js",
            "key": "_next/static/webpack/pages/dashboard.5aa8a17081f6b4e3670c.hot-update.js",
            "kms_key_id": null,
            "metadata": {},
            "object_lock_legal_hold_status": "",
            "object_lock_mode": "",
            "object_lock_retain_until_date": "",
            "server_side_encryption": "",
            "source": "../out/_next/static/webpack/pages/dashboard.5aa8a17081f6b4e3670c.hot-update.js",
            "storage_class": "STANDARD",
            "tags": {},
            "version_id": "",
            "website_redirect": ""
          },
          "sensitive_attributes": [],
          "private": "bnVsbA==",
          "dependencies": [
            "aws_s3_bucket.www_bucket"
          ]
        },
        {
          "index_key": "_next/static/webpack/pages/dashboard.5cf3706c1a5ea743bf1c.hot-update.js",
          "schema_version": 0,
          "attributes": {
            "acl": "public-read",
            "bucket": "www.moggies.io",
            "cache_control": "",
            "content": null,
            "content_base64": null,
            "content_disposition": "",
            "content_encoding": "",
            "content_language": "",
            "content_type": "application/javascript",
            "etag": "0a32b5af68aef60e0e26154bf7deb804",
            "force_destroy": false,
            "id": "_next/static/webpack/pages/dashboard.5cf3706c1a5ea743bf1c.hot-update.js",
            "key": "_next/static/webpack/pages/dashboard.5cf3706c1a5ea743bf1c.hot-update.js",
            "kms_key_id": null,
            "metadata": {},
            "object_lock_legal_hold_status": "",
            "object_lock_mode": "",
            "object_lock_retain_until_date": "",
            "server_side_encryption": "",
            "source": "../out/_next/static/webpack/pages/dashboard.5cf3706c1a5ea743bf1c.hot-update.js",
            "storage_class": "STANDARD",
            "tags": {},
            "version_id": "",
            "website_redirect": ""
          },
          "sensitive_attributes": [],
          "private": "bnVsbA==",
          "dependencies": [
            "aws_s3_bucket.www_bucket"
          ]
        },
        {
          "index_key": "_next/static/webpack/pages/dashboard.5d37ca45a6845a18d6c2.hot-update.js",
          "schema_version": 0,
          "attributes": {
            "acl": "public-read",
            "bucket": "www.moggies.io",
            "cache_control": "",
            "content": null,
            "content_base64": null,
            "content_disposition": "",
            "content_encoding": "",
            "content_language": "",
            "content_type": "application/javascript",
            "etag": "491867cefd1b058189253df8df15d262",
            "force_destroy": false,
            "id": "_next/static/webpack/pages/dashboard.5d37ca45a6845a18d6c2.hot-update.js",
            "key": "_next/static/webpack/pages/dashboard.5d37ca45a6845a18d6c2.hot-update.js",
            "kms_key_id": null,
            "metadata": {},
            "object_lock_legal_hold_status": "",
            "object_lock_mode": "",
            "object_lock_retain_until_date": "",
            "server_side_encryption": "",
            "source": "../out/_next/static/webpack/pages/dashboard.5d37ca45a6845a18d6c2.hot-update.js",
            "storage_class": "STANDARD",
            "tags": {},
            "version_id": "",
            "website_redirect": ""
          },
          "sensitive_attributes": [],
          "private": "bnVsbA==",
          "dependencies": [
            "aws_s3_bucket.www_bucket"
          ]
        },
        {
          "index_key": "_next/static/webpack/pages/dashboard.5de92ab863943d8ca726.hot-update.js",
          "schema_version": 0,
          "attributes": {
            "acl": "public-read",
            "bucket": "www.moggies.io",
            "cache_control": "",
            "content": null,
            "content_base64": null,
            "content_disposition": "",
            "content_encoding": "",
            "content_language": "",
            "content_type": "application/javascript",
            "etag": "10038717f1956682d513682d8e87f3b8",
            "force_destroy": false,
            "id": "_next/static/webpack/pages/dashboard.5de92ab863943d8ca726.hot-update.js",
            "key": "_next/static/webpack/pages/dashboard.5de92ab863943d8ca726.hot-update.js",
            "kms_key_id": null,
            "metadata": {},
            "object_lock_legal_hold_status": "",
            "object_lock_mode": "",
            "object_lock_retain_until_date": "",
            "server_side_encryption": "",
            "source": "../out/_next/static/webpack/pages/dashboard.5de92ab863943d8ca726.hot-update.js",
            "storage_class": "STANDARD",
            "tags": {},
            "version_id": "",
            "website_redirect": ""
          },
          "sensitive_attributes": [],
          "private": "bnVsbA==",
          "dependencies": [
            "aws_s3_bucket.www_bucket"
          ]
        },
        {
          "index_key": "_next/static/webpack/pages/dashboard.5ff0437ea9b636cee789.hot-update.js",
          "schema_version": 0,
          "attributes": {
            "acl": "public-read",
            "bucket": "www.moggies.io",
            "cache_control": "",
            "content": null,
            "content_base64": null,
            "content_disposition": "",
            "content_encoding": "",
            "content_language": "",
            "content_type": "application/javascript",
            "etag": "586e15e2f8ff8a7d265ac349753c94aa",
            "force_destroy": false,
            "id": "_next/static/webpack/pages/dashboard.5ff0437ea9b636cee789.hot-update.js",
            "key": "_next/static/webpack/pages/dashboard.5ff0437ea9b636cee789.hot-update.js",
            "kms_key_id": null,
            "metadata": {},
            "object_lock_legal_hold_status": "",
            "object_lock_mode": "",
            "object_lock_retain_until_date": "",
            "server_side_encryption": "",
            "source": "../out/_next/static/webpack/pages/dashboard.5ff0437ea9b636cee789.hot-update.js",
            "storage_class": "STANDARD",
            "tags": {},
            "version_id": "",
            "website_redirect": ""
          },
          "sensitive_attributes": [],
          "private": "bnVsbA==",
          "dependencies": [
            "aws_s3_bucket.www_bucket"
          ]
        },
        {
          "index_key": "_next/static/webpack/pages/dashboard.61373e1cf97c339610c7.hot-update.js",
          "schema_version": 0,
          "attributes": {
            "acl": "public-read",
            "bucket": "www.moggies.io",
            "cache_control": "",
            "content": null,
            "content_base64": null,
            "content_disposition": "",
            "content_encoding": "",
            "content_language": "",
            "content_type": "application/javascript",
            "etag": "c79dc1f1899ad78363409ec8308ed2ca",
            "force_destroy": false,
            "id": "_next/static/webpack/pages/dashboard.61373e1cf97c339610c7.hot-update.js",
            "key": "_next/static/webpack/pages/dashboard.61373e1cf97c339610c7.hot-update.js",
            "kms_key_id": null,
            "metadata": {},
            "object_lock_legal_hold_status": "",
            "object_lock_mode": "",
            "object_lock_retain_until_date": "",
            "server_side_encryption": "",
            "source": "../out/_next/static/webpack/pages/dashboard.61373e1cf97c339610c7.hot-update.js",
            "storage_class": "STANDARD",
            "tags": {},
            "version_id": "",
            "website_redirect": ""
          },
          "sensitive_attributes": [],
          "private": "bnVsbA==",
          "dependencies": [
            "aws_s3_bucket.www_bucket"
          ]
        },
        {
          "index_key": "_next/static/webpack/pages/dashboard.669726119c29c8d6c883.hot-update.js",
          "schema_version": 0,
          "attributes": {
            "acl": "public-read",
            "bucket": "www.moggies.io",
            "cache_control": "",
            "content": null,
            "content_base64": null,
            "content_disposition": "",
            "content_encoding": "",
            "content_language": "",
            "content_type": "application/javascript",
            "etag": "32305631995f8ed71ad1639f7891c55c",
            "force_destroy": false,
            "id": "_next/static/webpack/pages/dashboard.669726119c29c8d6c883.hot-update.js",
            "key": "_next/static/webpack/pages/dashboard.669726119c29c8d6c883.hot-update.js",
            "kms_key_id": null,
            "metadata": {},
            "object_lock_legal_hold_status": "",
            "object_lock_mode": "",
            "object_lock_retain_until_date": "",
            "server_side_encryption": "",
            "source": "../out/_next/static/webpack/pages/dashboard.669726119c29c8d6c883.hot-update.js",
            "storage_class": "STANDARD",
            "tags": {},
            "version_id": "",
            "website_redirect": ""
          },
          "sensitive_attributes": [],
          "private": "bnVsbA==",
          "dependencies": [
            "aws_s3_bucket.www_bucket"
          ]
        },
        {
          "index_key": "_next/static/webpack/pages/dashboard.66cb4e20df8f5fe35202.hot-update.js",
          "schema_version": 0,
          "attributes": {
            "acl": "public-read",
            "bucket": "www.moggies.io",
            "cache_control": "",
            "content": null,
            "content_base64": null,
            "content_disposition": "",
            "content_encoding": "",
            "content_language": "",
            "content_type": "application/javascript",
            "etag": "c373bcdd71c7a9fcfa9732c6b0ff6599",
            "force_destroy": false,
            "id": "_next/static/webpack/pages/dashboard.66cb4e20df8f5fe35202.hot-update.js",
            "key": "_next/static/webpack/pages/dashboard.66cb4e20df8f5fe35202.hot-update.js",
            "kms_key_id": null,
            "metadata": {},
            "object_lock_legal_hold_status": "",
            "object_lock_mode": "",
            "object_lock_retain_until_date": "",
            "server_side_encryption": "",
            "source": "../out/_next/static/webpack/pages/dashboard.66cb4e20df8f5fe35202.hot-update.js",
            "storage_class": "STANDARD",
            "tags": {},
            "version_id": "",
            "website_redirect": ""
          },
          "sensitive_attributes": [],
          "private": "bnVsbA==",
          "dependencies": [
            "aws_s3_bucket.www_bucket"
          ]
        },
        {
          "index_key": "_next/static/webpack/pages/dashboard.69a3abd5070b1184461d.hot-update.js",
          "schema_version": 0,
          "attributes": {
            "acl": "public-read",
            "bucket": "www.moggies.io",
            "cache_control": "",
            "content": null,
            "content_base64": null,
            "content_disposition": "",
            "content_encoding": "",
            "content_language": "",
            "content_type": "application/javascript",
            "etag": "c79dc1f1899ad78363409ec8308ed2ca",
            "force_destroy": false,
            "id": "_next/static/webpack/pages/dashboard.69a3abd5070b1184461d.hot-update.js",
            "key": "_next/static/webpack/pages/dashboard.69a3abd5070b1184461d.hot-update.js",
            "kms_key_id": null,
            "metadata": {},
            "object_lock_legal_hold_status": "",
            "object_lock_mode": "",
            "object_lock_retain_until_date": "",
            "server_side_encryption": "",
            "source": "../out/_next/static/webpack/pages/dashboard.69a3abd5070b1184461d.hot-update.js",
            "storage_class": "STANDARD",
            "tags": {},
            "version_id": "",
            "website_redirect": ""
          },
          "sensitive_attributes": [],
          "private": "bnVsbA==",
          "dependencies": [
            "aws_s3_bucket.www_bucket"
          ]
        },
        {
          "index_key": "_next/static/webpack/pages/dashboard.6a4cc471a069ed4e5e3d.hot-update.js",
          "schema_version": 0,
          "attributes": {
            "acl": "public-read",
            "bucket": "www.moggies.io",
            "cache_control": "",
            "content": null,
            "content_base64": null,
            "content_disposition": "",
            "content_encoding": "",
            "content_language": "",
            "content_type": "application/javascript",
            "etag": "e5623b981700696cd3c8ac6b347402fc",
            "force_destroy": false,
            "id": "_next/static/webpack/pages/dashboard.6a4cc471a069ed4e5e3d.hot-update.js",
            "key": "_next/static/webpack/pages/dashboard.6a4cc471a069ed4e5e3d.hot-update.js",
            "kms_key_id": null,
            "metadata": {},
            "object_lock_legal_hold_status": "",
            "object_lock_mode": "",
            "object_lock_retain_until_date": "",
            "server_side_encryption": "",
            "source": "../out/_next/static/webpack/pages/dashboard.6a4cc471a069ed4e5e3d.hot-update.js",
            "storage_class": "STANDARD",
            "tags": {},
            "version_id": "",
            "website_redirect": ""
          },
          "sensitive_attributes": [],
          "private": "bnVsbA==",
          "dependencies": [
            "aws_s3_bucket.www_bucket"
          ]
        },
        {
          "index_key": "_next/static/webpack/pages/dashboard.71d1fba2c0289f35364e.hot-update.js",
          "schema_version": 0,
          "attributes": {
            "acl": "public-read",
            "bucket": "www.moggies.io",
            "cache_control": "",
            "content": null,
            "content_base64": null,
            "content_disposition": "",
            "content_encoding": "",
            "content_language": "",
            "content_type": "application/javascript",
            "etag": "30d8f082831528f42c09ba06ec33a78f",
            "force_destroy": false,
            "id": "_next/static/webpack/pages/dashboard.71d1fba2c0289f35364e.hot-update.js",
            "key": "_next/static/webpack/pages/dashboard.71d1fba2c0289f35364e.hot-update.js",
            "kms_key_id": null,
            "metadata": {},
            "object_lock_legal_hold_status": "",
            "object_lock_mode": "",
            "object_lock_retain_until_date": "",
            "server_side_encryption": "",
            "source": "../out/_next/static/webpack/pages/dashboard.71d1fba2c0289f35364e.hot-update.js",
            "storage_class": "STANDARD",
            "tags": {},
            "version_id": "",
            "website_redirect": ""
          },
          "sensitive_attributes": [],
          "private": "bnVsbA==",
          "dependencies": [
            "aws_s3_bucket.www_bucket"
          ]
        },
        {
          "index_key": "_next/static/webpack/pages/dashboard.75a0f420c24349003ceb.hot-update.js",
          "schema_version": 0,
          "attributes": {
            "acl": "public-read",
            "bucket": "www.moggies.io",
            "cache_control": "",
            "content": null,
            "content_base64": null,
            "content_disposition": "",
            "content_encoding": "",
            "content_language": "",
            "content_type": "application/javascript",
            "etag": "b4525cbd12560d036bc56989e2fe0822",
            "force_destroy": false,
            "id": "_next/static/webpack/pages/dashboard.75a0f420c24349003ceb.hot-update.js",
            "key": "_next/static/webpack/pages/dashboard.75a0f420c24349003ceb.hot-update.js",
            "kms_key_id": null,
            "metadata": {},
            "object_lock_legal_hold_status": "",
            "object_lock_mode": "",
            "object_lock_retain_until_date": "",
            "server_side_encryption": "",
            "source": "../out/_next/static/webpack/pages/dashboard.75a0f420c24349003ceb.hot-update.js",
            "storage_class": "STANDARD",
            "tags": {},
            "version_id": "",
            "website_redirect": ""
          },
          "sensitive_attributes": [],
          "private": "bnVsbA==",
          "dependencies": [
            "aws_s3_bucket.www_bucket"
          ]
        },
        {
          "index_key": "_next/static/webpack/pages/dashboard.7878ba9ff3434810f87f.hot-update.js",
          "schema_version": 0,
          "attributes": {
            "acl": "public-read",
            "bucket": "www.moggies.io",
            "cache_control": "",
            "content": null,
            "content_base64": null,
            "content_disposition": "",
            "content_encoding": "",
            "content_language": "",
            "content_type": "application/javascript",
            "etag": "25b40743395b9a60e9cfe6e818029ebe",
            "force_destroy": false,
            "id": "_next/static/webpack/pages/dashboard.7878ba9ff3434810f87f.hot-update.js",
            "key": "_next/static/webpack/pages/dashboard.7878ba9ff3434810f87f.hot-update.js",
            "kms_key_id": null,
            "metadata": {},
            "object_lock_legal_hold_status": "",
            "object_lock_mode": "",
            "object_lock_retain_until_date": "",
            "server_side_encryption": "",
            "source": "../out/_next/static/webpack/pages/dashboard.7878ba9ff3434810f87f.hot-update.js",
            "storage_class": "STANDARD",
            "tags": {},
            "version_id": "",
            "website_redirect": ""
          },
          "sensitive_attributes": [],
          "private": "bnVsbA==",
          "dependencies": [
            "aws_s3_bucket.www_bucket"
          ]
        },
        {
          "index_key": "_next/static/webpack/pages/dashboard.78ec30b67db114d437dd.hot-update.js",
          "schema_version": 0,
          "attributes": {
            "acl": "public-read",
            "bucket": "www.moggies.io",
            "cache_control": "",
            "content": null,
            "content_base64": null,
            "content_disposition": "",
            "content_encoding": "",
            "content_language": "",
            "content_type": "application/javascript",
            "etag": "402d5174d412fa29d278655947d79b37",
            "force_destroy": false,
            "id": "_next/static/webpack/pages/dashboard.78ec30b67db114d437dd.hot-update.js",
            "key": "_next/static/webpack/pages/dashboard.78ec30b67db114d437dd.hot-update.js",
            "kms_key_id": null,
            "metadata": {},
            "object_lock_legal_hold_status": "",
            "object_lock_mode": "",
            "object_lock_retain_until_date": "",
            "server_side_encryption": "",
            "source": "../out/_next/static/webpack/pages/dashboard.78ec30b67db114d437dd.hot-update.js",
            "storage_class": "STANDARD",
            "tags": {},
            "version_id": "",
            "website_redirect": ""
          },
          "sensitive_attributes": [],
          "private": "bnVsbA==",
          "dependencies": [
            "aws_s3_bucket.www_bucket"
          ]
        },
        {
          "index_key": "_next/static/webpack/pages/dashboard.7c5e5501ba03580a5d0c.hot-update.js",
          "schema_version": 0,
          "attributes": {
            "acl": "public-read",
            "bucket": "www.moggies.io",
            "cache_control": "",
            "content": null,
            "content_base64": null,
            "content_disposition": "",
            "content_encoding": "",
            "content_language": "",
            "content_type": "application/javascript",
            "etag": "46ee2b77cccf7b8fed1f8557d6665861",
            "force_destroy": false,
            "id": "_next/static/webpack/pages/dashboard.7c5e5501ba03580a5d0c.hot-update.js",
            "key": "_next/static/webpack/pages/dashboard.7c5e5501ba03580a5d0c.hot-update.js",
            "kms_key_id": null,
            "metadata": {},
            "object_lock_legal_hold_status": "",
            "object_lock_mode": "",
            "object_lock_retain_until_date": "",
            "server_side_encryption": "",
            "source": "../out/_next/static/webpack/pages/dashboard.7c5e5501ba03580a5d0c.hot-update.js",
            "storage_class": "STANDARD",
            "tags": {},
            "version_id": "",
            "website_redirect": ""
          },
          "sensitive_attributes": [],
          "private": "bnVsbA==",
          "dependencies": [
            "aws_s3_bucket.www_bucket"
          ]
        },
        {
          "index_key": "_next/static/webpack/pages/dashboard.7ed564ace8728d036b9f.hot-update.js",
          "schema_version": 0,
          "attributes": {
            "acl": "public-read",
            "bucket": "www.moggies.io",
            "cache_control": "",
            "content": null,
            "content_base64": null,
            "content_disposition": "",
            "content_encoding": "",
            "content_language": "",
            "content_type": "application/javascript",
            "etag": "a616b05e35b22532f4b4b360a04a9b8a",
            "force_destroy": false,
            "id": "_next/static/webpack/pages/dashboard.7ed564ace8728d036b9f.hot-update.js",
            "key": "_next/static/webpack/pages/dashboard.7ed564ace8728d036b9f.hot-update.js",
            "kms_key_id": null,
            "metadata": {},
            "object_lock_legal_hold_status": "",
            "object_lock_mode": "",
            "object_lock_retain_until_date": "",
            "server_side_encryption": "",
            "source": "../out/_next/static/webpack/pages/dashboard.7ed564ace8728d036b9f.hot-update.js",
            "storage_class": "STANDARD",
            "tags": {},
            "version_id": "",
            "website_redirect": ""
          },
          "sensitive_attributes": [],
          "private": "bnVsbA==",
          "dependencies": [
            "aws_s3_bucket.www_bucket"
          ]
        },
        {
          "index_key": "_next/static/webpack/pages/dashboard.84e78ac57ba1f22c40f2.hot-update.js",
          "schema_version": 0,
          "attributes": {
            "acl": "public-read",
            "bucket": "www.moggies.io",
            "cache_control": "",
            "content": null,
            "content_base64": null,
            "content_disposition": "",
            "content_encoding": "",
            "content_language": "",
            "content_type": "application/javascript",
            "etag": "81854be867d529ac8b752f51bdd99ef4",
            "force_destroy": false,
            "id": "_next/static/webpack/pages/dashboard.84e78ac57ba1f22c40f2.hot-update.js",
            "key": "_next/static/webpack/pages/dashboard.84e78ac57ba1f22c40f2.hot-update.js",
            "kms_key_id": null,
            "metadata": {},
            "object_lock_legal_hold_status": "",
            "object_lock_mode": "",
            "object_lock_retain_until_date": "",
            "server_side_encryption": "",
            "source": "../out/_next/static/webpack/pages/dashboard.84e78ac57ba1f22c40f2.hot-update.js",
            "storage_class": "STANDARD",
            "tags": {},
            "version_id": "",
            "website_redirect": ""
          },
          "sensitive_attributes": [],
          "private": "bnVsbA==",
          "dependencies": [
            "aws_s3_bucket.www_bucket"
          ]
        },
        {
          "index_key": "_next/static/webpack/pages/dashboard.864272095a57071ec24e.hot-update.js",
          "schema_version": 0,
          "attributes": {
            "acl": "public-read",
            "bucket": "www.moggies.io",
            "cache_control": "",
            "content": null,
            "content_base64": null,
            "content_disposition": "",
            "content_encoding": "",
            "content_language": "",
            "content_type": "application/javascript",
            "etag": "dcba3de6153813c58f20c2143b86f955",
            "force_destroy": false,
            "id": "_next/static/webpack/pages/dashboard.864272095a57071ec24e.hot-update.js",
            "key": "_next/static/webpack/pages/dashboard.864272095a57071ec24e.hot-update.js",
            "kms_key_id": null,
            "metadata": {},
            "object_lock_legal_hold_status": "",
            "object_lock_mode": "",
            "object_lock_retain_until_date": "",
            "server_side_encryption": "",
            "source": "../out/_next/static/webpack/pages/dashboard.864272095a57071ec24e.hot-update.js",
            "storage_class": "STANDARD",
            "tags": {},
            "version_id": "",
            "website_redirect": ""
          },
          "sensitive_attributes": [],
          "private": "bnVsbA==",
          "dependencies": [
            "aws_s3_bucket.www_bucket"
          ]
        },
        {
          "index_key": "_next/static/webpack/pages/dashboard.8661eb40476ea86bd5f1.hot-update.js",
          "schema_version": 0,
          "attributes": {
            "acl": "public-read",
            "bucket": "www.moggies.io",
            "cache_control": "",
            "content": null,
            "content_base64": null,
            "content_disposition": "",
            "content_encoding": "",
            "content_language": "",
            "content_type": "application/javascript",
            "etag": "402d5174d412fa29d278655947d79b37",
            "force_destroy": false,
            "id": "_next/static/webpack/pages/dashboard.8661eb40476ea86bd5f1.hot-update.js",
            "key": "_next/static/webpack/pages/dashboard.8661eb40476ea86bd5f1.hot-update.js",
            "kms_key_id": null,
            "metadata": {},
            "object_lock_legal_hold_status": "",
            "object_lock_mode": "",
            "object_lock_retain_until_date": "",
            "server_side_encryption": "",
            "source": "../out/_next/static/webpack/pages/dashboard.8661eb40476ea86bd5f1.hot-update.js",
            "storage_class": "STANDARD",
            "tags": {},
            "version_id": "",
            "website_redirect": ""
          },
          "sensitive_attributes": [],
          "private": "bnVsbA==",
          "dependencies": [
            "aws_s3_bucket.www_bucket"
          ]
        },
        {
          "index_key": "_next/static/webpack/pages/dashboard.8899d75cb5db9149fbce.hot-update.js",
          "schema_version": 0,
          "attributes": {
            "acl": "public-read",
            "bucket": "www.moggies.io",
            "cache_control": "",
            "content": null,
            "content_base64": null,
            "content_disposition": "",
            "content_encoding": "",
            "content_language": "",
            "content_type": "application/javascript",
            "etag": "57027168f4f31a0ca3682add4d621c33",
            "force_destroy": false,
            "id": "_next/static/webpack/pages/dashboard.8899d75cb5db9149fbce.hot-update.js",
            "key": "_next/static/webpack/pages/dashboard.8899d75cb5db9149fbce.hot-update.js",
            "kms_key_id": null,
            "metadata": {},
            "object_lock_legal_hold_status": "",
            "object_lock_mode": "",
            "object_lock_retain_until_date": "",
            "server_side_encryption": "",
            "source": "../out/_next/static/webpack/pages/dashboard.8899d75cb5db9149fbce.hot-update.js",
            "storage_class": "STANDARD",
            "tags": {},
            "version_id": "",
            "website_redirect": ""
          },
          "sensitive_attributes": [],
          "private": "bnVsbA==",
          "dependencies": [
            "aws_s3_bucket.www_bucket"
          ]
        },
        {
          "index_key": "_next/static/webpack/pages/dashboard.88a18219f416e3547ef8.hot-update.js",
          "schema_version": 0,
          "attributes": {
            "acl": "public-read",
            "bucket": "www.moggies.io",
            "cache_control": "",
            "content": null,
            "content_base64": null,
            "content_disposition": "",
            "content_encoding": "",
            "content_language": "",
            "content_type": "application/javascript",
            "etag": "e2f82b49d42002affff324b8964524b7",
            "force_destroy": false,
            "id": "_next/static/webpack/pages/dashboard.88a18219f416e3547ef8.hot-update.js",
            "key": "_next/static/webpack/pages/dashboard.88a18219f416e3547ef8.hot-update.js",
            "kms_key_id": null,
            "metadata": {},
            "object_lock_legal_hold_status": "",
            "object_lock_mode": "",
            "object_lock_retain_until_date": "",
            "server_side_encryption": "",
            "source": "../out/_next/static/webpack/pages/dashboard.88a18219f416e3547ef8.hot-update.js",
            "storage_class": "STANDARD",
            "tags": {},
            "version_id": "",
            "website_redirect": ""
          },
          "sensitive_attributes": [],
          "private": "bnVsbA==",
          "dependencies": [
            "aws_s3_bucket.www_bucket"
          ]
        },
        {
          "index_key": "_next/static/webpack/pages/dashboard.8b51489351588627d857.hot-update.js",
          "schema_version": 0,
          "attributes": {
            "acl": "public-read",
            "bucket": "www.moggies.io",
            "cache_control": "",
            "content": null,
            "content_base64": null,
            "content_disposition": "",
            "content_encoding": "",
            "content_language": "",
            "content_type": "application/javascript",
            "etag": "cb94cd403ae692cb0ea3a960f4b35668",
            "force_destroy": false,
            "id": "_next/static/webpack/pages/dashboard.8b51489351588627d857.hot-update.js",
            "key": "_next/static/webpack/pages/dashboard.8b51489351588627d857.hot-update.js",
            "kms_key_id": null,
            "metadata": {},
            "object_lock_legal_hold_status": "",
            "object_lock_mode": "",
            "object_lock_retain_until_date": "",
            "server_side_encryption": "",
            "source": "../out/_next/static/webpack/pages/dashboard.8b51489351588627d857.hot-update.js",
            "storage_class": "STANDARD",
            "tags": {},
            "version_id": "",
            "website_redirect": ""
          },
          "sensitive_attributes": [],
          "private": "bnVsbA==",
          "dependencies": [
            "aws_s3_bucket.www_bucket"
          ]
        },
        {
          "index_key": "_next/static/webpack/pages/dashboard.8cce8a74d0592e8b1e78.hot-update.js",
          "schema_version": 0,
          "attributes": {
            "acl": "public-read",
            "bucket": "www.moggies.io",
            "cache_control": "",
            "content": null,
            "content_base64": null,
            "content_disposition": "",
            "content_encoding": "",
            "content_language": "",
            "content_type": "application/javascript",
            "etag": "670ae38e8752c94c887b2effac6d0ec6",
            "force_destroy": false,
            "id": "_next/static/webpack/pages/dashboard.8cce8a74d0592e8b1e78.hot-update.js",
            "key": "_next/static/webpack/pages/dashboard.8cce8a74d0592e8b1e78.hot-update.js",
            "kms_key_id": null,
            "metadata": {},
            "object_lock_legal_hold_status": "",
            "object_lock_mode": "",
            "object_lock_retain_until_date": "",
            "server_side_encryption": "",
            "source": "../out/_next/static/webpack/pages/dashboard.8cce8a74d0592e8b1e78.hot-update.js",
            "storage_class": "STANDARD",
            "tags": {},
            "version_id": "",
            "website_redirect": ""
          },
          "sensitive_attributes": [],
          "private": "bnVsbA==",
          "dependencies": [
            "aws_s3_bucket.www_bucket"
          ]
        },
        {
          "index_key": "_next/static/webpack/pages/dashboard.91efd4131c1e49c090cc.hot-update.js",
          "schema_version": 0,
          "attributes": {
            "acl": "public-read",
            "bucket": "www.moggies.io",
            "cache_control": "",
            "content": null,
            "content_base64": null,
            "content_disposition": "",
            "content_encoding": "",
            "content_language": "",
            "content_type": "application/javascript",
            "etag": "e9657e9b5dc423fe46c50e7f180fe563",
            "force_destroy": false,
            "id": "_next/static/webpack/pages/dashboard.91efd4131c1e49c090cc.hot-update.js",
            "key": "_next/static/webpack/pages/dashboard.91efd4131c1e49c090cc.hot-update.js",
            "kms_key_id": null,
            "metadata": {},
            "object_lock_legal_hold_status": "",
            "object_lock_mode": "",
            "object_lock_retain_until_date": "",
            "server_side_encryption": "",
            "source": "../out/_next/static/webpack/pages/dashboard.91efd4131c1e49c090cc.hot-update.js",
            "storage_class": "STANDARD",
            "tags": {},
            "version_id": "",
            "website_redirect": ""
          },
          "sensitive_attributes": [],
          "private": "bnVsbA==",
          "dependencies": [
            "aws_s3_bucket.www_bucket"
          ]
        },
        {
          "index_key": "_next/static/webpack/pages/dashboard.9236c1ffab25975e3f05.hot-update.js",
          "schema_version": 0,
          "attributes": {
            "acl": "public-read",
            "bucket": "www.moggies.io",
            "cache_control": "",
            "content": null,
            "content_base64": null,
            "content_disposition": "",
            "content_encoding": "",
            "content_language": "",
            "content_type": "application/javascript",
            "etag": "6fca397899634cbcb45d43ad6ecc0850",
            "force_destroy": false,
            "id": "_next/static/webpack/pages/dashboard.9236c1ffab25975e3f05.hot-update.js",
            "key": "_next/static/webpack/pages/dashboard.9236c1ffab25975e3f05.hot-update.js",
            "kms_key_id": null,
            "metadata": {},
            "object_lock_legal_hold_status": "",
            "object_lock_mode": "",
            "object_lock_retain_until_date": "",
            "server_side_encryption": "",
            "source": "../out/_next/static/webpack/pages/dashboard.9236c1ffab25975e3f05.hot-update.js",
            "storage_class": "STANDARD",
            "tags": {},
            "version_id": "",
            "website_redirect": ""
          },
          "sensitive_attributes": [],
          "private": "bnVsbA==",
          "dependencies": [
            "aws_s3_bucket.www_bucket"
          ]
        },
        {
          "index_key": "_next/static/webpack/pages/dashboard.94859dbf9ac8f5f8915d.hot-update.js",
          "schema_version": 0,
          "attributes": {
            "acl": "public-read",
            "bucket": "www.moggies.io",
            "cache_control": "",
            "content": null,
            "content_base64": null,
            "content_disposition": "",
            "content_encoding": "",
            "content_language": "",
            "content_type": "application/javascript",
            "etag": "7318f14a8fcb10929fa18222fbc92afc",
            "force_destroy": false,
            "id": "_next/static/webpack/pages/dashboard.94859dbf9ac8f5f8915d.hot-update.js",
            "key": "_next/static/webpack/pages/dashboard.94859dbf9ac8f5f8915d.hot-update.js",
            "kms_key_id": null,
            "metadata": {},
            "object_lock_legal_hold_status": "",
            "object_lock_mode": "",
            "object_lock_retain_until_date": "",
            "server_side_encryption": "",
            "source": "../out/_next/static/webpack/pages/dashboard.94859dbf9ac8f5f8915d.hot-update.js",
            "storage_class": "STANDARD",
            "tags": {},
            "version_id": "",
            "website_redirect": ""
          },
          "sensitive_attributes": [],
          "private": "bnVsbA==",
          "dependencies": [
            "aws_s3_bucket.www_bucket"
          ]
        },
        {
          "index_key": "_next/static/webpack/pages/dashboard.961c2c62b3d468169f8f.hot-update.js",
          "schema_version": 0,
          "attributes": {
            "acl": "public-read",
            "bucket": "www.moggies.io",
            "cache_control": "",
            "content": null,
            "content_base64": null,
            "content_disposition": "",
            "content_encoding": "",
            "content_language": "",
            "content_type": "application/javascript",
            "etag": "3a99214bf03749b42635ef8f11d31b29",
            "force_destroy": false,
            "id": "_next/static/webpack/pages/dashboard.961c2c62b3d468169f8f.hot-update.js",
            "key": "_next/static/webpack/pages/dashboard.961c2c62b3d468169f8f.hot-update.js",
            "kms_key_id": null,
            "metadata": {},
            "object_lock_legal_hold_status": "",
            "object_lock_mode": "",
            "object_lock_retain_until_date": "",
            "server_side_encryption": "",
            "source": "../out/_next/static/webpack/pages/dashboard.961c2c62b3d468169f8f.hot-update.js",
            "storage_class": "STANDARD",
            "tags": {},
            "version_id": "",
            "website_redirect": ""
          },
          "sensitive_attributes": [],
          "private": "bnVsbA==",
          "dependencies": [
            "aws_s3_bucket.www_bucket"
          ]
        },
        {
          "index_key": "_next/static/webpack/pages/dashboard.994d6e54530ac8068e82.hot-update.js",
          "schema_version": 0,
          "attributes": {
            "acl": "public-read",
            "bucket": "www.moggies.io",
            "cache_control": "",
            "content": null,
            "content_base64": null,
            "content_disposition": "",
            "content_encoding": "",
            "content_language": "",
            "content_type": "application/javascript",
            "etag": "4ad3acec7de1f1ec9320ce188a93aa2d",
            "force_destroy": false,
            "id": "_next/static/webpack/pages/dashboard.994d6e54530ac8068e82.hot-update.js",
            "key": "_next/static/webpack/pages/dashboard.994d6e54530ac8068e82.hot-update.js",
            "kms_key_id": null,
            "metadata": {},
            "object_lock_legal_hold_status": "",
            "object_lock_mode": "",
            "object_lock_retain_until_date": "",
            "server_side_encryption": "",
            "source": "../out/_next/static/webpack/pages/dashboard.994d6e54530ac8068e82.hot-update.js",
            "storage_class": "STANDARD",
            "tags": {},
            "version_id": "",
            "website_redirect": ""
          },
          "sensitive_attributes": [],
          "private": "bnVsbA==",
          "dependencies": [
            "aws_s3_bucket.www_bucket"
          ]
        },
        {
          "index_key": "_next/static/webpack/pages/dashboard.9a4a438c23fd31ac7503.hot-update.js",
          "schema_version": 0,
          "attributes": {
            "acl": "public-read",
            "bucket": "www.moggies.io",
            "cache_control": "",
            "content": null,
            "content_base64": null,
            "content_disposition": "",
            "content_encoding": "",
            "content_language": "",
            "content_type": "application/javascript",
            "etag": "3bc26dc46e2dd31897b9b5a21c8b2f68",
            "force_destroy": false,
            "id": "_next/static/webpack/pages/dashboard.9a4a438c23fd31ac7503.hot-update.js",
            "key": "_next/static/webpack/pages/dashboard.9a4a438c23fd31ac7503.hot-update.js",
            "kms_key_id": null,
            "metadata": {},
            "object_lock_legal_hold_status": "",
            "object_lock_mode": "",
            "object_lock_retain_until_date": "",
            "server_side_encryption": "",
            "source": "../out/_next/static/webpack/pages/dashboard.9a4a438c23fd31ac7503.hot-update.js",
            "storage_class": "STANDARD",
            "tags": {},
            "version_id": "",
            "website_redirect": ""
          },
          "sensitive_attributes": [],
          "private": "bnVsbA==",
          "dependencies": [
            "aws_s3_bucket.www_bucket"
          ]
        },
        {
          "index_key": "_next/static/webpack/pages/dashboard.9ac17485757934d7024b.hot-update.js",
          "schema_version": 0,
          "attributes": {
            "acl": "public-read",
            "bucket": "www.moggies.io",
            "cache_control": "",
            "content": null,
            "content_base64": null,
            "content_disposition": "",
            "content_encoding": "",
            "content_language": "",
            "content_type": "application/javascript",
            "etag": "b5056c1b3102afaa565a16a0e3901ada",
            "force_destroy": false,
            "id": "_next/static/webpack/pages/dashboard.9ac17485757934d7024b.hot-update.js",
            "key": "_next/static/webpack/pages/dashboard.9ac17485757934d7024b.hot-update.js",
            "kms_key_id": null,
            "metadata": {},
            "object_lock_legal_hold_status": "",
            "object_lock_mode": "",
            "object_lock_retain_until_date": "",
            "server_side_encryption": "",
            "source": "../out/_next/static/webpack/pages/dashboard.9ac17485757934d7024b.hot-update.js",
            "storage_class": "STANDARD",
            "tags": {},
            "version_id": "",
            "website_redirect": ""
          },
          "sensitive_attributes": [],
          "private": "bnVsbA==",
          "dependencies": [
            "aws_s3_bucket.www_bucket"
          ]
        },
        {
          "index_key": "_next/static/webpack/pages/dashboard.9aecafe1c6a67e18a3e4.hot-update.js",
          "schema_version": 0,
          "attributes": {
            "acl": "public-read",
            "bucket": "www.moggies.io",
            "cache_control": "",
            "content": null,
            "content_base64": null,
            "content_disposition": "",
            "content_encoding": "",
            "content_language": "",
            "content_type": "application/javascript",
            "etag": "394378c3a493bcd065af2a100ce4890b",
            "force_destroy": false,
            "id": "_next/static/webpack/pages/dashboard.9aecafe1c6a67e18a3e4.hot-update.js",
            "key": "_next/static/webpack/pages/dashboard.9aecafe1c6a67e18a3e4.hot-update.js",
            "kms_key_id": null,
            "metadata": {},
            "object_lock_legal_hold_status": "",
            "object_lock_mode": "",
            "object_lock_retain_until_date": "",
            "server_side_encryption": "",
            "source": "../out/_next/static/webpack/pages/dashboard.9aecafe1c6a67e18a3e4.hot-update.js",
            "storage_class": "STANDARD",
            "tags": {},
            "version_id": "",
            "website_redirect": ""
          },
          "sensitive_attributes": [],
          "private": "bnVsbA==",
          "dependencies": [
            "aws_s3_bucket.www_bucket"
          ]
        },
        {
          "index_key": "_next/static/webpack/pages/dashboard.a21142cb7b818ef30aef.hot-update.js",
          "schema_version": 0,
          "attributes": {
            "acl": "public-read",
            "bucket": "www.moggies.io",
            "cache_control": "",
            "content": null,
            "content_base64": null,
            "content_disposition": "",
            "content_encoding": "",
            "content_language": "",
            "content_type": "application/javascript",
            "etag": "1d67798c394e3c78d39e15aaedb29e06",
            "force_destroy": false,
            "id": "_next/static/webpack/pages/dashboard.a21142cb7b818ef30aef.hot-update.js",
            "key": "_next/static/webpack/pages/dashboard.a21142cb7b818ef30aef.hot-update.js",
            "kms_key_id": null,
            "metadata": {},
            "object_lock_legal_hold_status": "",
            "object_lock_mode": "",
            "object_lock_retain_until_date": "",
            "server_side_encryption": "",
            "source": "../out/_next/static/webpack/pages/dashboard.a21142cb7b818ef30aef.hot-update.js",
            "storage_class": "STANDARD",
            "tags": {},
            "version_id": "",
            "website_redirect": ""
          },
          "sensitive_attributes": [],
          "private": "bnVsbA==",
          "dependencies": [
            "aws_s3_bucket.www_bucket"
          ]
        },
        {
          "index_key": "_next/static/webpack/pages/dashboard.a23dc77f69155ba25fc0.hot-update.js",
          "schema_version": 0,
          "attributes": {
            "acl": "public-read",
            "bucket": "www.moggies.io",
            "cache_control": "",
            "content": null,
            "content_base64": null,
            "content_disposition": "",
            "content_encoding": "",
            "content_language": "",
            "content_type": "application/javascript",
            "etag": "95e5a30ce94086f11f67c4de1e080bf9",
            "force_destroy": false,
            "id": "_next/static/webpack/pages/dashboard.a23dc77f69155ba25fc0.hot-update.js",
            "key": "_next/static/webpack/pages/dashboard.a23dc77f69155ba25fc0.hot-update.js",
            "kms_key_id": null,
            "metadata": {},
            "object_lock_legal_hold_status": "",
            "object_lock_mode": "",
            "object_lock_retain_until_date": "",
            "server_side_encryption": "",
            "source": "../out/_next/static/webpack/pages/dashboard.a23dc77f69155ba25fc0.hot-update.js",
            "storage_class": "STANDARD",
            "tags": {},
            "version_id": "",
            "website_redirect": ""
          },
          "sensitive_attributes": [],
          "private": "bnVsbA==",
          "dependencies": [
            "aws_s3_bucket.www_bucket"
          ]
        },
        {
          "index_key": "_next/static/webpack/pages/dashboard.a668fed7d61d3341398a.hot-update.js",
          "schema_version": 0,
          "attributes": {
            "acl": "public-read",
            "bucket": "www.moggies.io",
            "cache_control": "",
            "content": null,
            "content_base64": null,
            "content_disposition": "",
            "content_encoding": "",
            "content_language": "",
            "content_type": "application/javascript",
            "etag": "624cf216290b0e56272b9021b68e498f",
            "force_destroy": false,
            "id": "_next/static/webpack/pages/dashboard.a668fed7d61d3341398a.hot-update.js",
            "key": "_next/static/webpack/pages/dashboard.a668fed7d61d3341398a.hot-update.js",
            "kms_key_id": null,
            "metadata": {},
            "object_lock_legal_hold_status": "",
            "object_lock_mode": "",
            "object_lock_retain_until_date": "",
            "server_side_encryption": "",
            "source": "../out/_next/static/webpack/pages/dashboard.a668fed7d61d3341398a.hot-update.js",
            "storage_class": "STANDARD",
            "tags": {},
            "version_id": "",
            "website_redirect": ""
          },
          "sensitive_attributes": [],
          "private": "bnVsbA==",
          "dependencies": [
            "aws_s3_bucket.www_bucket"
          ]
        },
        {
          "index_key": "_next/static/webpack/pages/dashboard.a6ed545b48f5460adc5e.hot-update.js",
          "schema_version": 0,
          "attributes": {
            "acl": "public-read",
            "bucket": "www.moggies.io",
            "cache_control": "",
            "content": null,
            "content_base64": null,
            "content_disposition": "",
            "content_encoding": "",
            "content_language": "",
            "content_type": "application/javascript",
            "etag": "6aed423c8730967c7629e88963e94745",
            "force_destroy": false,
            "id": "_next/static/webpack/pages/dashboard.a6ed545b48f5460adc5e.hot-update.js",
            "key": "_next/static/webpack/pages/dashboard.a6ed545b48f5460adc5e.hot-update.js",
            "kms_key_id": null,
            "metadata": {},
            "object_lock_legal_hold_status": "",
            "object_lock_mode": "",
            "object_lock_retain_until_date": "",
            "server_side_encryption": "",
            "source": "../out/_next/static/webpack/pages/dashboard.a6ed545b48f5460adc5e.hot-update.js",
            "storage_class": "STANDARD",
            "tags": {},
            "version_id": "",
            "website_redirect": ""
          },
          "sensitive_attributes": [],
          "private": "bnVsbA==",
          "dependencies": [
            "aws_s3_bucket.www_bucket"
          ]
        },
        {
          "index_key": "_next/static/webpack/pages/dashboard.aa7e6978d9f8b377184d.hot-update.js",
          "schema_version": 0,
          "attributes": {
            "acl": "public-read",
            "bucket": "www.moggies.io",
            "cache_control": "",
            "content": null,
            "content_base64": null,
            "content_disposition": "",
            "content_encoding": "",
            "content_language": "",
            "content_type": "application/javascript",
            "etag": "26aea64a4cfd41182e105c42abc96167",
            "force_destroy": false,
            "id": "_next/static/webpack/pages/dashboard.aa7e6978d9f8b377184d.hot-update.js",
            "key": "_next/static/webpack/pages/dashboard.aa7e6978d9f8b377184d.hot-update.js",
            "kms_key_id": null,
            "metadata": {},
            "object_lock_legal_hold_status": "",
            "object_lock_mode": "",
            "object_lock_retain_until_date": "",
            "server_side_encryption": "",
            "source": "../out/_next/static/webpack/pages/dashboard.aa7e6978d9f8b377184d.hot-update.js",
            "storage_class": "STANDARD",
            "tags": {},
            "version_id": "",
            "website_redirect": ""
          },
          "sensitive_attributes": [],
          "private": "bnVsbA==",
          "dependencies": [
            "aws_s3_bucket.www_bucket"
          ]
        },
        {
          "index_key": "_next/static/webpack/pages/dashboard.aac381688b443dbc90c4.hot-update.js",
          "schema_version": 0,
          "attributes": {
            "acl": "public-read",
            "bucket": "www.moggies.io",
            "cache_control": "",
            "content": null,
            "content_base64": null,
            "content_disposition": "",
            "content_encoding": "",
            "content_language": "",
            "content_type": "application/javascript",
            "etag": "c76103c55e66b324f1324603076caebe",
            "force_destroy": false,
            "id": "_next/static/webpack/pages/dashboard.aac381688b443dbc90c4.hot-update.js",
            "key": "_next/static/webpack/pages/dashboard.aac381688b443dbc90c4.hot-update.js",
            "kms_key_id": null,
            "metadata": {},
            "object_lock_legal_hold_status": "",
            "object_lock_mode": "",
            "object_lock_retain_until_date": "",
            "server_side_encryption": "",
            "source": "../out/_next/static/webpack/pages/dashboard.aac381688b443dbc90c4.hot-update.js",
            "storage_class": "STANDARD",
            "tags": {},
            "version_id": "",
            "website_redirect": ""
          },
          "sensitive_attributes": [],
          "private": "bnVsbA==",
          "dependencies": [
            "aws_s3_bucket.www_bucket"
          ]
        },
        {
          "index_key": "_next/static/webpack/pages/dashboard.aaf5037c4c2c8cec3b6d.hot-update.js",
          "schema_version": 0,
          "attributes": {
            "acl": "public-read",
            "bucket": "www.moggies.io",
            "cache_control": "",
            "content": null,
            "content_base64": null,
            "content_disposition": "",
            "content_encoding": "",
            "content_language": "",
            "content_type": "application/javascript",
            "etag": "6dcc8a20bdf2110c6362b9b5087ef33b",
            "force_destroy": false,
            "id": "_next/static/webpack/pages/dashboard.aaf5037c4c2c8cec3b6d.hot-update.js",
            "key": "_next/static/webpack/pages/dashboard.aaf5037c4c2c8cec3b6d.hot-update.js",
            "kms_key_id": null,
            "metadata": {},
            "object_lock_legal_hold_status": "",
            "object_lock_mode": "",
            "object_lock_retain_until_date": "",
            "server_side_encryption": "",
            "source": "../out/_next/static/webpack/pages/dashboard.aaf5037c4c2c8cec3b6d.hot-update.js",
            "storage_class": "STANDARD",
            "tags": {},
            "version_id": "",
            "website_redirect": ""
          },
          "sensitive_attributes": [],
          "private": "bnVsbA==",
          "dependencies": [
            "aws_s3_bucket.www_bucket"
          ]
        },
        {
          "index_key": "_next/static/webpack/pages/dashboard.aee42b0301320534f01a.hot-update.js",
          "schema_version": 0,
          "attributes": {
            "acl": "public-read",
            "bucket": "www.moggies.io",
            "cache_control": "",
            "content": null,
            "content_base64": null,
            "content_disposition": "",
            "content_encoding": "",
            "content_language": "",
            "content_type": "application/javascript",
            "etag": "eadf54cd0389ed4ef58f0074e2039865",
            "force_destroy": false,
            "id": "_next/static/webpack/pages/dashboard.aee42b0301320534f01a.hot-update.js",
            "key": "_next/static/webpack/pages/dashboard.aee42b0301320534f01a.hot-update.js",
            "kms_key_id": null,
            "metadata": {},
            "object_lock_legal_hold_status": "",
            "object_lock_mode": "",
            "object_lock_retain_until_date": "",
            "server_side_encryption": "",
            "source": "../out/_next/static/webpack/pages/dashboard.aee42b0301320534f01a.hot-update.js",
            "storage_class": "STANDARD",
            "tags": {},
            "version_id": "",
            "website_redirect": ""
          },
          "sensitive_attributes": [],
          "private": "bnVsbA==",
          "dependencies": [
            "aws_s3_bucket.www_bucket"
          ]
        },
        {
          "index_key": "_next/static/webpack/pages/dashboard.afe62343c5c01d307c14.hot-update.js",
          "schema_version": 0,
          "attributes": {
            "acl": "public-read",
            "bucket": "www.moggies.io",
            "cache_control": "",
            "content": null,
            "content_base64": null,
            "content_disposition": "",
            "content_encoding": "",
            "content_language": "",
            "content_type": "application/javascript",
            "etag": "e9657e9b5dc423fe46c50e7f180fe563",
            "force_destroy": false,
            "id": "_next/static/webpack/pages/dashboard.afe62343c5c01d307c14.hot-update.js",
            "key": "_next/static/webpack/pages/dashboard.afe62343c5c01d307c14.hot-update.js",
            "kms_key_id": null,
            "metadata": {},
            "object_lock_legal_hold_status": "",
            "object_lock_mode": "",
            "object_lock_retain_until_date": "",
            "server_side_encryption": "",
            "source": "../out/_next/static/webpack/pages/dashboard.afe62343c5c01d307c14.hot-update.js",
            "storage_class": "STANDARD",
            "tags": {},
            "version_id": "",
            "website_redirect": ""
          },
          "sensitive_attributes": [],
          "private": "bnVsbA==",
          "dependencies": [
            "aws_s3_bucket.www_bucket"
          ]
        },
        {
          "index_key": "_next/static/webpack/pages/dashboard.b11005c91c5a868061b4.hot-update.js",
          "schema_version": 0,
          "attributes": {
            "acl": "public-read",
            "bucket": "www.moggies.io",
            "cache_control": "",
            "content": null,
            "content_base64": null,
            "content_disposition": "",
            "content_encoding": "",
            "content_language": "",
            "content_type": "application/javascript",
            "etag": "e4c76e087f9daf4f121ef63e9677caf1",
            "force_destroy": false,
            "id": "_next/static/webpack/pages/dashboard.b11005c91c5a868061b4.hot-update.js",
            "key": "_next/static/webpack/pages/dashboard.b11005c91c5a868061b4.hot-update.js",
            "kms_key_id": null,
            "metadata": {},
            "object_lock_legal_hold_status": "",
            "object_lock_mode": "",
            "object_lock_retain_until_date": "",
            "server_side_encryption": "",
            "source": "../out/_next/static/webpack/pages/dashboard.b11005c91c5a868061b4.hot-update.js",
            "storage_class": "STANDARD",
            "tags": {},
            "version_id": "",
            "website_redirect": ""
          },
          "sensitive_attributes": [],
          "private": "bnVsbA==",
          "dependencies": [
            "aws_s3_bucket.www_bucket"
          ]
        },
        {
          "index_key": "_next/static/webpack/pages/dashboard.b4348071eddd7c79a8ca.hot-update.js",
          "schema_version": 0,
          "attributes": {
            "acl": "public-read",
            "bucket": "www.moggies.io",
            "cache_control": "",
            "content": null,
            "content_base64": null,
            "content_disposition": "",
            "content_encoding": "",
            "content_language": "",
            "content_type": "application/javascript",
            "etag": "c282a14330c556dcc42e5e11c505c67d",
            "force_destroy": false,
            "id": "_next/static/webpack/pages/dashboard.b4348071eddd7c79a8ca.hot-update.js",
            "key": "_next/static/webpack/pages/dashboard.b4348071eddd7c79a8ca.hot-update.js",
            "kms_key_id": null,
            "metadata": {},
            "object_lock_legal_hold_status": "",
            "object_lock_mode": "",
            "object_lock_retain_until_date": "",
            "server_side_encryption": "",
            "source": "../out/_next/static/webpack/pages/dashboard.b4348071eddd7c79a8ca.hot-update.js",
            "storage_class": "STANDARD",
            "tags": {},
            "version_id": "",
            "website_redirect": ""
          },
          "sensitive_attributes": [],
          "private": "bnVsbA==",
          "dependencies": [
            "aws_s3_bucket.www_bucket"
          ]
        },
        {
          "index_key": "_next/static/webpack/pages/dashboard.bf1fd31a86c58daded7f.hot-update.js",
          "schema_version": 0,
          "attributes": {
            "acl": "public-read",
            "bucket": "www.moggies.io",
            "cache_control": "",
            "content": null,
            "content_base64": null,
            "content_disposition": "",
            "content_encoding": "",
            "content_language": "",
            "content_type": "application/javascript",
            "etag": "f397d7caceb9effbe1d5cbbd24f94a17",
            "force_destroy": false,
            "id": "_next/static/webpack/pages/dashboard.bf1fd31a86c58daded7f.hot-update.js",
            "key": "_next/static/webpack/pages/dashboard.bf1fd31a86c58daded7f.hot-update.js",
            "kms_key_id": null,
            "metadata": {},
            "object_lock_legal_hold_status": "",
            "object_lock_mode": "",
            "object_lock_retain_until_date": "",
            "server_side_encryption": "",
            "source": "../out/_next/static/webpack/pages/dashboard.bf1fd31a86c58daded7f.hot-update.js",
            "storage_class": "STANDARD",
            "tags": {},
            "version_id": "",
            "website_redirect": ""
          },
          "sensitive_attributes": [],
          "private": "bnVsbA==",
          "dependencies": [
            "aws_s3_bucket.www_bucket"
          ]
        },
        {
          "index_key": "_next/static/webpack/pages/dashboard.c08a77807d376bd64909.hot-update.js",
          "schema_version": 0,
          "attributes": {
            "acl": "public-read",
            "bucket": "www.moggies.io",
            "cache_control": "",
            "content": null,
            "content_base64": null,
            "content_disposition": "",
            "content_encoding": "",
            "content_language": "",
            "content_type": "application/javascript",
            "etag": "bc2c6323c1776fb8e138a71044d0b56c",
            "force_destroy": false,
            "id": "_next/static/webpack/pages/dashboard.c08a77807d376bd64909.hot-update.js",
            "key": "_next/static/webpack/pages/dashboard.c08a77807d376bd64909.hot-update.js",
            "kms_key_id": null,
            "metadata": {},
            "object_lock_legal_hold_status": "",
            "object_lock_mode": "",
            "object_lock_retain_until_date": "",
            "server_side_encryption": "",
            "source": "../out/_next/static/webpack/pages/dashboard.c08a77807d376bd64909.hot-update.js",
            "storage_class": "STANDARD",
            "tags": {},
            "version_id": "",
            "website_redirect": ""
          },
          "sensitive_attributes": [],
          "private": "bnVsbA==",
          "dependencies": [
            "aws_s3_bucket.www_bucket"
          ]
        },
        {
          "index_key": "_next/static/webpack/pages/dashboard.c168c53e914b3eed8a4f.hot-update.js",
          "schema_version": 0,
          "attributes": {
            "acl": "public-read",
            "bucket": "www.moggies.io",
            "cache_control": "",
            "content": null,
            "content_base64": null,
            "content_disposition": "",
            "content_encoding": "",
            "content_language": "",
            "content_type": "application/javascript",
            "etag": "1ce7559d71ce68b36e5b7decc11cd8ab",
            "force_destroy": false,
            "id": "_next/static/webpack/pages/dashboard.c168c53e914b3eed8a4f.hot-update.js",
            "key": "_next/static/webpack/pages/dashboard.c168c53e914b3eed8a4f.hot-update.js",
            "kms_key_id": null,
            "metadata": {},
            "object_lock_legal_hold_status": "",
            "object_lock_mode": "",
            "object_lock_retain_until_date": "",
            "server_side_encryption": "",
            "source": "../out/_next/static/webpack/pages/dashboard.c168c53e914b3eed8a4f.hot-update.js",
            "storage_class": "STANDARD",
            "tags": {},
            "version_id": "",
            "website_redirect": ""
          },
          "sensitive_attributes": [],
          "private": "bnVsbA==",
          "dependencies": [
            "aws_s3_bucket.www_bucket"
          ]
        },
        {
          "index_key": "_next/static/webpack/pages/dashboard.c1a2bbd0312a9c9996b9.hot-update.js",
          "schema_version": 0,
          "attributes": {
            "acl": "public-read",
            "bucket": "www.moggies.io",
            "cache_control": "",
            "content": null,
            "content_base64": null,
            "content_disposition": "",
            "content_encoding": "",
            "content_language": "",
            "content_type": "application/javascript",
            "etag": "9777ad5c33d0b585137f73c575e88c1c",
            "force_destroy": false,
            "id": "_next/static/webpack/pages/dashboard.c1a2bbd0312a9c9996b9.hot-update.js",
            "key": "_next/static/webpack/pages/dashboard.c1a2bbd0312a9c9996b9.hot-update.js",
            "kms_key_id": null,
            "metadata": {},
            "object_lock_legal_hold_status": "",
            "object_lock_mode": "",
            "object_lock_retain_until_date": "",
            "server_side_encryption": "",
            "source": "../out/_next/static/webpack/pages/dashboard.c1a2bbd0312a9c9996b9.hot-update.js",
            "storage_class": "STANDARD",
            "tags": {},
            "version_id": "",
            "website_redirect": ""
          },
          "sensitive_attributes": [],
          "private": "bnVsbA==",
          "dependencies": [
            "aws_s3_bucket.www_bucket"
          ]
        },
        {
          "index_key": "_next/static/webpack/pages/dashboard.c2cd415e2035caafec6c.hot-update.js",
          "schema_version": 0,
          "attributes": {
            "acl": "public-read",
            "bucket": "www.moggies.io",
            "cache_control": "",
            "content": null,
            "content_base64": null,
            "content_disposition": "",
            "content_encoding": "",
            "content_language": "",
            "content_type": "application/javascript",
            "etag": "efb90421173e4cc3f10bc2922f885c3a",
            "force_destroy": false,
            "id": "_next/static/webpack/pages/dashboard.c2cd415e2035caafec6c.hot-update.js",
            "key": "_next/static/webpack/pages/dashboard.c2cd415e2035caafec6c.hot-update.js",
            "kms_key_id": null,
            "metadata": {},
            "object_lock_legal_hold_status": "",
            "object_lock_mode": "",
            "object_lock_retain_until_date": "",
            "server_side_encryption": "",
            "source": "../out/_next/static/webpack/pages/dashboard.c2cd415e2035caafec6c.hot-update.js",
            "storage_class": "STANDARD",
            "tags": {},
            "version_id": "",
            "website_redirect": ""
          },
          "sensitive_attributes": [],
          "private": "bnVsbA==",
          "dependencies": [
            "aws_s3_bucket.www_bucket"
          ]
        },
        {
          "index_key": "_next/static/webpack/pages/dashboard.c6bb0a4403b691a1231b.hot-update.js",
          "schema_version": 0,
          "attributes": {
            "acl": "public-read",
            "bucket": "www.moggies.io",
            "cache_control": "",
            "content": null,
            "content_base64": null,
            "content_disposition": "",
            "content_encoding": "",
            "content_language": "",
            "content_type": "application/javascript",
            "etag": "dfbad7f3c440150dcb6713eaa6fee8bc",
            "force_destroy": false,
            "id": "_next/static/webpack/pages/dashboard.c6bb0a4403b691a1231b.hot-update.js",
            "key": "_next/static/webpack/pages/dashboard.c6bb0a4403b691a1231b.hot-update.js",
            "kms_key_id": null,
            "metadata": {},
            "object_lock_legal_hold_status": "",
            "object_lock_mode": "",
            "object_lock_retain_until_date": "",
            "server_side_encryption": "",
            "source": "../out/_next/static/webpack/pages/dashboard.c6bb0a4403b691a1231b.hot-update.js",
            "storage_class": "STANDARD",
            "tags": {},
            "version_id": "",
            "website_redirect": ""
          },
          "sensitive_attributes": [],
          "private": "bnVsbA==",
          "dependencies": [
            "aws_s3_bucket.www_bucket"
          ]
        },
        {
          "index_key": "_next/static/webpack/pages/dashboard.ca4989f4238e1b80d9ae.hot-update.js",
          "schema_version": 0,
          "attributes": {
            "acl": "public-read",
            "bucket": "www.moggies.io",
            "cache_control": "",
            "content": null,
            "content_base64": null,
            "content_disposition": "",
            "content_encoding": "",
            "content_language": "",
            "content_type": "application/javascript",
            "etag": "68de56bfce937d975f23f764a4de9cbe",
            "force_destroy": false,
            "id": "_next/static/webpack/pages/dashboard.ca4989f4238e1b80d9ae.hot-update.js",
            "key": "_next/static/webpack/pages/dashboard.ca4989f4238e1b80d9ae.hot-update.js",
            "kms_key_id": null,
            "metadata": {},
            "object_lock_legal_hold_status": "",
            "object_lock_mode": "",
            "object_lock_retain_until_date": "",
            "server_side_encryption": "",
            "source": "../out/_next/static/webpack/pages/dashboard.ca4989f4238e1b80d9ae.hot-update.js",
            "storage_class": "STANDARD",
            "tags": {},
            "version_id": "",
            "website_redirect": ""
          },
          "sensitive_attributes": [],
          "private": "bnVsbA==",
          "dependencies": [
            "aws_s3_bucket.www_bucket"
          ]
        },
        {
          "index_key": "_next/static/webpack/pages/dashboard.ccb8b44f7059693c4105.hot-update.js",
          "schema_version": 0,
          "attributes": {
            "acl": "public-read",
            "bucket": "www.moggies.io",
            "cache_control": "",
            "content": null,
            "content_base64": null,
            "content_disposition": "",
            "content_encoding": "",
            "content_language": "",
            "content_type": "application/javascript",
            "etag": "e0474dcebe81ad236d978eca120639fa",
            "force_destroy": false,
            "id": "_next/static/webpack/pages/dashboard.ccb8b44f7059693c4105.hot-update.js",
            "key": "_next/static/webpack/pages/dashboard.ccb8b44f7059693c4105.hot-update.js",
            "kms_key_id": null,
            "metadata": {},
            "object_lock_legal_hold_status": "",
            "object_lock_mode": "",
            "object_lock_retain_until_date": "",
            "server_side_encryption": "",
            "source": "../out/_next/static/webpack/pages/dashboard.ccb8b44f7059693c4105.hot-update.js",
            "storage_class": "STANDARD",
            "tags": {},
            "version_id": "",
            "website_redirect": ""
          },
          "sensitive_attributes": [],
          "private": "bnVsbA==",
          "dependencies": [
            "aws_s3_bucket.www_bucket"
          ]
        },
        {
          "index_key": "_next/static/webpack/pages/dashboard.d45cc05639deeb056f31.hot-update.js",
          "schema_version": 0,
          "attributes": {
            "acl": "public-read",
            "bucket": "www.moggies.io",
            "cache_control": "",
            "content": null,
            "content_base64": null,
            "content_disposition": "",
            "content_encoding": "",
            "content_language": "",
            "content_type": "application/javascript",
            "etag": "db793f36d618364758a99d5f9315e3fe",
            "force_destroy": false,
            "id": "_next/static/webpack/pages/dashboard.d45cc05639deeb056f31.hot-update.js",
            "key": "_next/static/webpack/pages/dashboard.d45cc05639deeb056f31.hot-update.js",
            "kms_key_id": null,
            "metadata": {},
            "object_lock_legal_hold_status": "",
            "object_lock_mode": "",
            "object_lock_retain_until_date": "",
            "server_side_encryption": "",
            "source": "../out/_next/static/webpack/pages/dashboard.d45cc05639deeb056f31.hot-update.js",
            "storage_class": "STANDARD",
            "tags": {},
            "version_id": "",
            "website_redirect": ""
          },
          "sensitive_attributes": [],
          "private": "bnVsbA==",
          "dependencies": [
            "aws_s3_bucket.www_bucket"
          ]
        },
        {
          "index_key": "_next/static/webpack/pages/dashboard.d5c543f700999ed9fdc7.hot-update.js",
          "schema_version": 0,
          "attributes": {
            "acl": "public-read",
            "bucket": "www.moggies.io",
            "cache_control": "",
            "content": null,
            "content_base64": null,
            "content_disposition": "",
            "content_encoding": "",
            "content_language": "",
            "content_type": "application/javascript",
            "etag": "68de56bfce937d975f23f764a4de9cbe",
            "force_destroy": false,
            "id": "_next/static/webpack/pages/dashboard.d5c543f700999ed9fdc7.hot-update.js",
            "key": "_next/static/webpack/pages/dashboard.d5c543f700999ed9fdc7.hot-update.js",
            "kms_key_id": null,
            "metadata": {},
            "object_lock_legal_hold_status": "",
            "object_lock_mode": "",
            "object_lock_retain_until_date": "",
            "server_side_encryption": "",
            "source": "../out/_next/static/webpack/pages/dashboard.d5c543f700999ed9fdc7.hot-update.js",
            "storage_class": "STANDARD",
            "tags": {},
            "version_id": "",
            "website_redirect": ""
          },
          "sensitive_attributes": [],
          "private": "bnVsbA==",
          "dependencies": [
            "aws_s3_bucket.www_bucket"
          ]
        },
        {
          "index_key": "_next/static/webpack/pages/dashboard.d60a2921283a8a7d30a2.hot-update.js",
          "schema_version": 0,
          "attributes": {
            "acl": "public-read",
            "bucket": "www.moggies.io",
            "cache_control": "",
            "content": null,
            "content_base64": null,
            "content_disposition": "",
            "content_encoding": "",
            "content_language": "",
            "content_type": "application/javascript",
            "etag": "96c71c8a5be3307338b442d35e0e15d1",
            "force_destroy": false,
            "id": "_next/static/webpack/pages/dashboard.d60a2921283a8a7d30a2.hot-update.js",
            "key": "_next/static/webpack/pages/dashboard.d60a2921283a8a7d30a2.hot-update.js",
            "kms_key_id": null,
            "metadata": {},
            "object_lock_legal_hold_status": "",
            "object_lock_mode": "",
            "object_lock_retain_until_date": "",
            "server_side_encryption": "",
            "source": "../out/_next/static/webpack/pages/dashboard.d60a2921283a8a7d30a2.hot-update.js",
            "storage_class": "STANDARD",
            "tags": {},
            "version_id": "",
            "website_redirect": ""
          },
          "sensitive_attributes": [],
          "private": "bnVsbA==",
          "dependencies": [
            "aws_s3_bucket.www_bucket"
          ]
        },
        {
          "index_key": "_next/static/webpack/pages/dashboard.d9b4edf8074791c69949.hot-update.js",
          "schema_version": 0,
          "attributes": {
            "acl": "public-read",
            "bucket": "www.moggies.io",
            "cache_control": "",
            "content": null,
            "content_base64": null,
            "content_disposition": "",
            "content_encoding": "",
            "content_language": "",
            "content_type": "application/javascript",
            "etag": "8fcafa38580915a36471d81f07ade268",
            "force_destroy": false,
            "id": "_next/static/webpack/pages/dashboard.d9b4edf8074791c69949.hot-update.js",
            "key": "_next/static/webpack/pages/dashboard.d9b4edf8074791c69949.hot-update.js",
            "kms_key_id": null,
            "metadata": {},
            "object_lock_legal_hold_status": "",
            "object_lock_mode": "",
            "object_lock_retain_until_date": "",
            "server_side_encryption": "",
            "source": "../out/_next/static/webpack/pages/dashboard.d9b4edf8074791c69949.hot-update.js",
            "storage_class": "STANDARD",
            "tags": {},
            "version_id": "",
            "website_redirect": ""
          },
          "sensitive_attributes": [],
          "private": "bnVsbA==",
          "dependencies": [
            "aws_s3_bucket.www_bucket"
          ]
        },
        {
          "index_key": "_next/static/webpack/pages/dashboard.d9bfa5558e3c66237707.hot-update.js",
          "schema_version": 0,
          "attributes": {
            "acl": "public-read",
            "bucket": "www.moggies.io",
            "cache_control": "",
            "content": null,
            "content_base64": null,
            "content_disposition": "",
            "content_encoding": "",
            "content_language": "",
            "content_type": "application/javascript",
            "etag": "155857c0545417d23bce74ec0fbc4379",
            "force_destroy": false,
            "id": "_next/static/webpack/pages/dashboard.d9bfa5558e3c66237707.hot-update.js",
            "key": "_next/static/webpack/pages/dashboard.d9bfa5558e3c66237707.hot-update.js",
            "kms_key_id": null,
            "metadata": {},
            "object_lock_legal_hold_status": "",
            "object_lock_mode": "",
            "object_lock_retain_until_date": "",
            "server_side_encryption": "",
            "source": "../out/_next/static/webpack/pages/dashboard.d9bfa5558e3c66237707.hot-update.js",
            "storage_class": "STANDARD",
            "tags": {},
            "version_id": "",
            "website_redirect": ""
          },
          "sensitive_attributes": [],
          "private": "bnVsbA==",
          "dependencies": [
            "aws_s3_bucket.www_bucket"
          ]
        },
        {
          "index_key": "_next/static/webpack/pages/dashboard.de62a29c858acb9882f5.hot-update.js",
          "schema_version": 0,
          "attributes": {
            "acl": "public-read",
            "bucket": "www.moggies.io",
            "cache_control": "",
            "content": null,
            "content_base64": null,
            "content_disposition": "",
            "content_encoding": "",
            "content_language": "",
            "content_type": "application/javascript",
            "etag": "e5623b981700696cd3c8ac6b347402fc",
            "force_destroy": false,
            "id": "_next/static/webpack/pages/dashboard.de62a29c858acb9882f5.hot-update.js",
            "key": "_next/static/webpack/pages/dashboard.de62a29c858acb9882f5.hot-update.js",
            "kms_key_id": null,
            "metadata": {},
            "object_lock_legal_hold_status": "",
            "object_lock_mode": "",
            "object_lock_retain_until_date": "",
            "server_side_encryption": "",
            "source": "../out/_next/static/webpack/pages/dashboard.de62a29c858acb9882f5.hot-update.js",
            "storage_class": "STANDARD",
            "tags": {},
            "version_id": "",
            "website_redirect": ""
          },
          "sensitive_attributes": [],
          "private": "bnVsbA==",
          "dependencies": [
            "aws_s3_bucket.www_bucket"
          ]
        },
        {
          "index_key": "_next/static/webpack/pages/dashboard.e1ab87ac3043b0b5dbbe.hot-update.js",
          "schema_version": 0,
          "attributes": {
            "acl": "public-read",
            "bucket": "www.moggies.io",
            "cache_control": "",
            "content": null,
            "content_base64": null,
            "content_disposition": "",
            "content_encoding": "",
            "content_language": "",
            "content_type": "application/javascript",
            "etag": "da21b4a0995d085dc0326c6e774a5d58",
            "force_destroy": false,
            "id": "_next/static/webpack/pages/dashboard.e1ab87ac3043b0b5dbbe.hot-update.js",
            "key": "_next/static/webpack/pages/dashboard.e1ab87ac3043b0b5dbbe.hot-update.js",
            "kms_key_id": null,
            "metadata": {},
            "object_lock_legal_hold_status": "",
            "object_lock_mode": "",
            "object_lock_retain_until_date": "",
            "server_side_encryption": "",
            "source": "../out/_next/static/webpack/pages/dashboard.e1ab87ac3043b0b5dbbe.hot-update.js",
            "storage_class": "STANDARD",
            "tags": {},
            "version_id": "",
            "website_redirect": ""
          },
          "sensitive_attributes": [],
          "private": "bnVsbA==",
          "dependencies": [
            "aws_s3_bucket.www_bucket"
          ]
        },
        {
          "index_key": "_next/static/webpack/pages/dashboard.e58165d57429d1f969aa.hot-update.js",
          "schema_version": 0,
          "attributes": {
            "acl": "public-read",
            "bucket": "www.moggies.io",
            "cache_control": "",
            "content": null,
            "content_base64": null,
            "content_disposition": "",
            "content_encoding": "",
            "content_language": "",
            "content_type": "application/javascript",
            "etag": "3cf3dc19cfd0a592287aaa6ea6548b8f",
            "force_destroy": false,
            "id": "_next/static/webpack/pages/dashboard.e58165d57429d1f969aa.hot-update.js",
            "key": "_next/static/webpack/pages/dashboard.e58165d57429d1f969aa.hot-update.js",
            "kms_key_id": null,
            "metadata": {},
            "object_lock_legal_hold_status": "",
            "object_lock_mode": "",
            "object_lock_retain_until_date": "",
            "server_side_encryption": "",
            "source": "../out/_next/static/webpack/pages/dashboard.e58165d57429d1f969aa.hot-update.js",
            "storage_class": "STANDARD",
            "tags": {},
            "version_id": "",
            "website_redirect": ""
          },
          "sensitive_attributes": [],
          "private": "bnVsbA==",
          "dependencies": [
            "aws_s3_bucket.www_bucket"
          ]
        },
        {
          "index_key": "_next/static/webpack/pages/dashboard.e7ee6e15bfb8fd7efc05.hot-update.js",
          "schema_version": 0,
          "attributes": {
            "acl": "public-read",
            "bucket": "www.moggies.io",
            "cache_control": "",
            "content": null,
            "content_base64": null,
            "content_disposition": "",
            "content_encoding": "",
            "content_language": "",
            "content_type": "application/javascript",
            "etag": "36a552a1fae0e860a4d132dcebd0a870",
            "force_destroy": false,
            "id": "_next/static/webpack/pages/dashboard.e7ee6e15bfb8fd7efc05.hot-update.js",
            "key": "_next/static/webpack/pages/dashboard.e7ee6e15bfb8fd7efc05.hot-update.js",
            "kms_key_id": null,
            "metadata": {},
            "object_lock_legal_hold_status": "",
            "object_lock_mode": "",
            "object_lock_retain_until_date": "",
            "server_side_encryption": "",
            "source": "../out/_next/static/webpack/pages/dashboard.e7ee6e15bfb8fd7efc05.hot-update.js",
            "storage_class": "STANDARD",
            "tags": {},
            "version_id": "",
            "website_redirect": ""
          },
          "sensitive_attributes": [],
          "private": "bnVsbA==",
          "dependencies": [
            "aws_s3_bucket.www_bucket"
          ]
        },
        {
          "index_key": "_next/static/webpack/pages/dashboard.eb4444f8434dc41d7b54.hot-update.js",
          "schema_version": 0,
          "attributes": {
            "acl": "public-read",
            "bucket": "www.moggies.io",
            "cache_control": "",
            "content": null,
            "content_base64": null,
            "content_disposition": "",
            "content_encoding": "",
            "content_language": "",
            "content_type": "application/javascript",
            "etag": "3070ede5ea4b7668a1c1596f53041d17",
            "force_destroy": false,
            "id": "_next/static/webpack/pages/dashboard.eb4444f8434dc41d7b54.hot-update.js",
            "key": "_next/static/webpack/pages/dashboard.eb4444f8434dc41d7b54.hot-update.js",
            "kms_key_id": null,
            "metadata": {},
            "object_lock_legal_hold_status": "",
            "object_lock_mode": "",
            "object_lock_retain_until_date": "",
            "server_side_encryption": "",
            "source": "../out/_next/static/webpack/pages/dashboard.eb4444f8434dc41d7b54.hot-update.js",
            "storage_class": "STANDARD",
            "tags": {},
            "version_id": "",
            "website_redirect": ""
          },
          "sensitive_attributes": [],
          "private": "bnVsbA==",
          "dependencies": [
            "aws_s3_bucket.www_bucket"
          ]
        },
        {
          "index_key": "_next/static/webpack/pages/dashboard.ed1420921871a51b71a7.hot-update.js",
          "schema_version": 0,
          "attributes": {
            "acl": "public-read",
            "bucket": "www.moggies.io",
            "cache_control": "",
            "content": null,
            "content_base64": null,
            "content_disposition": "",
            "content_encoding": "",
            "content_language": "",
            "content_type": "application/javascript",
            "etag": "24ca235a6cb8f6bec4af351aa26b2cc6",
            "force_destroy": false,
            "id": "_next/static/webpack/pages/dashboard.ed1420921871a51b71a7.hot-update.js",
            "key": "_next/static/webpack/pages/dashboard.ed1420921871a51b71a7.hot-update.js",
            "kms_key_id": null,
            "metadata": {},
            "object_lock_legal_hold_status": "",
            "object_lock_mode": "",
            "object_lock_retain_until_date": "",
            "server_side_encryption": "",
            "source": "../out/_next/static/webpack/pages/dashboard.ed1420921871a51b71a7.hot-update.js",
            "storage_class": "STANDARD",
            "tags": {},
            "version_id": "",
            "website_redirect": ""
          },
          "sensitive_attributes": [],
          "private": "bnVsbA==",
          "dependencies": [
            "aws_s3_bucket.www_bucket"
          ]
        },
        {
          "index_key": "_next/static/webpack/pages/dashboard.ef34139fded340e1ee4b.hot-update.js",
          "schema_version": 0,
          "attributes": {
            "acl": "public-read",
            "bucket": "www.moggies.io",
            "cache_control": "",
            "content": null,
            "content_base64": null,
            "content_disposition": "",
            "content_encoding": "",
            "content_language": "",
            "content_type": "application/javascript",
            "etag": "43f96928683505181aaee0e203f6918f",
            "force_destroy": false,
            "id": "_next/static/webpack/pages/dashboard.ef34139fded340e1ee4b.hot-update.js",
            "key": "_next/static/webpack/pages/dashboard.ef34139fded340e1ee4b.hot-update.js",
            "kms_key_id": null,
            "metadata": {},
            "object_lock_legal_hold_status": "",
            "object_lock_mode": "",
            "object_lock_retain_until_date": "",
            "server_side_encryption": "",
            "source": "../out/_next/static/webpack/pages/dashboard.ef34139fded340e1ee4b.hot-update.js",
            "storage_class": "STANDARD",
            "tags": {},
            "version_id": "",
            "website_redirect": ""
          },
          "sensitive_attributes": [],
          "private": "bnVsbA==",
          "dependencies": [
            "aws_s3_bucket.www_bucket"
          ]
        },
        {
          "index_key": "_next/static/webpack/pages/dashboard.f23fb203f3945b37825f.hot-update.js",
          "schema_version": 0,
          "attributes": {
            "acl": "public-read",
            "bucket": "www.moggies.io",
            "cache_control": "",
            "content": null,
            "content_base64": null,
            "content_disposition": "",
            "content_encoding": "",
            "content_language": "",
            "content_type": "application/javascript",
            "etag": "f9029279ffa7e8f827a497a920816e92",
            "force_destroy": false,
            "id": "_next/static/webpack/pages/dashboard.f23fb203f3945b37825f.hot-update.js",
            "key": "_next/static/webpack/pages/dashboard.f23fb203f3945b37825f.hot-update.js",
            "kms_key_id": null,
            "metadata": {},
            "object_lock_legal_hold_status": "",
            "object_lock_mode": "",
            "object_lock_retain_until_date": "",
            "server_side_encryption": "",
            "source": "../out/_next/static/webpack/pages/dashboard.f23fb203f3945b37825f.hot-update.js",
            "storage_class": "STANDARD",
            "tags": {},
            "version_id": "",
            "website_redirect": ""
          },
          "sensitive_attributes": [],
          "private": "bnVsbA==",
          "dependencies": [
            "aws_s3_bucket.www_bucket"
          ]
        },
        {
          "index_key": "_next/static/webpack/pages/dashboard.f5fc667c940570daac3d.hot-update.js",
          "schema_version": 0,
          "attributes": {
            "acl": "public-read",
            "bucket": "www.moggies.io",
            "cache_control": "",
            "content": null,
            "content_base64": null,
            "content_disposition": "",
            "content_encoding": "",
            "content_language": "",
            "content_type": "application/javascript",
            "etag": "c5d14c445c1964af706255ebb1feeb51",
            "force_destroy": false,
            "id": "_next/static/webpack/pages/dashboard.f5fc667c940570daac3d.hot-update.js",
            "key": "_next/static/webpack/pages/dashboard.f5fc667c940570daac3d.hot-update.js",
            "kms_key_id": null,
            "metadata": {},
            "object_lock_legal_hold_status": "",
            "object_lock_mode": "",
            "object_lock_retain_until_date": "",
            "server_side_encryption": "",
            "source": "../out/_next/static/webpack/pages/dashboard.f5fc667c940570daac3d.hot-update.js",
            "storage_class": "STANDARD",
            "tags": {},
            "version_id": "",
            "website_redirect": ""
          },
          "sensitive_attributes": [],
          "private": "bnVsbA==",
          "dependencies": [
            "aws_s3_bucket.www_bucket"
          ]
        },
        {
          "index_key": "_next/static/webpack/pages/dashboard.f90ce5f74df416d674a0.hot-update.js",
          "schema_version": 0,
          "attributes": {
            "acl": "public-read",
            "bucket": "www.moggies.io",
            "cache_control": "",
            "content": null,
            "content_base64": null,
            "content_disposition": "",
            "content_encoding": "",
            "content_language": "",
            "content_type": "application/javascript",
            "etag": "8cc41673b3c9a78639a315eba39916ed",
            "force_destroy": false,
            "id": "_next/static/webpack/pages/dashboard.f90ce5f74df416d674a0.hot-update.js",
            "key": "_next/static/webpack/pages/dashboard.f90ce5f74df416d674a0.hot-update.js",
            "kms_key_id": null,
            "metadata": {},
            "object_lock_legal_hold_status": "",
            "object_lock_mode": "",
            "object_lock_retain_until_date": "",
            "server_side_encryption": "",
            "source": "../out/_next/static/webpack/pages/dashboard.f90ce5f74df416d674a0.hot-update.js",
            "storage_class": "STANDARD",
            "tags": {},
            "version_id": "",
            "website_redirect": ""
          },
          "sensitive_attributes": [],
          "private": "bnVsbA==",
          "dependencies": [
            "aws_s3_bucket.www_bucket"
          ]
        },
        {
          "index_key": "_next/static/webpack/pages/dashboard.f9afc1aff43c36e80446.hot-update.js",
          "schema_version": 0,
          "attributes": {
            "acl": "public-read",
            "bucket": "www.moggies.io",
            "cache_control": "",
            "content": null,
            "content_base64": null,
            "content_disposition": "",
            "content_encoding": "",
            "content_language": "",
            "content_type": "application/javascript",
            "etag": "f397d7caceb9effbe1d5cbbd24f94a17",
            "force_destroy": false,
            "id": "_next/static/webpack/pages/dashboard.f9afc1aff43c36e80446.hot-update.js",
            "key": "_next/static/webpack/pages/dashboard.f9afc1aff43c36e80446.hot-update.js",
            "kms_key_id": null,
            "metadata": {},
            "object_lock_legal_hold_status": "",
            "object_lock_mode": "",
            "object_lock_retain_until_date": "",
            "server_side_encryption": "",
            "source": "../out/_next/static/webpack/pages/dashboard.f9afc1aff43c36e80446.hot-update.js",
            "storage_class": "STANDARD",
            "tags": {},
            "version_id": "",
            "website_redirect": ""
          },
          "sensitive_attributes": [],
          "private": "bnVsbA==",
          "dependencies": [
            "aws_s3_bucket.www_bucket"
          ]
        },
        {
          "index_key": "_next/static/webpack/pages/dashboard.fbd6ec78a1f5895fe929.hot-update.js",
          "schema_version": 0,
          "attributes": {
            "acl": "public-read",
            "bucket": "www.moggies.io",
            "cache_control": "",
            "content": null,
            "content_base64": null,
            "content_disposition": "",
            "content_encoding": "",
            "content_language": "",
            "content_type": "application/javascript",
            "etag": "87fde3f32ff5a1f8fedcb47be10f7702",
            "force_destroy": false,
            "id": "_next/static/webpack/pages/dashboard.fbd6ec78a1f5895fe929.hot-update.js",
            "key": "_next/static/webpack/pages/dashboard.fbd6ec78a1f5895fe929.hot-update.js",
            "kms_key_id": null,
            "metadata": {},
            "object_lock_legal_hold_status": "",
            "object_lock_mode": "",
            "object_lock_retain_until_date": "",
            "server_side_encryption": "",
            "source": "../out/_next/static/webpack/pages/dashboard.fbd6ec78a1f5895fe929.hot-update.js",
            "storage_class": "STANDARD",
            "tags": {},
            "version_id": "",
            "website_redirect": ""
          },
          "sensitive_attributes": [],
          "private": "bnVsbA==",
          "dependencies": [
            "aws_s3_bucket.www_bucket"
          ]
        },
        {
          "index_key": "_next/static/webpack/pages/dashboard.fc6959a604a55985b90c.hot-update.js",
          "schema_version": 0,
          "attributes": {
            "acl": "public-read",
            "bucket": "www.moggies.io",
            "cache_control": "",
            "content": null,
            "content_base64": null,
            "content_disposition": "",
            "content_encoding": "",
            "content_language": "",
            "content_type": "application/javascript",
            "etag": "0c06a3bb85a8956e4cc43151222b3d93",
            "force_destroy": false,
            "id": "_next/static/webpack/pages/dashboard.fc6959a604a55985b90c.hot-update.js",
            "key": "_next/static/webpack/pages/dashboard.fc6959a604a55985b90c.hot-update.js",
            "kms_key_id": null,
            "metadata": {},
            "object_lock_legal_hold_status": "",
            "object_lock_mode": "",
            "object_lock_retain_until_date": "",
            "server_side_encryption": "",
            "source": "../out/_next/static/webpack/pages/dashboard.fc6959a604a55985b90c.hot-update.js",
            "storage_class": "STANDARD",
            "tags": {},
            "version_id": "",
            "website_redirect": ""
          },
          "sensitive_attributes": [],
          "private": "bnVsbA==",
          "dependencies": [
            "aws_s3_bucket.www_bucket"
          ]
        },
        {
          "index_key": "_next/static/webpack/styles.17a151e5012c9543b7df.hot-update.js",
          "schema_version": 0,
          "attributes": {
            "acl": "public-read",
            "bucket": "www.moggies.io",
            "cache_control": "",
            "content": null,
            "content_base64": null,
            "content_disposition": "",
            "content_encoding": "",
            "content_language": "",
            "content_type": "application/javascript",
            "etag": "fdbd305ea506729b68700f36522cbcef",
            "force_destroy": false,
            "id": "_next/static/webpack/styles.17a151e5012c9543b7df.hot-update.js",
            "key": "_next/static/webpack/styles.17a151e5012c9543b7df.hot-update.js",
            "kms_key_id": null,
            "metadata": {},
            "object_lock_legal_hold_status": "",
            "object_lock_mode": "",
            "object_lock_retain_until_date": "",
            "server_side_encryption": "",
            "source": "../out/_next/static/webpack/styles.17a151e5012c9543b7df.hot-update.js",
            "storage_class": "STANDARD",
            "tags": {},
            "version_id": "",
            "website_redirect": ""
          },
          "sensitive_attributes": [],
          "private": "bnVsbA==",
          "dependencies": [
            "aws_s3_bucket.www_bucket"
          ]
        },
        {
          "index_key": "_next/static/webpack/styles.2a7b4b392f55cc9bed31.hot-update.js",
          "schema_version": 0,
          "attributes": {
            "acl": "public-read",
            "bucket": "www.moggies.io",
            "cache_control": "",
            "content": null,
            "content_base64": null,
            "content_disposition": "",
            "content_encoding": "",
            "content_language": "",
            "content_type": "application/javascript",
            "etag": "9774d3f9b810dcb696a27e591db04a6d",
            "force_destroy": false,
            "id": "_next/static/webpack/styles.2a7b4b392f55cc9bed31.hot-update.js",
            "key": "_next/static/webpack/styles.2a7b4b392f55cc9bed31.hot-update.js",
            "kms_key_id": null,
            "metadata": {},
            "object_lock_legal_hold_status": "",
            "object_lock_mode": "",
            "object_lock_retain_until_date": "",
            "server_side_encryption": "",
            "source": "../out/_next/static/webpack/styles.2a7b4b392f55cc9bed31.hot-update.js",
            "storage_class": "STANDARD",
            "tags": {},
            "version_id": "",
            "website_redirect": ""
          },
          "sensitive_attributes": [],
          "private": "bnVsbA==",
          "dependencies": [
            "aws_s3_bucket.www_bucket"
          ]
        },
        {
          "index_key": "_next/static/webpack/styles.558b740f65a800a0f7c0.hot-update.js",
          "schema_version": 0,
          "attributes": {
            "acl": "public-read",
            "bucket": "www.moggies.io",
            "cache_control": "",
            "content": null,
            "content_base64": null,
            "content_disposition": "",
            "content_encoding": "",
            "content_language": "",
            "content_type": "application/javascript",
            "etag": "ea7b4a7aecb9554dedb923be83a8c051",
            "force_destroy": false,
            "id": "_next/static/webpack/styles.558b740f65a800a0f7c0.hot-update.js",
            "key": "_next/static/webpack/styles.558b740f65a800a0f7c0.hot-update.js",
            "kms_key_id": null,
            "metadata": {},
            "object_lock_legal_hold_status": "",
            "object_lock_mode": "",
            "object_lock_retain_until_date": "",
            "server_side_encryption": "",
            "source": "../out/_next/static/webpack/styles.558b740f65a800a0f7c0.hot-update.js",
            "storage_class": "STANDARD",
            "tags": {},
            "version_id": "",
            "website_redirect": ""
          },
          "sensitive_attributes": [],
          "private": "bnVsbA==",
          "dependencies": [
            "aws_s3_bucket.www_bucket"
          ]
        },
        {
          "index_key": "_next/static/webpack/styles.56cc372b2a2197cb261a.hot-update.js",
          "schema_version": 0,
          "attributes": {
            "acl": "public-read",
            "bucket": "www.moggies.io",
            "cache_control": "",
            "content": null,
            "content_base64": null,
            "content_disposition": "",
            "content_encoding": "",
            "content_language": "",
            "content_type": "application/javascript",
            "etag": "8ee73cf4a1c1f15b3a5bdcb442aaac72",
            "force_destroy": false,
            "id": "_next/static/webpack/styles.56cc372b2a2197cb261a.hot-update.js",
            "key": "_next/static/webpack/styles.56cc372b2a2197cb261a.hot-update.js",
            "kms_key_id": null,
            "metadata": {},
            "object_lock_legal_hold_status": "",
            "object_lock_mode": "",
            "object_lock_retain_until_date": "",
            "server_side_encryption": "",
            "source": "../out/_next/static/webpack/styles.56cc372b2a2197cb261a.hot-update.js",
            "storage_class": "STANDARD",
            "tags": {},
            "version_id": "",
            "website_redirect": ""
          },
          "sensitive_attributes": [],
          "private": "bnVsbA==",
          "dependencies": [
            "aws_s3_bucket.www_bucket"
          ]
        },
        {
          "index_key": "_next/static/webpack/styles.75a0f420c24349003ceb.hot-update.js",
          "schema_version": 0,
          "attributes": {
            "acl": "public-read",
            "bucket": "www.moggies.io",
            "cache_control": "",
            "content": null,
            "content_base64": null,
            "content_disposition": "",
            "content_encoding": "",
            "content_language": "",
            "content_type": "application/javascript",
            "etag": "2072fec7cc19b746e7ad2689a95d5720",
            "force_destroy": false,
            "id": "_next/static/webpack/styles.75a0f420c24349003ceb.hot-update.js",
            "key": "_next/static/webpack/styles.75a0f420c24349003ceb.hot-update.js",
            "kms_key_id": null,
            "metadata": {},
            "object_lock_legal_hold_status": "",
            "object_lock_mode": "",
            "object_lock_retain_until_date": "",
            "server_side_encryption": "",
            "source": "../out/_next/static/webpack/styles.75a0f420c24349003ceb.hot-update.js",
            "storage_class": "STANDARD",
            "tags": {},
            "version_id": "",
            "website_redirect": ""
          },
          "sensitive_attributes": [],
          "private": "bnVsbA==",
          "dependencies": [
            "aws_s3_bucket.www_bucket"
          ]
        },
        {
          "index_key": "_next/static/webpack/styles.7f247ab6a73eefbb4523.hot-update.js",
          "schema_version": 0,
          "attributes": {
            "acl": "public-read",
            "bucket": "www.moggies.io",
            "cache_control": "",
            "content": null,
            "content_base64": null,
            "content_disposition": "",
            "content_encoding": "",
            "content_language": "",
            "content_type": "application/javascript",
            "etag": "7b77ba865208a0b440c82c530bcbff70",
            "force_destroy": false,
            "id": "_next/static/webpack/styles.7f247ab6a73eefbb4523.hot-update.js",
            "key": "_next/static/webpack/styles.7f247ab6a73eefbb4523.hot-update.js",
            "kms_key_id": null,
            "metadata": {},
            "object_lock_legal_hold_status": "",
            "object_lock_mode": "",
            "object_lock_retain_until_date": "",
            "server_side_encryption": "",
            "source": "../out/_next/static/webpack/styles.7f247ab6a73eefbb4523.hot-update.js",
            "storage_class": "STANDARD",
            "tags": {},
            "version_id": "",
            "website_redirect": ""
          },
          "sensitive_attributes": [],
          "private": "bnVsbA==",
          "dependencies": [
            "aws_s3_bucket.www_bucket"
          ]
        },
        {
          "index_key": "_next/static/webpack/styles.aa3761f7f44953606682.hot-update.js",
          "schema_version": 0,
          "attributes": {
            "acl": "public-read",
            "bucket": "www.moggies.io",
            "cache_control": "",
            "content": null,
            "content_base64": null,
            "content_disposition": "",
            "content_encoding": "",
            "content_language": "",
            "content_type": "application/javascript",
            "etag": "9774d3f9b810dcb696a27e591db04a6d",
            "force_destroy": false,
            "id": "_next/static/webpack/styles.aa3761f7f44953606682.hot-update.js",
            "key": "_next/static/webpack/styles.aa3761f7f44953606682.hot-update.js",
            "kms_key_id": null,
            "metadata": {},
            "object_lock_legal_hold_status": "",
            "object_lock_mode": "",
            "object_lock_retain_until_date": "",
            "server_side_encryption": "",
            "source": "../out/_next/static/webpack/styles.aa3761f7f44953606682.hot-update.js",
            "storage_class": "STANDARD",
            "tags": {},
            "version_id": "",
            "website_redirect": ""
          },
          "sensitive_attributes": [],
          "private": "bnVsbA==",
          "dependencies": [
            "aws_s3_bucket.www_bucket"
          ]
        },
        {
          "index_key": "_next/static/webpack/styles.b44d3a8e8e06e5b68d53.hot-update.js",
          "schema_version": 0,
          "attributes": {
            "acl": "public-read",
            "bucket": "www.moggies.io",
            "cache_control": "",
            "content": null,
            "content_base64": null,
            "content_disposition": "",
            "content_encoding": "",
            "content_language": "",
            "content_type": "application/javascript",
            "etag": "7b77ba865208a0b440c82c530bcbff70",
            "force_destroy": false,
            "id": "_next/static/webpack/styles.b44d3a8e8e06e5b68d53.hot-update.js",
            "key": "_next/static/webpack/styles.b44d3a8e8e06e5b68d53.hot-update.js",
            "kms_key_id": null,
            "metadata": {},
            "object_lock_legal_hold_status": "",
            "object_lock_mode": "",
            "object_lock_retain_until_date": "",
            "server_side_encryption": "",
            "source": "../out/_next/static/webpack/styles.b44d3a8e8e06e5b68d53.hot-update.js",
            "storage_class": "STANDARD",
            "tags": {},
            "version_id": "",
            "website_redirect": ""
          },
          "sensitive_attributes": [],
          "private": "bnVsbA==",
          "dependencies": [
            "aws_s3_bucket.www_bucket"
          ]
        },
        {
          "index_key": "_next/static/webpack/styles.d04487b11d602218ff6f.hot-update.js",
          "schema_version": 0,
          "attributes": {
            "acl": "public-read",
            "bucket": "www.moggies.io",
            "cache_control": "",
            "content": null,
            "content_base64": null,
            "content_disposition": "",
            "content_encoding": "",
            "content_language": "",
            "content_type": "application/javascript",
            "etag": "7b77ba865208a0b440c82c530bcbff70",
            "force_destroy": false,
            "id": "_next/static/webpack/styles.d04487b11d602218ff6f.hot-update.js",
            "key": "_next/static/webpack/styles.d04487b11d602218ff6f.hot-update.js",
            "kms_key_id": null,
            "metadata": {},
            "object_lock_legal_hold_status": "",
            "object_lock_mode": "",
            "object_lock_retain_until_date": "",
            "server_side_encryption": "",
            "source": "../out/_next/static/webpack/styles.d04487b11d602218ff6f.hot-update.js",
            "storage_class": "STANDARD",
            "tags": {},
            "version_id": "",
            "website_redirect": ""
          },
          "sensitive_attributes": [],
          "private": "bnVsbA==",
          "dependencies": [
            "aws_s3_bucket.www_bucket"
          ]
        },
        {
          "index_key": "_next/static/webpack/styles.d4969d501b763604e935.hot-update.js",
          "schema_version": 0,
          "attributes": {
            "acl": "public-read",
            "bucket": "www.moggies.io",
            "cache_control": "",
            "content": null,
            "content_base64": null,
            "content_disposition": "",
            "content_encoding": "",
            "content_language": "",
            "content_type": "application/javascript",
            "etag": "9774d3f9b810dcb696a27e591db04a6d",
            "force_destroy": false,
            "id": "_next/static/webpack/styles.d4969d501b763604e935.hot-update.js",
            "key": "_next/static/webpack/styles.d4969d501b763604e935.hot-update.js",
            "kms_key_id": null,
            "metadata": {},
            "object_lock_legal_hold_status": "",
            "object_lock_mode": "",
            "object_lock_retain_until_date": "",
            "server_side_encryption": "",
            "source": "../out/_next/static/webpack/styles.d4969d501b763604e935.hot-update.js",
            "storage_class": "STANDARD",
            "tags": {},
            "version_id": "",
            "website_redirect": ""
          },
          "sensitive_attributes": [],
          "private": "bnVsbA==",
          "dependencies": [
            "aws_s3_bucket.www_bucket"
          ]
        },
        {
          "index_key": "_next/static/webpack/styles.e5939acb0d27a800e3b9.hot-update.js",
          "schema_version": 0,
          "attributes": {
            "acl": "public-read",
            "bucket": "www.moggies.io",
            "cache_control": "",
            "content": null,
            "content_base64": null,
            "content_disposition": "",
            "content_encoding": "",
            "content_language": "",
            "content_type": "application/javascript",
            "etag": "7b77ba865208a0b440c82c530bcbff70",
            "force_destroy": false,
            "id": "_next/static/webpack/styles.e5939acb0d27a800e3b9.hot-update.js",
            "key": "_next/static/webpack/styles.e5939acb0d27a800e3b9.hot-update.js",
            "kms_key_id": null,
            "metadata": {},
            "object_lock_legal_hold_status": "",
            "object_lock_mode": "",
            "object_lock_retain_until_date": "",
            "server_side_encryption": "",
            "source": "../out/_next/static/webpack/styles.e5939acb0d27a800e3b9.hot-update.js",
            "storage_class": "STANDARD",
            "tags": {},
            "version_id": "",
            "website_redirect": ""
          },
          "sensitive_attributes": [],
          "private": "bnVsbA==",
          "dependencies": [
            "aws_s3_bucket.www_bucket"
          ]
        },
        {
          "index_key": "about.html",
          "schema_version": 0,
          "attributes": {
            "acl": "public-read",
            "bucket": "www.moggies.io",
            "cache_control": "",
            "content": null,
            "content_base64": null,
            "content_disposition": "",
            "content_encoding": "",
            "content_language": "",
            "content_type": "text/html",
            "etag": "030fbfa823c09fcc22001a7edcba04fa",
            "force_destroy": false,
            "id": "about.html",
            "key": "about.html",
            "kms_key_id": null,
            "metadata": {},
            "object_lock_legal_hold_status": "",
            "object_lock_mode": "",
            "object_lock_retain_until_date": "",
            "server_side_encryption": "",
            "source": "../out/about.html",
            "storage_class": "STANDARD",
            "tags": {},
            "version_id": "",
            "website_redirect": ""
          },
          "sensitive_attributes": [],
          "private": "bnVsbA==",
          "dependencies": [
            "aws_s3_bucket.www_bucket"
          ]
        },
        {
          "index_key": "auth/changepass.html",
          "schema_version": 0,
          "attributes": {
            "acl": "public-read",
            "bucket": "www.moggies.io",
            "cache_control": "",
            "content": null,
            "content_base64": null,
            "content_disposition": "",
            "content_encoding": "",
            "content_language": "",
            "content_type": "text/html",
            "etag": "4b36b18674b3f7d978a95bf956e86d81",
            "force_destroy": false,
            "id": "auth/changepass.html",
            "key": "auth/changepass.html",
            "kms_key_id": null,
            "metadata": {},
            "object_lock_legal_hold_status": "",
            "object_lock_mode": "",
            "object_lock_retain_until_date": "",
            "server_side_encryption": "",
            "source": "../out/auth/changepass.html",
            "storage_class": "STANDARD",
            "tags": {},
            "version_id": "",
            "website_redirect": ""
          },
          "sensitive_attributes": [],
          "private": "bnVsbA==",
          "dependencies": [
            "aws_s3_bucket.www_bucket"
          ]
        },
        {
          "index_key": "auth/forgotpass.html",
          "schema_version": 0,
          "attributes": {
            "acl": "public-read",
            "bucket": "www.moggies.io",
            "cache_control": "",
            "content": null,
            "content_base64": null,
            "content_disposition": "",
            "content_encoding": "",
            "content_language": "",
            "content_type": "text/html",
            "etag": "36f924e893e3d8ab8980806d27fa364e",
            "force_destroy": false,
            "id": "auth/forgotpass.html",
            "key": "auth/forgotpass.html",
            "kms_key_id": null,
            "metadata": {},
            "object_lock_legal_hold_status": "",
            "object_lock_mode": "",
            "object_lock_retain_until_date": "",
            "server_side_encryption": "",
            "source": "../out/auth/forgotpass.html",
            "storage_class": "STANDARD",
            "tags": {},
            "version_id": "",
            "website_redirect": ""
          },
          "sensitive_attributes": [],
          "private": "bnVsbA==",
          "dependencies": [
            "aws_s3_bucket.www_bucket"
          ]
        },
        {
          "index_key": "auth/signin.html",
          "schema_version": 0,
          "attributes": {
            "acl": "public-read",
            "bucket": "www.moggies.io",
            "cache_control": "",
            "content": null,
            "content_base64": null,
            "content_disposition": "",
            "content_encoding": "",
            "content_language": "",
            "content_type": "text/html",
            "etag": "4a1c53e709e52af8b0b214a715f06e32",
            "force_destroy": false,
            "id": "auth/signin.html",
            "key": "auth/signin.html",
            "kms_key_id": null,
            "metadata": {},
            "object_lock_legal_hold_status": "",
            "object_lock_mode": "",
            "object_lock_retain_until_date": "",
            "server_side_encryption": "",
            "source": "../out/auth/signin.html",
            "storage_class": "STANDARD",
            "tags": {},
            "version_id": "",
            "website_redirect": ""
          },
          "sensitive_attributes": [],
          "private": "bnVsbA==",
          "dependencies": [
            "aws_s3_bucket.www_bucket"
          ]
        },
        {
          "index_key": "auth/signup.html",
          "schema_version": 0,
          "attributes": {
            "acl": "public-read",
            "bucket": "www.moggies.io",
            "cache_control": "",
            "content": null,
            "content_base64": null,
            "content_disposition": "",
            "content_encoding": "",
            "content_language": "",
            "content_type": "text/html",
            "etag": "cb8a6a49f30b458268be924dd094a67b",
            "force_destroy": false,
            "id": "auth/signup.html",
            "key": "auth/signup.html",
            "kms_key_id": null,
            "metadata": {},
            "object_lock_legal_hold_status": "",
            "object_lock_mode": "",
            "object_lock_retain_until_date": "",
            "server_side_encryption": "",
            "source": "../out/auth/signup.html",
            "storage_class": "STANDARD",
            "tags": {},
            "version_id": "",
            "website_redirect": ""
          },
          "sensitive_attributes": [],
          "private": "bnVsbA==",
          "dependencies": [
            "aws_s3_bucket.www_bucket"
          ]
        },
        {
          "index_key": "contact.html",
          "schema_version": 0,
          "attributes": {
            "acl": "public-read",
            "bucket": "www.moggies.io",
            "cache_control": "",
            "content": null,
            "content_base64": null,
            "content_disposition": "",
            "content_encoding": "",
            "content_language": "",
            "content_type": "text/html",
            "etag": "f0dc484b6403bcfbb28019e399e35834",
            "force_destroy": false,
            "id": "contact.html",
            "key": "contact.html",
            "kms_key_id": null,
            "metadata": {},
            "object_lock_legal_hold_status": "",
            "object_lock_mode": "",
            "object_lock_retain_until_date": "",
            "server_side_encryption": "",
            "source": "../out/contact.html",
            "storage_class": "STANDARD",
            "tags": {},
            "version_id": "",
            "website_redirect": ""
          },
          "sensitive_attributes": [],
          "private": "bnVsbA==",
          "dependencies": [
            "aws_s3_bucket.www_bucket"
          ]
        },
        {
          "index_key": "dashboard.html",
          "schema_version": 0,
          "attributes": {
            "acl": "public-read",
            "bucket": "www.moggies.io",
            "cache_control": "",
            "content": null,
            "content_base64": null,
            "content_disposition": "",
            "content_encoding": "",
            "content_language": "",
            "content_type": "text/html",
            "etag": "37b7cedd8d92adfa2e1c9f05dd1e2e41",
            "force_destroy": false,
            "id": "dashboard.html",
            "key": "dashboard.html",
            "kms_key_id": null,
            "metadata": {},
            "object_lock_legal_hold_status": "",
            "object_lock_mode": "",
            "object_lock_retain_until_date": "",
            "server_side_encryption": "",
            "source": "../out/dashboard.html",
            "storage_class": "STANDARD",
            "tags": {},
            "version_id": "",
            "website_redirect": ""
          },
          "sensitive_attributes": [],
          "private": "bnVsbA==",
          "dependencies": [
            "aws_s3_bucket.www_bucket"
          ]
        },
        {
          "index_key": "faq.html",
          "schema_version": 0,
          "attributes": {
            "acl": "public-read",
            "bucket": "www.moggies.io",
            "cache_control": "",
            "content": null,
            "content_base64": null,
            "content_disposition": "",
            "content_encoding": "",
            "content_language": "",
            "content_type": "text/html",
            "etag": "441186a14ba26a32d160bc19bb59c368",
            "force_destroy": false,
            "id": "faq.html",
            "key": "faq.html",
            "kms_key_id": null,
            "metadata": {},
            "object_lock_legal_hold_status": "",
            "object_lock_mode": "",
            "object_lock_retain_until_date": "",
            "server_side_encryption": "",
            "source": "../out/faq.html",
            "storage_class": "STANDARD",
            "tags": {},
            "version_id": "",
            "website_redirect": ""
          },
          "sensitive_attributes": [],
          "private": "bnVsbA==",
          "dependencies": [
            "aws_s3_bucket.www_bucket"
          ]
        },
        {
          "index_key": "favicon.ico",
          "schema_version": 0,
          "attributes": {
            "acl": "public-read",
            "bucket": "www.moggies.io",
            "cache_control": "",
            "content": null,
            "content_base64": null,
            "content_disposition": "",
            "content_encoding": "",
            "content_language": "",
            "content_type": "image/x-icon",
            "etag": "21b739d43fcb9bbb83d8541fe4fe88fa",
            "force_destroy": false,
            "id": "favicon.ico",
            "key": "favicon.ico",
            "kms_key_id": null,
            "metadata": {},
            "object_lock_legal_hold_status": "",
            "object_lock_mode": "",
            "object_lock_retain_until_date": "",
            "server_side_encryption": "",
            "source": "../out/favicon.ico",
            "storage_class": "STANDARD",
            "tags": {},
            "version_id": "",
            "website_redirect": ""
          },
          "sensitive_attributes": [],
          "private": "bnVsbA==",
          "dependencies": [
            "aws_s3_bucket.www_bucket"
          ]
        },
        {
          "index_key": "index.html",
          "schema_version": 0,
          "attributes": {
            "acl": "public-read",
            "bucket": "www.moggies.io",
            "cache_control": "",
            "content": null,
            "content_base64": null,
            "content_disposition": "",
            "content_encoding": "",
            "content_language": "",
            "content_type": "text/html",
            "etag": "3426e47dd07dcf1486d268588169fc89",
            "force_destroy": false,
            "id": "index.html",
            "key": "index.html",
            "kms_key_id": null,
            "metadata": {},
            "object_lock_legal_hold_status": "",
            "object_lock_mode": "",
            "object_lock_retain_until_date": "",
            "server_side_encryption": "",
            "source": "../out/index.html",
            "storage_class": "STANDARD",
            "tags": {},
            "version_id": "",
            "website_redirect": ""
          },
          "sensitive_attributes": [],
          "private": "bnVsbA==",
          "dependencies": [
            "aws_s3_bucket.www_bucket"
          ]
        },
        {
          "index_key": "pricing.html",
          "schema_version": 0,
          "attributes": {
            "acl": "public-read",
            "bucket": "www.moggies.io",
            "cache_control": "",
            "content": null,
            "content_base64": null,
            "content_disposition": "",
            "content_encoding": "",
            "content_language": "",
            "content_type": "text/html",
            "etag": "40e04dad514f59e29864d25b90872adf",
            "force_destroy": false,
            "id": "pricing.html",
            "key": "pricing.html",
            "kms_key_id": null,
            "metadata": {},
            "object_lock_legal_hold_status": "",
            "object_lock_mode": "",
            "object_lock_retain_until_date": "",
            "server_side_encryption": "",
            "source": "../out/pricing.html",
            "storage_class": "STANDARD",
            "tags": {},
            "version_id": "",
            "website_redirect": ""
          },
          "sensitive_attributes": [],
          "private": "bnVsbA==",
          "dependencies": [
            "aws_s3_bucket.www_bucket"
          ]
        },
        {
          "index_key": "purchase/[plan].html",
          "schema_version": 0,
          "attributes": {
            "acl": "public-read",
            "bucket": "www.moggies.io",
            "cache_control": "",
            "content": null,
            "content_base64": null,
            "content_disposition": "",
            "content_encoding": "",
            "content_language": "",
            "content_type": "text/html",
            "etag": "e8feb9b808e8cb54f716e71e35ecac67",
            "force_destroy": false,
            "id": "purchase/[plan].html",
            "key": "purchase/[plan].html",
            "kms_key_id": null,
            "metadata": {},
            "object_lock_legal_hold_status": "",
            "object_lock_mode": "",
            "object_lock_retain_until_date": "",
            "server_side_encryption": "",
            "source": "../out/purchase/[plan].html",
            "storage_class": "STANDARD",
            "tags": {},
            "version_id": "",
            "website_redirect": ""
          },
          "sensitive_attributes": [],
          "private": "bnVsbA==",
          "dependencies": [
            "aws_s3_bucket.www_bucket"
          ]
        },
        {
          "index_key": "settings/billing.html",
          "schema_version": 0,
          "attributes": {
            "acl": "public-read",
            "bucket": "www.moggies.io",
            "cache_control": "",
            "content": null,
            "content_base64": null,
            "content_disposition": "",
            "content_encoding": "",
            "content_language": "",
            "content_type": "text/html",
            "etag": "316c7bdb9a86697384aefd05c9ae40c0",
            "force_destroy": false,
            "id": "settings/billing.html",
            "key": "settings/billing.html",
            "kms_key_id": null,
            "metadata": {},
            "object_lock_legal_hold_status": "",
            "object_lock_mode": "",
            "object_lock_retain_until_date": "",
            "server_side_encryption": "",
            "source": "../out/settings/billing.html",
            "storage_class": "STANDARD",
            "tags": {},
            "version_id": "",
            "website_redirect": ""
          },
          "sensitive_attributes": [],
          "private": "bnVsbA==",
          "dependencies": [
            "aws_s3_bucket.www_bucket"
          ]
        },
        {
          "index_key": "settings/general.html",
          "schema_version": 0,
          "attributes": {
            "acl": "public-read",
            "bucket": "www.moggies.io",
            "cache_control": "",
            "content": null,
            "content_base64": null,
            "content_disposition": "",
            "content_encoding": "",
            "content_language": "",
            "content_type": "text/html",
            "etag": "5ffcd761ee097fb8ceb11b780a95f95a",
            "force_destroy": false,
            "id": "settings/general.html",
            "key": "settings/general.html",
            "kms_key_id": null,
            "metadata": {},
            "object_lock_legal_hold_status": "",
            "object_lock_mode": "",
            "object_lock_retain_until_date": "",
            "server_side_encryption": "",
            "source": "../out/settings/general.html",
            "storage_class": "STANDARD",
            "tags": {},
            "version_id": "",
            "website_redirect": ""
          },
          "sensitive_attributes": [],
          "private": "bnVsbA==",
          "dependencies": [
            "aws_s3_bucket.www_bucket"
          ]
        },
        {
          "index_key": "settings/password.html",
          "schema_version": 0,
          "attributes": {
            "acl": "public-read",
            "bucket": "www.moggies.io",
            "cache_control": "",
            "content": null,
            "content_base64": null,
            "content_disposition": "",
            "content_encoding": "",
            "content_language": "",
            "content_type": "text/html",
            "etag": "96de0666ede369f175ae4f7e8f02bd18",
            "force_destroy": false,
            "id": "settings/password.html",
            "key": "settings/password.html",
            "kms_key_id": null,
            "metadata": {},
            "object_lock_legal_hold_status": "",
            "object_lock_mode": "",
            "object_lock_retain_until_date": "",
            "server_side_encryption": "",
            "source": "../out/settings/password.html",
            "storage_class": "STANDARD",
            "tags": {},
            "version_id": "",
            "website_redirect": ""
          },
          "sensitive_attributes": [],
          "private": "bnVsbA==",
          "dependencies": [
            "aws_s3_bucket.www_bucket"
          ]
        }
      ]
    }
  ]
}
